{
  "version": 4,
  "terraform_version": "1.10.4",
  "serial": 501,
  "lineage": "f479f62a-f936-1d57-96ac-2dd0ac84c6f8",
  "outputs": {
    "aws_native_dashboard_url": {
      "value": "https://us-east-1.console.aws.amazon.com/cloudwatch/home?region=us-east-1#dashboards:name=syrabit-aws-native-prod",
      "type": "string"
    },
    "aws_native_feature_role_arns": {
      "value": {
        "bedrock_cohere": "arn:aws:iam::271740379017:role/syrabit-aws-native-bedrock-cohere-prod",
        "comprehend": "arn:aws:iam::271740379017:role/syrabit-aws-native-comprehend-prod",
        "fraud_detector": "arn:aws:iam::271740379017:role/syrabit-aws-native-fraud-detector-prod",
        "personalize": "arn:aws:iam::271740379017:role/syrabit-aws-native-personalize-prod",
        "polly": "arn:aws:iam::271740379017:role/syrabit-aws-native-polly-prod",
        "rekognition": "arn:aws:iam::271740379017:role/syrabit-aws-native-rekognition-prod",
        "textract": "arn:aws:iam::271740379017:role/syrabit-aws-native-textract-prod",
        "transcribe": "arn:aws:iam::271740379017:role/syrabit-aws-native-transcribe-prod",
        "translate": "arn:aws:iam::271740379017:role/syrabit-aws-native-translate-prod"
      },
      "type": [
        "object",
        {
          "bedrock_cohere": "string",
          "comprehend": "string",
          "fraud_detector": "string",
          "personalize": "string",
          "polly": "string",
          "rekognition": "string",
          "textract": "string",
          "transcribe": "string",
          "translate": "string"
        }
      ]
    },
    "aws_native_feature_secret_arns": {
      "value": {
        "bedrock_cohere": "arn:aws:secretsmanager:us-east-1:271740379017:secret:syrabit/prod/aws-native/bedrock-cohere-oPqKM9",
        "comprehend": "arn:aws:secretsmanager:us-east-1:271740379017:secret:syrabit/prod/aws-native/comprehend-8AQIqA",
        "fraud_detector": "arn:aws:secretsmanager:us-east-1:271740379017:secret:syrabit/prod/aws-native/fraud-detector-zbW7Il",
        "personalize": "arn:aws:secretsmanager:us-east-1:271740379017:secret:syrabit/prod/aws-native/personalize-bYsvUK",
        "polly": "arn:aws:secretsmanager:us-east-1:271740379017:secret:syrabit/prod/aws-native/polly-lq2uGZ",
        "rekognition": "arn:aws:secretsmanager:us-east-1:271740379017:secret:syrabit/prod/aws-native/rekognition-1aKOMS",
        "textract": "arn:aws:secretsmanager:us-east-1:271740379017:secret:syrabit/prod/aws-native/textract-v5hDbQ",
        "transcribe": "arn:aws:secretsmanager:us-east-1:271740379017:secret:syrabit/prod/aws-native/transcribe-AmUsYp",
        "translate": "arn:aws:secretsmanager:us-east-1:271740379017:secret:syrabit/prod/aws-native/translate-6sUncv"
      },
      "type": [
        "object",
        {
          "bedrock_cohere": "string",
          "comprehend": "string",
          "fraud_detector": "string",
          "personalize": "string",
          "polly": "string",
          "rekognition": "string",
          "textract": "string",
          "transcribe": "string",
          "translate": "string"
        }
      ]
    },
    "cron_jobs_aws_role_arn": {
      "value": "arn:aws:iam::271740379017:role/syrabit-cron-jobs-aws",
      "type": "string"
    },
    "ecr_repository_urls": {
      "value": {
        "bedrock-proxy": "271740379017.dkr.ecr.ap-south-1.amazonaws.com/syrabit/bedrock-proxy",
        "email-worker": "271740379017.dkr.ecr.ap-south-1.amazonaws.com/syrabit/email-worker",
        "health-prober": "271740379017.dkr.ecr.ap-south-1.amazonaws.com/syrabit/health-prober",
        "queue-fanout": "271740379017.dkr.ecr.ap-south-1.amazonaws.com/syrabit/queue-fanout"
      },
      "type": [
        "object",
        {
          "bedrock-proxy": "string",
          "email-worker": "string",
          "health-prober": "string",
          "queue-fanout": "string"
        }
      ]
    },
    "github_deploy_role_arn": {
      "value": "arn:aws:iam::271740379017:role/syrabit-github-deploy",
      "type": "string"
    },
    "glacier_archive_buckets": {
      "value": {
        "content_snapshots": "syrabit-content-snapshots-prod",
        "cw_logs_archive": "syrabit-cw-logs-archive-prod",
        "razorpay_receipts": "syrabit-razorpay-receipts-prod"
      },
      "type": [
        "object",
        {
          "content_snapshots": "string",
          "cw_logs_archive": "string",
          "razorpay_receipts": "string"
        }
      ]
    },
    "ops_alerts_topic_arn": {
      "value": "arn:aws:sns:ap-south-1:271740379017:syrabit-ops-alerts",
      "type": "string"
    },
    "otel_lambda_function_names": {
      "value": [
        "syrabit-bing-keyword-refresh-consumer",
        "syrabit-bing-submit-consumer",
        "syrabit-cf-bot-crosscheck-consumer",
        "syrabit-discovery-engine-ingest-consumer",
        "syrabit-seo-indexnow-consumer",
        "syrabit-seo-internal-linker-consumer",
        "syrabit-unified-logs-cf-pull-consumer",
        "syrabit-email-worker",
        "syrabit-bedrock-proxy"
      ],
      "type": [
        "tuple",
        [
          "string",
          "string",
          "string",
          "string",
          "string",
          "string",
          "string",
          "string",
          "string"
        ]
      ]
    },
    "reembed_queue_arn": {
      "value": "arn:aws:sqs:ap-south-1:271740379017:syrabit-reembed-prod",
      "type": "string"
    },
    "reembed_queue_url": {
      "value": "https://sqs.ap-south-1.amazonaws.com/271740379017/syrabit-reembed-prod",
      "type": "string"
    },
    "ses_dkim_cname_records": {
      "value": [
        {
          "name": "y36h3poaqt2vk4id2stufuggxk3sjl4y._domainkey.syrabit.ai",
          "type": "CNAME",
          "value": "y36h3poaqt2vk4id2stufuggxk3sjl4y.dkim.amazonses.com"
        },
        {
          "name": "n4d2kevyfx524mljeulld553t7obzhgo._domainkey.syrabit.ai",
          "type": "CNAME",
          "value": "n4d2kevyfx524mljeulld553t7obzhgo.dkim.amazonses.com"
        },
        {
          "name": "367adf4tjjwr4kn3okxdowydopv5fctm._domainkey.syrabit.ai",
          "type": "CNAME",
          "value": "367adf4tjjwr4kn3okxdowydopv5fctm.dkim.amazonses.com"
        }
      ],
      "type": [
        "tuple",
        [
          [
            "object",
            {
              "name": "string",
              "type": "string",
              "value": "string"
            }
          ],
          [
            "object",
            {
              "name": "string",
              "type": "string",
              "value": "string"
            }
          ],
          [
            "object",
            {
              "name": "string",
              "type": "string",
              "value": "string"
            }
          ]
        ]
      ]
    },
    "ses_domain_identity_arn": {
      "value": "arn:aws:ses:ap-south-1:271740379017:identity/syrabit.ai",
      "type": "string"
    },
    "ses_mail_from_records": {
      "value": [
        {
          "name": "mail.syrabit.ai",
          "type": "MX",
          "value": "10 feedback-smtp.ap-south-1.amazonses.com"
        },
        {
          "name": "mail.syrabit.ai",
          "type": "TXT",
          "value": "v=spf1 include:amazonses.com ~all"
        }
      ],
      "type": [
        "tuple",
        [
          [
            "object",
            {
              "name": "string",
              "type": "string",
              "value": "string"
            }
          ],
          [
            "object",
            {
              "name": "string",
              "type": "string",
              "value": "string"
            }
          ]
        ]
      ]
    },
    "sqs_consumer_function_names": {
      "value": {
        "bing-keyword-refresh": "syrabit-bing-keyword-refresh-consumer",
        "bing-submit": "syrabit-bing-submit-consumer",
        "cf-bot-crosscheck": "syrabit-cf-bot-crosscheck-consumer",
        "discovery-engine-ingest": "syrabit-discovery-engine-ingest-consumer",
        "seo-indexnow": "syrabit-seo-indexnow-consumer",
        "seo-internal-linker": "syrabit-seo-internal-linker-consumer",
        "unified-logs-cf-pull": "syrabit-unified-logs-cf-pull-consumer"
      },
      "type": [
        "object",
        {
          "bing-keyword-refresh": "string",
          "bing-submit": "string",
          "cf-bot-crosscheck": "string",
          "discovery-engine-ingest": "string",
          "seo-indexnow": "string",
          "seo-internal-linker": "string",
          "unified-logs-cf-pull": "string"
        }
      ]
    },
    "sqs_reembed_queue_url": {
      "value": "https://sqs.ap-south-1.amazonaws.com/271740379017/syrabit-reembed-prod",
      "type": "string"
    },
    "sqs_worker_dlq_arns": {
      "value": {
        "bing-keyword-refresh": "arn:aws:sqs:ap-south-1:271740379017:syrabit-bing-keyword-dlq",
        "bing-submit": "arn:aws:sqs:ap-south-1:271740379017:syrabit-bing-submit-dlq",
        "cf-bot-crosscheck": "arn:aws:sqs:ap-south-1:271740379017:syrabit-cf-bot-crosscheck-dlq",
        "discovery-engine-ingest": "arn:aws:sqs:ap-south-1:271740379017:syrabit-discovery-ingest-dlq",
        "email-fallback": "arn:aws:sqs:ap-south-1:271740379017:syrabit-email-fallback-dlq",
        "seo-indexnow": "arn:aws:sqs:ap-south-1:271740379017:syrabit-seo-indexnow-dlq",
        "seo-internal-linker": "arn:aws:sqs:ap-south-1:271740379017:syrabit-seo-internal-linker-dlq",
        "unified-logs-cf-pull": "arn:aws:sqs:ap-south-1:271740379017:syrabit-unified-logs-pull-dlq"
      },
      "type": [
        "object",
        {
          "bing-keyword-refresh": "string",
          "bing-submit": "string",
          "cf-bot-crosscheck": "string",
          "discovery-engine-ingest": "string",
          "email-fallback": "string",
          "seo-indexnow": "string",
          "seo-internal-linker": "string",
          "unified-logs-cf-pull": "string"
        }
      ]
    },
    "sqs_worker_queue_arns": {
      "value": {
        "bing-keyword-refresh": "arn:aws:sqs:ap-south-1:271740379017:syrabit-bing-keyword",
        "bing-submit": "arn:aws:sqs:ap-south-1:271740379017:syrabit-bing-submit",
        "cf-bot-crosscheck": "arn:aws:sqs:ap-south-1:271740379017:syrabit-cf-bot-crosscheck",
        "discovery-engine-ingest": "arn:aws:sqs:ap-south-1:271740379017:syrabit-discovery-ingest",
        "email-fallback": "arn:aws:sqs:ap-south-1:271740379017:syrabit-email-fallback",
        "seo-indexnow": "arn:aws:sqs:ap-south-1:271740379017:syrabit-seo-indexnow",
        "seo-internal-linker": "arn:aws:sqs:ap-south-1:271740379017:syrabit-seo-internal-linker",
        "unified-logs-cf-pull": "arn:aws:sqs:ap-south-1:271740379017:syrabit-unified-logs-pull"
      },
      "type": [
        "object",
        {
          "bing-keyword-refresh": "string",
          "bing-submit": "string",
          "cf-bot-crosscheck": "string",
          "discovery-engine-ingest": "string",
          "email-fallback": "string",
          "seo-indexnow": "string",
          "seo-internal-linker": "string",
          "unified-logs-cf-pull": "string"
        }
      ]
    },
    "sqs_worker_queue_urls": {
      "value": {
        "bing-keyword-refresh": "https://sqs.ap-south-1.amazonaws.com/271740379017/syrabit-bing-keyword",
        "bing-submit": "https://sqs.ap-south-1.amazonaws.com/271740379017/syrabit-bing-submit",
        "cf-bot-crosscheck": "https://sqs.ap-south-1.amazonaws.com/271740379017/syrabit-cf-bot-crosscheck",
        "discovery-engine-ingest": "https://sqs.ap-south-1.amazonaws.com/271740379017/syrabit-discovery-ingest",
        "email-fallback": "https://sqs.ap-south-1.amazonaws.com/271740379017/syrabit-email-fallback",
        "seo-indexnow": "https://sqs.ap-south-1.amazonaws.com/271740379017/syrabit-seo-indexnow",
        "seo-internal-linker": "https://sqs.ap-south-1.amazonaws.com/271740379017/syrabit-seo-internal-linker",
        "unified-logs-cf-pull": "https://sqs.ap-south-1.amazonaws.com/271740379017/syrabit-unified-logs-pull"
      },
      "type": [
        "object",
        {
          "bing-keyword-refresh": "string",
          "bing-submit": "string",
          "cf-bot-crosscheck": "string",
          "discovery-engine-ingest": "string",
          "email-fallback": "string",
          "seo-indexnow": "string",
          "seo-internal-linker": "string",
          "unified-logs-cf-pull": "string"
        }
      ]
    },
    "sqs_worker_queue_urls_secret_arn": {
      "value": "arn:aws:secretsmanager:ap-south-1:271740379017:secret:syrabit/prod/sqs-worker-queue-urls-ZnCwNc",
      "type": "string"
    },
    "sqs_worker_queue_urls_ssm_param": {
      "value": "/syrabit/prod/sqs-worker-queue-urls",
      "type": "string"
    },
    "worker_secret_arns": {
      "value": {
        "axiom/ingest-token": "arn:aws:secretsmanager:ap-south-1:271740379017:secret:syrabit/prod/axiom/ingest-token-fo9A7D",
        "cf-ai-gateway/account-id": "arn:aws:secretsmanager:ap-south-1:271740379017:secret:syrabit/prod/cf-ai-gateway/account-id-KuCMKE",
        "cloudflare/api-token": "arn:aws:secretsmanager:ap-south-1:271740379017:secret:syrabit/prod/cloudflare/api-token-j79u9v",
        "cohere/api-key": "arn:aws:secretsmanager:ap-south-1:271740379017:secret:syrabit/prod/cohere/api-key-eUSkFq",
        "gcp/sa-json": "arn:aws:secretsmanager:ap-south-1:271740379017:secret:syrabit/prod/gcp/sa-json-b6qbxZ",
        "gemini/api-key": "arn:aws:secretsmanager:ap-south-1:271740379017:secret:syrabit/prod/gemini/api-key-DZDvcq",
        "mongo/url": "arn:aws:secretsmanager:ap-south-1:271740379017:secret:syrabit/prod/mongo/url-qYIV6X",
        "pinecone/api-key": "arn:aws:secretsmanager:ap-south-1:271740379017:secret:syrabit/prod/pinecone/api-key-CLOL3N",
        "razorpay/webhook-secret": "arn:aws:secretsmanager:ap-south-1:271740379017:secret:syrabit/prod/razorpay/webhook-secret-kyOAUf",
        "sentry/dsn-workers": "arn:aws:secretsmanager:ap-south-1:271740379017:secret:syrabit/prod/sentry/dsn-workers-uW8psr",
        "slack/ops-webhook": "arn:aws:secretsmanager:ap-south-1:271740379017:secret:syrabit/prod/slack/ops-webhook-i4roOg",
        "stripe/webhook-secret": "arn:aws:secretsmanager:ap-south-1:271740379017:secret:syrabit/prod/stripe/webhook-secret-D7P2i1",
        "supabase/service-role-key": "arn:aws:secretsmanager:ap-south-1:271740379017:secret:syrabit/prod/supabase/service-role-key-fu0Z19",
        "upstash/redis-rest-token": "arn:aws:secretsmanager:ap-south-1:271740379017:secret:syrabit/prod/upstash/redis-rest-token-ZXKbaX",
        "upstash/redis-rest-url": "arn:aws:secretsmanager:ap-south-1:271740379017:secret:syrabit/prod/upstash/redis-rest-url-C5kjGY",
        "workers-embed/secret": "arn:aws:secretsmanager:ap-south-1:271740379017:secret:syrabit/prod/workers-embed/secret-4CrS1L"
      },
      "type": [
        "object",
        {
          "axiom/ingest-token": "string",
          "cf-ai-gateway/account-id": "string",
          "cloudflare/api-token": "string",
          "cohere/api-key": "string",
          "gcp/sa-json": "string",
          "gemini/api-key": "string",
          "mongo/url": "string",
          "pinecone/api-key": "string",
          "razorpay/webhook-secret": "string",
          "sentry/dsn-workers": "string",
          "slack/ops-webhook": "string",
          "stripe/webhook-secret": "string",
          "supabase/service-role-key": "string",
          "upstash/redis-rest-token": "string",
          "upstash/redis-rest-url": "string",
          "workers-embed/secret": "string"
        }
      ]
    },
    "workers_degraded_composite_alarm_arn": {
      "value": "arn:aws:cloudwatch:ap-south-1:271740379017:alarm:syrabit-workers-degraded",
      "type": "string"
    },
    "workers_log_group_name": {
      "value": "/syrabit/workers",
      "type": "string"
    },
    "workers_metric_namespace": {
      "value": "Syrabit/Workers",
      "type": "string"
    },
    "workers_private_subnet_ids": {
      "value": [
        "subnet-0fc090441683b7a03",
        "subnet-06c25391c746b1d8c"
      ],
      "type": [
        "tuple",
        [
          "string",
          "string"
        ]
      ]
    },
    "workers_runtime_role_arn": {
      "value": "arn:aws:iam::271740379017:role/syrabit-workers-runtime",
      "type": "string"
    },
    "workers_security_group_id": {
      "value": "sg-01107e8f42d86054a",
      "type": "string"
    },
    "workers_vpc_id": {
      "value": "vpc-0dac209c5295c75d7",
      "type": "string"
    }
  },
  "resources": [
    {
      "mode": "data",
      "type": "aws_caller_identity",
      "name": "current",
      "provider": "provider[\"registry.terraform.io/hashicorp/aws\"]",
      "instances": [
        {
          "schema_version": 0,
          "attributes": {
            "account_id": "271740379017",
            "arn": "arn:aws:iam::271740379017:user/syrabit-terraform-bootstrap",
            "id": "271740379017",
            "user_id": "AIDAT6RH5D6ES66FFWD7B"
          },
          "sensitive_attributes": []
        }
      ]
    },
    {
      "mode": "data",
      "type": "aws_caller_identity",
      "name": "current_use1",
      "provider": "provider[\"registry.terraform.io/hashicorp/aws\"].us_east_1",
      "instances": [
        {
          "schema_version": 0,
          "attributes": {
            "account_id": "271740379017",
            "arn": "arn:aws:iam::271740379017:user/syrabit-terraform-bootstrap",
            "id": "271740379017",
            "user_id": "AIDAT6RH5D6ES66FFWD7B"
          },
          "sensitive_attributes": []
        }
      ]
    },
    {
      "mode": "data",
      "type": "aws_caller_identity",
      "name": "lz",
      "provider": "provider[\"registry.terraform.io/hashicorp/aws\"]",
      "instances": [
        {
          "schema_version": 0,
          "attributes": {
            "account_id": "271740379017",
            "arn": "arn:aws:iam::271740379017:user/syrabit-terraform-bootstrap",
            "id": "271740379017",
            "user_id": "AIDAT6RH5D6ES66FFWD7B"
          },
          "sensitive_attributes": []
        }
      ]
    },
    {
      "mode": "data",
      "type": "aws_caller_identity",
      "name": "native_features",
      "provider": "provider[\"registry.terraform.io/hashicorp/aws\"].us_east_1",
      "instances": [
        {
          "schema_version": 0,
          "attributes": {
            "account_id": "271740379017",
            "arn": "arn:aws:iam::271740379017:user/syrabit-terraform-bootstrap",
            "id": "271740379017",
            "user_id": "AIDAT6RH5D6ES66FFWD7B"
          },
          "sensitive_attributes": []
        }
      ]
    },
    {
      "mode": "data",
      "type": "aws_cloudfront_origin_request_policy",
      "name": "all_viewer",
      "provider": "provider[\"registry.terraform.io/hashicorp/aws\"].us_east_1",
      "instances": [
        {
          "schema_version": 0,
          "attributes": {
            "arn": "arn:aws:cloudfront::271740379017:origin-request-policy/216adef6-5c7f-47e4-b989-5492eafa07d3",
            "comment": "Policy to forward all parameters in viewer requests",
            "cookies_config": [
              {
                "cookie_behavior": "all",
                "cookies": []
              }
            ],
            "etag": "E23ZP02F085DFQ",
            "headers_config": [
              {
                "header_behavior": "allViewer",
                "headers": []
              }
            ],
            "id": "216adef6-5c7f-47e4-b989-5492eafa07d3",
            "name": "Managed-AllViewer",
            "query_strings_config": [
              {
                "query_string_behavior": "all",
                "query_strings": []
              }
            ]
          },
          "sensitive_attributes": []
        }
      ]
    },
    {
      "mode": "data",
      "type": "aws_iam_policy_document",
      "name": "cron_jobs_assume_role",
      "provider": "provider[\"registry.terraform.io/hashicorp/aws\"]",
      "instances": [
        {
          "schema_version": 0,
          "attributes": {
            "id": "4084613431",
            "json": "{\n  \"Version\": \"2012-10-17\",\n  \"Statement\": [\n    {\n      \"Effect\": \"Allow\",\n      \"Action\": \"sts:AssumeRoleWithWebIdentity\",\n      \"Principal\": {\n        \"Federated\": \"arn:aws:iam::271740379017:oidc-provider/login.microsoftonline.com/00000000-0000-0000-0000-000000000000/v2.0\"\n      },\n      \"Condition\": {\n        \"StringEquals\": {\n          \"login.microsoftonline.com/00000000-0000-0000-0000-000000000000/v2.0:aud\": \"api://AzureADTokenExchange\",\n          \"login.microsoftonline.com/00000000-0000-0000-0000-000000000000/v2.0:sub\": \"00000000-0000-0000-0000-000000000000\"\n        }\n      }\n    }\n  ]\n}",
            "minified_json": "{\"Version\":\"2012-10-17\",\"Statement\":[{\"Effect\":\"Allow\",\"Action\":\"sts:AssumeRoleWithWebIdentity\",\"Principal\":{\"Federated\":\"arn:aws:iam::271740379017:oidc-provider/login.microsoftonline.com/00000000-0000-0000-0000-000000000000/v2.0\"},\"Condition\":{\"StringEquals\":{\"login.microsoftonline.com/00000000-0000-0000-0000-000000000000/v2.0:aud\":\"api://AzureADTokenExchange\",\"login.microsoftonline.com/00000000-0000-0000-0000-000000000000/v2.0:sub\":\"00000000-0000-0000-0000-000000000000\"}}}]}",
            "override_json": null,
            "override_policy_documents": null,
            "policy_id": null,
            "source_json": null,
            "source_policy_documents": null,
            "statement": [
              {
                "actions": [
                  "sts:AssumeRoleWithWebIdentity"
                ],
                "condition": [
                  {
                    "test": "StringEquals",
                    "values": [
                      "00000000-0000-0000-0000-000000000000"
                    ],
                    "variable": "login.microsoftonline.com/00000000-0000-0000-0000-000000000000/v2.0:sub"
                  },
                  {
                    "test": "StringEquals",
                    "values": [
                      "api://AzureADTokenExchange"
                    ],
                    "variable": "login.microsoftonline.com/00000000-0000-0000-0000-000000000000/v2.0:aud"
                  }
                ],
                "effect": "Allow",
                "not_actions": [],
                "not_principals": [],
                "not_resources": [],
                "principals": [
                  {
                    "identifiers": [
                      "arn:aws:iam::271740379017:oidc-provider/login.microsoftonline.com/00000000-0000-0000-0000-000000000000/v2.0"
                    ],
                    "type": "Federated"
                  }
                ],
                "resources": [],
                "sid": ""
              }
            ],
            "version": "2012-10-17"
          },
          "sensitive_attributes": []
        }
      ]
    },
    {
      "mode": "data",
      "type": "aws_iam_policy_document",
      "name": "cron_jobs_aws_perms",
      "provider": "provider[\"registry.terraform.io/hashicorp/aws\"]",
      "instances": [
        {
          "schema_version": 0,
          "attributes": {
            "id": "530687470",
            "json": "{\n  \"Version\": \"2012-10-17\",\n  \"Statement\": [\n    {\n      \"Sid\": \"EnqueueAndAdminListing\",\n      \"Effect\": \"Allow\",\n      \"Action\": [\n        \"sqs:SendMessageBatch\",\n        \"sqs:SendMessage\",\n        \"sqs:ReceiveMessage\",\n        \"sqs:GetQueueUrl\",\n        \"sqs:GetQueueAttributes\",\n        \"sqs:DeleteMessage\"\n      ],\n      \"Resource\": [\n        \"arn:aws:sqs:ap-south-1:271740379017:syrabit-unified-logs-pull-dlq\",\n        \"arn:aws:sqs:ap-south-1:271740379017:syrabit-unified-logs-pull\",\n        \"arn:aws:sqs:ap-south-1:271740379017:syrabit-seo-internal-linker-dlq\",\n        \"arn:aws:sqs:ap-south-1:271740379017:syrabit-seo-internal-linker\",\n        \"arn:aws:sqs:ap-south-1:271740379017:syrabit-seo-indexnow-dlq\",\n        \"arn:aws:sqs:ap-south-1:271740379017:syrabit-seo-indexnow\",\n        \"arn:aws:sqs:ap-south-1:271740379017:syrabit-email-fallback-dlq\",\n        \"arn:aws:sqs:ap-south-1:271740379017:syrabit-email-fallback\",\n        \"arn:aws:sqs:ap-south-1:271740379017:syrabit-discovery-ingest-dlq\",\n        \"arn:aws:sqs:ap-south-1:271740379017:syrabit-discovery-ingest\",\n        \"arn:aws:sqs:ap-south-1:271740379017:syrabit-cf-bot-crosscheck-dlq\",\n        \"arn:aws:sqs:ap-south-1:271740379017:syrabit-cf-bot-crosscheck\",\n        \"arn:aws:sqs:ap-south-1:271740379017:syrabit-bing-submit-dlq\",\n        \"arn:aws:sqs:ap-south-1:271740379017:syrabit-bing-submit\",\n        \"arn:aws:sqs:ap-south-1:271740379017:syrabit-bing-keyword-dlq\",\n        \"arn:aws:sqs:ap-south-1:271740379017:syrabit-bing-keyword\"\n      ]\n    },\n    {\n      \"Sid\": \"ReadCloudWatchForAdminCard\",\n      \"Effect\": \"Allow\",\n      \"Action\": [\n        \"cloudwatch:GetMetricStatistics\",\n        \"cloudwatch:GetMetricData\",\n        \"cloudwatch:DescribeAlarms\"\n      ],\n      \"Resource\": \"*\"\n    }\n  ]\n}",
            "minified_json": "{\"Version\":\"2012-10-17\",\"Statement\":[{\"Sid\":\"EnqueueAndAdminListing\",\"Effect\":\"Allow\",\"Action\":[\"sqs:SendMessageBatch\",\"sqs:SendMessage\",\"sqs:ReceiveMessage\",\"sqs:GetQueueUrl\",\"sqs:GetQueueAttributes\",\"sqs:DeleteMessage\"],\"Resource\":[\"arn:aws:sqs:ap-south-1:271740379017:syrabit-unified-logs-pull-dlq\",\"arn:aws:sqs:ap-south-1:271740379017:syrabit-unified-logs-pull\",\"arn:aws:sqs:ap-south-1:271740379017:syrabit-seo-internal-linker-dlq\",\"arn:aws:sqs:ap-south-1:271740379017:syrabit-seo-internal-linker\",\"arn:aws:sqs:ap-south-1:271740379017:syrabit-seo-indexnow-dlq\",\"arn:aws:sqs:ap-south-1:271740379017:syrabit-seo-indexnow\",\"arn:aws:sqs:ap-south-1:271740379017:syrabit-email-fallback-dlq\",\"arn:aws:sqs:ap-south-1:271740379017:syrabit-email-fallback\",\"arn:aws:sqs:ap-south-1:271740379017:syrabit-discovery-ingest-dlq\",\"arn:aws:sqs:ap-south-1:271740379017:syrabit-discovery-ingest\",\"arn:aws:sqs:ap-south-1:271740379017:syrabit-cf-bot-crosscheck-dlq\",\"arn:aws:sqs:ap-south-1:271740379017:syrabit-cf-bot-crosscheck\",\"arn:aws:sqs:ap-south-1:271740379017:syrabit-bing-submit-dlq\",\"arn:aws:sqs:ap-south-1:271740379017:syrabit-bing-submit\",\"arn:aws:sqs:ap-south-1:271740379017:syrabit-bing-keyword-dlq\",\"arn:aws:sqs:ap-south-1:271740379017:syrabit-bing-keyword\"]},{\"Sid\":\"ReadCloudWatchForAdminCard\",\"Effect\":\"Allow\",\"Action\":[\"cloudwatch:GetMetricStatistics\",\"cloudwatch:GetMetricData\",\"cloudwatch:DescribeAlarms\"],\"Resource\":\"*\"}]}",
            "override_json": null,
            "override_policy_documents": null,
            "policy_id": null,
            "source_json": null,
            "source_policy_documents": null,
            "statement": [
              {
                "actions": [
                  "sqs:DeleteMessage",
                  "sqs:GetQueueAttributes",
                  "sqs:GetQueueUrl",
                  "sqs:ReceiveMessage",
                  "sqs:SendMessage",
                  "sqs:SendMessageBatch"
                ],
                "condition": [],
                "effect": "Allow",
                "not_actions": [],
                "not_principals": [],
                "not_resources": [],
                "principals": [],
                "resources": [
                  "arn:aws:sqs:ap-south-1:271740379017:syrabit-bing-keyword",
                  "arn:aws:sqs:ap-south-1:271740379017:syrabit-bing-keyword-dlq",
                  "arn:aws:sqs:ap-south-1:271740379017:syrabit-bing-submit",
                  "arn:aws:sqs:ap-south-1:271740379017:syrabit-bing-submit-dlq",
                  "arn:aws:sqs:ap-south-1:271740379017:syrabit-cf-bot-crosscheck",
                  "arn:aws:sqs:ap-south-1:271740379017:syrabit-cf-bot-crosscheck-dlq",
                  "arn:aws:sqs:ap-south-1:271740379017:syrabit-discovery-ingest",
                  "arn:aws:sqs:ap-south-1:271740379017:syrabit-discovery-ingest-dlq",
                  "arn:aws:sqs:ap-south-1:271740379017:syrabit-email-fallback",
                  "arn:aws:sqs:ap-south-1:271740379017:syrabit-email-fallback-dlq",
                  "arn:aws:sqs:ap-south-1:271740379017:syrabit-seo-indexnow",
                  "arn:aws:sqs:ap-south-1:271740379017:syrabit-seo-indexnow-dlq",
                  "arn:aws:sqs:ap-south-1:271740379017:syrabit-seo-internal-linker",
                  "arn:aws:sqs:ap-south-1:271740379017:syrabit-seo-internal-linker-dlq",
                  "arn:aws:sqs:ap-south-1:271740379017:syrabit-unified-logs-pull",
                  "arn:aws:sqs:ap-south-1:271740379017:syrabit-unified-logs-pull-dlq"
                ],
                "sid": "EnqueueAndAdminListing"
              },
              {
                "actions": [
                  "cloudwatch:DescribeAlarms",
                  "cloudwatch:GetMetricData",
                  "cloudwatch:GetMetricStatistics"
                ],
                "condition": [],
                "effect": "Allow",
                "not_actions": [],
                "not_principals": [],
                "not_resources": [],
                "principals": [],
                "resources": [
                  "*"
                ],
                "sid": "ReadCloudWatchForAdminCard"
              }
            ],
            "version": "2012-10-17"
          },
          "sensitive_attributes": []
        }
      ]
    },
    {
      "mode": "data",
      "type": "aws_iam_policy_document",
      "name": "github_deploy_assume",
      "provider": "provider[\"registry.terraform.io/hashicorp/aws\"]",
      "instances": [
        {
          "schema_version": 0,
          "attributes": {
            "id": "2758782602",
            "json": "{\n  \"Version\": \"2012-10-17\",\n  \"Statement\": [\n    {\n      \"Effect\": \"Allow\",\n      \"Action\": \"sts:AssumeRoleWithWebIdentity\",\n      \"Principal\": {\n        \"Federated\": \"arn:aws:iam::271740379017:oidc-provider/token.actions.githubusercontent.com\"\n      },\n      \"Condition\": {\n        \"StringEquals\": {\n          \"token.actions.githubusercontent.com:aud\": \"sts.amazonaws.com\"\n        },\n        \"StringLike\": {\n          \"token.actions.githubusercontent.com:sub\": [\n            \"repo:syrabit/syrabit:ref:refs/heads/master\",\n            \"repo:syrabit/syrabit:ref:refs/heads/release/*\",\n            \"repo:syrabit/syrabit:environment:prod\",\n            \"repo:syrabit/syrabit:environment:staging\"\n          ]\n        }\n      }\n    }\n  ]\n}",
            "minified_json": "{\"Version\":\"2012-10-17\",\"Statement\":[{\"Effect\":\"Allow\",\"Action\":\"sts:AssumeRoleWithWebIdentity\",\"Principal\":{\"Federated\":\"arn:aws:iam::271740379017:oidc-provider/token.actions.githubusercontent.com\"},\"Condition\":{\"StringEquals\":{\"token.actions.githubusercontent.com:aud\":\"sts.amazonaws.com\"},\"StringLike\":{\"token.actions.githubusercontent.com:sub\":[\"repo:syrabit/syrabit:ref:refs/heads/master\",\"repo:syrabit/syrabit:ref:refs/heads/release/*\",\"repo:syrabit/syrabit:environment:prod\",\"repo:syrabit/syrabit:environment:staging\"]}}}]}",
            "override_json": null,
            "override_policy_documents": null,
            "policy_id": null,
            "source_json": null,
            "source_policy_documents": null,
            "statement": [
              {
                "actions": [
                  "sts:AssumeRoleWithWebIdentity"
                ],
                "condition": [
                  {
                    "test": "StringEquals",
                    "values": [
                      "sts.amazonaws.com"
                    ],
                    "variable": "token.actions.githubusercontent.com:aud"
                  },
                  {
                    "test": "StringLike",
                    "values": [
                      "repo:syrabit/syrabit:ref:refs/heads/master",
                      "repo:syrabit/syrabit:ref:refs/heads/release/*",
                      "repo:syrabit/syrabit:environment:prod",
                      "repo:syrabit/syrabit:environment:staging"
                    ],
                    "variable": "token.actions.githubusercontent.com:sub"
                  }
                ],
                "effect": "Allow",
                "not_actions": [],
                "not_principals": [],
                "not_resources": [],
                "principals": [
                  {
                    "identifiers": [
                      "arn:aws:iam::271740379017:oidc-provider/token.actions.githubusercontent.com"
                    ],
                    "type": "Federated"
                  }
                ],
                "resources": [],
                "sid": ""
              }
            ],
            "version": "2012-10-17"
          },
          "sensitive_attributes": []
        }
      ]
    },
    {
      "mode": "data",
      "type": "aws_iam_policy_document",
      "name": "github_deploy_perms",
      "provider": "provider[\"registry.terraform.io/hashicorp/aws\"]",
      "instances": [
        {
          "schema_version": 0,
          "attributes": {
            "id": "3053997409",
            "json": "{\n  \"Version\": \"2012-10-17\",\n  \"Statement\": [\n    {\n      \"Sid\": \"EcrAuth\",\n      \"Effect\": \"Allow\",\n      \"Action\": \"ecr:GetAuthorizationToken\",\n      \"Resource\": \"*\"\n    },\n    {\n      \"Sid\": \"EcrPush\",\n      \"Effect\": \"Allow\",\n      \"Action\": [\n        \"ecr:UploadLayerPart\",\n        \"ecr:PutImage\",\n        \"ecr:ListImages\",\n        \"ecr:InitiateLayerUpload\",\n        \"ecr:DescribeRepositories\",\n        \"ecr:DescribeImages\",\n        \"ecr:CompleteLayerUpload\",\n        \"ecr:BatchGetImage\",\n        \"ecr:BatchCheckLayerAvailability\"\n      ],\n      \"Resource\": \"arn:aws:ecr:ap-south-1:271740379017:repository/syrabit/*\"\n    },\n    {\n      \"Sid\": \"LambdaDeploy\",\n      \"Effect\": \"Allow\",\n      \"Action\": [\n        \"lambda:UpdateFunctionConfiguration\",\n        \"lambda:UpdateFunctionCode\",\n        \"lambda:UpdateAlias\",\n        \"lambda:PublishVersion\",\n        \"lambda:ListVersionsByFunction\",\n        \"lambda:GetFunction\",\n        \"lambda:GetAlias\"\n      ],\n      \"Resource\": \"arn:aws:lambda:ap-south-1:271740379017:function:syrabit-*\"\n    },\n    {\n      \"Sid\": \"PassRuntimeRole\",\n      \"Effect\": \"Allow\",\n      \"Action\": \"iam:PassRole\",\n      \"Resource\": \"arn:aws:iam::271740379017:role/syrabit-workers-runtime\",\n      \"Condition\": {\n        \"StringEquals\": {\n          \"iam:PassedToService\": \"lambda.amazonaws.com\"\n        }\n      }\n    },\n    {\n      \"Sid\": \"LogsRead\",\n      \"Effect\": \"Allow\",\n      \"Action\": [\n        \"logs:GetLogEvents\",\n        \"logs:FilterLogEvents\",\n        \"logs:DescribeLogStreams\",\n        \"logs:DescribeLogGroups\"\n      ],\n      \"Resource\": [\n        \"arn:aws:logs:ap-south-1:271740379017:log-group:/syrabit/workers:*\",\n        \"arn:aws:logs:ap-south-1:271740379017:log-group:/syrabit/workers\",\n        \"arn:aws:logs:ap-south-1:271740379017:log-group:/aws/lambda/syrabit-*:*\"\n      ]\n    }\n  ]\n}",
            "minified_json": "{\"Version\":\"2012-10-17\",\"Statement\":[{\"Sid\":\"EcrAuth\",\"Effect\":\"Allow\",\"Action\":\"ecr:GetAuthorizationToken\",\"Resource\":\"*\"},{\"Sid\":\"EcrPush\",\"Effect\":\"Allow\",\"Action\":[\"ecr:UploadLayerPart\",\"ecr:PutImage\",\"ecr:ListImages\",\"ecr:InitiateLayerUpload\",\"ecr:DescribeRepositories\",\"ecr:DescribeImages\",\"ecr:CompleteLayerUpload\",\"ecr:BatchGetImage\",\"ecr:BatchCheckLayerAvailability\"],\"Resource\":\"arn:aws:ecr:ap-south-1:271740379017:repository/syrabit/*\"},{\"Sid\":\"LambdaDeploy\",\"Effect\":\"Allow\",\"Action\":[\"lambda:UpdateFunctionConfiguration\",\"lambda:UpdateFunctionCode\",\"lambda:UpdateAlias\",\"lambda:PublishVersion\",\"lambda:ListVersionsByFunction\",\"lambda:GetFunction\",\"lambda:GetAlias\"],\"Resource\":\"arn:aws:lambda:ap-south-1:271740379017:function:syrabit-*\"},{\"Sid\":\"PassRuntimeRole\",\"Effect\":\"Allow\",\"Action\":\"iam:PassRole\",\"Resource\":\"arn:aws:iam::271740379017:role/syrabit-workers-runtime\",\"Condition\":{\"StringEquals\":{\"iam:PassedToService\":\"lambda.amazonaws.com\"}}},{\"Sid\":\"LogsRead\",\"Effect\":\"Allow\",\"Action\":[\"logs:GetLogEvents\",\"logs:FilterLogEvents\",\"logs:DescribeLogStreams\",\"logs:DescribeLogGroups\"],\"Resource\":[\"arn:aws:logs:ap-south-1:271740379017:log-group:/syrabit/workers:*\",\"arn:aws:logs:ap-south-1:271740379017:log-group:/syrabit/workers\",\"arn:aws:logs:ap-south-1:271740379017:log-group:/aws/lambda/syrabit-*:*\"]}]}",
            "override_json": null,
            "override_policy_documents": null,
            "policy_id": null,
            "source_json": null,
            "source_policy_documents": null,
            "statement": [
              {
                "actions": [
                  "ecr:GetAuthorizationToken"
                ],
                "condition": [],
                "effect": "Allow",
                "not_actions": [],
                "not_principals": [],
                "not_resources": [],
                "principals": [],
                "resources": [
                  "*"
                ],
                "sid": "EcrAuth"
              },
              {
                "actions": [
                  "ecr:BatchCheckLayerAvailability",
                  "ecr:BatchGetImage",
                  "ecr:CompleteLayerUpload",
                  "ecr:DescribeImages",
                  "ecr:DescribeRepositories",
                  "ecr:InitiateLayerUpload",
                  "ecr:ListImages",
                  "ecr:PutImage",
                  "ecr:UploadLayerPart"
                ],
                "condition": [],
                "effect": "Allow",
                "not_actions": [],
                "not_principals": [],
                "not_resources": [],
                "principals": [],
                "resources": [
                  "arn:aws:ecr:ap-south-1:271740379017:repository/syrabit/*"
                ],
                "sid": "EcrPush"
              },
              {
                "actions": [
                  "lambda:GetAlias",
                  "lambda:GetFunction",
                  "lambda:ListVersionsByFunction",
                  "lambda:PublishVersion",
                  "lambda:UpdateAlias",
                  "lambda:UpdateFunctionCode",
                  "lambda:UpdateFunctionConfiguration"
                ],
                "condition": [],
                "effect": "Allow",
                "not_actions": [],
                "not_principals": [],
                "not_resources": [],
                "principals": [],
                "resources": [
                  "arn:aws:lambda:ap-south-1:271740379017:function:syrabit-*"
                ],
                "sid": "LambdaDeploy"
              },
              {
                "actions": [
                  "iam:PassRole"
                ],
                "condition": [
                  {
                    "test": "StringEquals",
                    "values": [
                      "lambda.amazonaws.com"
                    ],
                    "variable": "iam:PassedToService"
                  }
                ],
                "effect": "Allow",
                "not_actions": [],
                "not_principals": [],
                "not_resources": [],
                "principals": [],
                "resources": [
                  "arn:aws:iam::271740379017:role/syrabit-workers-runtime"
                ],
                "sid": "PassRuntimeRole"
              },
              {
                "actions": [
                  "logs:DescribeLogGroups",
                  "logs:DescribeLogStreams",
                  "logs:FilterLogEvents",
                  "logs:GetLogEvents"
                ],
                "condition": [],
                "effect": "Allow",
                "not_actions": [],
                "not_principals": [],
                "not_resources": [],
                "principals": [],
                "resources": [
                  "arn:aws:logs:ap-south-1:271740379017:log-group:/aws/lambda/syrabit-*:*",
                  "arn:aws:logs:ap-south-1:271740379017:log-group:/syrabit/workers",
                  "arn:aws:logs:ap-south-1:271740379017:log-group:/syrabit/workers:*"
                ],
                "sid": "LogsRead"
              }
            ],
            "version": "2012-10-17"
          },
          "sensitive_attributes": []
        }
      ]
    },
    {
      "mode": "data",
      "type": "aws_iam_policy_document",
      "name": "ops_alerts_topic",
      "provider": "provider[\"registry.terraform.io/hashicorp/aws\"]",
      "instances": [
        {
          "schema_version": 0,
          "attributes": {
            "id": "125098489",
            "json": "{\n  \"Version\": \"2012-10-17\",\n  \"Statement\": [\n    {\n      \"Sid\": \"AllowCloudWatchAlarms\",\n      \"Effect\": \"Allow\",\n      \"Action\": \"SNS:Publish\",\n      \"Resource\": \"arn:aws:sns:ap-south-1:271740379017:syrabit-ops-alerts\",\n      \"Principal\": {\n        \"Service\": \"cloudwatch.amazonaws.com\"\n      },\n      \"Condition\": {\n        \"StringEquals\": {\n          \"AWS:SourceAccount\": \"271740379017\"\n        }\n      }\n    },\n    {\n      \"Sid\": \"AllowBudgetsAndCostAnomaly\",\n      \"Effect\": \"Allow\",\n      \"Action\": \"SNS:Publish\",\n      \"Resource\": \"arn:aws:sns:ap-south-1:271740379017:syrabit-ops-alerts\",\n      \"Principal\": {\n        \"Service\": [\n          \"costalerts.amazonaws.com\",\n          \"budgets.amazonaws.com\"\n        ]\n      }\n    }\n  ]\n}",
            "minified_json": "{\"Version\":\"2012-10-17\",\"Statement\":[{\"Sid\":\"AllowCloudWatchAlarms\",\"Effect\":\"Allow\",\"Action\":\"SNS:Publish\",\"Resource\":\"arn:aws:sns:ap-south-1:271740379017:syrabit-ops-alerts\",\"Principal\":{\"Service\":\"cloudwatch.amazonaws.com\"},\"Condition\":{\"StringEquals\":{\"AWS:SourceAccount\":\"271740379017\"}}},{\"Sid\":\"AllowBudgetsAndCostAnomaly\",\"Effect\":\"Allow\",\"Action\":\"SNS:Publish\",\"Resource\":\"arn:aws:sns:ap-south-1:271740379017:syrabit-ops-alerts\",\"Principal\":{\"Service\":[\"costalerts.amazonaws.com\",\"budgets.amazonaws.com\"]}}]}",
            "override_json": null,
            "override_policy_documents": null,
            "policy_id": null,
            "source_json": null,
            "source_policy_documents": null,
            "statement": [
              {
                "actions": [
                  "SNS:Publish"
                ],
                "condition": [
                  {
                    "test": "StringEquals",
                    "values": [
                      "271740379017"
                    ],
                    "variable": "AWS:SourceAccount"
                  }
                ],
                "effect": "Allow",
                "not_actions": [],
                "not_principals": [],
                "not_resources": [],
                "principals": [
                  {
                    "identifiers": [
                      "cloudwatch.amazonaws.com"
                    ],
                    "type": "Service"
                  }
                ],
                "resources": [
                  "arn:aws:sns:ap-south-1:271740379017:syrabit-ops-alerts"
                ],
                "sid": "AllowCloudWatchAlarms"
              },
              {
                "actions": [
                  "SNS:Publish"
                ],
                "condition": [],
                "effect": "Allow",
                "not_actions": [],
                "not_principals": [],
                "not_resources": [],
                "principals": [
                  {
                    "identifiers": [
                      "budgets.amazonaws.com",
                      "costalerts.amazonaws.com"
                    ],
                    "type": "Service"
                  }
                ],
                "resources": [
                  "arn:aws:sns:ap-south-1:271740379017:syrabit-ops-alerts"
                ],
                "sid": "AllowBudgetsAndCostAnomaly"
              }
            ],
            "version": "2012-10-17"
          },
          "sensitive_attributes": []
        }
      ]
    },
    {
      "mode": "data",
      "type": "aws_iam_policy_document",
      "name": "workers_runtime",
      "provider": "provider[\"registry.terraform.io/hashicorp/aws\"]",
      "instances": [
        {
          "schema_version": 0,
          "attributes": {
            "id": "2368231933",
            "json": "{\n  \"Version\": \"2012-10-17\",\n  \"Statement\": [\n    {\n      \"Sid\": \"SecretsRead\",\n      \"Effect\": \"Allow\",\n      \"Action\": [\n        \"secretsmanager:GetSecretValue\",\n        \"secretsmanager:DescribeSecret\"\n      ],\n      \"Resource\": [\n        \"arn:aws:secretsmanager:ap-south-1:271740379017:secret:syrabit/prod/workers-embed/secret-4CrS1L\",\n        \"arn:aws:secretsmanager:ap-south-1:271740379017:secret:syrabit/prod/upstash/redis-rest-url-C5kjGY\",\n        \"arn:aws:secretsmanager:ap-south-1:271740379017:secret:syrabit/prod/upstash/redis-rest-token-ZXKbaX\",\n        \"arn:aws:secretsmanager:ap-south-1:271740379017:secret:syrabit/prod/supabase/service-role-key-fu0Z19\",\n        \"arn:aws:secretsmanager:ap-south-1:271740379017:secret:syrabit/prod/stripe/webhook-secret-D7P2i1\",\n        \"arn:aws:secretsmanager:ap-south-1:271740379017:secret:syrabit/prod/slack/ops-webhook-i4roOg\",\n        \"arn:aws:secretsmanager:ap-south-1:271740379017:secret:syrabit/prod/sentry/dsn-workers-uW8psr\",\n        \"arn:aws:secretsmanager:ap-south-1:271740379017:secret:syrabit/prod/razorpay/webhook-secret-kyOAUf\",\n        \"arn:aws:secretsmanager:ap-south-1:271740379017:secret:syrabit/prod/pinecone/api-key-CLOL3N\",\n        \"arn:aws:secretsmanager:ap-south-1:271740379017:secret:syrabit/prod/mongo/url-qYIV6X\",\n        \"arn:aws:secretsmanager:ap-south-1:271740379017:secret:syrabit/prod/gemini/api-key-DZDvcq\",\n        \"arn:aws:secretsmanager:ap-south-1:271740379017:secret:syrabit/prod/gcp/sa-json-b6qbxZ\",\n        \"arn:aws:secretsmanager:ap-south-1:271740379017:secret:syrabit/prod/cohere/api-key-eUSkFq\",\n        \"arn:aws:secretsmanager:ap-south-1:271740379017:secret:syrabit/prod/cloudflare/api-token-j79u9v\",\n        \"arn:aws:secretsmanager:ap-south-1:271740379017:secret:syrabit/prod/cf-ai-gateway/account-id-KuCMKE\",\n        \"arn:aws:secretsmanager:ap-south-1:271740379017:secret:syrabit/prod/axiom/ingest-token-fo9A7D\"\n      ]\n    },\n    {\n      \"Sid\": \"SqsConsume\",\n      \"Effect\": \"Allow\",\n      \"Action\": [\n        \"sqs:SendMessage\",\n        \"sqs:ReceiveMessage\",\n        \"sqs:GetQueueUrl\",\n        \"sqs:GetQueueAttributes\",\n        \"sqs:DeleteMessage\",\n        \"sqs:ChangeMessageVisibility\"\n      ],\n      \"Resource\": \"arn:aws:sqs:ap-south-1:271740379017:syrabit-*\"\n    },\n    {\n      \"Sid\": \"SesSend\",\n      \"Effect\": \"Allow\",\n      \"Action\": [\n        \"ses:SendRawEmail\",\n        \"ses:SendEmail\"\n      ],\n      \"Resource\": [\n        \"arn:aws:ses:ap-south-1:271740379017:identity/syrabit.ai\",\n        \"arn:aws:ses:ap-south-1:271740379017:configuration-set/syrabit-workers\"\n      ]\n    },\n    {\n      \"Sid\": \"SesAccountReads\",\n      \"Effect\": \"Allow\",\n      \"Action\": [\n        \"ses:GetSendStatistics\",\n        \"ses:GetSendQuota\",\n        \"ses:GetAccount\"\n      ],\n      \"Resource\": \"*\"\n    },\n    {\n      \"Sid\": \"MetricsPut\",\n      \"Effect\": \"Allow\",\n      \"Action\": \"cloudwatch:PutMetricData\",\n      \"Resource\": \"*\",\n      \"Condition\": {\n        \"StringEquals\": {\n          \"cloudwatch:namespace\": \"Syrabit/Workers\"\n        }\n      }\n    }\n  ]\n}",
            "minified_json": "{\"Version\":\"2012-10-17\",\"Statement\":[{\"Sid\":\"SecretsRead\",\"Effect\":\"Allow\",\"Action\":[\"secretsmanager:GetSecretValue\",\"secretsmanager:DescribeSecret\"],\"Resource\":[\"arn:aws:secretsmanager:ap-south-1:271740379017:secret:syrabit/prod/workers-embed/secret-4CrS1L\",\"arn:aws:secretsmanager:ap-south-1:271740379017:secret:syrabit/prod/upstash/redis-rest-url-C5kjGY\",\"arn:aws:secretsmanager:ap-south-1:271740379017:secret:syrabit/prod/upstash/redis-rest-token-ZXKbaX\",\"arn:aws:secretsmanager:ap-south-1:271740379017:secret:syrabit/prod/supabase/service-role-key-fu0Z19\",\"arn:aws:secretsmanager:ap-south-1:271740379017:secret:syrabit/prod/stripe/webhook-secret-D7P2i1\",\"arn:aws:secretsmanager:ap-south-1:271740379017:secret:syrabit/prod/slack/ops-webhook-i4roOg\",\"arn:aws:secretsmanager:ap-south-1:271740379017:secret:syrabit/prod/sentry/dsn-workers-uW8psr\",\"arn:aws:secretsmanager:ap-south-1:271740379017:secret:syrabit/prod/razorpay/webhook-secret-kyOAUf\",\"arn:aws:secretsmanager:ap-south-1:271740379017:secret:syrabit/prod/pinecone/api-key-CLOL3N\",\"arn:aws:secretsmanager:ap-south-1:271740379017:secret:syrabit/prod/mongo/url-qYIV6X\",\"arn:aws:secretsmanager:ap-south-1:271740379017:secret:syrabit/prod/gemini/api-key-DZDvcq\",\"arn:aws:secretsmanager:ap-south-1:271740379017:secret:syrabit/prod/gcp/sa-json-b6qbxZ\",\"arn:aws:secretsmanager:ap-south-1:271740379017:secret:syrabit/prod/cohere/api-key-eUSkFq\",\"arn:aws:secretsmanager:ap-south-1:271740379017:secret:syrabit/prod/cloudflare/api-token-j79u9v\",\"arn:aws:secretsmanager:ap-south-1:271740379017:secret:syrabit/prod/cf-ai-gateway/account-id-KuCMKE\",\"arn:aws:secretsmanager:ap-south-1:271740379017:secret:syrabit/prod/axiom/ingest-token-fo9A7D\"]},{\"Sid\":\"SqsConsume\",\"Effect\":\"Allow\",\"Action\":[\"sqs:SendMessage\",\"sqs:ReceiveMessage\",\"sqs:GetQueueUrl\",\"sqs:GetQueueAttributes\",\"sqs:DeleteMessage\",\"sqs:ChangeMessageVisibility\"],\"Resource\":\"arn:aws:sqs:ap-south-1:271740379017:syrabit-*\"},{\"Sid\":\"SesSend\",\"Effect\":\"Allow\",\"Action\":[\"ses:SendRawEmail\",\"ses:SendEmail\"],\"Resource\":[\"arn:aws:ses:ap-south-1:271740379017:identity/syrabit.ai\",\"arn:aws:ses:ap-south-1:271740379017:configuration-set/syrabit-workers\"]},{\"Sid\":\"SesAccountReads\",\"Effect\":\"Allow\",\"Action\":[\"ses:GetSendStatistics\",\"ses:GetSendQuota\",\"ses:GetAccount\"],\"Resource\":\"*\"},{\"Sid\":\"MetricsPut\",\"Effect\":\"Allow\",\"Action\":\"cloudwatch:PutMetricData\",\"Resource\":\"*\",\"Condition\":{\"StringEquals\":{\"cloudwatch:namespace\":\"Syrabit/Workers\"}}}]}",
            "override_json": null,
            "override_policy_documents": null,
            "policy_id": null,
            "source_json": null,
            "source_policy_documents": null,
            "statement": [
              {
                "actions": [
                  "secretsmanager:DescribeSecret",
                  "secretsmanager:GetSecretValue"
                ],
                "condition": [],
                "effect": "Allow",
                "not_actions": [],
                "not_principals": [],
                "not_resources": [],
                "principals": [],
                "resources": [
                  "arn:aws:secretsmanager:ap-south-1:271740379017:secret:syrabit/prod/axiom/ingest-token-fo9A7D",
                  "arn:aws:secretsmanager:ap-south-1:271740379017:secret:syrabit/prod/cf-ai-gateway/account-id-KuCMKE",
                  "arn:aws:secretsmanager:ap-south-1:271740379017:secret:syrabit/prod/cloudflare/api-token-j79u9v",
                  "arn:aws:secretsmanager:ap-south-1:271740379017:secret:syrabit/prod/cohere/api-key-eUSkFq",
                  "arn:aws:secretsmanager:ap-south-1:271740379017:secret:syrabit/prod/gcp/sa-json-b6qbxZ",
                  "arn:aws:secretsmanager:ap-south-1:271740379017:secret:syrabit/prod/gemini/api-key-DZDvcq",
                  "arn:aws:secretsmanager:ap-south-1:271740379017:secret:syrabit/prod/mongo/url-qYIV6X",
                  "arn:aws:secretsmanager:ap-south-1:271740379017:secret:syrabit/prod/pinecone/api-key-CLOL3N",
                  "arn:aws:secretsmanager:ap-south-1:271740379017:secret:syrabit/prod/razorpay/webhook-secret-kyOAUf",
                  "arn:aws:secretsmanager:ap-south-1:271740379017:secret:syrabit/prod/sentry/dsn-workers-uW8psr",
                  "arn:aws:secretsmanager:ap-south-1:271740379017:secret:syrabit/prod/slack/ops-webhook-i4roOg",
                  "arn:aws:secretsmanager:ap-south-1:271740379017:secret:syrabit/prod/stripe/webhook-secret-D7P2i1",
                  "arn:aws:secretsmanager:ap-south-1:271740379017:secret:syrabit/prod/supabase/service-role-key-fu0Z19",
                  "arn:aws:secretsmanager:ap-south-1:271740379017:secret:syrabit/prod/upstash/redis-rest-token-ZXKbaX",
                  "arn:aws:secretsmanager:ap-south-1:271740379017:secret:syrabit/prod/upstash/redis-rest-url-C5kjGY",
                  "arn:aws:secretsmanager:ap-south-1:271740379017:secret:syrabit/prod/workers-embed/secret-4CrS1L"
                ],
                "sid": "SecretsRead"
              },
              {
                "actions": [
                  "sqs:ChangeMessageVisibility",
                  "sqs:DeleteMessage",
                  "sqs:GetQueueAttributes",
                  "sqs:GetQueueUrl",
                  "sqs:ReceiveMessage",
                  "sqs:SendMessage"
                ],
                "condition": [],
                "effect": "Allow",
                "not_actions": [],
                "not_principals": [],
                "not_resources": [],
                "principals": [],
                "resources": [
                  "arn:aws:sqs:ap-south-1:271740379017:syrabit-*"
                ],
                "sid": "SqsConsume"
              },
              {
                "actions": [
                  "ses:SendEmail",
                  "ses:SendRawEmail"
                ],
                "condition": [],
                "effect": "Allow",
                "not_actions": [],
                "not_principals": [],
                "not_resources": [],
                "principals": [],
                "resources": [
                  "arn:aws:ses:ap-south-1:271740379017:configuration-set/syrabit-workers",
                  "arn:aws:ses:ap-south-1:271740379017:identity/syrabit.ai"
                ],
                "sid": "SesSend"
              },
              {
                "actions": [
                  "ses:GetAccount",
                  "ses:GetSendQuota",
                  "ses:GetSendStatistics"
                ],
                "condition": [],
                "effect": "Allow",
                "not_actions": [],
                "not_principals": [],
                "not_resources": [],
                "principals": [],
                "resources": [
                  "*"
                ],
                "sid": "SesAccountReads"
              },
              {
                "actions": [
                  "cloudwatch:PutMetricData"
                ],
                "condition": [
                  {
                    "test": "StringEquals",
                    "values": [
                      "Syrabit/Workers"
                    ],
                    "variable": "cloudwatch:namespace"
                  }
                ],
                "effect": "Allow",
                "not_actions": [],
                "not_principals": [],
                "not_resources": [],
                "principals": [],
                "resources": [
                  "*"
                ],
                "sid": "MetricsPut"
              }
            ],
            "version": "2012-10-17"
          },
          "sensitive_attributes": []
        }
      ]
    },
    {
      "mode": "data",
      "type": "aws_route53_zone",
      "name": "main",
      "provider": "provider[\"registry.terraform.io/hashicorp/aws\"]",
      "instances": [
        {
          "schema_version": 0,
          "attributes": {
            "arn": "arn:aws:route53:::hostedzone/Z02287022IGDQSI9ESYQM",
            "caller_reference": "syrabit-tf-bootstrap-56639c1d",
            "comment": "Created for Terraform; DNS still on Cloudflare",
            "enable_accelerated_recovery": false,
            "id": "Z02287022IGDQSI9ESYQM",
            "linked_service_description": null,
            "linked_service_principal": null,
            "name": "syrabit.ai",
            "name_servers": [
              "ns-922.awsdns-51.net",
              "ns-1082.awsdns-07.org",
              "ns-1861.awsdns-40.co.uk",
              "ns-410.awsdns-51.com"
            ],
            "primary_name_server": "ns-922.awsdns-51.net",
            "private_zone": false,
            "resource_record_set_count": 3,
            "tags": {},
            "vpc_id": null,
            "zone_id": "Z02287022IGDQSI9ESYQM"
          },
          "sensitive_attributes": []
        }
      ]
    },
    {
      "mode": "data",
      "type": "aws_secretsmanager_secret",
      "name": "admin_jwt",
      "provider": "provider[\"registry.terraform.io/hashicorp/aws\"]",
      "instances": [
        {
          "schema_version": 0,
          "attributes": {
            "arn": "arn:aws:secretsmanager:ap-south-1:271740379017:secret:syrabit/prod/admin-jwt/secret-48aZtU",
            "created_date": "2026-05-09T10:53:04Z",
            "description": "Bootstrap for terraform data lookup (real value)",
            "id": "arn:aws:secretsmanager:ap-south-1:271740379017:secret:syrabit/prod/admin-jwt/secret-48aZtU",
            "kms_key_id": "",
            "last_changed_date": "2026-05-09T10:53:04Z",
            "name": "syrabit/prod/admin-jwt/secret",
            "policy": "",
            "region": "ap-south-1",
            "tags": {}
          },
          "sensitive_attributes": []
        }
      ]
    },
    {
      "mode": "data",
      "type": "aws_secretsmanager_secret",
      "name": "cf_ai_gateway_account_id",
      "provider": "provider[\"registry.terraform.io/hashicorp/aws\"]",
      "instances": [
        {
          "schema_version": 0,
          "attributes": {
            "arn": "arn:aws:secretsmanager:ap-south-1:271740379017:secret:syrabit/prod/cf-ai-gateway/account-id-KuCMKE",
            "created_date": "2026-05-09T10:48:56Z",
            "description": "Cloudflare AI Gateway account-id used alongside the API token by `providers/workers_indic.py` (Task #551 §B).",
            "id": "arn:aws:secretsmanager:ap-south-1:271740379017:secret:syrabit/prod/cf-ai-gateway/account-id-KuCMKE",
            "kms_key_id": "",
            "last_changed_date": "2026-05-09T10:49:27Z",
            "name": "syrabit/prod/cf-ai-gateway/account-id",
            "policy": "",
            "region": "ap-south-1",
            "tags": {
              "Name": "syrabit/prod/cf-ai-gateway/account-id",
              "credit-source": "aws-activate",
              "environment": "prod",
              "landing-zone": "aws-async-workers",
              "managed-by": "terraform",
              "owner": "infra",
              "project": "syrabit",
              "secret": "cf-ai-gateway/account-id"
            }
          },
          "sensitive_attributes": []
        }
      ]
    },
    {
      "mode": "data",
      "type": "aws_secretsmanager_secret",
      "name": "cloudflare_api_token",
      "provider": "provider[\"registry.terraform.io/hashicorp/aws\"]",
      "instances": [
        {
          "schema_version": 0,
          "attributes": {
            "arn": "arn:aws:secretsmanager:ap-south-1:271740379017:secret:syrabit/prod/cloudflare/api-token-j79u9v",
            "created_date": "2026-05-09T10:48:55Z",
            "description": "Cloudflare API token used by Workers-AI translate calls (`providers/workers_indic.py`) inside the `as-translation-backfill` Lambda (Task #551 §B).",
            "id": "arn:aws:secretsmanager:ap-south-1:271740379017:secret:syrabit/prod/cloudflare/api-token-j79u9v",
            "kms_key_id": "",
            "last_changed_date": "2026-05-09T10:49:27Z",
            "name": "syrabit/prod/cloudflare/api-token",
            "policy": "",
            "region": "ap-south-1",
            "tags": {
              "Name": "syrabit/prod/cloudflare/api-token",
              "credit-source": "aws-activate",
              "environment": "prod",
              "landing-zone": "aws-async-workers",
              "managed-by": "terraform",
              "owner": "infra",
              "project": "syrabit",
              "secret": "cloudflare/api-token"
            }
          },
          "sensitive_attributes": []
        }
      ]
    },
    {
      "mode": "data",
      "type": "aws_secretsmanager_secret",
      "name": "gcp_sa_json",
      "provider": "provider[\"registry.terraform.io/hashicorp/aws\"]",
      "instances": [
        {
          "schema_version": 0,
          "attributes": {
            "arn": "arn:aws:secretsmanager:ap-south-1:271740379017:secret:syrabit/prod/gcp/sa-json-b6qbxZ",
            "created_date": "2026-05-09T10:48:55Z",
            "description": "GCP service-account JSON for Vertex polish fallback (`GOOGLE_APPLICATION_CREDENTIALS_JSON`) used by `as-translation-backfill` (Task #551 §B).",
            "id": "arn:aws:secretsmanager:ap-south-1:271740379017:secret:syrabit/prod/gcp/sa-json-b6qbxZ",
            "kms_key_id": "",
            "last_changed_date": "2026-05-09T10:49:27Z",
            "name": "syrabit/prod/gcp/sa-json",
            "policy": "",
            "region": "ap-south-1",
            "tags": {
              "Name": "syrabit/prod/gcp/sa-json",
              "credit-source": "aws-activate",
              "environment": "prod",
              "landing-zone": "aws-async-workers",
              "managed-by": "terraform",
              "owner": "infra",
              "project": "syrabit",
              "secret": "gcp/sa-json"
            }
          },
          "sensitive_attributes": []
        }
      ]
    },
    {
      "mode": "data",
      "type": "aws_secretsmanager_secret",
      "name": "gemini_api_key",
      "provider": "provider[\"registry.terraform.io/hashicorp/aws\"]",
      "instances": [
        {
          "schema_version": 0,
          "attributes": {
            "arn": "arn:aws:secretsmanager:ap-south-1:271740379017:secret:syrabit/prod/gemini/api-key-DZDvcq",
            "created_date": "2026-05-09T10:48:56Z",
            "description": "Vertex/Gemini polish key used by the Assamese translate chain (`routes/ai_chat._assamese_translate_*`) inside the `as-translation-backfill` Lambda (Task #551 §B).",
            "id": "arn:aws:secretsmanager:ap-south-1:271740379017:secret:syrabit/prod/gemini/api-key-DZDvcq",
            "kms_key_id": "",
            "last_changed_date": "2026-05-09T10:49:27Z",
            "name": "syrabit/prod/gemini/api-key",
            "policy": "",
            "region": "ap-south-1",
            "tags": {
              "Name": "syrabit/prod/gemini/api-key",
              "credit-source": "aws-activate",
              "environment": "prod",
              "landing-zone": "aws-async-workers",
              "managed-by": "terraform",
              "owner": "infra",
              "project": "syrabit",
              "secret": "gemini/api-key"
            }
          },
          "sensitive_attributes": []
        }
      ]
    },
    {
      "mode": "data",
      "type": "aws_secretsmanager_secret",
      "name": "mongo_url",
      "provider": "provider[\"registry.terraform.io/hashicorp/aws\"]",
      "instances": [
        {
          "schema_version": 0,
          "attributes": {
            "arn": "arn:aws:secretsmanager:ap-south-1:271740379017:secret:syrabit/prod/mongo/url-qYIV6X",
            "created_date": "2026-05-09T10:48:55Z",
            "description": "Mongo Atlas SRV connection string used by the Lambda batch jobs (`lambda_batch/*` per Task #551 §B). Same value as the ACA backend's `MONGO_URL`.",
            "id": "arn:aws:secretsmanager:ap-south-1:271740379017:secret:syrabit/prod/mongo/url-qYIV6X",
            "kms_key_id": "",
            "last_changed_date": "2026-05-09T10:49:27Z",
            "name": "syrabit/prod/mongo/url",
            "policy": "",
            "region": "ap-south-1",
            "tags": {
              "Name": "syrabit/prod/mongo/url",
              "credit-source": "aws-activate",
              "environment": "prod",
              "landing-zone": "aws-async-workers",
              "managed-by": "terraform",
              "owner": "infra",
              "project": "syrabit",
              "secret": "mongo/url"
            }
          },
          "sensitive_attributes": []
        }
      ]
    },
    {
      "mode": "data",
      "type": "aws_secretsmanager_secret",
      "name": "pinecone",
      "provider": "provider[\"registry.terraform.io/hashicorp/aws\"]",
      "instances": [
        {
          "schema_version": 0,
          "attributes": {
            "arn": "arn:aws:secretsmanager:ap-south-1:271740379017:secret:syrabit/prod/pinecone/api-key-CLOL3N",
            "created_date": "2026-05-09T10:48:56Z",
            "description": "Pinecone API key (embedding refresh worker).",
            "id": "arn:aws:secretsmanager:ap-south-1:271740379017:secret:syrabit/prod/pinecone/api-key-CLOL3N",
            "kms_key_id": "",
            "last_changed_date": "2026-05-09T10:49:27Z",
            "name": "syrabit/prod/pinecone/api-key",
            "policy": "",
            "region": "ap-south-1",
            "tags": {
              "Name": "syrabit/prod/pinecone/api-key",
              "credit-source": "aws-activate",
              "environment": "prod",
              "landing-zone": "aws-async-workers",
              "managed-by": "terraform",
              "owner": "infra",
              "project": "syrabit",
              "secret": "pinecone/api-key"
            }
          },
          "sensitive_attributes": []
        }
      ]
    },
    {
      "mode": "data",
      "type": "aws_secretsmanager_secret",
      "name": "r2_access_key",
      "provider": "provider[\"registry.terraform.io/hashicorp/aws\"]",
      "instances": [
        {
          "schema_version": 0,
          "attributes": {
            "arn": "arn:aws:secretsmanager:ap-south-1:271740379017:secret:syrabit/r2/finals-writer-3O3Gtf",
            "created_date": "2026-05-09T10:48:01Z",
            "description": "R2 finals-writer creds for s3-\u003er2 sync Lambda",
            "id": "arn:aws:secretsmanager:ap-south-1:271740379017:secret:syrabit/r2/finals-writer-3O3Gtf",
            "kms_key_id": "",
            "last_changed_date": "2026-05-09T10:48:02Z",
            "name": "syrabit/r2/finals-writer",
            "policy": "",
            "region": "ap-south-1",
            "tags": {}
          },
          "sensitive_attributes": []
        }
      ]
    },
    {
      "mode": "data",
      "type": "aws_secretsmanager_secret",
      "name": "sentry_dsn_workers",
      "provider": "provider[\"registry.terraform.io/hashicorp/aws\"]",
      "instances": [
        {
          "schema_version": 0,
          "attributes": {
            "arn": "arn:aws:secretsmanager:ap-south-1:271740379017:secret:syrabit/prod/sentry/dsn-workers-uW8psr",
            "created_date": "2026-05-09T10:48:55Z",
            "description": "Sentry DSN scoped to the workers project.",
            "id": "arn:aws:secretsmanager:ap-south-1:271740379017:secret:syrabit/prod/sentry/dsn-workers-uW8psr",
            "kms_key_id": "",
            "last_changed_date": "2026-05-09T10:49:27Z",
            "name": "syrabit/prod/sentry/dsn-workers",
            "policy": "",
            "region": "ap-south-1",
            "tags": {
              "Name": "syrabit/prod/sentry/dsn-workers",
              "credit-source": "aws-activate",
              "environment": "prod",
              "landing-zone": "aws-async-workers",
              "managed-by": "terraform",
              "owner": "infra",
              "project": "syrabit",
              "secret": "sentry/dsn-workers"
            }
          },
          "sensitive_attributes": []
        }
      ]
    },
    {
      "mode": "data",
      "type": "aws_secretsmanager_secret",
      "name": "upstash_redis_rest_token",
      "provider": "provider[\"registry.terraform.io/hashicorp/aws\"]",
      "instances": [
        {
          "schema_version": 0,
          "attributes": {
            "arn": "arn:aws:secretsmanager:ap-south-1:271740379017:secret:syrabit/prod/upstash/redis-rest-token-ZXKbaX",
            "created_date": "2026-05-09T10:48:56Z",
            "description": "Upstash Redis REST token (rate-limit + 429 counter).",
            "id": "arn:aws:secretsmanager:ap-south-1:271740379017:secret:syrabit/prod/upstash/redis-rest-token-ZXKbaX",
            "kms_key_id": "",
            "last_changed_date": "2026-05-09T10:49:27Z",
            "name": "syrabit/prod/upstash/redis-rest-token",
            "policy": "",
            "region": "ap-south-1",
            "tags": {
              "Name": "syrabit/prod/upstash/redis-rest-token",
              "credit-source": "aws-activate",
              "environment": "prod",
              "landing-zone": "aws-async-workers",
              "managed-by": "terraform",
              "owner": "infra",
              "project": "syrabit",
              "secret": "upstash/redis-rest-token"
            }
          },
          "sensitive_attributes": []
        }
      ]
    },
    {
      "mode": "data",
      "type": "aws_secretsmanager_secret",
      "name": "upstash_redis_rest_url",
      "provider": "provider[\"registry.terraform.io/hashicorp/aws\"]",
      "instances": [
        {
          "schema_version": 0,
          "attributes": {
            "arn": "arn:aws:secretsmanager:ap-south-1:271740379017:secret:syrabit/prod/upstash/redis-rest-url-C5kjGY",
            "created_date": "2026-05-09T10:48:56Z",
            "description": "Upstash Redis REST base URL used by `chat-credit-runway` Lambda (Task #565). Same value as the ACA backend's UPSTASH_REDIS_REST_URL env.",
            "id": "arn:aws:secretsmanager:ap-south-1:271740379017:secret:syrabit/prod/upstash/redis-rest-url-C5kjGY",
            "kms_key_id": "",
            "last_changed_date": "2026-05-09T10:49:27Z",
            "name": "syrabit/prod/upstash/redis-rest-url",
            "policy": "",
            "region": "ap-south-1",
            "tags": {
              "Name": "syrabit/prod/upstash/redis-rest-url",
              "credit-source": "aws-activate",
              "environment": "prod",
              "landing-zone": "aws-async-workers",
              "managed-by": "terraform",
              "owner": "infra",
              "project": "syrabit",
              "secret": "upstash/redis-rest-url"
            }
          },
          "sensitive_attributes": []
        }
      ]
    },
    {
      "mode": "data",
      "type": "aws_secretsmanager_secret",
      "name": "workers_embed",
      "provider": "provider[\"registry.terraform.io/hashicorp/aws\"]",
      "instances": [
        {
          "schema_version": 0,
          "attributes": {
            "arn": "arn:aws:secretsmanager:ap-south-1:271740379017:secret:syrabit/prod/workers-embed/secret-4CrS1L",
            "created_date": "2026-05-09T10:48:55Z",
            "description": "Cloudflare Workers-AI embed-worker shared secret (deferred-embed Lambda calls embed.syrabit.ai with this on the X-Origin-Auth header). Task #489.",
            "id": "arn:aws:secretsmanager:ap-south-1:271740379017:secret:syrabit/prod/workers-embed/secret-4CrS1L",
            "kms_key_id": "",
            "last_changed_date": "2026-05-09T10:49:27Z",
            "name": "syrabit/prod/workers-embed/secret",
            "policy": "",
            "region": "ap-south-1",
            "tags": {
              "Name": "syrabit/prod/workers-embed/secret",
              "credit-source": "aws-activate",
              "environment": "prod",
              "landing-zone": "aws-async-workers",
              "managed-by": "terraform",
              "owner": "infra",
              "project": "syrabit",
              "secret": "workers-embed/secret"
            }
          },
          "sensitive_attributes": []
        }
      ]
    },
    {
      "mode": "managed",
      "type": "aws_bedrock_guardrail",
      "name": "content_filter",
      "provider": "provider[\"registry.terraform.io/hashicorp/aws\"].us_east_1",
      "instances": [
        {
          "schema_version": 0,
          "attributes": {
            "blocked_input_messaging": "I'm sorry, I can't help with that.",
            "blocked_outputs_messaging": "I'm sorry, I can't respond to that.",
            "content_policy_config": [
              {
                "filters_config": [
                  {
                    "input_action": null,
                    "input_enabled": null,
                    "input_modalities": null,
                    "input_strength": "HIGH",
                    "output_action": null,
                    "output_enabled": null,
                    "output_modalities": null,
                    "output_strength": "HIGH",
                    "type": "HATE"
                  },
                  {
                    "input_action": null,
                    "input_enabled": null,
                    "input_modalities": null,
                    "input_strength": "MEDIUM",
                    "output_action": null,
                    "output_enabled": null,
                    "output_modalities": null,
                    "output_strength": "MEDIUM",
                    "type": "VIOLENCE"
                  }
                ],
                "tier_config": [
                  {
                    "tier_name": "CLASSIC"
                  }
                ]
              }
            ],
            "contextual_grounding_policy_config": [],
            "created_at": "2026-05-09T10:49:23Z",
            "cross_region_config": [],
            "description": "Block harmful content from Bedrock responses",
            "guardrail_arn": "arn:aws:bedrock:us-east-1:271740379017:guardrail/hgoi7qr0gmu2",
            "guardrail_id": "hgoi7qr0gmu2",
            "kms_key_arn": null,
            "name": "syrabit-content-filter",
            "region": "us-east-1",
            "sensitive_information_policy_config": [],
            "status": "READY",
            "tags": {
              "project": "syrabit"
            },
            "tags_all": {
              "credit-source": "aws-activate",
              "environment": "prod",
              "landing-zone": "aws-async-workers",
              "managed-by": "terraform",
              "owner": "infra",
              "project": "syrabit"
            },
            "timeouts": null,
            "topic_policy_config": [],
            "version": "DRAFT",
            "word_policy_config": []
          },
          "sensitive_attributes": []
        }
      ]
    },
    {
      "mode": "managed",
      "type": "aws_budgets_budget",
      "name": "monthly_cost",
      "provider": "provider[\"registry.terraform.io/hashicorp/aws\"]",
      "instances": [
        {
          "schema_version": 0,
          "attributes": {
            "account_id": "271740379017",
            "arn": "arn:aws:budgets::271740379017:budget/syrabit-prod-monthly",
            "auto_adjust_data": [],
            "billing_view_arn": "",
            "budget_type": "COST",
            "cost_filter": [],
            "cost_types": [
              {
                "include_credit": true,
                "include_discount": true,
                "include_other_subscription": true,
                "include_recurring": true,
                "include_refund": true,
                "include_subscription": true,
                "include_support": true,
                "include_tax": true,
                "include_upfront": true,
                "use_amortized": false,
                "use_blended": false
              }
            ],
            "filter_expression": [],
            "id": "271740379017:syrabit-prod-monthly",
            "limit_amount": "100.0",
            "limit_unit": "USD",
            "metrics": [],
            "name": "syrabit-prod-monthly",
            "name_prefix": "",
            "notification": [
              {
                "comparison_operator": "GREATER_THAN",
                "notification_type": "ACTUAL",
                "subscriber_email_addresses": [
                  "ops@syrabit.ai"
                ],
                "subscriber_sns_topic_arns": [],
                "threshold": 50,
                "threshold_type": "PERCENTAGE"
              },
              {
                "comparison_operator": "GREATER_THAN",
                "notification_type": "FORECASTED",
                "subscriber_email_addresses": [
                  "ops@syrabit.ai"
                ],
                "subscriber_sns_topic_arns": [],
                "threshold": 80,
                "threshold_type": "PERCENTAGE"
              }
            ],
            "planned_limit": [],
            "tags": {},
            "tags_all": {
              "credit-source": "aws-activate",
              "environment": "prod",
              "landing-zone": "aws-async-workers",
              "managed-by": "terraform",
              "owner": "infra",
              "project": "syrabit"
            },
            "time_period_end": "2087-06-15_00:00",
            "time_period_start": "2026-05-01_00:00",
            "time_unit": "MONTHLY"
          },
          "sensitive_attributes": [],
          "private": "bnVsbA=="
        }
      ]
    },
    {
      "mode": "managed",
      "type": "aws_cloudfront_cache_policy",
      "name": "bedrock",
      "provider": "provider[\"registry.terraform.io/hashicorp/aws\"].us_east_1",
      "instances": [
        {
          "schema_version": 0,
          "attributes": {
            "arn": "arn:aws:cloudfront::271740379017:cache-policy/d5744b69-929f-436e-88e6-494e79557b9a",
            "comment": "",
            "default_ttl": 300,
            "etag": "E23ZP02F085DFQ",
            "id": "d5744b69-929f-436e-88e6-494e79557b9a",
            "max_ttl": 300,
            "min_ttl": 0,
            "name": "syrabit-bedrock-cache",
            "parameters_in_cache_key_and_forwarded_to_origin": [
              {
                "cookies_config": [
                  {
                    "cookie_behavior": "none",
                    "cookies": []
                  }
                ],
                "enable_accept_encoding_brotli": true,
                "enable_accept_encoding_gzip": true,
                "headers_config": [
                  {
                    "header_behavior": "none",
                    "headers": []
                  }
                ],
                "query_strings_config": [
                  {
                    "query_string_behavior": "none",
                    "query_strings": []
                  }
                ]
              }
            ]
          },
          "sensitive_attributes": [],
          "private": "bnVsbA=="
        }
      ]
    },
    {
      "mode": "managed",
      "type": "aws_cloudwatch_composite_alarm",
      "name": "workers_degraded",
      "provider": "provider[\"registry.terraform.io/hashicorp/aws\"]",
      "instances": [
        {
          "schema_version": 0,
          "attributes": {
            "actions_enabled": true,
            "actions_suppressor": [],
            "alarm_actions": [
              "arn:aws:sns:ap-south-1:271740379017:syrabit-ops-alerts"
            ],
            "alarm_description": "Composite — any AWS async worker queue is backlogged or has a non-empty DLQ. Consumed by AdminAwsInfraCard.",
            "alarm_name": "syrabit-workers-degraded",
            "alarm_rule": "ALARM(syrabit-bing-keyword-backlog) OR ALARM(syrabit-bing-submit-backlog) OR ALARM(syrabit-cf-bot-crosscheck-backlog) OR ALARM(syrabit-discovery-ingest-backlog) OR ALARM(syrabit-email-fallback-backlog) OR ALARM(syrabit-seo-indexnow-backlog) OR ALARM(syrabit-seo-internal-linker-backlog) OR ALARM(syrabit-unified-logs-pull-backlog) OR ALARM(syrabit-bing-keyword-dlq-not-empty) OR ALARM(syrabit-bing-submit-dlq-not-empty) OR ALARM(syrabit-cf-bot-crosscheck-dlq-not-empty) OR ALARM(syrabit-discovery-ingest-dlq-not-empty) OR ALARM(syrabit-email-fallback-dlq-not-empty) OR ALARM(syrabit-seo-indexnow-dlq-not-empty) OR ALARM(syrabit-seo-internal-linker-dlq-not-empty) OR ALARM(syrabit-unified-logs-pull-dlq-not-empty)",
            "arn": "arn:aws:cloudwatch:ap-south-1:271740379017:alarm:syrabit-workers-degraded",
            "id": "syrabit-workers-degraded",
            "insufficient_data_actions": [],
            "ok_actions": [
              "arn:aws:sns:ap-south-1:271740379017:syrabit-ops-alerts"
            ],
            "region": "ap-south-1",
            "tags": {
              "Name": "syrabit-workers-degraded",
              "component": "composite-alarm",
              "credit-source": "aws-activate",
              "environment": "prod",
              "landing-zone": "aws-async-workers",
              "managed-by": "terraform",
              "owner": "infra",
              "project": "syrabit"
            },
            "tags_all": {
              "Name": "syrabit-workers-degraded",
              "component": "composite-alarm",
              "credit-source": "aws-activate",
              "environment": "prod",
              "landing-zone": "aws-async-workers",
              "managed-by": "terraform",
              "owner": "infra",
              "project": "syrabit"
            }
          },
          "sensitive_attributes": [],
          "private": "bnVsbA==",
          "dependencies": [
            "aws_cloudwatch_metric_alarm.sqs_backlog",
            "aws_cloudwatch_metric_alarm.sqs_dlq_depth",
            "aws_sns_topic.ops_alerts",
            "aws_sqs_queue.worker",
            "aws_sqs_queue.worker_dlq"
          ]
        }
      ]
    },
    {
      "mode": "managed",
      "type": "aws_cloudwatch_dashboard",
      "name": "native_features",
      "provider": "provider[\"registry.terraform.io/hashicorp/aws\"].us_east_1",
      "instances": [
        {
          "schema_version": 0,
          "attributes": {
            "dashboard_arn": "arn:aws:cloudwatch::271740379017:dashboard/syrabit-aws-native-prod",
            "dashboard_body": "{\"widgets\":[{\"height\":6,\"properties\":{\"metrics\":[[\"AWS/Bedrock\",\"Invocations\",\"ModelId\",\"cohere.embed-multilingual-v3\"],[\".\",\".\",\".\",\"cohere.rerank-v3-5:0\"],[\".\",\"InvocationLatency\",\"ModelId\",\"cohere.embed-multilingual-v3\",{\"stat\":\"p95\"}]],\"period\":60,\"region\":\"us-east-1\",\"stat\":\"Sum\",\"title\":\"Bedrock-Cohere invocations + p95 latency\"},\"type\":\"metric\",\"width\":12},{\"height\":6,\"properties\":{\"metrics\":[[\"AWS/Polly\",\"RequestCharacters\"],[\"AWS/Transcribe\",\"AudioSecondsProcessed\"]],\"period\":300,\"region\":\"ap-south-1\",\"stat\":\"Sum\",\"title\":\"Polly + Transcribe characters / seconds\"},\"type\":\"metric\",\"width\":12},{\"height\":6,\"properties\":{\"metrics\":[[\"Syrabit/Moderation\",\"RekognitionFlaggedCount\"],[\".\",\"RekognitionScannedCount\"]],\"period\":300,\"region\":\"ap-south-1\",\"stat\":\"Sum\",\"title\":\"Rekognition flagged uploads (moderation)\"},\"type\":\"metric\",\"width\":12},{\"height\":6,\"properties\":{\"metrics\":[[\"Syrabit/Recommendations\",\"PersonalizeCtr\"],[\".\",\"DeterministicFallbackCtr\"]],\"period\":3600,\"region\":\"ap-south-1\",\"stat\":\"Average\",\"title\":\"Personalize CTR vs deterministic fallback\"},\"type\":\"metric\",\"width\":12}]}",
            "dashboard_name": "syrabit-aws-native-prod",
            "id": "syrabit-aws-native-prod",
            "region": "us-east-1"
          },
          "sensitive_attributes": [],
          "private": "bnVsbA=="
        }
      ]
    },
    {
      "mode": "managed",
      "type": "aws_cloudwatch_log_group",
      "name": "batch_job",
      "provider": "provider[\"registry.terraform.io/hashicorp/aws\"]",
      "instances": [
        {
          "index_key": "as-translation-backfill",
          "schema_version": 0,
          "attributes": {
            "arn": "arn:aws:logs:ap-south-1:271740379017:log-group:/aws/lambda/syrabit-as-translation-backfill",
            "deletion_protection_enabled": false,
            "id": "/aws/lambda/syrabit-as-translation-backfill",
            "kms_key_id": "",
            "log_group_class": "STANDARD",
            "name": "/aws/lambda/syrabit-as-translation-backfill",
            "name_prefix": "",
            "region": "ap-south-1",
            "retention_in_days": 14,
            "skip_destroy": false,
            "tags": {
              "Name": "/aws/lambda/syrabit-as-translation-backfill",
              "credit-source": "aws-activate",
              "environment": "prod",
              "landing-zone": "aws-async-workers",
              "managed-by": "terraform",
              "owner": "infra",
              "project": "syrabit"
            },
            "tags_all": {
              "Name": "/aws/lambda/syrabit-as-translation-backfill",
              "credit-source": "aws-activate",
              "environment": "prod",
              "landing-zone": "aws-async-workers",
              "managed-by": "terraform",
              "owner": "infra",
              "project": "syrabit"
            }
          },
          "sensitive_attributes": [],
          "private": "bnVsbA=="
        },
        {
          "index_key": "cache-effectiveness",
          "schema_version": 0,
          "attributes": {
            "arn": "arn:aws:logs:ap-south-1:271740379017:log-group:/aws/lambda/syrabit-cache-effectiveness",
            "deletion_protection_enabled": false,
            "id": "/aws/lambda/syrabit-cache-effectiveness",
            "kms_key_id": "",
            "log_group_class": "STANDARD",
            "name": "/aws/lambda/syrabit-cache-effectiveness",
            "name_prefix": "",
            "region": "ap-south-1",
            "retention_in_days": 14,
            "skip_destroy": false,
            "tags": {
              "Name": "/aws/lambda/syrabit-cache-effectiveness",
              "credit-source": "aws-activate",
              "environment": "prod",
              "landing-zone": "aws-async-workers",
              "managed-by": "terraform",
              "owner": "infra",
              "project": "syrabit"
            },
            "tags_all": {
              "Name": "/aws/lambda/syrabit-cache-effectiveness",
              "credit-source": "aws-activate",
              "environment": "prod",
              "landing-zone": "aws-async-workers",
              "managed-by": "terraform",
              "owner": "infra",
              "project": "syrabit"
            }
          },
          "sensitive_attributes": [],
          "private": "bnVsbA=="
        },
        {
          "index_key": "chat-credit-runway",
          "schema_version": 0,
          "attributes": {
            "arn": "arn:aws:logs:ap-south-1:271740379017:log-group:/aws/lambda/syrabit-chat-credit-runway",
            "deletion_protection_enabled": false,
            "id": "/aws/lambda/syrabit-chat-credit-runway",
            "kms_key_id": "",
            "log_group_class": "STANDARD",
            "name": "/aws/lambda/syrabit-chat-credit-runway",
            "name_prefix": "",
            "region": "ap-south-1",
            "retention_in_days": 14,
            "skip_destroy": false,
            "tags": {
              "Name": "/aws/lambda/syrabit-chat-credit-runway",
              "credit-source": "aws-activate",
              "environment": "prod",
              "landing-zone": "aws-async-workers",
              "managed-by": "terraform",
              "owner": "infra",
              "project": "syrabit"
            },
            "tags_all": {
              "Name": "/aws/lambda/syrabit-chat-credit-runway",
              "credit-source": "aws-activate",
              "environment": "prod",
              "landing-zone": "aws-async-workers",
              "managed-by": "terraform",
              "owner": "infra",
              "project": "syrabit"
            }
          },
          "sensitive_attributes": [],
          "private": "bnVsbA=="
        },
        {
          "index_key": "chat-credit-runway-freshness",
          "schema_version": 0,
          "attributes": {
            "arn": "arn:aws:logs:ap-south-1:271740379017:log-group:/aws/lambda/syrabit-chat-credit-runway-freshness",
            "deletion_protection_enabled": false,
            "id": "/aws/lambda/syrabit-chat-credit-runway-freshness",
            "kms_key_id": "",
            "log_group_class": "STANDARD",
            "name": "/aws/lambda/syrabit-chat-credit-runway-freshness",
            "name_prefix": "",
            "region": "ap-south-1",
            "retention_in_days": 14,
            "skip_destroy": false,
            "tags": {
              "Name": "/aws/lambda/syrabit-chat-credit-runway-freshness",
              "credit-source": "aws-activate",
              "environment": "prod",
              "landing-zone": "aws-async-workers",
              "managed-by": "terraform",
              "owner": "infra",
              "project": "syrabit"
            },
            "tags_all": {
              "Name": "/aws/lambda/syrabit-chat-credit-runway-freshness",
              "credit-source": "aws-activate",
              "environment": "prod",
              "landing-zone": "aws-async-workers",
              "managed-by": "terraform",
              "owner": "infra",
              "project": "syrabit"
            }
          },
          "sensitive_attributes": [],
          "private": "bnVsbA=="
        },
        {
          "index_key": "comprehend-sampler",
          "schema_version": 0,
          "attributes": {
            "arn": "arn:aws:logs:ap-south-1:271740379017:log-group:/aws/lambda/syrabit-comprehend-sampler",
            "deletion_protection_enabled": false,
            "id": "/aws/lambda/syrabit-comprehend-sampler",
            "kms_key_id": "",
            "log_group_class": "STANDARD",
            "name": "/aws/lambda/syrabit-comprehend-sampler",
            "name_prefix": "",
            "region": "ap-south-1",
            "retention_in_days": 14,
            "skip_destroy": false,
            "tags": {
              "Name": "/aws/lambda/syrabit-comprehend-sampler",
              "credit-source": "aws-activate",
              "environment": "prod",
              "landing-zone": "aws-async-workers",
              "managed-by": "terraform",
              "owner": "infra",
              "project": "syrabit"
            },
            "tags_all": {
              "Name": "/aws/lambda/syrabit-comprehend-sampler",
              "credit-source": "aws-activate",
              "environment": "prod",
              "landing-zone": "aws-async-workers",
              "managed-by": "terraform",
              "owner": "infra",
              "project": "syrabit"
            }
          },
          "sensitive_attributes": [],
          "private": "bnVsbA=="
        },
        {
          "index_key": "embed-backfill",
          "schema_version": 0,
          "attributes": {
            "arn": "arn:aws:logs:ap-south-1:271740379017:log-group:/aws/lambda/syrabit-embed-backfill",
            "deletion_protection_enabled": false,
            "id": "/aws/lambda/syrabit-embed-backfill",
            "kms_key_id": "",
            "log_group_class": "STANDARD",
            "name": "/aws/lambda/syrabit-embed-backfill",
            "name_prefix": "",
            "region": "ap-south-1",
            "retention_in_days": 14,
            "skip_destroy": false,
            "tags": {
              "Name": "/aws/lambda/syrabit-embed-backfill",
              "credit-source": "aws-activate",
              "environment": "prod",
              "landing-zone": "aws-async-workers",
              "managed-by": "terraform",
              "owner": "infra",
              "project": "syrabit"
            },
            "tags_all": {
              "Name": "/aws/lambda/syrabit-embed-backfill",
              "credit-source": "aws-activate",
              "environment": "prod",
              "landing-zone": "aws-async-workers",
              "managed-by": "terraform",
              "owner": "infra",
              "project": "syrabit"
            }
          },
          "sensitive_attributes": [],
          "private": "bnVsbA=="
        }
      ]
    },
    {
      "mode": "managed",
      "type": "aws_cloudwatch_log_group",
      "name": "bedrock_proxy",
      "provider": "provider[\"registry.terraform.io/hashicorp/aws\"].us_east_1",
      "instances": [
        {
          "schema_version": 0,
          "attributes": {
            "arn": "arn:aws:logs:us-east-1:271740379017:log-group:/aws/lambda/syrabit-bedrock-proxy",
            "deletion_protection_enabled": false,
            "id": "/aws/lambda/syrabit-bedrock-proxy",
            "kms_key_id": "",
            "log_group_class": "STANDARD",
            "name": "/aws/lambda/syrabit-bedrock-proxy",
            "name_prefix": "",
            "region": "us-east-1",
            "retention_in_days": 14,
            "skip_destroy": false,
            "tags": {
              "Name": "/aws/lambda/syrabit-bedrock-proxy",
              "credit-source": "aws-activate",
              "environment": "prod",
              "landing-zone": "aws-async-workers",
              "managed-by": "terraform",
              "owner": "infra",
              "project": "syrabit"
            },
            "tags_all": {
              "Name": "/aws/lambda/syrabit-bedrock-proxy",
              "credit-source": "aws-activate",
              "environment": "prod",
              "landing-zone": "aws-async-workers",
              "managed-by": "terraform",
              "owner": "infra",
              "project": "syrabit"
            }
          },
          "sensitive_attributes": [],
          "private": "bnVsbA=="
        }
      ]
    },
    {
      "mode": "managed",
      "type": "aws_cloudwatch_log_group",
      "name": "email_worker",
      "provider": "provider[\"registry.terraform.io/hashicorp/aws\"]",
      "instances": [
        {
          "schema_version": 0,
          "attributes": {
            "arn": "arn:aws:logs:ap-south-1:271740379017:log-group:/aws/lambda/syrabit-email-worker",
            "deletion_protection_enabled": false,
            "id": "/aws/lambda/syrabit-email-worker",
            "kms_key_id": "",
            "log_group_class": "STANDARD",
            "name": "/aws/lambda/syrabit-email-worker",
            "name_prefix": "",
            "region": "ap-south-1",
            "retention_in_days": 14,
            "skip_destroy": false,
            "tags": {
              "Name": "/aws/lambda/syrabit-email-worker",
              "credit-source": "aws-activate",
              "environment": "prod",
              "landing-zone": "aws-async-workers",
              "managed-by": "terraform",
              "owner": "infra",
              "project": "syrabit"
            },
            "tags_all": {
              "Name": "/aws/lambda/syrabit-email-worker",
              "credit-source": "aws-activate",
              "environment": "prod",
              "landing-zone": "aws-async-workers",
              "managed-by": "terraform",
              "owner": "infra",
              "project": "syrabit"
            }
          },
          "sensitive_attributes": [],
          "private": "bnVsbA=="
        }
      ]
    },
    {
      "mode": "managed",
      "type": "aws_cloudwatch_log_group",
      "name": "sqs_consumer",
      "provider": "provider[\"registry.terraform.io/hashicorp/aws\"]",
      "instances": [
        {
          "index_key": "bing-keyword-refresh",
          "schema_version": 0,
          "attributes": {
            "arn": "arn:aws:logs:ap-south-1:271740379017:log-group:/aws/lambda/syrabit-bing-keyword-refresh-consumer",
            "deletion_protection_enabled": false,
            "id": "/aws/lambda/syrabit-bing-keyword-refresh-consumer",
            "kms_key_id": "",
            "log_group_class": "STANDARD",
            "name": "/aws/lambda/syrabit-bing-keyword-refresh-consumer",
            "name_prefix": "",
            "region": "ap-south-1",
            "retention_in_days": 14,
            "skip_destroy": false,
            "tags": {
              "Name": "/aws/lambda/syrabit-bing-keyword-refresh-consumer",
              "credit-source": "aws-activate",
              "environment": "prod",
              "landing-zone": "aws-async-workers",
              "managed-by": "terraform",
              "owner": "infra",
              "project": "syrabit"
            },
            "tags_all": {
              "Name": "/aws/lambda/syrabit-bing-keyword-refresh-consumer",
              "credit-source": "aws-activate",
              "environment": "prod",
              "landing-zone": "aws-async-workers",
              "managed-by": "terraform",
              "owner": "infra",
              "project": "syrabit"
            }
          },
          "sensitive_attributes": [],
          "private": "bnVsbA=="
        },
        {
          "index_key": "bing-submit",
          "schema_version": 0,
          "attributes": {
            "arn": "arn:aws:logs:ap-south-1:271740379017:log-group:/aws/lambda/syrabit-bing-submit-consumer",
            "deletion_protection_enabled": false,
            "id": "/aws/lambda/syrabit-bing-submit-consumer",
            "kms_key_id": "",
            "log_group_class": "STANDARD",
            "name": "/aws/lambda/syrabit-bing-submit-consumer",
            "name_prefix": "",
            "region": "ap-south-1",
            "retention_in_days": 14,
            "skip_destroy": false,
            "tags": {
              "Name": "/aws/lambda/syrabit-bing-submit-consumer",
              "credit-source": "aws-activate",
              "environment": "prod",
              "landing-zone": "aws-async-workers",
              "managed-by": "terraform",
              "owner": "infra",
              "project": "syrabit"
            },
            "tags_all": {
              "Name": "/aws/lambda/syrabit-bing-submit-consumer",
              "credit-source": "aws-activate",
              "environment": "prod",
              "landing-zone": "aws-async-workers",
              "managed-by": "terraform",
              "owner": "infra",
              "project": "syrabit"
            }
          },
          "sensitive_attributes": [],
          "private": "bnVsbA=="
        },
        {
          "index_key": "cf-bot-crosscheck",
          "schema_version": 0,
          "attributes": {
            "arn": "arn:aws:logs:ap-south-1:271740379017:log-group:/aws/lambda/syrabit-cf-bot-crosscheck-consumer",
            "deletion_protection_enabled": false,
            "id": "/aws/lambda/syrabit-cf-bot-crosscheck-consumer",
            "kms_key_id": "",
            "log_group_class": "STANDARD",
            "name": "/aws/lambda/syrabit-cf-bot-crosscheck-consumer",
            "name_prefix": "",
            "region": "ap-south-1",
            "retention_in_days": 14,
            "skip_destroy": false,
            "tags": {
              "Name": "/aws/lambda/syrabit-cf-bot-crosscheck-consumer",
              "credit-source": "aws-activate",
              "environment": "prod",
              "landing-zone": "aws-async-workers",
              "managed-by": "terraform",
              "owner": "infra",
              "project": "syrabit"
            },
            "tags_all": {
              "Name": "/aws/lambda/syrabit-cf-bot-crosscheck-consumer",
              "credit-source": "aws-activate",
              "environment": "prod",
              "landing-zone": "aws-async-workers",
              "managed-by": "terraform",
              "owner": "infra",
              "project": "syrabit"
            }
          },
          "sensitive_attributes": [],
          "private": "bnVsbA=="
        },
        {
          "index_key": "discovery-engine-ingest",
          "schema_version": 0,
          "attributes": {
            "arn": "arn:aws:logs:ap-south-1:271740379017:log-group:/aws/lambda/syrabit-discovery-engine-ingest-consumer",
            "deletion_protection_enabled": false,
            "id": "/aws/lambda/syrabit-discovery-engine-ingest-consumer",
            "kms_key_id": "",
            "log_group_class": "STANDARD",
            "name": "/aws/lambda/syrabit-discovery-engine-ingest-consumer",
            "name_prefix": "",
            "region": "ap-south-1",
            "retention_in_days": 14,
            "skip_destroy": false,
            "tags": {
              "Name": "/aws/lambda/syrabit-discovery-engine-ingest-consumer",
              "credit-source": "aws-activate",
              "environment": "prod",
              "landing-zone": "aws-async-workers",
              "managed-by": "terraform",
              "owner": "infra",
              "project": "syrabit"
            },
            "tags_all": {
              "Name": "/aws/lambda/syrabit-discovery-engine-ingest-consumer",
              "credit-source": "aws-activate",
              "environment": "prod",
              "landing-zone": "aws-async-workers",
              "managed-by": "terraform",
              "owner": "infra",
              "project": "syrabit"
            }
          },
          "sensitive_attributes": [],
          "private": "bnVsbA=="
        },
        {
          "index_key": "seo-indexnow",
          "schema_version": 0,
          "attributes": {
            "arn": "arn:aws:logs:ap-south-1:271740379017:log-group:/aws/lambda/syrabit-seo-indexnow-consumer",
            "deletion_protection_enabled": false,
            "id": "/aws/lambda/syrabit-seo-indexnow-consumer",
            "kms_key_id": "",
            "log_group_class": "STANDARD",
            "name": "/aws/lambda/syrabit-seo-indexnow-consumer",
            "name_prefix": "",
            "region": "ap-south-1",
            "retention_in_days": 14,
            "skip_destroy": false,
            "tags": {
              "Name": "/aws/lambda/syrabit-seo-indexnow-consumer",
              "credit-source": "aws-activate",
              "environment": "prod",
              "landing-zone": "aws-async-workers",
              "managed-by": "terraform",
              "owner": "infra",
              "project": "syrabit"
            },
            "tags_all": {
              "Name": "/aws/lambda/syrabit-seo-indexnow-consumer",
              "credit-source": "aws-activate",
              "environment": "prod",
              "landing-zone": "aws-async-workers",
              "managed-by": "terraform",
              "owner": "infra",
              "project": "syrabit"
            }
          },
          "sensitive_attributes": [],
          "private": "bnVsbA=="
        },
        {
          "index_key": "seo-internal-linker",
          "schema_version": 0,
          "attributes": {
            "arn": "arn:aws:logs:ap-south-1:271740379017:log-group:/aws/lambda/syrabit-seo-internal-linker-consumer",
            "deletion_protection_enabled": false,
            "id": "/aws/lambda/syrabit-seo-internal-linker-consumer",
            "kms_key_id": "",
            "log_group_class": "STANDARD",
            "name": "/aws/lambda/syrabit-seo-internal-linker-consumer",
            "name_prefix": "",
            "region": "ap-south-1",
            "retention_in_days": 14,
            "skip_destroy": false,
            "tags": {
              "Name": "/aws/lambda/syrabit-seo-internal-linker-consumer",
              "credit-source": "aws-activate",
              "environment": "prod",
              "landing-zone": "aws-async-workers",
              "managed-by": "terraform",
              "owner": "infra",
              "project": "syrabit"
            },
            "tags_all": {
              "Name": "/aws/lambda/syrabit-seo-internal-linker-consumer",
              "credit-source": "aws-activate",
              "environment": "prod",
              "landing-zone": "aws-async-workers",
              "managed-by": "terraform",
              "owner": "infra",
              "project": "syrabit"
            }
          },
          "sensitive_attributes": [],
          "private": "bnVsbA=="
        },
        {
          "index_key": "unified-logs-cf-pull",
          "schema_version": 0,
          "attributes": {
            "arn": "arn:aws:logs:ap-south-1:271740379017:log-group:/aws/lambda/syrabit-unified-logs-cf-pull-consumer",
            "deletion_protection_enabled": false,
            "id": "/aws/lambda/syrabit-unified-logs-cf-pull-consumer",
            "kms_key_id": "",
            "log_group_class": "STANDARD",
            "name": "/aws/lambda/syrabit-unified-logs-cf-pull-consumer",
            "name_prefix": "",
            "region": "ap-south-1",
            "retention_in_days": 14,
            "skip_destroy": false,
            "tags": {
              "Name": "/aws/lambda/syrabit-unified-logs-cf-pull-consumer",
              "credit-source": "aws-activate",
              "environment": "prod",
              "landing-zone": "aws-async-workers",
              "managed-by": "terraform",
              "owner": "infra",
              "project": "syrabit"
            },
            "tags_all": {
              "Name": "/aws/lambda/syrabit-unified-logs-cf-pull-consumer",
              "credit-source": "aws-activate",
              "environment": "prod",
              "landing-zone": "aws-async-workers",
              "managed-by": "terraform",
              "owner": "infra",
              "project": "syrabit"
            }
          },
          "sensitive_attributes": [],
          "private": "bnVsbA=="
        }
      ]
    },
    {
      "mode": "managed",
      "type": "aws_cloudwatch_log_group",
      "name": "workers",
      "provider": "provider[\"registry.terraform.io/hashicorp/aws\"]",
      "instances": [
        {
          "schema_version": 0,
          "attributes": {
            "arn": "arn:aws:logs:ap-south-1:271740379017:log-group:/syrabit/workers",
            "deletion_protection_enabled": false,
            "id": "/syrabit/workers",
            "kms_key_id": "",
            "log_group_class": "STANDARD",
            "name": "/syrabit/workers",
            "name_prefix": "",
            "region": "ap-south-1",
            "retention_in_days": 30,
            "skip_destroy": false,
            "tags": {
              "Name": "/syrabit/workers",
              "credit-source": "aws-activate",
              "environment": "prod",
              "landing-zone": "aws-async-workers",
              "managed-by": "terraform",
              "owner": "infra",
              "project": "syrabit"
            },
            "tags_all": {
              "Name": "/syrabit/workers",
              "credit-source": "aws-activate",
              "environment": "prod",
              "landing-zone": "aws-async-workers",
              "managed-by": "terraform",
              "owner": "infra",
              "project": "syrabit"
            }
          },
          "sensitive_attributes": [],
          "private": "bnVsbA=="
        }
      ]
    },
    {
      "mode": "managed",
      "type": "aws_cloudwatch_log_group",
      "name": "workers_dr_landing",
      "provider": "provider[\"registry.terraform.io/hashicorp/aws\"].us_east_1",
      "instances": [
        {
          "schema_version": 0,
          "attributes": {
            "arn": "arn:aws:logs:us-east-1:271740379017:log-group:/syrabit/workers-dr-landing",
            "deletion_protection_enabled": false,
            "id": "/syrabit/workers-dr-landing",
            "kms_key_id": "",
            "log_group_class": "STANDARD",
            "name": "/syrabit/workers-dr-landing",
            "name_prefix": "",
            "region": "us-east-1",
            "retention_in_days": 14,
            "skip_destroy": false,
            "tags": {
              "Name": "/syrabit/workers-dr-landing",
              "credit-source": "aws-activate",
              "environment": "prod",
              "landing-zone": "aws-async-workers",
              "managed-by": "terraform",
              "owner": "infra",
              "project": "syrabit",
              "role": "dr-landing-pad"
            },
            "tags_all": {
              "Name": "/syrabit/workers-dr-landing",
              "credit-source": "aws-activate",
              "environment": "prod",
              "landing-zone": "aws-async-workers",
              "managed-by": "terraform",
              "owner": "infra",
              "project": "syrabit",
              "role": "dr-landing-pad"
            }
          },
          "sensitive_attributes": [],
          "private": "bnVsbA=="
        }
      ]
    },
    {
      "mode": "managed",
      "type": "aws_cloudwatch_log_metric_filter",
      "name": "otel_exporter_errors",
      "provider": "provider[\"registry.terraform.io/hashicorp/aws\"]",
      "instances": [
        {
          "index_key": "syrabit-bing-keyword-refresh-consumer",
          "schema_version": 0,
          "attributes": {
            "apply_on_transformed_logs": false,
            "id": "syrabit-bing-keyword-refresh-consumer-otel-exporter-errors",
            "log_group_name": "/aws/lambda/syrabit-bing-keyword-refresh-consumer",
            "metric_transformation": [
              {
                "default_value": "0",
                "dimensions": {},
                "name": "OtelExporterErrors",
                "namespace": "Syrabit/Workers",
                "unit": "Count",
                "value": "1"
              }
            ],
            "name": "syrabit-bing-keyword-refresh-consumer-otel-exporter-errors",
            "pattern": "\"OTLP exporter failed\"",
            "region": "ap-south-1"
          },
          "sensitive_attributes": [],
          "private": "bnVsbA==",
          "dependencies": [
            "aws_cloudwatch_log_group.email_worker",
            "aws_cloudwatch_log_group.sqs_consumer"
          ]
        },
        {
          "index_key": "syrabit-bing-submit-consumer",
          "schema_version": 0,
          "attributes": {
            "apply_on_transformed_logs": false,
            "id": "syrabit-bing-submit-consumer-otel-exporter-errors",
            "log_group_name": "/aws/lambda/syrabit-bing-submit-consumer",
            "metric_transformation": [
              {
                "default_value": "0",
                "dimensions": {},
                "name": "OtelExporterErrors",
                "namespace": "Syrabit/Workers",
                "unit": "Count",
                "value": "1"
              }
            ],
            "name": "syrabit-bing-submit-consumer-otel-exporter-errors",
            "pattern": "\"OTLP exporter failed\"",
            "region": "ap-south-1"
          },
          "sensitive_attributes": [],
          "private": "bnVsbA==",
          "dependencies": [
            "aws_cloudwatch_log_group.email_worker",
            "aws_cloudwatch_log_group.sqs_consumer"
          ]
        },
        {
          "index_key": "syrabit-cf-bot-crosscheck-consumer",
          "schema_version": 0,
          "attributes": {
            "apply_on_transformed_logs": false,
            "id": "syrabit-cf-bot-crosscheck-consumer-otel-exporter-errors",
            "log_group_name": "/aws/lambda/syrabit-cf-bot-crosscheck-consumer",
            "metric_transformation": [
              {
                "default_value": "0",
                "dimensions": {},
                "name": "OtelExporterErrors",
                "namespace": "Syrabit/Workers",
                "unit": "Count",
                "value": "1"
              }
            ],
            "name": "syrabit-cf-bot-crosscheck-consumer-otel-exporter-errors",
            "pattern": "\"OTLP exporter failed\"",
            "region": "ap-south-1"
          },
          "sensitive_attributes": [],
          "private": "bnVsbA==",
          "dependencies": [
            "aws_cloudwatch_log_group.email_worker",
            "aws_cloudwatch_log_group.sqs_consumer"
          ]
        },
        {
          "index_key": "syrabit-discovery-engine-ingest-consumer",
          "schema_version": 0,
          "attributes": {
            "apply_on_transformed_logs": false,
            "id": "syrabit-discovery-engine-ingest-consumer-otel-exporter-errors",
            "log_group_name": "/aws/lambda/syrabit-discovery-engine-ingest-consumer",
            "metric_transformation": [
              {
                "default_value": "0",
                "dimensions": {},
                "name": "OtelExporterErrors",
                "namespace": "Syrabit/Workers",
                "unit": "Count",
                "value": "1"
              }
            ],
            "name": "syrabit-discovery-engine-ingest-consumer-otel-exporter-errors",
            "pattern": "\"OTLP exporter failed\"",
            "region": "ap-south-1"
          },
          "sensitive_attributes": [],
          "private": "bnVsbA==",
          "dependencies": [
            "aws_cloudwatch_log_group.email_worker",
            "aws_cloudwatch_log_group.sqs_consumer"
          ]
        },
        {
          "index_key": "syrabit-email-worker",
          "schema_version": 0,
          "attributes": {
            "apply_on_transformed_logs": false,
            "id": "syrabit-email-worker-otel-exporter-errors",
            "log_group_name": "/aws/lambda/syrabit-email-worker",
            "metric_transformation": [
              {
                "default_value": "0",
                "dimensions": {},
                "name": "OtelExporterErrors",
                "namespace": "Syrabit/Workers",
                "unit": "Count",
                "value": "1"
              }
            ],
            "name": "syrabit-email-worker-otel-exporter-errors",
            "pattern": "\"OTLP exporter failed\"",
            "region": "ap-south-1"
          },
          "sensitive_attributes": [],
          "private": "bnVsbA==",
          "dependencies": [
            "aws_cloudwatch_log_group.email_worker",
            "aws_cloudwatch_log_group.sqs_consumer"
          ]
        },
        {
          "index_key": "syrabit-seo-indexnow-consumer",
          "schema_version": 0,
          "attributes": {
            "apply_on_transformed_logs": false,
            "id": "syrabit-seo-indexnow-consumer-otel-exporter-errors",
            "log_group_name": "/aws/lambda/syrabit-seo-indexnow-consumer",
            "metric_transformation": [
              {
                "default_value": "0",
                "dimensions": {},
                "name": "OtelExporterErrors",
                "namespace": "Syrabit/Workers",
                "unit": "Count",
                "value": "1"
              }
            ],
            "name": "syrabit-seo-indexnow-consumer-otel-exporter-errors",
            "pattern": "\"OTLP exporter failed\"",
            "region": "ap-south-1"
          },
          "sensitive_attributes": [],
          "private": "bnVsbA==",
          "dependencies": [
            "aws_cloudwatch_log_group.email_worker",
            "aws_cloudwatch_log_group.sqs_consumer"
          ]
        },
        {
          "index_key": "syrabit-seo-internal-linker-consumer",
          "schema_version": 0,
          "attributes": {
            "apply_on_transformed_logs": false,
            "id": "syrabit-seo-internal-linker-consumer-otel-exporter-errors",
            "log_group_name": "/aws/lambda/syrabit-seo-internal-linker-consumer",
            "metric_transformation": [
              {
                "default_value": "0",
                "dimensions": {},
                "name": "OtelExporterErrors",
                "namespace": "Syrabit/Workers",
                "unit": "Count",
                "value": "1"
              }
            ],
            "name": "syrabit-seo-internal-linker-consumer-otel-exporter-errors",
            "pattern": "\"OTLP exporter failed\"",
            "region": "ap-south-1"
          },
          "sensitive_attributes": [],
          "private": "bnVsbA==",
          "dependencies": [
            "aws_cloudwatch_log_group.email_worker",
            "aws_cloudwatch_log_group.sqs_consumer"
          ]
        },
        {
          "index_key": "syrabit-unified-logs-cf-pull-consumer",
          "schema_version": 0,
          "attributes": {
            "apply_on_transformed_logs": false,
            "id": "syrabit-unified-logs-cf-pull-consumer-otel-exporter-errors",
            "log_group_name": "/aws/lambda/syrabit-unified-logs-cf-pull-consumer",
            "metric_transformation": [
              {
                "default_value": "0",
                "dimensions": {},
                "name": "OtelExporterErrors",
                "namespace": "Syrabit/Workers",
                "unit": "Count",
                "value": "1"
              }
            ],
            "name": "syrabit-unified-logs-cf-pull-consumer-otel-exporter-errors",
            "pattern": "\"OTLP exporter failed\"",
            "region": "ap-south-1"
          },
          "sensitive_attributes": [],
          "private": "bnVsbA==",
          "dependencies": [
            "aws_cloudwatch_log_group.email_worker",
            "aws_cloudwatch_log_group.sqs_consumer"
          ]
        }
      ]
    },
    {
      "mode": "managed",
      "type": "aws_cloudwatch_log_metric_filter",
      "name": "otel_exporter_errors_us_east_1",
      "provider": "provider[\"registry.terraform.io/hashicorp/aws\"].us_east_1",
      "instances": [
        {
          "index_key": "syrabit-bedrock-proxy",
          "schema_version": 0,
          "attributes": {
            "apply_on_transformed_logs": false,
            "id": "syrabit-bedrock-proxy-otel-exporter-errors",
            "log_group_name": "/aws/lambda/syrabit-bedrock-proxy",
            "metric_transformation": [
              {
                "default_value": "0",
                "dimensions": {},
                "name": "OtelExporterErrors",
                "namespace": "Syrabit/Workers",
                "unit": "Count",
                "value": "1"
              }
            ],
            "name": "syrabit-bedrock-proxy-otel-exporter-errors",
            "pattern": "\"OTLP exporter failed\"",
            "region": "us-east-1"
          },
          "sensitive_attributes": [],
          "private": "bnVsbA==",
          "dependencies": [
            "aws_cloudwatch_log_group.bedrock_proxy"
          ]
        }
      ]
    },
    {
      "mode": "managed",
      "type": "aws_cloudwatch_metric_alarm",
      "name": "as_backfill_failed_spike",
      "provider": "provider[\"registry.terraform.io/hashicorp/aws\"]",
      "instances": [
        {
          "schema_version": 1,
          "attributes": {
            "actions_enabled": true,
            "alarm_actions": [
              "arn:aws:sns:ap-south-1:271740379017:syrabit-ops-alerts"
            ],
            "alarm_description": "Task #516 — as-translation-backfill Failed \u003e 50 in a single daily pass. Likely Workers-AI IndicTrans2 quota exhaustion or a Vertex polish outage; docs auto-retry on next pass but corpus freshness is degraded.",
            "alarm_name": "syrabit-as-translation-backfill-failed-prod",
            "arn": "arn:aws:cloudwatch:ap-south-1:271740379017:alarm:syrabit-as-translation-backfill-failed-prod",
            "comparison_operator": "GreaterThanThreshold",
            "datapoints_to_alarm": 1,
            "dimensions": {
              "Job": "as-translation-backfill"
            },
            "evaluate_low_sample_count_percentiles": "",
            "evaluation_criteria": [],
            "evaluation_interval": 0,
            "evaluation_periods": 1,
            "extended_statistic": "",
            "id": "syrabit-as-translation-backfill-failed-prod",
            "insufficient_data_actions": [],
            "metric_name": "FailedTotal",
            "metric_query": [],
            "namespace": "Syrabit/BatchJobs",
            "ok_actions": [
              "arn:aws:sns:ap-south-1:271740379017:syrabit-ops-alerts"
            ],
            "period": 86400,
            "region": "ap-south-1",
            "statistic": "Sum",
            "tags": {
              "credit-source": "aws-activate",
              "environment": "prod",
              "landing-zone": "aws-async-workers",
              "managed-by": "terraform",
              "owner": "infra",
              "project": "syrabit"
            },
            "tags_all": {
              "credit-source": "aws-activate",
              "environment": "prod",
              "landing-zone": "aws-async-workers",
              "managed-by": "terraform",
              "owner": "infra",
              "project": "syrabit"
            },
            "threshold": 50,
            "threshold_metric_id": "",
            "treat_missing_data": "notBreaching",
            "unit": ""
          },
          "sensitive_attributes": [],
          "private": "eyJzY2hlbWFfdmVyc2lvbiI6IjEifQ==",
          "dependencies": [
            "aws_sns_topic.ops_alerts"
          ]
        }
      ]
    },
    {
      "mode": "managed",
      "type": "aws_cloudwatch_metric_alarm",
      "name": "as_backfill_stuck",
      "provider": "provider[\"registry.terraform.io/hashicorp/aws\"]",
      "instances": [
        {
          "schema_version": 1,
          "attributes": {
            "actions_enabled": true,
            "alarm_actions": [
              "arn:aws:sns:ap-south-1:271740379017:syrabit-ops-alerts"
            ],
            "alarm_description": "Task #516 — as-translation-backfill RemainingTotal \u003e 0 for 3 consecutive daily passes. The /as/... SSR corpus is falling behind English; check IndicTrans2 / Vertex polish health.",
            "alarm_name": "syrabit-as-translation-backfill-stuck-prod",
            "arn": "arn:aws:cloudwatch:ap-south-1:271740379017:alarm:syrabit-as-translation-backfill-stuck-prod",
            "comparison_operator": "GreaterThanThreshold",
            "datapoints_to_alarm": 3,
            "dimensions": {
              "Job": "as-translation-backfill"
            },
            "evaluate_low_sample_count_percentiles": "",
            "evaluation_criteria": [],
            "evaluation_interval": 0,
            "evaluation_periods": 3,
            "extended_statistic": "",
            "id": "syrabit-as-translation-backfill-stuck-prod",
            "insufficient_data_actions": [],
            "metric_name": "RemainingTotal",
            "metric_query": [],
            "namespace": "Syrabit/BatchJobs",
            "ok_actions": [
              "arn:aws:sns:ap-south-1:271740379017:syrabit-ops-alerts"
            ],
            "period": 86400,
            "region": "ap-south-1",
            "statistic": "Maximum",
            "tags": {
              "credit-source": "aws-activate",
              "environment": "prod",
              "landing-zone": "aws-async-workers",
              "managed-by": "terraform",
              "owner": "infra",
              "project": "syrabit"
            },
            "tags_all": {
              "credit-source": "aws-activate",
              "environment": "prod",
              "landing-zone": "aws-async-workers",
              "managed-by": "terraform",
              "owner": "infra",
              "project": "syrabit"
            },
            "threshold": 0,
            "threshold_metric_id": "",
            "treat_missing_data": "breaching",
            "unit": ""
          },
          "sensitive_attributes": [],
          "private": "eyJzY2hlbWFfdmVyc2lvbiI6IjEifQ==",
          "dependencies": [
            "aws_sns_topic.ops_alerts"
          ]
        }
      ]
    },
    {
      "mode": "managed",
      "type": "aws_cloudwatch_metric_alarm",
      "name": "cache_ai_hitratio_low",
      "provider": "provider[\"registry.terraform.io/hashicorp/aws\"]",
      "instances": [
        {
          "schema_version": 1,
          "attributes": {
            "actions_enabled": true,
            "alarm_actions": [
              "arn:aws:sns:ap-south-1:271740379017:syrabit-ops-alerts"
            ],
            "alarm_description": "Task #571 — AI-input-cache fleet-wide HitRatio24h (rolling 24h, aggregated across all backend replicas via Redis hourly buckets) dropped below 30%. Likely causes: a prompt-template bump that has not yet refilled, a normalizer regression that fragments keys, or a TTL that is too short for the call volume. Inspect /admin/observability cache panel + miss_reasons_24h breakdown.",
            "alarm_name": "syrabit-cache-ai-hitratio-low-prod",
            "arn": "arn:aws:cloudwatch:ap-south-1:271740379017:alarm:syrabit-cache-ai-hitratio-low-prod",
            "comparison_operator": "LessThanThreshold",
            "datapoints_to_alarm": 1,
            "dimensions": {
              "ContentType": "Total"
            },
            "evaluate_low_sample_count_percentiles": "",
            "evaluation_criteria": [],
            "evaluation_interval": 0,
            "evaluation_periods": 1,
            "extended_statistic": "",
            "id": "syrabit-cache-ai-hitratio-low-prod",
            "insufficient_data_actions": [],
            "metric_name": "HitRatio24h",
            "metric_query": [],
            "namespace": "Syrabit/Cache",
            "ok_actions": [
              "arn:aws:sns:ap-south-1:271740379017:syrabit-ops-alerts"
            ],
            "period": 86400,
            "region": "ap-south-1",
            "statistic": "Average",
            "tags": {
              "credit-source": "aws-activate",
              "environment": "prod",
              "landing-zone": "aws-async-workers",
              "managed-by": "terraform",
              "owner": "infra",
              "project": "syrabit"
            },
            "tags_all": {
              "credit-source": "aws-activate",
              "environment": "prod",
              "landing-zone": "aws-async-workers",
              "managed-by": "terraform",
              "owner": "infra",
              "project": "syrabit"
            },
            "threshold": 0.3,
            "threshold_metric_id": "",
            "treat_missing_data": "breaching",
            "unit": ""
          },
          "sensitive_attributes": [],
          "private": "eyJzY2hlbWFfdmVyc2lvbiI6IjEifQ==",
          "dependencies": [
            "aws_sns_topic.ops_alerts"
          ]
        }
      ]
    },
    {
      "mode": "managed",
      "type": "aws_cloudwatch_metric_alarm",
      "name": "cache_cardinality_spike",
      "provider": "provider[\"registry.terraform.io/hashicorp/aws\"]",
      "instances": [
        {
          "index_key": "Total",
          "schema_version": 1,
          "attributes": {
            "actions_enabled": true,
            "alarm_actions": [
              "arn:aws:sns:ap-south-1:271740379017:syrabit-ops-alerts"
            ],
            "alarm_description": "Task #571 — UniqueKeys24h for ContentType=Total broke above the CloudWatch anomaly-detection upper band (band-width=3, trained on ~14d history). Almost always means a generator is fragmenting cache keys (timestamp/uuid leaked into prompt, normalizer regression). Inspect /admin/observability cache panel + miss_reasons for this content_type. (Original Task #571 design called for `today \u003e 3x 7d MA`, but CloudWatch metric math requires aligned periods so a hand-rolled rolling MA isn't expressible in a single alarm; the anomaly band is the canonical AWS replacement and is strictly stricter for the same `band_width=3`.)",
            "alarm_name": "syrabit-cache-cardinality-spike-Total-prod",
            "arn": "arn:aws:cloudwatch:ap-south-1:271740379017:alarm:syrabit-cache-cardinality-spike-Total-prod",
            "comparison_operator": "GreaterThanUpperThreshold",
            "datapoints_to_alarm": 1,
            "dimensions": {},
            "evaluate_low_sample_count_percentiles": "",
            "evaluation_criteria": [],
            "evaluation_interval": 0,
            "evaluation_periods": 1,
            "extended_statistic": "",
            "id": "syrabit-cache-cardinality-spike-Total-prod",
            "insufficient_data_actions": [],
            "metric_name": "",
            "metric_query": [
              {
                "account_id": "",
                "expression": "",
                "id": "m1",
                "label": "",
                "metric": [
                  {
                    "dimensions": {
                      "ContentType": "Total"
                    },
                    "metric_name": "UniqueKeys24h",
                    "namespace": "Syrabit/Cache",
                    "period": 86400,
                    "stat": "Maximum",
                    "unit": ""
                  }
                ],
                "period": null,
                "return_data": true
              },
              {
                "account_id": "",
                "expression": "ANOMALY_DETECTION_BAND(m1, 3)",
                "id": "ad1",
                "label": "UniqueKeys24h(Total) anomaly band (k=3)",
                "metric": [],
                "period": null,
                "return_data": true
              }
            ],
            "namespace": "",
            "ok_actions": [
              "arn:aws:sns:ap-south-1:271740379017:syrabit-ops-alerts"
            ],
            "period": 0,
            "region": "ap-south-1",
            "statistic": "",
            "tags": {
              "credit-source": "aws-activate",
              "environment": "prod",
              "landing-zone": "aws-async-workers",
              "managed-by": "terraform",
              "owner": "infra",
              "project": "syrabit"
            },
            "tags_all": {
              "credit-source": "aws-activate",
              "environment": "prod",
              "landing-zone": "aws-async-workers",
              "managed-by": "terraform",
              "owner": "infra",
              "project": "syrabit"
            },
            "threshold": 0,
            "threshold_metric_id": "ad1",
            "treat_missing_data": "notBreaching",
            "unit": ""
          },
          "sensitive_attributes": [],
          "private": "eyJzY2hlbWFfdmVyc2lvbiI6IjEifQ==",
          "dependencies": [
            "aws_sns_topic.ops_alerts"
          ]
        },
        {
          "index_key": "definition",
          "schema_version": 1,
          "attributes": {
            "actions_enabled": true,
            "alarm_actions": [
              "arn:aws:sns:ap-south-1:271740379017:syrabit-ops-alerts"
            ],
            "alarm_description": "Task #571 — UniqueKeys24h for ContentType=definition broke above the CloudWatch anomaly-detection upper band (band-width=3, trained on ~14d history). Almost always means a generator is fragmenting cache keys (timestamp/uuid leaked into prompt, normalizer regression). Inspect /admin/observability cache panel + miss_reasons for this content_type. (Original Task #571 design called for `today \u003e 3x 7d MA`, but CloudWatch metric math requires aligned periods so a hand-rolled rolling MA isn't expressible in a single alarm; the anomaly band is the canonical AWS replacement and is strictly stricter for the same `band_width=3`.)",
            "alarm_name": "syrabit-cache-cardinality-spike-definition-prod",
            "arn": "arn:aws:cloudwatch:ap-south-1:271740379017:alarm:syrabit-cache-cardinality-spike-definition-prod",
            "comparison_operator": "GreaterThanUpperThreshold",
            "datapoints_to_alarm": 1,
            "dimensions": {},
            "evaluate_low_sample_count_percentiles": "",
            "evaluation_criteria": [],
            "evaluation_interval": 0,
            "evaluation_periods": 1,
            "extended_statistic": "",
            "id": "syrabit-cache-cardinality-spike-definition-prod",
            "insufficient_data_actions": [],
            "metric_name": "",
            "metric_query": [
              {
                "account_id": "",
                "expression": "",
                "id": "m1",
                "label": "",
                "metric": [
                  {
                    "dimensions": {
                      "ContentType": "definition"
                    },
                    "metric_name": "UniqueKeys24h",
                    "namespace": "Syrabit/Cache",
                    "period": 86400,
                    "stat": "Maximum",
                    "unit": ""
                  }
                ],
                "period": null,
                "return_data": true
              },
              {
                "account_id": "",
                "expression": "ANOMALY_DETECTION_BAND(m1, 3)",
                "id": "ad1",
                "label": "UniqueKeys24h(definition) anomaly band (k=3)",
                "metric": [],
                "period": null,
                "return_data": true
              }
            ],
            "namespace": "",
            "ok_actions": [
              "arn:aws:sns:ap-south-1:271740379017:syrabit-ops-alerts"
            ],
            "period": 0,
            "region": "ap-south-1",
            "statistic": "",
            "tags": {
              "credit-source": "aws-activate",
              "environment": "prod",
              "landing-zone": "aws-async-workers",
              "managed-by": "terraform",
              "owner": "infra",
              "project": "syrabit"
            },
            "tags_all": {
              "credit-source": "aws-activate",
              "environment": "prod",
              "landing-zone": "aws-async-workers",
              "managed-by": "terraform",
              "owner": "infra",
              "project": "syrabit"
            },
            "threshold": 0,
            "threshold_metric_id": "ad1",
            "treat_missing_data": "notBreaching",
            "unit": ""
          },
          "sensitive_attributes": [],
          "private": "eyJzY2hlbWFfdmVyc2lvbiI6IjEifQ==",
          "dependencies": [
            "aws_sns_topic.ops_alerts"
          ]
        },
        {
          "index_key": "flashcard",
          "schema_version": 1,
          "attributes": {
            "actions_enabled": true,
            "alarm_actions": [
              "arn:aws:sns:ap-south-1:271740379017:syrabit-ops-alerts"
            ],
            "alarm_description": "Task #571 — UniqueKeys24h for ContentType=flashcard broke above the CloudWatch anomaly-detection upper band (band-width=3, trained on ~14d history). Almost always means a generator is fragmenting cache keys (timestamp/uuid leaked into prompt, normalizer regression). Inspect /admin/observability cache panel + miss_reasons for this content_type. (Original Task #571 design called for `today \u003e 3x 7d MA`, but CloudWatch metric math requires aligned periods so a hand-rolled rolling MA isn't expressible in a single alarm; the anomaly band is the canonical AWS replacement and is strictly stricter for the same `band_width=3`.)",
            "alarm_name": "syrabit-cache-cardinality-spike-flashcard-prod",
            "arn": "arn:aws:cloudwatch:ap-south-1:271740379017:alarm:syrabit-cache-cardinality-spike-flashcard-prod",
            "comparison_operator": "GreaterThanUpperThreshold",
            "datapoints_to_alarm": 1,
            "dimensions": {},
            "evaluate_low_sample_count_percentiles": "",
            "evaluation_criteria": [],
            "evaluation_interval": 0,
            "evaluation_periods": 1,
            "extended_statistic": "",
            "id": "syrabit-cache-cardinality-spike-flashcard-prod",
            "insufficient_data_actions": [],
            "metric_name": "",
            "metric_query": [
              {
                "account_id": "",
                "expression": "",
                "id": "m1",
                "label": "",
                "metric": [
                  {
                    "dimensions": {
                      "ContentType": "flashcard"
                    },
                    "metric_name": "UniqueKeys24h",
                    "namespace": "Syrabit/Cache",
                    "period": 86400,
                    "stat": "Maximum",
                    "unit": ""
                  }
                ],
                "period": null,
                "return_data": true
              },
              {
                "account_id": "",
                "expression": "ANOMALY_DETECTION_BAND(m1, 3)",
                "id": "ad1",
                "label": "UniqueKeys24h(flashcard) anomaly band (k=3)",
                "metric": [],
                "period": null,
                "return_data": true
              }
            ],
            "namespace": "",
            "ok_actions": [
              "arn:aws:sns:ap-south-1:271740379017:syrabit-ops-alerts"
            ],
            "period": 0,
            "region": "ap-south-1",
            "statistic": "",
            "tags": {
              "credit-source": "aws-activate",
              "environment": "prod",
              "landing-zone": "aws-async-workers",
              "managed-by": "terraform",
              "owner": "infra",
              "project": "syrabit"
            },
            "tags_all": {
              "credit-source": "aws-activate",
              "environment": "prod",
              "landing-zone": "aws-async-workers",
              "managed-by": "terraform",
              "owner": "infra",
              "project": "syrabit"
            },
            "threshold": 0,
            "threshold_metric_id": "ad1",
            "treat_missing_data": "notBreaching",
            "unit": ""
          },
          "sensitive_attributes": [],
          "private": "eyJzY2hlbWFfdmVyc2lvbiI6IjEifQ==",
          "dependencies": [
            "aws_sns_topic.ops_alerts"
          ]
        },
        {
          "index_key": "formatter",
          "schema_version": 1,
          "attributes": {
            "actions_enabled": true,
            "alarm_actions": [
              "arn:aws:sns:ap-south-1:271740379017:syrabit-ops-alerts"
            ],
            "alarm_description": "Task #571 — UniqueKeys24h for ContentType=formatter broke above the CloudWatch anomaly-detection upper band (band-width=3, trained on ~14d history). Almost always means a generator is fragmenting cache keys (timestamp/uuid leaked into prompt, normalizer regression). Inspect /admin/observability cache panel + miss_reasons for this content_type. (Original Task #571 design called for `today \u003e 3x 7d MA`, but CloudWatch metric math requires aligned periods so a hand-rolled rolling MA isn't expressible in a single alarm; the anomaly band is the canonical AWS replacement and is strictly stricter for the same `band_width=3`.)",
            "alarm_name": "syrabit-cache-cardinality-spike-formatter-prod",
            "arn": "arn:aws:cloudwatch:ap-south-1:271740379017:alarm:syrabit-cache-cardinality-spike-formatter-prod",
            "comparison_operator": "GreaterThanUpperThreshold",
            "datapoints_to_alarm": 1,
            "dimensions": {},
            "evaluate_low_sample_count_percentiles": "",
            "evaluation_criteria": [],
            "evaluation_interval": 0,
            "evaluation_periods": 1,
            "extended_statistic": "",
            "id": "syrabit-cache-cardinality-spike-formatter-prod",
            "insufficient_data_actions": [],
            "metric_name": "",
            "metric_query": [
              {
                "account_id": "",
                "expression": "",
                "id": "m1",
                "label": "",
                "metric": [
                  {
                    "dimensions": {
                      "ContentType": "formatter"
                    },
                    "metric_name": "UniqueKeys24h",
                    "namespace": "Syrabit/Cache",
                    "period": 86400,
                    "stat": "Maximum",
                    "unit": ""
                  }
                ],
                "period": null,
                "return_data": true
              },
              {
                "account_id": "",
                "expression": "ANOMALY_DETECTION_BAND(m1, 3)",
                "id": "ad1",
                "label": "UniqueKeys24h(formatter) anomaly band (k=3)",
                "metric": [],
                "period": null,
                "return_data": true
              }
            ],
            "namespace": "",
            "ok_actions": [
              "arn:aws:sns:ap-south-1:271740379017:syrabit-ops-alerts"
            ],
            "period": 0,
            "region": "ap-south-1",
            "statistic": "",
            "tags": {
              "credit-source": "aws-activate",
              "environment": "prod",
              "landing-zone": "aws-async-workers",
              "managed-by": "terraform",
              "owner": "infra",
              "project": "syrabit"
            },
            "tags_all": {
              "credit-source": "aws-activate",
              "environment": "prod",
              "landing-zone": "aws-async-workers",
              "managed-by": "terraform",
              "owner": "infra",
              "project": "syrabit"
            },
            "threshold": 0,
            "threshold_metric_id": "ad1",
            "treat_missing_data": "notBreaching",
            "unit": ""
          },
          "sensitive_attributes": [],
          "private": "eyJzY2hlbWFfdmVyc2lvbiI6IjEifQ==",
          "dependencies": [
            "aws_sns_topic.ops_alerts"
          ]
        },
        {
          "index_key": "mcq",
          "schema_version": 1,
          "attributes": {
            "actions_enabled": true,
            "alarm_actions": [
              "arn:aws:sns:ap-south-1:271740379017:syrabit-ops-alerts"
            ],
            "alarm_description": "Task #571 — UniqueKeys24h for ContentType=mcq broke above the CloudWatch anomaly-detection upper band (band-width=3, trained on ~14d history). Almost always means a generator is fragmenting cache keys (timestamp/uuid leaked into prompt, normalizer regression). Inspect /admin/observability cache panel + miss_reasons for this content_type. (Original Task #571 design called for `today \u003e 3x 7d MA`, but CloudWatch metric math requires aligned periods so a hand-rolled rolling MA isn't expressible in a single alarm; the anomaly band is the canonical AWS replacement and is strictly stricter for the same `band_width=3`.)",
            "alarm_name": "syrabit-cache-cardinality-spike-mcq-prod",
            "arn": "arn:aws:cloudwatch:ap-south-1:271740379017:alarm:syrabit-cache-cardinality-spike-mcq-prod",
            "comparison_operator": "GreaterThanUpperThreshold",
            "datapoints_to_alarm": 1,
            "dimensions": {},
            "evaluate_low_sample_count_percentiles": "",
            "evaluation_criteria": [],
            "evaluation_interval": 0,
            "evaluation_periods": 1,
            "extended_statistic": "",
            "id": "syrabit-cache-cardinality-spike-mcq-prod",
            "insufficient_data_actions": [],
            "metric_name": "",
            "metric_query": [
              {
                "account_id": "",
                "expression": "",
                "id": "m1",
                "label": "",
                "metric": [
                  {
                    "dimensions": {
                      "ContentType": "mcq"
                    },
                    "metric_name": "UniqueKeys24h",
                    "namespace": "Syrabit/Cache",
                    "period": 86400,
                    "stat": "Maximum",
                    "unit": ""
                  }
                ],
                "period": null,
                "return_data": true
              },
              {
                "account_id": "",
                "expression": "ANOMALY_DETECTION_BAND(m1, 3)",
                "id": "ad1",
                "label": "UniqueKeys24h(mcq) anomaly band (k=3)",
                "metric": [],
                "period": null,
                "return_data": true
              }
            ],
            "namespace": "",
            "ok_actions": [
              "arn:aws:sns:ap-south-1:271740379017:syrabit-ops-alerts"
            ],
            "period": 0,
            "region": "ap-south-1",
            "statistic": "",
            "tags": {
              "credit-source": "aws-activate",
              "environment": "prod",
              "landing-zone": "aws-async-workers",
              "managed-by": "terraform",
              "owner": "infra",
              "project": "syrabit"
            },
            "tags_all": {
              "credit-source": "aws-activate",
              "environment": "prod",
              "landing-zone": "aws-async-workers",
              "managed-by": "terraform",
              "owner": "infra",
              "project": "syrabit"
            },
            "threshold": 0,
            "threshold_metric_id": "ad1",
            "treat_missing_data": "notBreaching",
            "unit": ""
          },
          "sensitive_attributes": [],
          "private": "eyJzY2hlbWFfdmVyc2lvbiI6IjEifQ==",
          "dependencies": [
            "aws_sns_topic.ops_alerts"
          ]
        },
        {
          "index_key": "ocr",
          "schema_version": 1,
          "attributes": {
            "actions_enabled": true,
            "alarm_actions": [
              "arn:aws:sns:ap-south-1:271740379017:syrabit-ops-alerts"
            ],
            "alarm_description": "Task #571 — UniqueKeys24h for ContentType=ocr broke above the CloudWatch anomaly-detection upper band (band-width=3, trained on ~14d history). Almost always means a generator is fragmenting cache keys (timestamp/uuid leaked into prompt, normalizer regression). Inspect /admin/observability cache panel + miss_reasons for this content_type. (Original Task #571 design called for `today \u003e 3x 7d MA`, but CloudWatch metric math requires aligned periods so a hand-rolled rolling MA isn't expressible in a single alarm; the anomaly band is the canonical AWS replacement and is strictly stricter for the same `band_width=3`.)",
            "alarm_name": "syrabit-cache-cardinality-spike-ocr-prod",
            "arn": "arn:aws:cloudwatch:ap-south-1:271740379017:alarm:syrabit-cache-cardinality-spike-ocr-prod",
            "comparison_operator": "GreaterThanUpperThreshold",
            "datapoints_to_alarm": 1,
            "dimensions": {},
            "evaluate_low_sample_count_percentiles": "",
            "evaluation_criteria": [],
            "evaluation_interval": 0,
            "evaluation_periods": 1,
            "extended_statistic": "",
            "id": "syrabit-cache-cardinality-spike-ocr-prod",
            "insufficient_data_actions": [],
            "metric_name": "",
            "metric_query": [
              {
                "account_id": "",
                "expression": "",
                "id": "m1",
                "label": "",
                "metric": [
                  {
                    "dimensions": {
                      "ContentType": "ocr"
                    },
                    "metric_name": "UniqueKeys24h",
                    "namespace": "Syrabit/Cache",
                    "period": 86400,
                    "stat": "Maximum",
                    "unit": ""
                  }
                ],
                "period": null,
                "return_data": true
              },
              {
                "account_id": "",
                "expression": "ANOMALY_DETECTION_BAND(m1, 3)",
                "id": "ad1",
                "label": "UniqueKeys24h(ocr) anomaly band (k=3)",
                "metric": [],
                "period": null,
                "return_data": true
              }
            ],
            "namespace": "",
            "ok_actions": [
              "arn:aws:sns:ap-south-1:271740379017:syrabit-ops-alerts"
            ],
            "period": 0,
            "region": "ap-south-1",
            "statistic": "",
            "tags": {
              "credit-source": "aws-activate",
              "environment": "prod",
              "landing-zone": "aws-async-workers",
              "managed-by": "terraform",
              "owner": "infra",
              "project": "syrabit"
            },
            "tags_all": {
              "credit-source": "aws-activate",
              "environment": "prod",
              "landing-zone": "aws-async-workers",
              "managed-by": "terraform",
              "owner": "infra",
              "project": "syrabit"
            },
            "threshold": 0,
            "threshold_metric_id": "ad1",
            "treat_missing_data": "notBreaching",
            "unit": ""
          },
          "sensitive_attributes": [],
          "private": "eyJzY2hlbWFfdmVyc2lvbiI6IjEifQ==",
          "dependencies": [
            "aws_sns_topic.ops_alerts"
          ]
        },
        {
          "index_key": "stage3_polish",
          "schema_version": 1,
          "attributes": {
            "actions_enabled": true,
            "alarm_actions": [
              "arn:aws:sns:ap-south-1:271740379017:syrabit-ops-alerts"
            ],
            "alarm_description": "Task #571 — UniqueKeys24h for ContentType=stage3_polish broke above the CloudWatch anomaly-detection upper band (band-width=3, trained on ~14d history). Almost always means a generator is fragmenting cache keys (timestamp/uuid leaked into prompt, normalizer regression). Inspect /admin/observability cache panel + miss_reasons for this content_type. (Original Task #571 design called for `today \u003e 3x 7d MA`, but CloudWatch metric math requires aligned periods so a hand-rolled rolling MA isn't expressible in a single alarm; the anomaly band is the canonical AWS replacement and is strictly stricter for the same `band_width=3`.)",
            "alarm_name": "syrabit-cache-cardinality-spike-stage3_polish-prod",
            "arn": "arn:aws:cloudwatch:ap-south-1:271740379017:alarm:syrabit-cache-cardinality-spike-stage3_polish-prod",
            "comparison_operator": "GreaterThanUpperThreshold",
            "datapoints_to_alarm": 1,
            "dimensions": {},
            "evaluate_low_sample_count_percentiles": "",
            "evaluation_criteria": [],
            "evaluation_interval": 0,
            "evaluation_periods": 1,
            "extended_statistic": "",
            "id": "syrabit-cache-cardinality-spike-stage3_polish-prod",
            "insufficient_data_actions": [],
            "metric_name": "",
            "metric_query": [
              {
                "account_id": "",
                "expression": "",
                "id": "m1",
                "label": "",
                "metric": [
                  {
                    "dimensions": {
                      "ContentType": "stage3_polish"
                    },
                    "metric_name": "UniqueKeys24h",
                    "namespace": "Syrabit/Cache",
                    "period": 86400,
                    "stat": "Maximum",
                    "unit": ""
                  }
                ],
                "period": null,
                "return_data": true
              },
              {
                "account_id": "",
                "expression": "ANOMALY_DETECTION_BAND(m1, 3)",
                "id": "ad1",
                "label": "UniqueKeys24h(stage3_polish) anomaly band (k=3)",
                "metric": [],
                "period": null,
                "return_data": true
              }
            ],
            "namespace": "",
            "ok_actions": [
              "arn:aws:sns:ap-south-1:271740379017:syrabit-ops-alerts"
            ],
            "period": 0,
            "region": "ap-south-1",
            "statistic": "",
            "tags": {
              "credit-source": "aws-activate",
              "environment": "prod",
              "landing-zone": "aws-async-workers",
              "managed-by": "terraform",
              "owner": "infra",
              "project": "syrabit"
            },
            "tags_all": {
              "credit-source": "aws-activate",
              "environment": "prod",
              "landing-zone": "aws-async-workers",
              "managed-by": "terraform",
              "owner": "infra",
              "project": "syrabit"
            },
            "threshold": 0,
            "threshold_metric_id": "ad1",
            "treat_missing_data": "notBreaching",
            "unit": ""
          },
          "sensitive_attributes": [],
          "private": "eyJzY2hlbWFfdmVyc2lvbiI6IjEifQ==",
          "dependencies": [
            "aws_sns_topic.ops_alerts"
          ]
        },
        {
          "index_key": "translate",
          "schema_version": 1,
          "attributes": {
            "actions_enabled": true,
            "alarm_actions": [
              "arn:aws:sns:ap-south-1:271740379017:syrabit-ops-alerts"
            ],
            "alarm_description": "Task #571 — UniqueKeys24h for ContentType=translate broke above the CloudWatch anomaly-detection upper band (band-width=3, trained on ~14d history). Almost always means a generator is fragmenting cache keys (timestamp/uuid leaked into prompt, normalizer regression). Inspect /admin/observability cache panel + miss_reasons for this content_type. (Original Task #571 design called for `today \u003e 3x 7d MA`, but CloudWatch metric math requires aligned periods so a hand-rolled rolling MA isn't expressible in a single alarm; the anomaly band is the canonical AWS replacement and is strictly stricter for the same `band_width=3`.)",
            "alarm_name": "syrabit-cache-cardinality-spike-translate-prod",
            "arn": "arn:aws:cloudwatch:ap-south-1:271740379017:alarm:syrabit-cache-cardinality-spike-translate-prod",
            "comparison_operator": "GreaterThanUpperThreshold",
            "datapoints_to_alarm": 1,
            "dimensions": {},
            "evaluate_low_sample_count_percentiles": "",
            "evaluation_criteria": [],
            "evaluation_interval": 0,
            "evaluation_periods": 1,
            "extended_statistic": "",
            "id": "syrabit-cache-cardinality-spike-translate-prod",
            "insufficient_data_actions": [],
            "metric_name": "",
            "metric_query": [
              {
                "account_id": "",
                "expression": "",
                "id": "m1",
                "label": "",
                "metric": [
                  {
                    "dimensions": {
                      "ContentType": "translate"
                    },
                    "metric_name": "UniqueKeys24h",
                    "namespace": "Syrabit/Cache",
                    "period": 86400,
                    "stat": "Maximum",
                    "unit": ""
                  }
                ],
                "period": null,
                "return_data": true
              },
              {
                "account_id": "",
                "expression": "ANOMALY_DETECTION_BAND(m1, 3)",
                "id": "ad1",
                "label": "UniqueKeys24h(translate) anomaly band (k=3)",
                "metric": [],
                "period": null,
                "return_data": true
              }
            ],
            "namespace": "",
            "ok_actions": [
              "arn:aws:sns:ap-south-1:271740379017:syrabit-ops-alerts"
            ],
            "period": 0,
            "region": "ap-south-1",
            "statistic": "",
            "tags": {
              "credit-source": "aws-activate",
              "environment": "prod",
              "landing-zone": "aws-async-workers",
              "managed-by": "terraform",
              "owner": "infra",
              "project": "syrabit"
            },
            "tags_all": {
              "credit-source": "aws-activate",
              "environment": "prod",
              "landing-zone": "aws-async-workers",
              "managed-by": "terraform",
              "owner": "infra",
              "project": "syrabit"
            },
            "threshold": 0,
            "threshold_metric_id": "ad1",
            "treat_missing_data": "notBreaching",
            "unit": ""
          },
          "sensitive_attributes": [],
          "private": "eyJzY2hlbWFfdmVyc2lvbiI6IjEifQ==",
          "dependencies": [
            "aws_sns_topic.ops_alerts"
          ]
        }
      ]
    },
    {
      "mode": "managed",
      "type": "aws_cloudwatch_metric_alarm",
      "name": "chat_credit_runway_low",
      "provider": "provider[\"registry.terraform.io/hashicorp/aws\"]",
      "instances": [
        {
          "schema_version": 1,
          "attributes": {
            "actions_enabled": true,
            "alarm_actions": [
              "arn:aws:sns:ap-south-1:271740379017:syrabit-ops-alerts"
            ],
            "alarm_description": "Task #565 — Projected GCP credit runway has dropped below 60 days for 2 consecutive daily publishes. The Task #554 chain should already have flipped to Workers-AI Llama-3.2-3B head at the 90d threshold; verify the flip via /api/admin/health and inspect cost_caps._select_chat_primary cache.",
            "alarm_name": "syrabit-chat-credit-runway-low-prod",
            "arn": "arn:aws:cloudwatch:ap-south-1:271740379017:alarm:syrabit-chat-credit-runway-low-prod",
            "comparison_operator": "LessThanThreshold",
            "datapoints_to_alarm": 2,
            "dimensions": {
              "Source": "lambda"
            },
            "evaluate_low_sample_count_percentiles": "",
            "evaluation_criteria": [],
            "evaluation_interval": 0,
            "evaluation_periods": 2,
            "extended_statistic": "",
            "id": "syrabit-chat-credit-runway-low-prod",
            "insufficient_data_actions": [],
            "metric_name": "ChatCreditRunwayDays",
            "metric_query": [],
            "namespace": "Syrabit/Cost",
            "ok_actions": [
              "arn:aws:sns:ap-south-1:271740379017:syrabit-ops-alerts"
            ],
            "period": 86400,
            "region": "ap-south-1",
            "statistic": "Maximum",
            "tags": {
              "credit-source": "aws-activate",
              "environment": "prod",
              "landing-zone": "aws-async-workers",
              "managed-by": "terraform",
              "owner": "infra",
              "project": "syrabit"
            },
            "tags_all": {
              "credit-source": "aws-activate",
              "environment": "prod",
              "landing-zone": "aws-async-workers",
              "managed-by": "terraform",
              "owner": "infra",
              "project": "syrabit"
            },
            "threshold": 60,
            "threshold_metric_id": "",
            "treat_missing_data": "notBreaching",
            "unit": ""
          },
          "sensitive_attributes": [],
          "private": "eyJzY2hlbWFfdmVyc2lvbiI6IjEifQ==",
          "dependencies": [
            "aws_sns_topic.ops_alerts"
          ]
        }
      ]
    },
    {
      "mode": "managed",
      "type": "aws_cloudwatch_metric_alarm",
      "name": "chat_credit_runway_stale",
      "provider": "provider[\"registry.terraform.io/hashicorp/aws\"]",
      "instances": [
        {
          "schema_version": 1,
          "attributes": {
            "actions_enabled": true,
            "alarm_actions": [
              "arn:aws:sns:ap-south-1:271740379017:syrabit-ops-alerts"
            ],
            "alarm_description": "Task #565 — Syrabit/Cost::ChatCreditRunwayDays has not been published for \u003e24h. Either the daily `chat-credit-runway` Lambda failed to invoke, the GCP Billing BigQuery export query failed, or Upstash publish failed. The Vertex ↔ Workers-AI Llama-3.2-3B chain head will silently stay on the env-derived path until this is resolved (V4 §12 — fail loud).",
            "alarm_name": "syrabit-chat-credit-runway-stale-prod",
            "arn": "arn:aws:cloudwatch:ap-south-1:271740379017:alarm:syrabit-chat-credit-runway-stale-prod",
            "comparison_operator": "LessThanThreshold",
            "datapoints_to_alarm": 1,
            "dimensions": {
              "Source": "lambda"
            },
            "evaluate_low_sample_count_percentiles": "",
            "evaluation_criteria": [],
            "evaluation_interval": 0,
            "evaluation_periods": 1,
            "extended_statistic": "",
            "id": "syrabit-chat-credit-runway-stale-prod",
            "insufficient_data_actions": [],
            "metric_name": "ChatCreditRunwayDays",
            "metric_query": [],
            "namespace": "Syrabit/Cost",
            "ok_actions": [
              "arn:aws:sns:ap-south-1:271740379017:syrabit-ops-alerts"
            ],
            "period": 86400,
            "region": "ap-south-1",
            "statistic": "Maximum",
            "tags": {
              "credit-source": "aws-activate",
              "environment": "prod",
              "landing-zone": "aws-async-workers",
              "managed-by": "terraform",
              "owner": "infra",
              "project": "syrabit"
            },
            "tags_all": {
              "credit-source": "aws-activate",
              "environment": "prod",
              "landing-zone": "aws-async-workers",
              "managed-by": "terraform",
              "owner": "infra",
              "project": "syrabit"
            },
            "threshold": 0,
            "threshold_metric_id": "",
            "treat_missing_data": "breaching",
            "unit": ""
          },
          "sensitive_attributes": [],
          "private": "eyJzY2hlbWFfdmVyc2lvbiI6IjEifQ==",
          "dependencies": [
            "aws_sns_topic.ops_alerts"
          ]
        }
      ]
    },
    {
      "mode": "managed",
      "type": "aws_cloudwatch_metric_alarm",
      "name": "do_health",
      "provider": "provider[\"registry.terraform.io/hashicorp/aws\"]",
      "instances": [
        {
          "schema_version": 1,
          "attributes": {
            "actions_enabled": true,
            "alarm_actions": [],
            "alarm_description": "Azure Container Apps origin failing Route53 health check",
            "alarm_name": "route53-do-origin-unhealthy",
            "arn": "arn:aws:cloudwatch:ap-south-1:271740379017:alarm:route53-do-origin-unhealthy",
            "comparison_operator": "LessThanThreshold",
            "datapoints_to_alarm": 0,
            "dimensions": {
              "HealthCheckId": "53b8ceb3-73e4-4f08-872c-d25b6c2da6de"
            },
            "evaluate_low_sample_count_percentiles": "",
            "evaluation_criteria": [],
            "evaluation_interval": 0,
            "evaluation_periods": 2,
            "extended_statistic": "",
            "id": "route53-do-origin-unhealthy",
            "insufficient_data_actions": [],
            "metric_name": "HealthCheckStatus",
            "metric_query": [],
            "namespace": "AWS/Route53",
            "ok_actions": [],
            "period": 30,
            "region": "ap-south-1",
            "statistic": "Minimum",
            "tags": {},
            "tags_all": {
              "credit-source": "aws-activate",
              "environment": "prod",
              "landing-zone": "aws-async-workers",
              "managed-by": "terraform",
              "owner": "infra",
              "project": "syrabit"
            },
            "threshold": 1,
            "threshold_metric_id": "",
            "treat_missing_data": "breaching",
            "unit": ""
          },
          "sensitive_attributes": [],
          "private": "eyJzY2hlbWFfdmVyc2lvbiI6IjEifQ==",
          "dependencies": [
            "aws_route53_health_check.do"
          ]
        }
      ]
    },
    {
      "mode": "managed",
      "type": "aws_cloudwatch_metric_alarm",
      "name": "otel_exporter_errors",
      "provider": "provider[\"registry.terraform.io/hashicorp/aws\"]",
      "instances": [
        {
          "schema_version": 1,
          "attributes": {
            "actions_enabled": true,
            "alarm_actions": [
              "arn:aws:sns:ap-south-1:271740379017:syrabit-ops-alerts"
            ],
            "alarm_description": "AWS Lambda OTel exporter is failing repeatedly — App Insights + Axiom may be missing AWS spans. Runbook: docs/infra/observability.md.",
            "alarm_name": "syrabit-otel-exporter-errors",
            "arn": "arn:aws:cloudwatch:ap-south-1:271740379017:alarm:syrabit-otel-exporter-errors",
            "comparison_operator": "GreaterThanThreshold",
            "datapoints_to_alarm": 0,
            "dimensions": {},
            "evaluate_low_sample_count_percentiles": "",
            "evaluation_criteria": [],
            "evaluation_interval": 0,
            "evaluation_periods": 2,
            "extended_statistic": "",
            "id": "syrabit-otel-exporter-errors",
            "insufficient_data_actions": [],
            "metric_name": "OtelExporterErrors",
            "metric_query": [],
            "namespace": "Syrabit/Workers",
            "ok_actions": [
              "arn:aws:sns:ap-south-1:271740379017:syrabit-ops-alerts"
            ],
            "period": 300,
            "region": "ap-south-1",
            "statistic": "Sum",
            "tags": {
              "credit-source": "aws-activate",
              "environment": "prod",
              "landing-zone": "aws-async-workers",
              "managed-by": "terraform",
              "owner": "infra",
              "project": "syrabit"
            },
            "tags_all": {
              "credit-source": "aws-activate",
              "environment": "prod",
              "landing-zone": "aws-async-workers",
              "managed-by": "terraform",
              "owner": "infra",
              "project": "syrabit"
            },
            "threshold": 5,
            "threshold_metric_id": "",
            "treat_missing_data": "notBreaching",
            "unit": ""
          },
          "sensitive_attributes": [],
          "private": "eyJzY2hlbWFfdmVyc2lvbiI6IjEifQ==",
          "dependencies": [
            "aws_sns_topic.ops_alerts"
          ]
        }
      ]
    },
    {
      "mode": "managed",
      "type": "aws_cloudwatch_metric_alarm",
      "name": "otel_exporter_errors_us_east_1",
      "provider": "provider[\"registry.terraform.io/hashicorp/aws\"].us_east_1",
      "instances": [
        {
          "schema_version": 1,
          "attributes": {
            "actions_enabled": true,
            "alarm_actions": null,
            "alarm_description": "AWS Lambda OTel exporter is failing repeatedly in us-east-1 (bedrock-proxy) — App Insights + Axiom may be missing AWS spans. Runbook: docs/infra/observability.md.",
            "alarm_name": "syrabit-otel-exporter-errors-us-east-1",
            "arn": "arn:aws:cloudwatch:us-east-1:271740379017:alarm:syrabit-otel-exporter-errors-us-east-1",
            "comparison_operator": "GreaterThanThreshold",
            "datapoints_to_alarm": 0,
            "dimensions": null,
            "evaluate_low_sample_count_percentiles": "",
            "evaluation_criteria": [],
            "evaluation_interval": 0,
            "evaluation_periods": 2,
            "extended_statistic": "",
            "id": "syrabit-otel-exporter-errors-us-east-1",
            "insufficient_data_actions": null,
            "metric_name": "OtelExporterErrors",
            "metric_query": [],
            "namespace": "Syrabit/Workers",
            "ok_actions": null,
            "period": 300,
            "region": "us-east-1",
            "statistic": "Sum",
            "tags": {
              "credit-source": "aws-activate",
              "environment": "prod",
              "landing-zone": "aws-async-workers",
              "managed-by": "terraform",
              "owner": "infra",
              "project": "syrabit"
            },
            "tags_all": {
              "credit-source": "aws-activate",
              "environment": "prod",
              "landing-zone": "aws-async-workers",
              "managed-by": "terraform",
              "owner": "infra",
              "project": "syrabit"
            },
            "threshold": 5,
            "threshold_metric_id": "",
            "treat_missing_data": "notBreaching",
            "unit": ""
          },
          "sensitive_attributes": [],
          "private": "eyJzY2hlbWFfdmVyc2lvbiI6IjEifQ=="
        }
      ]
    },
    {
      "mode": "managed",
      "type": "aws_cloudwatch_metric_alarm",
      "name": "reembed_age_seconds",
      "provider": "provider[\"registry.terraform.io/hashicorp/aws\"]",
      "instances": [
        {
          "schema_version": 1,
          "attributes": {
            "actions_enabled": true,
            "alarm_actions": [
              "arn:aws:sns:ap-south-1:271740379017:syrabit-ops-alerts"
            ],
            "alarm_description": "Oldest reembed message \u003e 24 h — degraded mode forgotten in the on position.",
            "alarm_name": "syrabit-reembed-oldest-age",
            "arn": "arn:aws:cloudwatch:ap-south-1:271740379017:alarm:syrabit-reembed-oldest-age",
            "comparison_operator": "GreaterThanThreshold",
            "datapoints_to_alarm": 0,
            "dimensions": {
              "QueueName": "syrabit-reembed-prod"
            },
            "evaluate_low_sample_count_percentiles": "",
            "evaluation_criteria": [],
            "evaluation_interval": 0,
            "evaluation_periods": 1,
            "extended_statistic": "",
            "id": "syrabit-reembed-oldest-age",
            "insufficient_data_actions": [],
            "metric_name": "ApproximateAgeOfOldestMessage",
            "metric_query": [],
            "namespace": "AWS/SQS",
            "ok_actions": [],
            "period": 900,
            "region": "ap-south-1",
            "statistic": "Maximum",
            "tags": {
              "credit-source": "aws-activate",
              "environment": "prod",
              "landing-zone": "aws-async-workers",
              "managed-by": "terraform",
              "owner": "infra",
              "project": "syrabit"
            },
            "tags_all": {
              "credit-source": "aws-activate",
              "environment": "prod",
              "landing-zone": "aws-async-workers",
              "managed-by": "terraform",
              "owner": "infra",
              "project": "syrabit"
            },
            "threshold": 86400,
            "threshold_metric_id": "",
            "treat_missing_data": "notBreaching",
            "unit": ""
          },
          "sensitive_attributes": [],
          "private": "eyJzY2hlbWFfdmVyc2lvbiI6IjEifQ==",
          "dependencies": [
            "aws_sns_topic.ops_alerts",
            "aws_sqs_queue.reembed",
            "aws_sqs_queue.reembed_dlq"
          ]
        }
      ]
    },
    {
      "mode": "managed",
      "type": "aws_cloudwatch_metric_alarm",
      "name": "reembed_dlq_depth",
      "provider": "provider[\"registry.terraform.io/hashicorp/aws\"]",
      "instances": [
        {
          "schema_version": 1,
          "attributes": {
            "actions_enabled": true,
            "alarm_actions": [
              "arn:aws:sns:ap-south-1:271740379017:syrabit-ops-alerts"
            ],
            "alarm_description": "DLQ has any messages — deferred-embed Lambda is failing \u003e 5 retries. Check Lambda logs + Workers AI status.",
            "alarm_name": "syrabit-reembed-dlq-depth",
            "arn": "arn:aws:cloudwatch:ap-south-1:271740379017:alarm:syrabit-reembed-dlq-depth",
            "comparison_operator": "GreaterThanThreshold",
            "datapoints_to_alarm": 0,
            "dimensions": {
              "QueueName": "syrabit-reembed-dlq-prod"
            },
            "evaluate_low_sample_count_percentiles": "",
            "evaluation_criteria": [],
            "evaluation_interval": 0,
            "evaluation_periods": 2,
            "extended_statistic": "",
            "id": "syrabit-reembed-dlq-depth",
            "insufficient_data_actions": [],
            "metric_name": "ApproximateNumberOfMessagesVisible",
            "metric_query": [],
            "namespace": "AWS/SQS",
            "ok_actions": [
              "arn:aws:sns:ap-south-1:271740379017:syrabit-ops-alerts"
            ],
            "period": 300,
            "region": "ap-south-1",
            "statistic": "Maximum",
            "tags": {
              "credit-source": "aws-activate",
              "environment": "prod",
              "landing-zone": "aws-async-workers",
              "managed-by": "terraform",
              "owner": "infra",
              "project": "syrabit"
            },
            "tags_all": {
              "credit-source": "aws-activate",
              "environment": "prod",
              "landing-zone": "aws-async-workers",
              "managed-by": "terraform",
              "owner": "infra",
              "project": "syrabit"
            },
            "threshold": 0,
            "threshold_metric_id": "",
            "treat_missing_data": "notBreaching",
            "unit": ""
          },
          "sensitive_attributes": [],
          "private": "eyJzY2hlbWFfdmVyc2lvbiI6IjEifQ==",
          "dependencies": [
            "aws_sns_topic.ops_alerts",
            "aws_sqs_queue.reembed_dlq"
          ]
        }
      ]
    },
    {
      "mode": "managed",
      "type": "aws_cloudwatch_metric_alarm",
      "name": "reembed_queue_depth",
      "provider": "provider[\"registry.terraform.io/hashicorp/aws\"]",
      "instances": [
        {
          "schema_version": 1,
          "attributes": {
            "actions_enabled": true,
            "alarm_actions": [
              "arn:aws:sns:ap-south-1:271740379017:syrabit-ops-alerts"
            ],
            "alarm_description": "Reembed backlog \u003e 5k for 30 min — degraded mode is on for a long time, or drain throughput is too low.",
            "alarm_name": "syrabit-reembed-queue-depth",
            "arn": "arn:aws:cloudwatch:ap-south-1:271740379017:alarm:syrabit-reembed-queue-depth",
            "comparison_operator": "GreaterThanThreshold",
            "datapoints_to_alarm": 0,
            "dimensions": {
              "QueueName": "syrabit-reembed-prod"
            },
            "evaluate_low_sample_count_percentiles": "",
            "evaluation_criteria": [],
            "evaluation_interval": 0,
            "evaluation_periods": 6,
            "extended_statistic": "",
            "id": "syrabit-reembed-queue-depth",
            "insufficient_data_actions": [],
            "metric_name": "ApproximateNumberOfMessagesVisible",
            "metric_query": [],
            "namespace": "AWS/SQS",
            "ok_actions": [],
            "period": 300,
            "region": "ap-south-1",
            "statistic": "Maximum",
            "tags": {
              "credit-source": "aws-activate",
              "environment": "prod",
              "landing-zone": "aws-async-workers",
              "managed-by": "terraform",
              "owner": "infra",
              "project": "syrabit"
            },
            "tags_all": {
              "credit-source": "aws-activate",
              "environment": "prod",
              "landing-zone": "aws-async-workers",
              "managed-by": "terraform",
              "owner": "infra",
              "project": "syrabit"
            },
            "threshold": 5000,
            "threshold_metric_id": "",
            "treat_missing_data": "notBreaching",
            "unit": ""
          },
          "sensitive_attributes": [],
          "private": "eyJzY2hlbWFfdmVyc2lvbiI6IjEifQ==",
          "dependencies": [
            "aws_sns_topic.ops_alerts",
            "aws_sqs_queue.reembed",
            "aws_sqs_queue.reembed_dlq"
          ]
        }
      ]
    },
    {
      "mode": "managed",
      "type": "aws_cloudwatch_metric_alarm",
      "name": "sqs_backlog",
      "provider": "provider[\"registry.terraform.io/hashicorp/aws\"]",
      "instances": [
        {
          "index_key": "bing-keyword-refresh",
          "schema_version": 1,
          "attributes": {
            "actions_enabled": true,
            "alarm_actions": [
              "arn:aws:sns:ap-south-1:271740379017:syrabit-ops-alerts"
            ],
            "alarm_description": "SQS queue syrabit-bing-keyword backlog above 50 for 3m — consumer Lambda likely stuck or throttled.",
            "alarm_name": "syrabit-bing-keyword-backlog",
            "arn": "arn:aws:cloudwatch:ap-south-1:271740379017:alarm:syrabit-bing-keyword-backlog",
            "comparison_operator": "GreaterThanThreshold",
            "datapoints_to_alarm": 0,
            "dimensions": {
              "QueueName": "syrabit-bing-keyword"
            },
            "evaluate_low_sample_count_percentiles": "",
            "evaluation_criteria": [],
            "evaluation_interval": 0,
            "evaluation_periods": 3,
            "extended_statistic": "",
            "id": "syrabit-bing-keyword-backlog",
            "insufficient_data_actions": [],
            "metric_name": "ApproximateNumberOfMessagesVisible",
            "metric_query": [],
            "namespace": "AWS/SQS",
            "ok_actions": [
              "arn:aws:sns:ap-south-1:271740379017:syrabit-ops-alerts"
            ],
            "period": 60,
            "region": "ap-south-1",
            "statistic": "Maximum",
            "tags": {
              "Name": "syrabit-bing-keyword-backlog",
              "component": "sqs-alarm",
              "credit-source": "aws-activate",
              "environment": "prod",
              "gcp-key": "bing-keyword-refresh",
              "landing-zone": "aws-async-workers",
              "managed-by": "terraform",
              "owner": "infra",
              "project": "syrabit"
            },
            "tags_all": {
              "Name": "syrabit-bing-keyword-backlog",
              "component": "sqs-alarm",
              "credit-source": "aws-activate",
              "environment": "prod",
              "gcp-key": "bing-keyword-refresh",
              "landing-zone": "aws-async-workers",
              "managed-by": "terraform",
              "owner": "infra",
              "project": "syrabit"
            },
            "threshold": 50,
            "threshold_metric_id": "",
            "treat_missing_data": "notBreaching",
            "unit": ""
          },
          "sensitive_attributes": [],
          "private": "eyJzY2hlbWFfdmVyc2lvbiI6IjEifQ==",
          "dependencies": [
            "aws_sns_topic.ops_alerts",
            "aws_sqs_queue.worker",
            "aws_sqs_queue.worker_dlq"
          ]
        },
        {
          "index_key": "bing-submit",
          "schema_version": 1,
          "attributes": {
            "actions_enabled": true,
            "alarm_actions": [
              "arn:aws:sns:ap-south-1:271740379017:syrabit-ops-alerts"
            ],
            "alarm_description": "SQS queue syrabit-bing-submit backlog above 200 for 3m — consumer Lambda likely stuck or throttled.",
            "alarm_name": "syrabit-bing-submit-backlog",
            "arn": "arn:aws:cloudwatch:ap-south-1:271740379017:alarm:syrabit-bing-submit-backlog",
            "comparison_operator": "GreaterThanThreshold",
            "datapoints_to_alarm": 0,
            "dimensions": {
              "QueueName": "syrabit-bing-submit"
            },
            "evaluate_low_sample_count_percentiles": "",
            "evaluation_criteria": [],
            "evaluation_interval": 0,
            "evaluation_periods": 3,
            "extended_statistic": "",
            "id": "syrabit-bing-submit-backlog",
            "insufficient_data_actions": [],
            "metric_name": "ApproximateNumberOfMessagesVisible",
            "metric_query": [],
            "namespace": "AWS/SQS",
            "ok_actions": [
              "arn:aws:sns:ap-south-1:271740379017:syrabit-ops-alerts"
            ],
            "period": 60,
            "region": "ap-south-1",
            "statistic": "Maximum",
            "tags": {
              "Name": "syrabit-bing-submit-backlog",
              "component": "sqs-alarm",
              "credit-source": "aws-activate",
              "environment": "prod",
              "gcp-key": "bing-submit",
              "landing-zone": "aws-async-workers",
              "managed-by": "terraform",
              "owner": "infra",
              "project": "syrabit"
            },
            "tags_all": {
              "Name": "syrabit-bing-submit-backlog",
              "component": "sqs-alarm",
              "credit-source": "aws-activate",
              "environment": "prod",
              "gcp-key": "bing-submit",
              "landing-zone": "aws-async-workers",
              "managed-by": "terraform",
              "owner": "infra",
              "project": "syrabit"
            },
            "threshold": 200,
            "threshold_metric_id": "",
            "treat_missing_data": "notBreaching",
            "unit": ""
          },
          "sensitive_attributes": [],
          "private": "eyJzY2hlbWFfdmVyc2lvbiI6IjEifQ==",
          "dependencies": [
            "aws_sns_topic.ops_alerts",
            "aws_sqs_queue.worker",
            "aws_sqs_queue.worker_dlq"
          ]
        },
        {
          "index_key": "cf-bot-crosscheck",
          "schema_version": 1,
          "attributes": {
            "actions_enabled": true,
            "alarm_actions": [
              "arn:aws:sns:ap-south-1:271740379017:syrabit-ops-alerts"
            ],
            "alarm_description": "SQS queue syrabit-cf-bot-crosscheck backlog above 100 for 3m — consumer Lambda likely stuck or throttled.",
            "alarm_name": "syrabit-cf-bot-crosscheck-backlog",
            "arn": "arn:aws:cloudwatch:ap-south-1:271740379017:alarm:syrabit-cf-bot-crosscheck-backlog",
            "comparison_operator": "GreaterThanThreshold",
            "datapoints_to_alarm": 0,
            "dimensions": {
              "QueueName": "syrabit-cf-bot-crosscheck"
            },
            "evaluate_low_sample_count_percentiles": "",
            "evaluation_criteria": [],
            "evaluation_interval": 0,
            "evaluation_periods": 3,
            "extended_statistic": "",
            "id": "syrabit-cf-bot-crosscheck-backlog",
            "insufficient_data_actions": [],
            "metric_name": "ApproximateNumberOfMessagesVisible",
            "metric_query": [],
            "namespace": "AWS/SQS",
            "ok_actions": [
              "arn:aws:sns:ap-south-1:271740379017:syrabit-ops-alerts"
            ],
            "period": 60,
            "region": "ap-south-1",
            "statistic": "Maximum",
            "tags": {
              "Name": "syrabit-cf-bot-crosscheck-backlog",
              "component": "sqs-alarm",
              "credit-source": "aws-activate",
              "environment": "prod",
              "gcp-key": "cf-bot-crosscheck",
              "landing-zone": "aws-async-workers",
              "managed-by": "terraform",
              "owner": "infra",
              "project": "syrabit"
            },
            "tags_all": {
              "Name": "syrabit-cf-bot-crosscheck-backlog",
              "component": "sqs-alarm",
              "credit-source": "aws-activate",
              "environment": "prod",
              "gcp-key": "cf-bot-crosscheck",
              "landing-zone": "aws-async-workers",
              "managed-by": "terraform",
              "owner": "infra",
              "project": "syrabit"
            },
            "threshold": 100,
            "threshold_metric_id": "",
            "treat_missing_data": "notBreaching",
            "unit": ""
          },
          "sensitive_attributes": [],
          "private": "eyJzY2hlbWFfdmVyc2lvbiI6IjEifQ==",
          "dependencies": [
            "aws_sns_topic.ops_alerts",
            "aws_sqs_queue.worker",
            "aws_sqs_queue.worker_dlq"
          ]
        },
        {
          "index_key": "discovery-engine-ingest",
          "schema_version": 1,
          "attributes": {
            "actions_enabled": true,
            "alarm_actions": [
              "arn:aws:sns:ap-south-1:271740379017:syrabit-ops-alerts"
            ],
            "alarm_description": "SQS queue syrabit-discovery-ingest backlog above 200 for 3m — consumer Lambda likely stuck or throttled.",
            "alarm_name": "syrabit-discovery-ingest-backlog",
            "arn": "arn:aws:cloudwatch:ap-south-1:271740379017:alarm:syrabit-discovery-ingest-backlog",
            "comparison_operator": "GreaterThanThreshold",
            "datapoints_to_alarm": 0,
            "dimensions": {
              "QueueName": "syrabit-discovery-ingest"
            },
            "evaluate_low_sample_count_percentiles": "",
            "evaluation_criteria": [],
            "evaluation_interval": 0,
            "evaluation_periods": 3,
            "extended_statistic": "",
            "id": "syrabit-discovery-ingest-backlog",
            "insufficient_data_actions": [],
            "metric_name": "ApproximateNumberOfMessagesVisible",
            "metric_query": [],
            "namespace": "AWS/SQS",
            "ok_actions": [
              "arn:aws:sns:ap-south-1:271740379017:syrabit-ops-alerts"
            ],
            "period": 60,
            "region": "ap-south-1",
            "statistic": "Maximum",
            "tags": {
              "Name": "syrabit-discovery-ingest-backlog",
              "component": "sqs-alarm",
              "credit-source": "aws-activate",
              "environment": "prod",
              "gcp-key": "discovery-engine-ingest",
              "landing-zone": "aws-async-workers",
              "managed-by": "terraform",
              "owner": "infra",
              "project": "syrabit"
            },
            "tags_all": {
              "Name": "syrabit-discovery-ingest-backlog",
              "component": "sqs-alarm",
              "credit-source": "aws-activate",
              "environment": "prod",
              "gcp-key": "discovery-engine-ingest",
              "landing-zone": "aws-async-workers",
              "managed-by": "terraform",
              "owner": "infra",
              "project": "syrabit"
            },
            "threshold": 200,
            "threshold_metric_id": "",
            "treat_missing_data": "notBreaching",
            "unit": ""
          },
          "sensitive_attributes": [],
          "private": "eyJzY2hlbWFfdmVyc2lvbiI6IjEifQ==",
          "dependencies": [
            "aws_sns_topic.ops_alerts",
            "aws_sqs_queue.worker",
            "aws_sqs_queue.worker_dlq"
          ]
        },
        {
          "index_key": "email-fallback",
          "schema_version": 1,
          "attributes": {
            "actions_enabled": true,
            "alarm_actions": [
              "arn:aws:sns:ap-south-1:271740379017:syrabit-ops-alerts"
            ],
            "alarm_description": "SQS queue syrabit-email-fallback backlog above 100 for 3m — consumer Lambda likely stuck or throttled.",
            "alarm_name": "syrabit-email-fallback-backlog",
            "arn": "arn:aws:cloudwatch:ap-south-1:271740379017:alarm:syrabit-email-fallback-backlog",
            "comparison_operator": "GreaterThanThreshold",
            "datapoints_to_alarm": 0,
            "dimensions": {
              "QueueName": "syrabit-email-fallback"
            },
            "evaluate_low_sample_count_percentiles": "",
            "evaluation_criteria": [],
            "evaluation_interval": 0,
            "evaluation_periods": 3,
            "extended_statistic": "",
            "id": "syrabit-email-fallback-backlog",
            "insufficient_data_actions": [],
            "metric_name": "ApproximateNumberOfMessagesVisible",
            "metric_query": [],
            "namespace": "AWS/SQS",
            "ok_actions": [
              "arn:aws:sns:ap-south-1:271740379017:syrabit-ops-alerts"
            ],
            "period": 60,
            "region": "ap-south-1",
            "statistic": "Maximum",
            "tags": {
              "Name": "syrabit-email-fallback-backlog",
              "component": "sqs-alarm",
              "credit-source": "aws-activate",
              "environment": "prod",
              "gcp-key": "email-fallback",
              "landing-zone": "aws-async-workers",
              "managed-by": "terraform",
              "owner": "infra",
              "project": "syrabit"
            },
            "tags_all": {
              "Name": "syrabit-email-fallback-backlog",
              "component": "sqs-alarm",
              "credit-source": "aws-activate",
              "environment": "prod",
              "gcp-key": "email-fallback",
              "landing-zone": "aws-async-workers",
              "managed-by": "terraform",
              "owner": "infra",
              "project": "syrabit"
            },
            "threshold": 100,
            "threshold_metric_id": "",
            "treat_missing_data": "notBreaching",
            "unit": ""
          },
          "sensitive_attributes": [],
          "private": "eyJzY2hlbWFfdmVyc2lvbiI6IjEifQ==",
          "dependencies": [
            "aws_sns_topic.ops_alerts",
            "aws_sqs_queue.worker",
            "aws_sqs_queue.worker_dlq"
          ]
        },
        {
          "index_key": "seo-indexnow",
          "schema_version": 1,
          "attributes": {
            "actions_enabled": true,
            "alarm_actions": [
              "arn:aws:sns:ap-south-1:271740379017:syrabit-ops-alerts"
            ],
            "alarm_description": "SQS queue syrabit-seo-indexnow backlog above 500 for 3m — consumer Lambda likely stuck or throttled.",
            "alarm_name": "syrabit-seo-indexnow-backlog",
            "arn": "arn:aws:cloudwatch:ap-south-1:271740379017:alarm:syrabit-seo-indexnow-backlog",
            "comparison_operator": "GreaterThanThreshold",
            "datapoints_to_alarm": 0,
            "dimensions": {
              "QueueName": "syrabit-seo-indexnow"
            },
            "evaluate_low_sample_count_percentiles": "",
            "evaluation_criteria": [],
            "evaluation_interval": 0,
            "evaluation_periods": 3,
            "extended_statistic": "",
            "id": "syrabit-seo-indexnow-backlog",
            "insufficient_data_actions": [],
            "metric_name": "ApproximateNumberOfMessagesVisible",
            "metric_query": [],
            "namespace": "AWS/SQS",
            "ok_actions": [
              "arn:aws:sns:ap-south-1:271740379017:syrabit-ops-alerts"
            ],
            "period": 60,
            "region": "ap-south-1",
            "statistic": "Maximum",
            "tags": {
              "Name": "syrabit-seo-indexnow-backlog",
              "component": "sqs-alarm",
              "credit-source": "aws-activate",
              "environment": "prod",
              "gcp-key": "seo-indexnow",
              "landing-zone": "aws-async-workers",
              "managed-by": "terraform",
              "owner": "infra",
              "project": "syrabit"
            },
            "tags_all": {
              "Name": "syrabit-seo-indexnow-backlog",
              "component": "sqs-alarm",
              "credit-source": "aws-activate",
              "environment": "prod",
              "gcp-key": "seo-indexnow",
              "landing-zone": "aws-async-workers",
              "managed-by": "terraform",
              "owner": "infra",
              "project": "syrabit"
            },
            "threshold": 500,
            "threshold_metric_id": "",
            "treat_missing_data": "notBreaching",
            "unit": ""
          },
          "sensitive_attributes": [],
          "private": "eyJzY2hlbWFfdmVyc2lvbiI6IjEifQ==",
          "dependencies": [
            "aws_sns_topic.ops_alerts",
            "aws_sqs_queue.worker",
            "aws_sqs_queue.worker_dlq"
          ]
        },
        {
          "index_key": "seo-internal-linker",
          "schema_version": 1,
          "attributes": {
            "actions_enabled": true,
            "alarm_actions": [
              "arn:aws:sns:ap-south-1:271740379017:syrabit-ops-alerts"
            ],
            "alarm_description": "SQS queue syrabit-seo-internal-linker backlog above 200 for 3m — consumer Lambda likely stuck or throttled.",
            "alarm_name": "syrabit-seo-internal-linker-backlog",
            "arn": "arn:aws:cloudwatch:ap-south-1:271740379017:alarm:syrabit-seo-internal-linker-backlog",
            "comparison_operator": "GreaterThanThreshold",
            "datapoints_to_alarm": 0,
            "dimensions": {
              "QueueName": "syrabit-seo-internal-linker"
            },
            "evaluate_low_sample_count_percentiles": "",
            "evaluation_criteria": [],
            "evaluation_interval": 0,
            "evaluation_periods": 3,
            "extended_statistic": "",
            "id": "syrabit-seo-internal-linker-backlog",
            "insufficient_data_actions": [],
            "metric_name": "ApproximateNumberOfMessagesVisible",
            "metric_query": [],
            "namespace": "AWS/SQS",
            "ok_actions": [
              "arn:aws:sns:ap-south-1:271740379017:syrabit-ops-alerts"
            ],
            "period": 60,
            "region": "ap-south-1",
            "statistic": "Maximum",
            "tags": {
              "Name": "syrabit-seo-internal-linker-backlog",
              "component": "sqs-alarm",
              "credit-source": "aws-activate",
              "environment": "prod",
              "gcp-key": "seo-internal-linker",
              "landing-zone": "aws-async-workers",
              "managed-by": "terraform",
              "owner": "infra",
              "project": "syrabit"
            },
            "tags_all": {
              "Name": "syrabit-seo-internal-linker-backlog",
              "component": "sqs-alarm",
              "credit-source": "aws-activate",
              "environment": "prod",
              "gcp-key": "seo-internal-linker",
              "landing-zone": "aws-async-workers",
              "managed-by": "terraform",
              "owner": "infra",
              "project": "syrabit"
            },
            "threshold": 200,
            "threshold_metric_id": "",
            "treat_missing_data": "notBreaching",
            "unit": ""
          },
          "sensitive_attributes": [],
          "private": "eyJzY2hlbWFfdmVyc2lvbiI6IjEifQ==",
          "dependencies": [
            "aws_sns_topic.ops_alerts",
            "aws_sqs_queue.worker",
            "aws_sqs_queue.worker_dlq"
          ]
        },
        {
          "index_key": "unified-logs-cf-pull",
          "schema_version": 1,
          "attributes": {
            "actions_enabled": true,
            "alarm_actions": [
              "arn:aws:sns:ap-south-1:271740379017:syrabit-ops-alerts"
            ],
            "alarm_description": "SQS queue syrabit-unified-logs-pull backlog above 50 for 3m — consumer Lambda likely stuck or throttled.",
            "alarm_name": "syrabit-unified-logs-pull-backlog",
            "arn": "arn:aws:cloudwatch:ap-south-1:271740379017:alarm:syrabit-unified-logs-pull-backlog",
            "comparison_operator": "GreaterThanThreshold",
            "datapoints_to_alarm": 0,
            "dimensions": {
              "QueueName": "syrabit-unified-logs-pull"
            },
            "evaluate_low_sample_count_percentiles": "",
            "evaluation_criteria": [],
            "evaluation_interval": 0,
            "evaluation_periods": 3,
            "extended_statistic": "",
            "id": "syrabit-unified-logs-pull-backlog",
            "insufficient_data_actions": [],
            "metric_name": "ApproximateNumberOfMessagesVisible",
            "metric_query": [],
            "namespace": "AWS/SQS",
            "ok_actions": [
              "arn:aws:sns:ap-south-1:271740379017:syrabit-ops-alerts"
            ],
            "period": 60,
            "region": "ap-south-1",
            "statistic": "Maximum",
            "tags": {
              "Name": "syrabit-unified-logs-pull-backlog",
              "component": "sqs-alarm",
              "credit-source": "aws-activate",
              "environment": "prod",
              "gcp-key": "unified-logs-cf-pull",
              "landing-zone": "aws-async-workers",
              "managed-by": "terraform",
              "owner": "infra",
              "project": "syrabit"
            },
            "tags_all": {
              "Name": "syrabit-unified-logs-pull-backlog",
              "component": "sqs-alarm",
              "credit-source": "aws-activate",
              "environment": "prod",
              "gcp-key": "unified-logs-cf-pull",
              "landing-zone": "aws-async-workers",
              "managed-by": "terraform",
              "owner": "infra",
              "project": "syrabit"
            },
            "threshold": 50,
            "threshold_metric_id": "",
            "treat_missing_data": "notBreaching",
            "unit": ""
          },
          "sensitive_attributes": [],
          "private": "eyJzY2hlbWFfdmVyc2lvbiI6IjEifQ==",
          "dependencies": [
            "aws_sns_topic.ops_alerts",
            "aws_sqs_queue.worker",
            "aws_sqs_queue.worker_dlq"
          ]
        }
      ]
    },
    {
      "mode": "managed",
      "type": "aws_cloudwatch_metric_alarm",
      "name": "sqs_dlq_depth",
      "provider": "provider[\"registry.terraform.io/hashicorp/aws\"]",
      "instances": [
        {
          "index_key": "bing-keyword-refresh",
          "schema_version": 1,
          "attributes": {
            "actions_enabled": true,
            "alarm_actions": [
              "arn:aws:sns:ap-south-1:271740379017:syrabit-ops-alerts"
            ],
            "alarm_description": "DLQ syrabit-bing-keyword-dlq has at least one message — consumer drained max_receive_count without success.",
            "alarm_name": "syrabit-bing-keyword-dlq-not-empty",
            "arn": "arn:aws:cloudwatch:ap-south-1:271740379017:alarm:syrabit-bing-keyword-dlq-not-empty",
            "comparison_operator": "GreaterThanThreshold",
            "datapoints_to_alarm": 0,
            "dimensions": {
              "QueueName": "syrabit-bing-keyword-dlq"
            },
            "evaluate_low_sample_count_percentiles": "",
            "evaluation_criteria": [],
            "evaluation_interval": 0,
            "evaluation_periods": 1,
            "extended_statistic": "",
            "id": "syrabit-bing-keyword-dlq-not-empty",
            "insufficient_data_actions": [],
            "metric_name": "ApproximateNumberOfMessagesVisible",
            "metric_query": [],
            "namespace": "AWS/SQS",
            "ok_actions": [
              "arn:aws:sns:ap-south-1:271740379017:syrabit-ops-alerts"
            ],
            "period": 60,
            "region": "ap-south-1",
            "statistic": "Maximum",
            "tags": {
              "Name": "syrabit-bing-keyword-dlq-not-empty",
              "component": "sqs-dlq-alarm",
              "credit-source": "aws-activate",
              "environment": "prod",
              "gcp-key": "bing-keyword-refresh",
              "landing-zone": "aws-async-workers",
              "managed-by": "terraform",
              "owner": "infra",
              "project": "syrabit"
            },
            "tags_all": {
              "Name": "syrabit-bing-keyword-dlq-not-empty",
              "component": "sqs-dlq-alarm",
              "credit-source": "aws-activate",
              "environment": "prod",
              "gcp-key": "bing-keyword-refresh",
              "landing-zone": "aws-async-workers",
              "managed-by": "terraform",
              "owner": "infra",
              "project": "syrabit"
            },
            "threshold": 0,
            "threshold_metric_id": "",
            "treat_missing_data": "notBreaching",
            "unit": ""
          },
          "sensitive_attributes": [],
          "private": "eyJzY2hlbWFfdmVyc2lvbiI6IjEifQ==",
          "dependencies": [
            "aws_sns_topic.ops_alerts",
            "aws_sqs_queue.worker_dlq"
          ]
        },
        {
          "index_key": "bing-submit",
          "schema_version": 1,
          "attributes": {
            "actions_enabled": true,
            "alarm_actions": [
              "arn:aws:sns:ap-south-1:271740379017:syrabit-ops-alerts"
            ],
            "alarm_description": "DLQ syrabit-bing-submit-dlq has at least one message — consumer drained max_receive_count without success.",
            "alarm_name": "syrabit-bing-submit-dlq-not-empty",
            "arn": "arn:aws:cloudwatch:ap-south-1:271740379017:alarm:syrabit-bing-submit-dlq-not-empty",
            "comparison_operator": "GreaterThanThreshold",
            "datapoints_to_alarm": 0,
            "dimensions": {
              "QueueName": "syrabit-bing-submit-dlq"
            },
            "evaluate_low_sample_count_percentiles": "",
            "evaluation_criteria": [],
            "evaluation_interval": 0,
            "evaluation_periods": 1,
            "extended_statistic": "",
            "id": "syrabit-bing-submit-dlq-not-empty",
            "insufficient_data_actions": [],
            "metric_name": "ApproximateNumberOfMessagesVisible",
            "metric_query": [],
            "namespace": "AWS/SQS",
            "ok_actions": [
              "arn:aws:sns:ap-south-1:271740379017:syrabit-ops-alerts"
            ],
            "period": 60,
            "region": "ap-south-1",
            "statistic": "Maximum",
            "tags": {
              "Name": "syrabit-bing-submit-dlq-not-empty",
              "component": "sqs-dlq-alarm",
              "credit-source": "aws-activate",
              "environment": "prod",
              "gcp-key": "bing-submit",
              "landing-zone": "aws-async-workers",
              "managed-by": "terraform",
              "owner": "infra",
              "project": "syrabit"
            },
            "tags_all": {
              "Name": "syrabit-bing-submit-dlq-not-empty",
              "component": "sqs-dlq-alarm",
              "credit-source": "aws-activate",
              "environment": "prod",
              "gcp-key": "bing-submit",
              "landing-zone": "aws-async-workers",
              "managed-by": "terraform",
              "owner": "infra",
              "project": "syrabit"
            },
            "threshold": 0,
            "threshold_metric_id": "",
            "treat_missing_data": "notBreaching",
            "unit": ""
          },
          "sensitive_attributes": [],
          "private": "eyJzY2hlbWFfdmVyc2lvbiI6IjEifQ==",
          "dependencies": [
            "aws_sns_topic.ops_alerts",
            "aws_sqs_queue.worker_dlq"
          ]
        },
        {
          "index_key": "cf-bot-crosscheck",
          "schema_version": 1,
          "attributes": {
            "actions_enabled": true,
            "alarm_actions": [
              "arn:aws:sns:ap-south-1:271740379017:syrabit-ops-alerts"
            ],
            "alarm_description": "DLQ syrabit-cf-bot-crosscheck-dlq has at least one message — consumer drained max_receive_count without success.",
            "alarm_name": "syrabit-cf-bot-crosscheck-dlq-not-empty",
            "arn": "arn:aws:cloudwatch:ap-south-1:271740379017:alarm:syrabit-cf-bot-crosscheck-dlq-not-empty",
            "comparison_operator": "GreaterThanThreshold",
            "datapoints_to_alarm": 0,
            "dimensions": {
              "QueueName": "syrabit-cf-bot-crosscheck-dlq"
            },
            "evaluate_low_sample_count_percentiles": "",
            "evaluation_criteria": [],
            "evaluation_interval": 0,
            "evaluation_periods": 1,
            "extended_statistic": "",
            "id": "syrabit-cf-bot-crosscheck-dlq-not-empty",
            "insufficient_data_actions": [],
            "metric_name": "ApproximateNumberOfMessagesVisible",
            "metric_query": [],
            "namespace": "AWS/SQS",
            "ok_actions": [
              "arn:aws:sns:ap-south-1:271740379017:syrabit-ops-alerts"
            ],
            "period": 60,
            "region": "ap-south-1",
            "statistic": "Maximum",
            "tags": {
              "Name": "syrabit-cf-bot-crosscheck-dlq-not-empty",
              "component": "sqs-dlq-alarm",
              "credit-source": "aws-activate",
              "environment": "prod",
              "gcp-key": "cf-bot-crosscheck",
              "landing-zone": "aws-async-workers",
              "managed-by": "terraform",
              "owner": "infra",
              "project": "syrabit"
            },
            "tags_all": {
              "Name": "syrabit-cf-bot-crosscheck-dlq-not-empty",
              "component": "sqs-dlq-alarm",
              "credit-source": "aws-activate",
              "environment": "prod",
              "gcp-key": "cf-bot-crosscheck",
              "landing-zone": "aws-async-workers",
              "managed-by": "terraform",
              "owner": "infra",
              "project": "syrabit"
            },
            "threshold": 0,
            "threshold_metric_id": "",
            "treat_missing_data": "notBreaching",
            "unit": ""
          },
          "sensitive_attributes": [],
          "private": "eyJzY2hlbWFfdmVyc2lvbiI6IjEifQ==",
          "dependencies": [
            "aws_sns_topic.ops_alerts",
            "aws_sqs_queue.worker_dlq"
          ]
        },
        {
          "index_key": "discovery-engine-ingest",
          "schema_version": 1,
          "attributes": {
            "actions_enabled": true,
            "alarm_actions": [
              "arn:aws:sns:ap-south-1:271740379017:syrabit-ops-alerts"
            ],
            "alarm_description": "DLQ syrabit-discovery-ingest-dlq has at least one message — consumer drained max_receive_count without success.",
            "alarm_name": "syrabit-discovery-ingest-dlq-not-empty",
            "arn": "arn:aws:cloudwatch:ap-south-1:271740379017:alarm:syrabit-discovery-ingest-dlq-not-empty",
            "comparison_operator": "GreaterThanThreshold",
            "datapoints_to_alarm": 0,
            "dimensions": {
              "QueueName": "syrabit-discovery-ingest-dlq"
            },
            "evaluate_low_sample_count_percentiles": "",
            "evaluation_criteria": [],
            "evaluation_interval": 0,
            "evaluation_periods": 1,
            "extended_statistic": "",
            "id": "syrabit-discovery-ingest-dlq-not-empty",
            "insufficient_data_actions": [],
            "metric_name": "ApproximateNumberOfMessagesVisible",
            "metric_query": [],
            "namespace": "AWS/SQS",
            "ok_actions": [
              "arn:aws:sns:ap-south-1:271740379017:syrabit-ops-alerts"
            ],
            "period": 60,
            "region": "ap-south-1",
            "statistic": "Maximum",
            "tags": {
              "Name": "syrabit-discovery-ingest-dlq-not-empty",
              "component": "sqs-dlq-alarm",
              "credit-source": "aws-activate",
              "environment": "prod",
              "gcp-key": "discovery-engine-ingest",
              "landing-zone": "aws-async-workers",
              "managed-by": "terraform",
              "owner": "infra",
              "project": "syrabit"
            },
            "tags_all": {
              "Name": "syrabit-discovery-ingest-dlq-not-empty",
              "component": "sqs-dlq-alarm",
              "credit-source": "aws-activate",
              "environment": "prod",
              "gcp-key": "discovery-engine-ingest",
              "landing-zone": "aws-async-workers",
              "managed-by": "terraform",
              "owner": "infra",
              "project": "syrabit"
            },
            "threshold": 0,
            "threshold_metric_id": "",
            "treat_missing_data": "notBreaching",
            "unit": ""
          },
          "sensitive_attributes": [],
          "private": "eyJzY2hlbWFfdmVyc2lvbiI6IjEifQ==",
          "dependencies": [
            "aws_sns_topic.ops_alerts",
            "aws_sqs_queue.worker_dlq"
          ]
        },
        {
          "index_key": "email-fallback",
          "schema_version": 1,
          "attributes": {
            "actions_enabled": true,
            "alarm_actions": [
              "arn:aws:sns:ap-south-1:271740379017:syrabit-ops-alerts"
            ],
            "alarm_description": "DLQ syrabit-email-fallback-dlq has at least one message — consumer drained max_receive_count without success.",
            "alarm_name": "syrabit-email-fallback-dlq-not-empty",
            "arn": "arn:aws:cloudwatch:ap-south-1:271740379017:alarm:syrabit-email-fallback-dlq-not-empty",
            "comparison_operator": "GreaterThanThreshold",
            "datapoints_to_alarm": 0,
            "dimensions": {
              "QueueName": "syrabit-email-fallback-dlq"
            },
            "evaluate_low_sample_count_percentiles": "",
            "evaluation_criteria": [],
            "evaluation_interval": 0,
            "evaluation_periods": 1,
            "extended_statistic": "",
            "id": "syrabit-email-fallback-dlq-not-empty",
            "insufficient_data_actions": [],
            "metric_name": "ApproximateNumberOfMessagesVisible",
            "metric_query": [],
            "namespace": "AWS/SQS",
            "ok_actions": [
              "arn:aws:sns:ap-south-1:271740379017:syrabit-ops-alerts"
            ],
            "period": 60,
            "region": "ap-south-1",
            "statistic": "Maximum",
            "tags": {
              "Name": "syrabit-email-fallback-dlq-not-empty",
              "component": "sqs-dlq-alarm",
              "credit-source": "aws-activate",
              "environment": "prod",
              "gcp-key": "email-fallback",
              "landing-zone": "aws-async-workers",
              "managed-by": "terraform",
              "owner": "infra",
              "project": "syrabit"
            },
            "tags_all": {
              "Name": "syrabit-email-fallback-dlq-not-empty",
              "component": "sqs-dlq-alarm",
              "credit-source": "aws-activate",
              "environment": "prod",
              "gcp-key": "email-fallback",
              "landing-zone": "aws-async-workers",
              "managed-by": "terraform",
              "owner": "infra",
              "project": "syrabit"
            },
            "threshold": 0,
            "threshold_metric_id": "",
            "treat_missing_data": "notBreaching",
            "unit": ""
          },
          "sensitive_attributes": [],
          "private": "eyJzY2hlbWFfdmVyc2lvbiI6IjEifQ==",
          "dependencies": [
            "aws_sns_topic.ops_alerts",
            "aws_sqs_queue.worker_dlq"
          ]
        },
        {
          "index_key": "seo-indexnow",
          "schema_version": 1,
          "attributes": {
            "actions_enabled": true,
            "alarm_actions": [
              "arn:aws:sns:ap-south-1:271740379017:syrabit-ops-alerts"
            ],
            "alarm_description": "DLQ syrabit-seo-indexnow-dlq has at least one message — consumer drained max_receive_count without success.",
            "alarm_name": "syrabit-seo-indexnow-dlq-not-empty",
            "arn": "arn:aws:cloudwatch:ap-south-1:271740379017:alarm:syrabit-seo-indexnow-dlq-not-empty",
            "comparison_operator": "GreaterThanThreshold",
            "datapoints_to_alarm": 0,
            "dimensions": {
              "QueueName": "syrabit-seo-indexnow-dlq"
            },
            "evaluate_low_sample_count_percentiles": "",
            "evaluation_criteria": [],
            "evaluation_interval": 0,
            "evaluation_periods": 1,
            "extended_statistic": "",
            "id": "syrabit-seo-indexnow-dlq-not-empty",
            "insufficient_data_actions": [],
            "metric_name": "ApproximateNumberOfMessagesVisible",
            "metric_query": [],
            "namespace": "AWS/SQS",
            "ok_actions": [
              "arn:aws:sns:ap-south-1:271740379017:syrabit-ops-alerts"
            ],
            "period": 60,
            "region": "ap-south-1",
            "statistic": "Maximum",
            "tags": {
              "Name": "syrabit-seo-indexnow-dlq-not-empty",
              "component": "sqs-dlq-alarm",
              "credit-source": "aws-activate",
              "environment": "prod",
              "gcp-key": "seo-indexnow",
              "landing-zone": "aws-async-workers",
              "managed-by": "terraform",
              "owner": "infra",
              "project": "syrabit"
            },
            "tags_all": {
              "Name": "syrabit-seo-indexnow-dlq-not-empty",
              "component": "sqs-dlq-alarm",
              "credit-source": "aws-activate",
              "environment": "prod",
              "gcp-key": "seo-indexnow",
              "landing-zone": "aws-async-workers",
              "managed-by": "terraform",
              "owner": "infra",
              "project": "syrabit"
            },
            "threshold": 0,
            "threshold_metric_id": "",
            "treat_missing_data": "notBreaching",
            "unit": ""
          },
          "sensitive_attributes": [],
          "private": "eyJzY2hlbWFfdmVyc2lvbiI6IjEifQ==",
          "dependencies": [
            "aws_sns_topic.ops_alerts",
            "aws_sqs_queue.worker_dlq"
          ]
        },
        {
          "index_key": "seo-internal-linker",
          "schema_version": 1,
          "attributes": {
            "actions_enabled": true,
            "alarm_actions": [
              "arn:aws:sns:ap-south-1:271740379017:syrabit-ops-alerts"
            ],
            "alarm_description": "DLQ syrabit-seo-internal-linker-dlq has at least one message — consumer drained max_receive_count without success.",
            "alarm_name": "syrabit-seo-internal-linker-dlq-not-empty",
            "arn": "arn:aws:cloudwatch:ap-south-1:271740379017:alarm:syrabit-seo-internal-linker-dlq-not-empty",
            "comparison_operator": "GreaterThanThreshold",
            "datapoints_to_alarm": 0,
            "dimensions": {
              "QueueName": "syrabit-seo-internal-linker-dlq"
            },
            "evaluate_low_sample_count_percentiles": "",
            "evaluation_criteria": [],
            "evaluation_interval": 0,
            "evaluation_periods": 1,
            "extended_statistic": "",
            "id": "syrabit-seo-internal-linker-dlq-not-empty",
            "insufficient_data_actions": [],
            "metric_name": "ApproximateNumberOfMessagesVisible",
            "metric_query": [],
            "namespace": "AWS/SQS",
            "ok_actions": [
              "arn:aws:sns:ap-south-1:271740379017:syrabit-ops-alerts"
            ],
            "period": 60,
            "region": "ap-south-1",
            "statistic": "Maximum",
            "tags": {
              "Name": "syrabit-seo-internal-linker-dlq-not-empty",
              "component": "sqs-dlq-alarm",
              "credit-source": "aws-activate",
              "environment": "prod",
              "gcp-key": "seo-internal-linker",
              "landing-zone": "aws-async-workers",
              "managed-by": "terraform",
              "owner": "infra",
              "project": "syrabit"
            },
            "tags_all": {
              "Name": "syrabit-seo-internal-linker-dlq-not-empty",
              "component": "sqs-dlq-alarm",
              "credit-source": "aws-activate",
              "environment": "prod",
              "gcp-key": "seo-internal-linker",
              "landing-zone": "aws-async-workers",
              "managed-by": "terraform",
              "owner": "infra",
              "project": "syrabit"
            },
            "threshold": 0,
            "threshold_metric_id": "",
            "treat_missing_data": "notBreaching",
            "unit": ""
          },
          "sensitive_attributes": [],
          "private": "eyJzY2hlbWFfdmVyc2lvbiI6IjEifQ==",
          "dependencies": [
            "aws_sns_topic.ops_alerts",
            "aws_sqs_queue.worker_dlq"
          ]
        },
        {
          "index_key": "unified-logs-cf-pull",
          "schema_version": 1,
          "attributes": {
            "actions_enabled": true,
            "alarm_actions": [
              "arn:aws:sns:ap-south-1:271740379017:syrabit-ops-alerts"
            ],
            "alarm_description": "DLQ syrabit-unified-logs-pull-dlq has at least one message — consumer drained max_receive_count without success.",
            "alarm_name": "syrabit-unified-logs-pull-dlq-not-empty",
            "arn": "arn:aws:cloudwatch:ap-south-1:271740379017:alarm:syrabit-unified-logs-pull-dlq-not-empty",
            "comparison_operator": "GreaterThanThreshold",
            "datapoints_to_alarm": 0,
            "dimensions": {
              "QueueName": "syrabit-unified-logs-pull-dlq"
            },
            "evaluate_low_sample_count_percentiles": "",
            "evaluation_criteria": [],
            "evaluation_interval": 0,
            "evaluation_periods": 1,
            "extended_statistic": "",
            "id": "syrabit-unified-logs-pull-dlq-not-empty",
            "insufficient_data_actions": [],
            "metric_name": "ApproximateNumberOfMessagesVisible",
            "metric_query": [],
            "namespace": "AWS/SQS",
            "ok_actions": [
              "arn:aws:sns:ap-south-1:271740379017:syrabit-ops-alerts"
            ],
            "period": 60,
            "region": "ap-south-1",
            "statistic": "Maximum",
            "tags": {
              "Name": "syrabit-unified-logs-pull-dlq-not-empty",
              "component": "sqs-dlq-alarm",
              "credit-source": "aws-activate",
              "environment": "prod",
              "gcp-key": "unified-logs-cf-pull",
              "landing-zone": "aws-async-workers",
              "managed-by": "terraform",
              "owner": "infra",
              "project": "syrabit"
            },
            "tags_all": {
              "Name": "syrabit-unified-logs-pull-dlq-not-empty",
              "component": "sqs-dlq-alarm",
              "credit-source": "aws-activate",
              "environment": "prod",
              "gcp-key": "unified-logs-cf-pull",
              "landing-zone": "aws-async-workers",
              "managed-by": "terraform",
              "owner": "infra",
              "project": "syrabit"
            },
            "threshold": 0,
            "threshold_metric_id": "",
            "treat_missing_data": "notBreaching",
            "unit": ""
          },
          "sensitive_attributes": [],
          "private": "eyJzY2hlbWFfdmVyc2lvbiI6IjEifQ==",
          "dependencies": [
            "aws_sns_topic.ops_alerts",
            "aws_sqs_queue.worker_dlq"
          ]
        }
      ]
    },
    {
      "mode": "managed",
      "type": "aws_ecr_lifecycle_policy",
      "name": "workers",
      "provider": "provider[\"registry.terraform.io/hashicorp/aws\"]",
      "instances": [
        {
          "index_key": "bedrock-proxy",
          "schema_version": 0,
          "attributes": {
            "id": "syrabit/bedrock-proxy",
            "policy": "{\"rules\":[{\"action\":{\"type\":\"expire\"},\"description\":\"Keep the last 20 tagged images\",\"rulePriority\":1,\"selection\":{\"countNumber\":20,\"countType\":\"imageCountMoreThan\",\"tagPatternList\":[\"*\"],\"tagStatus\":\"tagged\"}},{\"action\":{\"type\":\"expire\"},\"description\":\"Expire untagged images after 7 days\",\"rulePriority\":2,\"selection\":{\"countNumber\":7,\"countType\":\"sinceImagePushed\",\"countUnit\":\"days\",\"tagStatus\":\"untagged\"}}]}",
            "region": "ap-south-1",
            "registry_id": "271740379017",
            "repository": "syrabit/bedrock-proxy"
          },
          "sensitive_attributes": [],
          "private": "bnVsbA==",
          "dependencies": [
            "aws_ecr_repository.workers"
          ]
        },
        {
          "index_key": "email-worker",
          "schema_version": 0,
          "attributes": {
            "id": "syrabit/email-worker",
            "policy": "{\"rules\":[{\"action\":{\"type\":\"expire\"},\"description\":\"Keep the last 20 tagged images\",\"rulePriority\":1,\"selection\":{\"countNumber\":20,\"countType\":\"imageCountMoreThan\",\"tagPatternList\":[\"*\"],\"tagStatus\":\"tagged\"}},{\"action\":{\"type\":\"expire\"},\"description\":\"Expire untagged images after 7 days\",\"rulePriority\":2,\"selection\":{\"countNumber\":7,\"countType\":\"sinceImagePushed\",\"countUnit\":\"days\",\"tagStatus\":\"untagged\"}}]}",
            "region": "ap-south-1",
            "registry_id": "271740379017",
            "repository": "syrabit/email-worker"
          },
          "sensitive_attributes": [],
          "private": "bnVsbA==",
          "dependencies": [
            "aws_ecr_repository.workers"
          ]
        },
        {
          "index_key": "health-prober",
          "schema_version": 0,
          "attributes": {
            "id": "syrabit/health-prober",
            "policy": "{\"rules\":[{\"action\":{\"type\":\"expire\"},\"description\":\"Keep the last 20 tagged images\",\"rulePriority\":1,\"selection\":{\"countNumber\":20,\"countType\":\"imageCountMoreThan\",\"tagPatternList\":[\"*\"],\"tagStatus\":\"tagged\"}},{\"action\":{\"type\":\"expire\"},\"description\":\"Expire untagged images after 7 days\",\"rulePriority\":2,\"selection\":{\"countNumber\":7,\"countType\":\"sinceImagePushed\",\"countUnit\":\"days\",\"tagStatus\":\"untagged\"}}]}",
            "region": "ap-south-1",
            "registry_id": "271740379017",
            "repository": "syrabit/health-prober"
          },
          "sensitive_attributes": [],
          "private": "bnVsbA==",
          "dependencies": [
            "aws_ecr_repository.workers"
          ]
        },
        {
          "index_key": "queue-fanout",
          "schema_version": 0,
          "attributes": {
            "id": "syrabit/queue-fanout",
            "policy": "{\"rules\":[{\"action\":{\"type\":\"expire\"},\"description\":\"Keep the last 20 tagged images\",\"rulePriority\":1,\"selection\":{\"countNumber\":20,\"countType\":\"imageCountMoreThan\",\"tagPatternList\":[\"*\"],\"tagStatus\":\"tagged\"}},{\"action\":{\"type\":\"expire\"},\"description\":\"Expire untagged images after 7 days\",\"rulePriority\":2,\"selection\":{\"countNumber\":7,\"countType\":\"sinceImagePushed\",\"countUnit\":\"days\",\"tagStatus\":\"untagged\"}}]}",
            "region": "ap-south-1",
            "registry_id": "271740379017",
            "repository": "syrabit/queue-fanout"
          },
          "sensitive_attributes": [],
          "private": "bnVsbA==",
          "dependencies": [
            "aws_ecr_repository.workers"
          ]
        }
      ]
    },
    {
      "mode": "managed",
      "type": "aws_ecr_repository",
      "name": "workers",
      "provider": "provider[\"registry.terraform.io/hashicorp/aws\"]",
      "instances": [
        {
          "index_key": "bedrock-proxy",
          "schema_version": 0,
          "attributes": {
            "arn": "arn:aws:ecr:ap-south-1:271740379017:repository/syrabit/bedrock-proxy",
            "encryption_configuration": [
              {
                "encryption_type": "AES256",
                "kms_key": ""
              }
            ],
            "force_delete": false,
            "id": "syrabit/bedrock-proxy",
            "image_scanning_configuration": [
              {
                "scan_on_push": true
              }
            ],
            "image_tag_mutability": "IMMUTABLE",
            "image_tag_mutability_exclusion_filter": [],
            "name": "syrabit/bedrock-proxy",
            "region": "ap-south-1",
            "registry_id": "271740379017",
            "repository_url": "271740379017.dkr.ecr.ap-south-1.amazonaws.com/syrabit/bedrock-proxy",
            "tags": {
              "Name": "syrabit/bedrock-proxy",
              "credit-source": "aws-activate",
              "environment": "prod",
              "landing-zone": "aws-async-workers",
              "managed-by": "terraform",
              "owner": "infra",
              "project": "syrabit",
              "worker": "bedrock-proxy"
            },
            "tags_all": {
              "Name": "syrabit/bedrock-proxy",
              "credit-source": "aws-activate",
              "environment": "prod",
              "landing-zone": "aws-async-workers",
              "managed-by": "terraform",
              "owner": "infra",
              "project": "syrabit",
              "worker": "bedrock-proxy"
            },
            "timeouts": null
          },
          "sensitive_attributes": [],
          "private": "eyJlMmJmYjczMC1lY2FhLTExZTYtOGY4OC0zNDM2M2JjN2M0YzAiOnsiZGVsZXRlIjoxMjAwMDAwMDAwMDAwfX0="
        },
        {
          "index_key": "email-worker",
          "schema_version": 0,
          "attributes": {
            "arn": "arn:aws:ecr:ap-south-1:271740379017:repository/syrabit/email-worker",
            "encryption_configuration": [
              {
                "encryption_type": "AES256",
                "kms_key": ""
              }
            ],
            "force_delete": false,
            "id": "syrabit/email-worker",
            "image_scanning_configuration": [
              {
                "scan_on_push": true
              }
            ],
            "image_tag_mutability": "IMMUTABLE",
            "image_tag_mutability_exclusion_filter": [],
            "name": "syrabit/email-worker",
            "region": "ap-south-1",
            "registry_id": "271740379017",
            "repository_url": "271740379017.dkr.ecr.ap-south-1.amazonaws.com/syrabit/email-worker",
            "tags": {
              "Name": "syrabit/email-worker",
              "credit-source": "aws-activate",
              "environment": "prod",
              "landing-zone": "aws-async-workers",
              "managed-by": "terraform",
              "owner": "infra",
              "project": "syrabit",
              "worker": "email-worker"
            },
            "tags_all": {
              "Name": "syrabit/email-worker",
              "credit-source": "aws-activate",
              "environment": "prod",
              "landing-zone": "aws-async-workers",
              "managed-by": "terraform",
              "owner": "infra",
              "project": "syrabit",
              "worker": "email-worker"
            },
            "timeouts": null
          },
          "sensitive_attributes": [],
          "private": "eyJlMmJmYjczMC1lY2FhLTExZTYtOGY4OC0zNDM2M2JjN2M0YzAiOnsiZGVsZXRlIjoxMjAwMDAwMDAwMDAwfX0="
        },
        {
          "index_key": "health-prober",
          "schema_version": 0,
          "attributes": {
            "arn": "arn:aws:ecr:ap-south-1:271740379017:repository/syrabit/health-prober",
            "encryption_configuration": [
              {
                "encryption_type": "AES256",
                "kms_key": ""
              }
            ],
            "force_delete": false,
            "id": "syrabit/health-prober",
            "image_scanning_configuration": [
              {
                "scan_on_push": true
              }
            ],
            "image_tag_mutability": "IMMUTABLE",
            "image_tag_mutability_exclusion_filter": [],
            "name": "syrabit/health-prober",
            "region": "ap-south-1",
            "registry_id": "271740379017",
            "repository_url": "271740379017.dkr.ecr.ap-south-1.amazonaws.com/syrabit/health-prober",
            "tags": {
              "Name": "syrabit/health-prober",
              "credit-source": "aws-activate",
              "environment": "prod",
              "landing-zone": "aws-async-workers",
              "managed-by": "terraform",
              "owner": "infra",
              "project": "syrabit",
              "worker": "health-prober"
            },
            "tags_all": {
              "Name": "syrabit/health-prober",
              "credit-source": "aws-activate",
              "environment": "prod",
              "landing-zone": "aws-async-workers",
              "managed-by": "terraform",
              "owner": "infra",
              "project": "syrabit",
              "worker": "health-prober"
            },
            "timeouts": null
          },
          "sensitive_attributes": [],
          "private": "eyJlMmJmYjczMC1lY2FhLTExZTYtOGY4OC0zNDM2M2JjN2M0YzAiOnsiZGVsZXRlIjoxMjAwMDAwMDAwMDAwfX0="
        },
        {
          "index_key": "queue-fanout",
          "schema_version": 0,
          "attributes": {
            "arn": "arn:aws:ecr:ap-south-1:271740379017:repository/syrabit/queue-fanout",
            "encryption_configuration": [
              {
                "encryption_type": "AES256",
                "kms_key": ""
              }
            ],
            "force_delete": false,
            "id": "syrabit/queue-fanout",
            "image_scanning_configuration": [
              {
                "scan_on_push": true
              }
            ],
            "image_tag_mutability": "IMMUTABLE",
            "image_tag_mutability_exclusion_filter": [],
            "name": "syrabit/queue-fanout",
            "region": "ap-south-1",
            "registry_id": "271740379017",
            "repository_url": "271740379017.dkr.ecr.ap-south-1.amazonaws.com/syrabit/queue-fanout",
            "tags": {
              "Name": "syrabit/queue-fanout",
              "credit-source": "aws-activate",
              "environment": "prod",
              "landing-zone": "aws-async-workers",
              "managed-by": "terraform",
              "owner": "infra",
              "project": "syrabit",
              "worker": "queue-fanout"
            },
            "tags_all": {
              "Name": "syrabit/queue-fanout",
              "credit-source": "aws-activate",
              "environment": "prod",
              "landing-zone": "aws-async-workers",
              "managed-by": "terraform",
              "owner": "infra",
              "project": "syrabit",
              "worker": "queue-fanout"
            },
            "timeouts": null
          },
          "sensitive_attributes": [],
          "private": "eyJlMmJmYjczMC1lY2FhLTExZTYtOGY4OC0zNDM2M2JjN2M0YzAiOnsiZGVsZXRlIjoxMjAwMDAwMDAwMDAwfX0="
        }
      ]
    },
    {
      "mode": "managed",
      "type": "aws_eip",
      "name": "nat",
      "provider": "provider[\"registry.terraform.io/hashicorp/aws\"]",
      "instances": [
        {
          "schema_version": 0,
          "attributes": {
            "address": null,
            "allocation_id": "eipalloc-07d09b336638069a5",
            "arn": "arn:aws:ec2:ap-south-1:271740379017:elastic-ip/eipalloc-07d09b336638069a5",
            "associate_with_private_ip": null,
            "association_id": "eipassoc-0e51437a5c913cd5e",
            "carrier_ip": "",
            "customer_owned_ip": "",
            "customer_owned_ipv4_pool": "",
            "domain": "vpc",
            "id": "eipalloc-07d09b336638069a5",
            "instance": "",
            "ipam_pool_id": "",
            "network_border_group": "ap-south-1",
            "network_interface": "eni-00e287ce8da8d3999",
            "private_dns": "ip-10-40-0-248.ap-south-1.compute.internal",
            "private_ip": "10.40.0.248",
            "ptr_record": "",
            "public_dns": "ec2-13-207-8-116.ap-south-1.compute.amazonaws.com",
            "public_ip": "13.207.8.116",
            "public_ipv4_pool": "amazon",
            "region": "ap-south-1",
            "tags": {
              "Name": "syrabit-nat-eip",
              "credit-source": "aws-activate",
              "environment": "prod",
              "landing-zone": "aws-async-workers",
              "managed-by": "terraform",
              "owner": "infra",
              "project": "syrabit"
            },
            "tags_all": {
              "Name": "syrabit-nat-eip",
              "credit-source": "aws-activate",
              "environment": "prod",
              "landing-zone": "aws-async-workers",
              "managed-by": "terraform",
              "owner": "infra",
              "project": "syrabit"
            },
            "timeouts": null
          },
          "sensitive_attributes": [],
          "private": "eyJlMmJmYjczMC1lY2FhLTExZTYtOGY4OC0zNDM2M2JjN2M0YzAiOnsiZGVsZXRlIjoxODAwMDAwMDAwMDAsInJlYWQiOjkwMDAwMDAwMDAwMCwidXBkYXRlIjozMDAwMDAwMDAwMDB9fQ=="
        }
      ]
    },
    {
      "mode": "managed",
      "type": "aws_iam_openid_connect_provider",
      "name": "azure_cron",
      "provider": "provider[\"registry.terraform.io/hashicorp/aws\"]",
      "instances": [
        {
          "schema_version": 0,
          "attributes": {
            "arn": "arn:aws:iam::271740379017:oidc-provider/login.microsoftonline.com/00000000-0000-0000-0000-000000000000/v2.0",
            "client_id_list": [
              "api://AzureADTokenExchange"
            ],
            "id": "arn:aws:iam::271740379017:oidc-provider/login.microsoftonline.com/00000000-0000-0000-0000-000000000000/v2.0",
            "tags": {
              "component": "cross-cloud-auth",
              "credit-source": "aws-activate",
              "environment": "prod",
              "landing-zone": "aws-async-workers",
              "managed-by": "terraform",
              "owner": "infra",
              "project": "syrabit"
            },
            "tags_all": {
              "component": "cross-cloud-auth",
              "credit-source": "aws-activate",
              "environment": "prod",
              "landing-zone": "aws-async-workers",
              "managed-by": "terraform",
              "owner": "infra",
              "project": "syrabit"
            },
            "thumbprint_list": [
              "626d44e704d1ceabe3bf0d53397464ac8080142c"
            ],
            "url": "login.microsoftonline.com/00000000-0000-0000-0000-000000000000/v2.0"
          },
          "sensitive_attributes": [],
          "private": "bnVsbA=="
        }
      ]
    },
    {
      "mode": "managed",
      "type": "aws_iam_openid_connect_provider",
      "name": "github",
      "provider": "provider[\"registry.terraform.io/hashicorp/aws\"]",
      "instances": [
        {
          "schema_version": 0,
          "attributes": {
            "arn": "arn:aws:iam::271740379017:oidc-provider/token.actions.githubusercontent.com",
            "client_id_list": [
              "sts.amazonaws.com"
            ],
            "id": "arn:aws:iam::271740379017:oidc-provider/token.actions.githubusercontent.com",
            "tags": {
              "credit-source": "aws-activate",
              "environment": "prod",
              "landing-zone": "aws-async-workers",
              "managed-by": "terraform",
              "owner": "infra",
              "project": "syrabit"
            },
            "tags_all": {
              "credit-source": "aws-activate",
              "environment": "prod",
              "landing-zone": "aws-async-workers",
              "managed-by": "terraform",
              "owner": "infra",
              "project": "syrabit"
            },
            "thumbprint_list": [
              "6938fd4d98bab03faadb97b34396831e3780aea1"
            ],
            "url": "token.actions.githubusercontent.com"
          },
          "sensitive_attributes": [],
          "private": "bnVsbA=="
        }
      ]
    },
    {
      "mode": "managed",
      "type": "aws_iam_policy",
      "name": "cron_jobs_aws",
      "provider": "provider[\"registry.terraform.io/hashicorp/aws\"]",
      "instances": [
        {
          "schema_version": 0,
          "attributes": {
            "arn": "arn:aws:iam::271740379017:policy/syrabit-cron-jobs-aws",
            "attachment_count": 1,
            "delay_after_policy_creation_in_ms": null,
            "description": "Least-privilege SQS + CloudWatch grants for ACA cron jobs (Task #332).",
            "id": "arn:aws:iam::271740379017:policy/syrabit-cron-jobs-aws",
            "name": "syrabit-cron-jobs-aws",
            "name_prefix": "",
            "path": "/",
            "policy": "{\"Statement\":[{\"Action\":[\"sqs:SendMessageBatch\",\"sqs:SendMessage\",\"sqs:ReceiveMessage\",\"sqs:GetQueueUrl\",\"sqs:GetQueueAttributes\",\"sqs:DeleteMessage\"],\"Effect\":\"Allow\",\"Resource\":[\"arn:aws:sqs:ap-south-1:271740379017:syrabit-unified-logs-pull-dlq\",\"arn:aws:sqs:ap-south-1:271740379017:syrabit-unified-logs-pull\",\"arn:aws:sqs:ap-south-1:271740379017:syrabit-seo-internal-linker-dlq\",\"arn:aws:sqs:ap-south-1:271740379017:syrabit-seo-internal-linker\",\"arn:aws:sqs:ap-south-1:271740379017:syrabit-seo-indexnow-dlq\",\"arn:aws:sqs:ap-south-1:271740379017:syrabit-seo-indexnow\",\"arn:aws:sqs:ap-south-1:271740379017:syrabit-email-fallback-dlq\",\"arn:aws:sqs:ap-south-1:271740379017:syrabit-email-fallback\",\"arn:aws:sqs:ap-south-1:271740379017:syrabit-discovery-ingest-dlq\",\"arn:aws:sqs:ap-south-1:271740379017:syrabit-discovery-ingest\",\"arn:aws:sqs:ap-south-1:271740379017:syrabit-cf-bot-crosscheck-dlq\",\"arn:aws:sqs:ap-south-1:271740379017:syrabit-cf-bot-crosscheck\",\"arn:aws:sqs:ap-south-1:271740379017:syrabit-bing-submit-dlq\",\"arn:aws:sqs:ap-south-1:271740379017:syrabit-bing-submit\",\"arn:aws:sqs:ap-south-1:271740379017:syrabit-bing-keyword-dlq\",\"arn:aws:sqs:ap-south-1:271740379017:syrabit-bing-keyword\"],\"Sid\":\"EnqueueAndAdminListing\"},{\"Action\":[\"cloudwatch:GetMetricStatistics\",\"cloudwatch:GetMetricData\",\"cloudwatch:DescribeAlarms\"],\"Effect\":\"Allow\",\"Resource\":\"*\",\"Sid\":\"ReadCloudWatchForAdminCard\"}],\"Version\":\"2012-10-17\"}",
            "policy_id": "ANPAT6RH5D6ES44PG2UUF",
            "tags": {},
            "tags_all": {
              "credit-source": "aws-activate",
              "environment": "prod",
              "landing-zone": "aws-async-workers",
              "managed-by": "terraform",
              "owner": "infra",
              "project": "syrabit"
            }
          },
          "sensitive_attributes": [],
          "private": "bnVsbA==",
          "dependencies": [
            "aws_sqs_queue.worker",
            "aws_sqs_queue.worker_dlq",
            "data.aws_iam_policy_document.cron_jobs_aws_perms"
          ]
        }
      ]
    },
    {
      "mode": "managed",
      "type": "aws_iam_role",
      "name": "batch_job",
      "provider": "provider[\"registry.terraform.io/hashicorp/aws\"]",
      "instances": [
        {
          "schema_version": 0,
          "attributes": {
            "arn": "arn:aws:iam::271740379017:role/syrabit-batch-job-prod",
            "assume_role_policy": "{\"Statement\":[{\"Action\":\"sts:AssumeRole\",\"Effect\":\"Allow\",\"Principal\":{\"Service\":\"lambda.amazonaws.com\"}}],\"Version\":\"2012-10-17\"}",
            "create_date": "2026-05-09T10:48:56Z",
            "description": "",
            "force_detach_policies": false,
            "id": "syrabit-batch-job-prod",
            "inline_policy": [
              {
                "name": "batch-job-runtime",
                "policy": "{\"Version\":\"2012-10-17\",\"Statement\":[{\"Action\":[\"secretsmanager:GetSecretValue\",\"secretsmanager:DescribeSecret\"],\"Effect\":\"Allow\",\"Resource\":\"arn:aws:secretsmanager:ap-south-1:*:secret:syrabit/prod/*\"},{\"Action\":[\"ssm:GetParameter\",\"ssm:GetParametersByPath\"],\"Effect\":\"Allow\",\"Resource\":\"arn:aws:ssm:ap-south-1:*:parameter/syrabit/*\"},{\"Action\":[\"comprehend:DetectSentiment\",\"comprehend:DetectPiiEntities\"],\"Effect\":\"Allow\",\"Resource\":\"*\"},{\"Action\":[\"xray:PutTraceSegments\",\"xray:PutTelemetryRecords\"],\"Effect\":\"Allow\",\"Resource\":\"*\"},{\"Action\":[\"cloudwatch:PutMetricData\"],\"Condition\":{\"StringEquals\":{\"cloudwatch:namespace\":[\"Syrabit/BatchJobs\",\"Syrabit/Cache\",\"Syrabit/Cost\"]}},\"Effect\":\"Allow\",\"Resource\":\"*\"}]}"
              }
            ],
            "managed_policy_arns": [
              "arn:aws:iam::aws:policy/service-role/AWSLambdaBasicExecutionRole",
              "arn:aws:iam::aws:policy/service-role/AWSLambdaVPCAccessExecutionRole"
            ],
            "max_session_duration": 3600,
            "name": "syrabit-batch-job-prod",
            "name_prefix": "",
            "path": "/",
            "permissions_boundary": "",
            "tags": {
              "credit-source": "aws-activate",
              "environment": "prod",
              "landing-zone": "aws-async-workers",
              "managed-by": "terraform",
              "owner": "infra",
              "project": "syrabit"
            },
            "tags_all": {
              "credit-source": "aws-activate",
              "environment": "prod",
              "landing-zone": "aws-async-workers",
              "managed-by": "terraform",
              "owner": "infra",
              "project": "syrabit"
            },
            "unique_id": "AROAT6RH5D6EXEDNY44IM"
          },
          "sensitive_attributes": [],
          "private": "bnVsbA=="
        }
      ]
    },
    {
      "mode": "managed",
      "type": "aws_iam_role",
      "name": "batch_job_scheduler",
      "provider": "provider[\"registry.terraform.io/hashicorp/aws\"]",
      "instances": [
        {
          "schema_version": 0,
          "attributes": {
            "arn": "arn:aws:iam::271740379017:role/syrabit-batch-job-scheduler-prod",
            "assume_role_policy": "{\"Statement\":[{\"Action\":\"sts:AssumeRole\",\"Effect\":\"Allow\",\"Principal\":{\"Service\":\"scheduler.amazonaws.com\"}}],\"Version\":\"2012-10-17\"}",
            "create_date": "2026-05-09T10:48:54Z",
            "description": "",
            "force_detach_policies": false,
            "id": "syrabit-batch-job-scheduler-prod",
            "inline_policy": [],
            "managed_policy_arns": [],
            "max_session_duration": 3600,
            "name": "syrabit-batch-job-scheduler-prod",
            "name_prefix": "",
            "path": "/",
            "permissions_boundary": "",
            "tags": {
              "credit-source": "aws-activate",
              "environment": "prod",
              "landing-zone": "aws-async-workers",
              "managed-by": "terraform",
              "owner": "infra",
              "project": "syrabit"
            },
            "tags_all": {
              "credit-source": "aws-activate",
              "environment": "prod",
              "landing-zone": "aws-async-workers",
              "managed-by": "terraform",
              "owner": "infra",
              "project": "syrabit"
            },
            "unique_id": "AROAT6RH5D6E2DWCAAOE4"
          },
          "sensitive_attributes": [],
          "private": "bnVsbA=="
        }
      ]
    },
    {
      "mode": "managed",
      "type": "aws_iam_role",
      "name": "bedrock_proxy",
      "provider": "provider[\"registry.terraform.io/hashicorp/aws\"].us_east_1",
      "instances": [
        {
          "schema_version": 0,
          "attributes": {
            "arn": "arn:aws:iam::271740379017:role/syrabit-bedrock-proxy-prod",
            "assume_role_policy": "{\"Statement\":[{\"Action\":\"sts:AssumeRole\",\"Effect\":\"Allow\",\"Principal\":{\"Service\":\"lambda.amazonaws.com\"}}],\"Version\":\"2012-10-17\"}",
            "create_date": "2026-05-09T10:49:22Z",
            "description": "",
            "force_detach_policies": false,
            "id": "syrabit-bedrock-proxy-prod",
            "inline_policy": [
              {
                "name": "bedrock-invoke",
                "policy": "{\"Version\":\"2012-10-17\",\"Statement\":[{\"Action\":[\"bedrock:InvokeModel\",\"bedrock:InvokeModelWithResponseStream\"],\"Effect\":\"Allow\",\"Resource\":[\"arn:aws:bedrock:us-east-1::foundation-model/anthropic.claude-3-5-sonnet-20241022-v2:0\",\"arn:aws:bedrock:us-east-1::foundation-model/amazon.titan-text-premier-v1:0\"]},{\"Action\":[\"bedrock:ApplyGuardrail\"],\"Effect\":\"Allow\",\"Resource\":\"*\"},{\"Action\":[\"xray:PutTraceSegments\",\"xray:PutTelemetryRecords\"],\"Effect\":\"Allow\",\"Resource\":\"*\"},{\"Action\":[\"ssm:GetParameter\"],\"Effect\":\"Allow\",\"Resource\":\"arn:aws:ssm:us-east-1:*:parameter/syrabit/*\"}]}"
              }
            ],
            "managed_policy_arns": [
              "arn:aws:iam::aws:policy/service-role/AWSLambdaBasicExecutionRole"
            ],
            "max_session_duration": 3600,
            "name": "syrabit-bedrock-proxy-prod",
            "name_prefix": "",
            "path": "/",
            "permissions_boundary": "",
            "tags": {},
            "tags_all": {
              "credit-source": "aws-activate",
              "environment": "prod",
              "landing-zone": "aws-async-workers",
              "managed-by": "terraform",
              "owner": "infra",
              "project": "syrabit"
            },
            "unique_id": "AROAT6RH5D6EXUKNPOKQW"
          },
          "sensitive_attributes": [],
          "private": "bnVsbA=="
        }
      ]
    },
    {
      "mode": "managed",
      "type": "aws_iam_role",
      "name": "cron_jobs_aws",
      "provider": "provider[\"registry.terraform.io/hashicorp/aws\"]",
      "instances": [
        {
          "schema_version": 0,
          "attributes": {
            "arn": "arn:aws:iam::271740379017:role/syrabit-cron-jobs-aws",
            "assume_role_policy": "{\"Statement\":[{\"Action\":\"sts:AssumeRoleWithWebIdentity\",\"Condition\":{\"StringEquals\":{\"login.microsoftonline.com/00000000-0000-0000-0000-000000000000/v2.0:aud\":\"api://AzureADTokenExchange\",\"login.microsoftonline.com/00000000-0000-0000-0000-000000000000/v2.0:sub\":\"00000000-0000-0000-0000-000000000000\"}},\"Effect\":\"Allow\",\"Principal\":{\"Federated\":\"arn:aws:iam::271740379017:oidc-provider/login.microsoftonline.com/00000000-0000-0000-0000-000000000000/v2.0\"}}],\"Version\":\"2012-10-17\"}",
            "create_date": "2026-05-09T10:49:40Z",
            "description": "",
            "force_detach_policies": false,
            "id": "syrabit-cron-jobs-aws",
            "inline_policy": [],
            "managed_policy_arns": [
              "arn:aws:iam::271740379017:policy/syrabit-cron-jobs-aws"
            ],
            "max_session_duration": 3600,
            "name": "syrabit-cron-jobs-aws",
            "name_prefix": "",
            "path": "/",
            "permissions_boundary": "",
            "tags": {
              "component": "cross-cloud-auth",
              "credit-source": "aws-activate",
              "environment": "prod",
              "landing-zone": "aws-async-workers",
              "managed-by": "terraform",
              "owner": "infra",
              "project": "syrabit",
              "purpose": "Federated SQS+CloudWatch+Lambda access for ACA cron jobs"
            },
            "tags_all": {
              "component": "cross-cloud-auth",
              "credit-source": "aws-activate",
              "environment": "prod",
              "landing-zone": "aws-async-workers",
              "managed-by": "terraform",
              "owner": "infra",
              "project": "syrabit",
              "purpose": "Federated SQS+CloudWatch+Lambda access for ACA cron jobs"
            },
            "unique_id": "AROAT6RH5D6E2YSNDQAGZ"
          },
          "sensitive_attributes": [],
          "private": "bnVsbA==",
          "dependencies": [
            "aws_iam_openid_connect_provider.azure_cron",
            "data.aws_iam_policy_document.cron_jobs_assume_role"
          ]
        }
      ]
    },
    {
      "mode": "managed",
      "type": "aws_iam_role",
      "name": "email_worker",
      "provider": "provider[\"registry.terraform.io/hashicorp/aws\"]",
      "instances": [
        {
          "schema_version": 0,
          "attributes": {
            "arn": "arn:aws:iam::271740379017:role/syrabit-email-worker-prod",
            "assume_role_policy": "{\"Statement\":[{\"Action\":\"sts:AssumeRole\",\"Effect\":\"Allow\",\"Principal\":{\"Service\":\"lambda.amazonaws.com\"}}],\"Version\":\"2012-10-17\"}",
            "create_date": "2026-05-09T10:48:54Z",
            "description": "",
            "force_detach_policies": false,
            "id": "syrabit-email-worker-prod",
            "inline_policy": [
              {
                "name": "ses-send",
                "policy": "{\"Version\":\"2012-10-17\",\"Statement\":[{\"Action\":[\"ses:SendEmail\",\"ses:SendRawEmail\",\"ses:GetSendStatistics\"],\"Effect\":\"Allow\",\"Resource\":\"*\"},{\"Action\":[\"xray:PutTraceSegments\",\"xray:PutTelemetryRecords\"],\"Effect\":\"Allow\",\"Resource\":\"*\"},{\"Action\":[\"ssm:GetParameter\",\"ssm:GetParametersByPath\"],\"Effect\":\"Allow\",\"Resource\":\"arn:aws:ssm:ap-south-1:*:parameter/syrabit/*\"}]}"
              },
              {
                "name": "sqs-ses-retry",
                "policy": "{\"Version\":\"2012-10-17\",\"Statement\":[{\"Action\":[\"sqs:ReceiveMessage\",\"sqs:DeleteMessage\",\"sqs:GetQueueAttributes\",\"sqs:ChangeMessageVisibility\"],\"Effect\":\"Allow\",\"Resource\":[\"arn:aws:sqs:ap-south-1:271740379017:syrabit-email-fallback\",\"arn:aws:sqs:ap-south-1:271740379017:syrabit-email-fallback-dlq\"]}]}"
              }
            ],
            "managed_policy_arns": [
              "arn:aws:iam::aws:policy/service-role/AWSLambdaBasicExecutionRole"
            ],
            "max_session_duration": 3600,
            "name": "syrabit-email-worker-prod",
            "name_prefix": "",
            "path": "/",
            "permissions_boundary": "",
            "tags": {},
            "tags_all": {
              "credit-source": "aws-activate",
              "environment": "prod",
              "landing-zone": "aws-async-workers",
              "managed-by": "terraform",
              "owner": "infra",
              "project": "syrabit"
            },
            "unique_id": "AROAT6RH5D6ETMH3WLPOF"
          },
          "sensitive_attributes": [],
          "private": "bnVsbA=="
        }
      ]
    },
    {
      "mode": "managed",
      "type": "aws_iam_role",
      "name": "github_deploy",
      "provider": "provider[\"registry.terraform.io/hashicorp/aws\"]",
      "instances": [
        {
          "schema_version": 0,
          "attributes": {
            "arn": "arn:aws:iam::271740379017:role/syrabit-github-deploy",
            "assume_role_policy": "{\"Statement\":[{\"Action\":\"sts:AssumeRoleWithWebIdentity\",\"Condition\":{\"StringEquals\":{\"token.actions.githubusercontent.com:aud\":\"sts.amazonaws.com\"},\"StringLike\":{\"token.actions.githubusercontent.com:sub\":[\"repo:syrabit/syrabit:ref:refs/heads/master\",\"repo:syrabit/syrabit:ref:refs/heads/release/*\",\"repo:syrabit/syrabit:environment:prod\",\"repo:syrabit/syrabit:environment:staging\"]}},\"Effect\":\"Allow\",\"Principal\":{\"Federated\":\"arn:aws:iam::271740379017:oidc-provider/token.actions.githubusercontent.com\"}}],\"Version\":\"2012-10-17\"}",
            "create_date": "2026-05-09T11:20:49Z",
            "description": "Assumed by aws-deploy-workers.yml GitHub Actions workflow.",
            "force_detach_policies": false,
            "id": "syrabit-github-deploy",
            "inline_policy": [
              {
                "name": "deploy-perms",
                "policy": "{\"Version\":\"2012-10-17\",\"Statement\":[{\"Action\":\"ecr:GetAuthorizationToken\",\"Effect\":\"Allow\",\"Resource\":\"*\",\"Sid\":\"EcrAuth\"},{\"Action\":[\"ecr:UploadLayerPart\",\"ecr:PutImage\",\"ecr:ListImages\",\"ecr:InitiateLayerUpload\",\"ecr:DescribeRepositories\",\"ecr:DescribeImages\",\"ecr:CompleteLayerUpload\",\"ecr:BatchGetImage\",\"ecr:BatchCheckLayerAvailability\"],\"Effect\":\"Allow\",\"Resource\":\"arn:aws:ecr:ap-south-1:271740379017:repository/syrabit/*\",\"Sid\":\"EcrPush\"},{\"Action\":[\"lambda:UpdateFunctionConfiguration\",\"lambda:UpdateFunctionCode\",\"lambda:UpdateAlias\",\"lambda:PublishVersion\",\"lambda:ListVersionsByFunction\",\"lambda:GetFunction\",\"lambda:GetAlias\"],\"Effect\":\"Allow\",\"Resource\":\"arn:aws:lambda:ap-south-1:271740379017:function:syrabit-*\",\"Sid\":\"LambdaDeploy\"},{\"Action\":\"iam:PassRole\",\"Condition\":{\"StringEquals\":{\"iam:PassedToService\":\"lambda.amazonaws.com\"}},\"Effect\":\"Allow\",\"Resource\":\"arn:aws:iam::271740379017:role/syrabit-workers-runtime\",\"Sid\":\"PassRuntimeRole\"},{\"Action\":[\"logs:GetLogEvents\",\"logs:FilterLogEvents\",\"logs:DescribeLogStreams\",\"logs:DescribeLogGroups\"],\"Effect\":\"Allow\",\"Resource\":[\"arn:aws:logs:ap-south-1:271740379017:log-group:/syrabit/workers:*\",\"arn:aws:logs:ap-south-1:271740379017:log-group:/syrabit/workers\",\"arn:aws:logs:ap-south-1:271740379017:log-group:/aws/lambda/syrabit-*:*\"],\"Sid\":\"LogsRead\"}]}"
              }
            ],
            "managed_policy_arns": [],
            "max_session_duration": 3600,
            "name": "syrabit-github-deploy",
            "name_prefix": "",
            "path": "/",
            "permissions_boundary": "",
            "tags": {
              "credit-source": "aws-activate",
              "environment": "prod",
              "landing-zone": "aws-async-workers",
              "managed-by": "terraform",
              "owner": "infra",
              "project": "syrabit"
            },
            "tags_all": {
              "credit-source": "aws-activate",
              "environment": "prod",
              "landing-zone": "aws-async-workers",
              "managed-by": "terraform",
              "owner": "infra",
              "project": "syrabit"
            },
            "unique_id": "AROAT6RH5D6ETSA3Q3BAT"
          },
          "sensitive_attributes": [],
          "private": "bnVsbA==",
          "dependencies": [
            "aws_iam_openid_connect_provider.github",
            "data.aws_iam_policy_document.github_deploy_assume"
          ]
        }
      ]
    },
    {
      "mode": "managed",
      "type": "aws_iam_role",
      "name": "native_feature",
      "provider": "provider[\"registry.terraform.io/hashicorp/aws\"].us_east_1",
      "instances": [
        {
          "index_key": "bedrock_cohere",
          "schema_version": 0,
          "attributes": {
            "arn": "arn:aws:iam::271740379017:role/syrabit-aws-native-bedrock-cohere-prod",
            "assume_role_policy": "{\"Statement\":[{\"Action\":\"sts:AssumeRole\",\"Effect\":\"Allow\",\"Principal\":{\"Service\":\"lambda.amazonaws.com\"}},{\"Action\":\"sts:AssumeRoleWithWebIdentity\",\"Condition\":{\"StringEquals\":{\"token.actions.githubusercontent.com:aud\":\"sts.amazonaws.com\"},\"StringLike\":{\"token.actions.githubusercontent.com:sub\":\"repo:syrabit/syrabit:*\"}},\"Effect\":\"Allow\",\"Principal\":{\"Federated\":\"arn:aws:iam::271740379017:oidc-provider/token.actions.githubusercontent.com\"}}],\"Version\":\"2012-10-17\"}",
            "create_date": "2026-05-09T10:49:33Z",
            "description": "Cohere embed + rerank via Amazon Bedrock",
            "force_detach_policies": false,
            "id": "syrabit-aws-native-bedrock-cohere-prod",
            "inline_policy": [
              {
                "name": "bedrock-cohere-embed-rerank",
                "policy": "{\"Version\":\"2012-10-17\",\"Statement\":[{\"Action\":[\"bedrock:InvokeModel\",\"bedrock:InvokeModelWithResponseStream\"],\"Effect\":\"Allow\",\"Resource\":[\"arn:aws:bedrock:us-east-1::foundation-model/cohere.embed-multilingual-v3\",\"arn:aws:bedrock:us-east-1::foundation-model/cohere.rerank-v3-5:0\"]}]}"
              }
            ],
            "managed_policy_arns": [],
            "max_session_duration": 3600,
            "name": "syrabit-aws-native-bedrock-cohere-prod",
            "name_prefix": "",
            "path": "/",
            "permissions_boundary": "",
            "tags": {
              "Name": "syrabit-aws-native-bedrock_cohere",
              "credit-source": "aws-activate",
              "environment": "prod",
              "feature": "bedrock_cohere",
              "landing-zone": "aws-async-workers",
              "managed-by": "terraform",
              "owner": "infra",
              "project": "syrabit"
            },
            "tags_all": {
              "Name": "syrabit-aws-native-bedrock_cohere",
              "credit-source": "aws-activate",
              "environment": "prod",
              "feature": "bedrock_cohere",
              "landing-zone": "aws-async-workers",
              "managed-by": "terraform",
              "owner": "infra",
              "project": "syrabit"
            },
            "unique_id": "AROAT6RH5D6EWDEAAEVE5"
          },
          "sensitive_attributes": [],
          "private": "bnVsbA==",
          "dependencies": [
            "data.aws_caller_identity.native_features"
          ]
        },
        {
          "index_key": "comprehend",
          "schema_version": 0,
          "attributes": {
            "arn": "arn:aws:iam::271740379017:role/syrabit-aws-native-comprehend-prod",
            "assume_role_policy": "{\"Statement\":[{\"Action\":\"sts:AssumeRole\",\"Effect\":\"Allow\",\"Principal\":{\"Service\":\"lambda.amazonaws.com\"}},{\"Action\":\"sts:AssumeRoleWithWebIdentity\",\"Condition\":{\"StringEquals\":{\"token.actions.githubusercontent.com:aud\":\"sts.amazonaws.com\"},\"StringLike\":{\"token.actions.githubusercontent.com:sub\":\"repo:syrabit/syrabit:*\"}},\"Effect\":\"Allow\",\"Principal\":{\"Federated\":\"arn:aws:iam::271740379017:oidc-provider/token.actions.githubusercontent.com\"}}],\"Version\":\"2012-10-17\"}",
            "create_date": "2026-05-09T10:49:34Z",
            "description": "Amazon Comprehend sampled PII + sentiment",
            "force_detach_policies": false,
            "id": "syrabit-aws-native-comprehend-prod",
            "inline_policy": [
              {
                "name": "comprehend-pii-sentiment",
                "policy": "{\"Version\":\"2012-10-17\",\"Statement\":[{\"Action\":[\"comprehend:DetectPiiEntities\",\"comprehend:DetectSentiment\",\"comprehend:BatchDetectPiiEntities\",\"comprehend:BatchDetectSentiment\"],\"Effect\":\"Allow\",\"Resource\":\"*\"}]}"
              }
            ],
            "managed_policy_arns": [],
            "max_session_duration": 3600,
            "name": "syrabit-aws-native-comprehend-prod",
            "name_prefix": "",
            "path": "/",
            "permissions_boundary": "",
            "tags": {
              "Name": "syrabit-aws-native-comprehend",
              "credit-source": "aws-activate",
              "environment": "prod",
              "feature": "comprehend",
              "landing-zone": "aws-async-workers",
              "managed-by": "terraform",
              "owner": "infra",
              "project": "syrabit"
            },
            "tags_all": {
              "Name": "syrabit-aws-native-comprehend",
              "credit-source": "aws-activate",
              "environment": "prod",
              "feature": "comprehend",
              "landing-zone": "aws-async-workers",
              "managed-by": "terraform",
              "owner": "infra",
              "project": "syrabit"
            },
            "unique_id": "AROAT6RH5D6EYRJJ4IE4S"
          },
          "sensitive_attributes": [],
          "private": "bnVsbA==",
          "dependencies": [
            "data.aws_caller_identity.native_features"
          ]
        },
        {
          "index_key": "fraud_detector",
          "schema_version": 0,
          "attributes": {
            "arn": "arn:aws:iam::271740379017:role/syrabit-aws-native-fraud-detector-prod",
            "assume_role_policy": "{\"Statement\":[{\"Action\":\"sts:AssumeRole\",\"Effect\":\"Allow\",\"Principal\":{\"Service\":\"lambda.amazonaws.com\"}},{\"Action\":\"sts:AssumeRoleWithWebIdentity\",\"Condition\":{\"StringEquals\":{\"token.actions.githubusercontent.com:aud\":\"sts.amazonaws.com\"},\"StringLike\":{\"token.actions.githubusercontent.com:sub\":\"repo:syrabit/syrabit:*\"}},\"Effect\":\"Allow\",\"Principal\":{\"Federated\":\"arn:aws:iam::271740379017:oidc-provider/token.actions.githubusercontent.com\"}}],\"Version\":\"2012-10-17\"}",
            "create_date": "2026-05-09T10:49:33Z",
            "description": "Amazon Fraud Detector signup + payment risk",
            "force_detach_policies": false,
            "id": "syrabit-aws-native-fraud-detector-prod",
            "inline_policy": [
              {
                "name": "fraud-detector-score",
                "policy": "{\"Version\":\"2012-10-17\",\"Statement\":[{\"Action\":[\"frauddetector:GetEventPrediction\",\"frauddetector:GetDetectors\"],\"Effect\":\"Allow\",\"Resource\":\"*\"}]}"
              }
            ],
            "managed_policy_arns": [],
            "max_session_duration": 3600,
            "name": "syrabit-aws-native-fraud-detector-prod",
            "name_prefix": "",
            "path": "/",
            "permissions_boundary": "",
            "tags": {
              "Name": "syrabit-aws-native-fraud_detector",
              "credit-source": "aws-activate",
              "environment": "prod",
              "feature": "fraud_detector",
              "landing-zone": "aws-async-workers",
              "managed-by": "terraform",
              "owner": "infra",
              "project": "syrabit"
            },
            "tags_all": {
              "Name": "syrabit-aws-native-fraud_detector",
              "credit-source": "aws-activate",
              "environment": "prod",
              "feature": "fraud_detector",
              "landing-zone": "aws-async-workers",
              "managed-by": "terraform",
              "owner": "infra",
              "project": "syrabit"
            },
            "unique_id": "AROAT6RH5D6EUGP6SFEA7"
          },
          "sensitive_attributes": [],
          "private": "bnVsbA==",
          "dependencies": [
            "data.aws_caller_identity.native_features"
          ]
        },
        {
          "index_key": "personalize",
          "schema_version": 0,
          "attributes": {
            "arn": "arn:aws:iam::271740379017:role/syrabit-aws-native-personalize-prod",
            "assume_role_policy": "{\"Statement\":[{\"Action\":\"sts:AssumeRole\",\"Effect\":\"Allow\",\"Principal\":{\"Service\":\"lambda.amazonaws.com\"}},{\"Action\":\"sts:AssumeRoleWithWebIdentity\",\"Condition\":{\"StringEquals\":{\"token.actions.githubusercontent.com:aud\":\"sts.amazonaws.com\"},\"StringLike\":{\"token.actions.githubusercontent.com:sub\":\"repo:syrabit/syrabit:*\"}},\"Effect\":\"Allow\",\"Principal\":{\"Federated\":\"arn:aws:iam::271740379017:oidc-provider/token.actions.githubusercontent.com\"}}],\"Version\":\"2012-10-17\"}",
            "create_date": "2026-05-09T10:49:32Z",
            "description": "Amazon Personalize home rail recommendations",
            "force_detach_policies": false,
            "id": "syrabit-aws-native-personalize-prod",
            "inline_policy": [
              {
                "name": "personalize-recommend",
                "policy": "{\"Version\":\"2012-10-17\",\"Statement\":[{\"Action\":[\"personalize:GetRecommendations\",\"personalize:GetPersonalizedRanking\",\"personalize-events:PutEvents\",\"personalize-events:PutUsers\",\"personalize-events:PutItems\"],\"Effect\":\"Allow\",\"Resource\":\"*\"},{\"Action\":[\"s3:GetObject\",\"s3:ListBucket\"],\"Effect\":\"Allow\",\"Resource\":[\"arn:aws:s3:::syrabit-personalize-import\",\"arn:aws:s3:::syrabit-personalize-import/*\"]}]}"
              }
            ],
            "managed_policy_arns": [],
            "max_session_duration": 3600,
            "name": "syrabit-aws-native-personalize-prod",
            "name_prefix": "",
            "path": "/",
            "permissions_boundary": "",
            "tags": {
              "Name": "syrabit-aws-native-personalize",
              "credit-source": "aws-activate",
              "environment": "prod",
              "feature": "personalize",
              "landing-zone": "aws-async-workers",
              "managed-by": "terraform",
              "owner": "infra",
              "project": "syrabit"
            },
            "tags_all": {
              "Name": "syrabit-aws-native-personalize",
              "credit-source": "aws-activate",
              "environment": "prod",
              "feature": "personalize",
              "landing-zone": "aws-async-workers",
              "managed-by": "terraform",
              "owner": "infra",
              "project": "syrabit"
            },
            "unique_id": "AROAT6RH5D6EVQKN7DT2P"
          },
          "sensitive_attributes": [],
          "private": "bnVsbA==",
          "dependencies": [
            "data.aws_caller_identity.native_features"
          ]
        },
        {
          "index_key": "polly",
          "schema_version": 0,
          "attributes": {
            "arn": "arn:aws:iam::271740379017:role/syrabit-aws-native-polly-prod",
            "assume_role_policy": "{\"Statement\":[{\"Action\":\"sts:AssumeRole\",\"Effect\":\"Allow\",\"Principal\":{\"Service\":\"lambda.amazonaws.com\"}},{\"Action\":\"sts:AssumeRoleWithWebIdentity\",\"Condition\":{\"StringEquals\":{\"token.actions.githubusercontent.com:aud\":\"sts.amazonaws.com\"},\"StringLike\":{\"token.actions.githubusercontent.com:sub\":\"repo:syrabit/syrabit:*\"}},\"Effect\":\"Allow\",\"Principal\":{\"Federated\":\"arn:aws:iam::271740379017:oidc-provider/token.actions.githubusercontent.com\"}}],\"Version\":\"2012-10-17\"}",
            "create_date": "2026-05-09T10:49:34Z",
            "description": "Amazon Polly Neural / Generative TTS (3rd-tier voice)",
            "force_detach_policies": false,
            "id": "syrabit-aws-native-polly-prod",
            "inline_policy": [
              {
                "name": "polly-synthesize",
                "policy": "{\"Version\":\"2012-10-17\",\"Statement\":[{\"Action\":[\"polly:SynthesizeSpeech\",\"polly:DescribeVoices\",\"polly:StartSpeechSynthesisTask\"],\"Effect\":\"Allow\",\"Resource\":\"*\"}]}"
              }
            ],
            "managed_policy_arns": [],
            "max_session_duration": 3600,
            "name": "syrabit-aws-native-polly-prod",
            "name_prefix": "",
            "path": "/",
            "permissions_boundary": "",
            "tags": {
              "Name": "syrabit-aws-native-polly",
              "credit-source": "aws-activate",
              "environment": "prod",
              "feature": "polly",
              "landing-zone": "aws-async-workers",
              "managed-by": "terraform",
              "owner": "infra",
              "project": "syrabit"
            },
            "tags_all": {
              "Name": "syrabit-aws-native-polly",
              "credit-source": "aws-activate",
              "environment": "prod",
              "feature": "polly",
              "landing-zone": "aws-async-workers",
              "managed-by": "terraform",
              "owner": "infra",
              "project": "syrabit"
            },
            "unique_id": "AROAT6RH5D6ET2ABDPS7J"
          },
          "sensitive_attributes": [],
          "private": "bnVsbA==",
          "dependencies": [
            "data.aws_caller_identity.native_features"
          ]
        },
        {
          "index_key": "rekognition",
          "schema_version": 0,
          "attributes": {
            "arn": "arn:aws:iam::271740379017:role/syrabit-aws-native-rekognition-prod",
            "assume_role_policy": "{\"Statement\":[{\"Action\":\"sts:AssumeRole\",\"Effect\":\"Allow\",\"Principal\":{\"Service\":\"lambda.amazonaws.com\"}},{\"Action\":\"sts:AssumeRoleWithWebIdentity\",\"Condition\":{\"StringEquals\":{\"token.actions.githubusercontent.com:aud\":\"sts.amazonaws.com\"},\"StringLike\":{\"token.actions.githubusercontent.com:sub\":\"repo:syrabit/syrabit:*\"}},\"Effect\":\"Allow\",\"Principal\":{\"Federated\":\"arn:aws:iam::271740379017:oidc-provider/token.actions.githubusercontent.com\"}}],\"Version\":\"2012-10-17\"}",
            "create_date": "2026-05-09T10:49:35Z",
            "description": "Amazon Rekognition image moderation pre-R2",
            "force_detach_policies": false,
            "id": "syrabit-aws-native-rekognition-prod",
            "inline_policy": [
              {
                "name": "rekognition-moderation",
                "policy": "{\"Version\":\"2012-10-17\",\"Statement\":[{\"Action\":[\"rekognition:DetectModerationLabels\",\"rekognition:DetectFaces\",\"rekognition:DetectText\"],\"Effect\":\"Allow\",\"Resource\":\"*\"}]}"
              }
            ],
            "managed_policy_arns": [],
            "max_session_duration": 3600,
            "name": "syrabit-aws-native-rekognition-prod",
            "name_prefix": "",
            "path": "/",
            "permissions_boundary": "",
            "tags": {
              "Name": "syrabit-aws-native-rekognition",
              "credit-source": "aws-activate",
              "environment": "prod",
              "feature": "rekognition",
              "landing-zone": "aws-async-workers",
              "managed-by": "terraform",
              "owner": "infra",
              "project": "syrabit"
            },
            "tags_all": {
              "Name": "syrabit-aws-native-rekognition",
              "credit-source": "aws-activate",
              "environment": "prod",
              "feature": "rekognition",
              "landing-zone": "aws-async-workers",
              "managed-by": "terraform",
              "owner": "infra",
              "project": "syrabit"
            },
            "unique_id": "AROAT6RH5D6ERQJKDMXIB"
          },
          "sensitive_attributes": [],
          "private": "bnVsbA==",
          "dependencies": [
            "data.aws_caller_identity.native_features"
          ]
        },
        {
          "index_key": "textract",
          "schema_version": 0,
          "attributes": {
            "arn": "arn:aws:iam::271740379017:role/syrabit-aws-native-textract-prod",
            "assume_role_policy": "{\"Statement\":[{\"Action\":\"sts:AssumeRole\",\"Effect\":\"Allow\",\"Principal\":{\"Service\":\"lambda.amazonaws.com\"}},{\"Action\":\"sts:AssumeRoleWithWebIdentity\",\"Condition\":{\"StringEquals\":{\"token.actions.githubusercontent.com:aud\":\"sts.amazonaws.com\"},\"StringLike\":{\"token.actions.githubusercontent.com:sub\":\"repo:syrabit/syrabit:*\"}},\"Effect\":\"Allow\",\"Principal\":{\"Federated\":\"arn:aws:iam::271740379017:oidc-provider/token.actions.githubusercontent.com\"}}],\"Version\":\"2012-10-17\"}",
            "create_date": "2026-05-09T10:49:32Z",
            "description": "Amazon Textract structured-document OCR path",
            "force_detach_policies": false,
            "id": "syrabit-aws-native-textract-prod",
            "inline_policy": [
              {
                "name": "textract-structured",
                "policy": "{\"Version\":\"2012-10-17\",\"Statement\":[{\"Action\":[\"textract:AnalyzeDocument\",\"textract:DetectDocumentText\",\"textract:StartDocumentAnalysis\",\"textract:GetDocumentAnalysis\"],\"Effect\":\"Allow\",\"Resource\":\"*\"},{\"Action\":[\"s3:GetObject\"],\"Effect\":\"Allow\",\"Resource\":\"arn:aws:s3:::syrabit-ocr-input/*\"}]}"
              }
            ],
            "managed_policy_arns": [],
            "max_session_duration": 3600,
            "name": "syrabit-aws-native-textract-prod",
            "name_prefix": "",
            "path": "/",
            "permissions_boundary": "",
            "tags": {
              "Name": "syrabit-aws-native-textract",
              "credit-source": "aws-activate",
              "environment": "prod",
              "feature": "textract",
              "landing-zone": "aws-async-workers",
              "managed-by": "terraform",
              "owner": "infra",
              "project": "syrabit"
            },
            "tags_all": {
              "Name": "syrabit-aws-native-textract",
              "credit-source": "aws-activate",
              "environment": "prod",
              "feature": "textract",
              "landing-zone": "aws-async-workers",
              "managed-by": "terraform",
              "owner": "infra",
              "project": "syrabit"
            },
            "unique_id": "AROAT6RH5D6EXWDGE3LFY"
          },
          "sensitive_attributes": [],
          "private": "bnVsbA==",
          "dependencies": [
            "data.aws_caller_identity.native_features"
          ]
        },
        {
          "index_key": "transcribe",
          "schema_version": 0,
          "attributes": {
            "arn": "arn:aws:iam::271740379017:role/syrabit-aws-native-transcribe-prod",
            "assume_role_policy": "{\"Statement\":[{\"Action\":\"sts:AssumeRole\",\"Effect\":\"Allow\",\"Principal\":{\"Service\":\"lambda.amazonaws.com\"}},{\"Action\":\"sts:AssumeRoleWithWebIdentity\",\"Condition\":{\"StringEquals\":{\"token.actions.githubusercontent.com:aud\":\"sts.amazonaws.com\"},\"StringLike\":{\"token.actions.githubusercontent.com:sub\":\"repo:syrabit/syrabit:*\"}},\"Effect\":\"Allow\",\"Principal\":{\"Federated\":\"arn:aws:iam::271740379017:oidc-provider/token.actions.githubusercontent.com\"}}],\"Version\":\"2012-10-17\"}",
            "create_date": "2026-05-09T10:49:36Z",
            "description": "Amazon Transcribe STT (3rd-tier voice)",
            "force_detach_policies": false,
            "id": "syrabit-aws-native-transcribe-prod",
            "inline_policy": [
              {
                "name": "transcribe-streaming",
                "policy": "{\"Version\":\"2012-10-17\",\"Statement\":[{\"Action\":[\"transcribe:StartStreamTranscription\",\"transcribe:StartTranscriptionJob\",\"transcribe:GetTranscriptionJob\"],\"Effect\":\"Allow\",\"Resource\":\"*\"},{\"Action\":[\"s3:PutObject\",\"s3:GetObject\",\"s3:DeleteObject\"],\"Effect\":\"Allow\",\"Resource\":\"arn:aws:s3:::syrabit-transcribe-tmp/*\"},{\"Action\":[\"s3:ListBucket\"],\"Effect\":\"Allow\",\"Resource\":\"arn:aws:s3:::syrabit-transcribe-tmp\"}]}"
              }
            ],
            "managed_policy_arns": [],
            "max_session_duration": 3600,
            "name": "syrabit-aws-native-transcribe-prod",
            "name_prefix": "",
            "path": "/",
            "permissions_boundary": "",
            "tags": {
              "Name": "syrabit-aws-native-transcribe",
              "credit-source": "aws-activate",
              "environment": "prod",
              "feature": "transcribe",
              "landing-zone": "aws-async-workers",
              "managed-by": "terraform",
              "owner": "infra",
              "project": "syrabit"
            },
            "tags_all": {
              "Name": "syrabit-aws-native-transcribe",
              "credit-source": "aws-activate",
              "environment": "prod",
              "feature": "transcribe",
              "landing-zone": "aws-async-workers",
              "managed-by": "terraform",
              "owner": "infra",
              "project": "syrabit"
            },
            "unique_id": "AROAT6RH5D6EZBCUFWDNC"
          },
          "sensitive_attributes": [],
          "private": "bnVsbA==",
          "dependencies": [
            "data.aws_caller_identity.native_features"
          ]
        },
        {
          "index_key": "translate",
          "schema_version": 0,
          "attributes": {
            "arn": "arn:aws:iam::271740379017:role/syrabit-aws-native-translate-prod",
            "assume_role_policy": "{\"Statement\":[{\"Action\":\"sts:AssumeRole\",\"Effect\":\"Allow\",\"Principal\":{\"Service\":\"lambda.amazonaws.com\"}},{\"Action\":\"sts:AssumeRoleWithWebIdentity\",\"Condition\":{\"StringEquals\":{\"token.actions.githubusercontent.com:aud\":\"sts.amazonaws.com\"},\"StringLike\":{\"token.actions.githubusercontent.com:sub\":\"repo:syrabit/syrabit:*\"}},\"Effect\":\"Allow\",\"Principal\":{\"Federated\":\"arn:aws:iam::271740379017:oidc-provider/token.actions.githubusercontent.com\"}}],\"Version\":\"2012-10-17\"}",
            "create_date": "2026-05-09T11:20:50Z",
            "description": "Amazon Translate Indic\u003c-\u003eEN fallback (after Sarvam)",
            "force_detach_policies": false,
            "id": "syrabit-aws-native-translate-prod",
            "inline_policy": [
              {
                "name": "translate-fallback",
                "policy": "{\"Version\":\"2012-10-17\",\"Statement\":[{\"Action\":[\"translate:TranslateText\",\"translate:TranslateDocument\"],\"Effect\":\"Allow\",\"Resource\":\"*\"}]}"
              }
            ],
            "managed_policy_arns": [],
            "max_session_duration": 3600,
            "name": "syrabit-aws-native-translate-prod",
            "name_prefix": "",
            "path": "/",
            "permissions_boundary": "",
            "tags": {
              "Name": "syrabit-aws-native-translate",
              "credit-source": "aws-activate",
              "environment": "prod",
              "feature": "translate",
              "landing-zone": "aws-async-workers",
              "managed-by": "terraform",
              "owner": "infra",
              "project": "syrabit"
            },
            "tags_all": {
              "Name": "syrabit-aws-native-translate",
              "credit-source": "aws-activate",
              "environment": "prod",
              "feature": "translate",
              "landing-zone": "aws-async-workers",
              "managed-by": "terraform",
              "owner": "infra",
              "project": "syrabit"
            },
            "unique_id": "AROAT6RH5D6E4JJW2FC7O"
          },
          "sensitive_attributes": [],
          "private": "bnVsbA==",
          "dependencies": [
            "data.aws_caller_identity.native_features"
          ]
        }
      ]
    },
    {
      "mode": "managed",
      "type": "aws_iam_role",
      "name": "s3_to_r2",
      "provider": "provider[\"registry.terraform.io/hashicorp/aws\"]",
      "instances": [
        {
          "schema_version": 0,
          "attributes": {
            "arn": "arn:aws:iam::271740379017:role/syrabit-s3-to-r2-prod",
            "assume_role_policy": "{\"Statement\":[{\"Action\":\"sts:AssumeRole\",\"Effect\":\"Allow\",\"Principal\":{\"Service\":\"lambda.amazonaws.com\"}}],\"Version\":\"2012-10-17\"}",
            "create_date": "2026-05-09T10:48:54Z",
            "description": "",
            "force_detach_policies": false,
            "id": "syrabit-s3-to-r2-prod",
            "inline_policy": [
              {
                "name": "syrabit-s3-to-r2-prod",
                "policy": "{\"Version\":\"2012-10-17\",\"Statement\":[{\"Action\":[\"s3:ListBucket\",\"s3:GetObject\",\"s3:DeleteObject\"],\"Effect\":\"Allow\",\"Resource\":[\"arn:aws:s3:::syrabit-prod-finals-staging\",\"arn:aws:s3:::syrabit-prod-finals-staging/finals/*\"]},{\"Action\":[\"secretsmanager:GetSecretValue\"],\"Effect\":\"Allow\",\"Resource\":[\"arn:aws:secretsmanager:ap-south-1:271740379017:secret:syrabit/r2/finals-writer-3O3Gtf\"]}]}"
              }
            ],
            "managed_policy_arns": [
              "arn:aws:iam::aws:policy/service-role/AWSLambdaBasicExecutionRole"
            ],
            "max_session_duration": 3600,
            "name": "syrabit-s3-to-r2-prod",
            "name_prefix": "",
            "path": "/",
            "permissions_boundary": "",
            "tags": {
              "credit-source": "aws-activate",
              "environment": "prod",
              "landing-zone": "aws-async-workers",
              "managed-by": "terraform",
              "owner": "infra",
              "project": "syrabit"
            },
            "tags_all": {
              "credit-source": "aws-activate",
              "environment": "prod",
              "landing-zone": "aws-async-workers",
              "managed-by": "terraform",
              "owner": "infra",
              "project": "syrabit"
            },
            "unique_id": "AROAT6RH5D6ETHVCDOGTH"
          },
          "sensitive_attributes": [],
          "private": "bnVsbA=="
        }
      ]
    },
    {
      "mode": "managed",
      "type": "aws_iam_role",
      "name": "s3_to_r2_invoker",
      "provider": "provider[\"registry.terraform.io/hashicorp/aws\"]",
      "instances": [
        {
          "schema_version": 0,
          "attributes": {
            "arn": "arn:aws:iam::271740379017:role/syrabit-s3-to-r2-inv-prod",
            "assume_role_policy": "{\"Statement\":[{\"Action\":\"sts:AssumeRole\",\"Effect\":\"Allow\",\"Principal\":{\"Service\":\"scheduler.amazonaws.com\"}}],\"Version\":\"2012-10-17\"}",
            "create_date": "2026-05-09T10:48:55Z",
            "description": "",
            "force_detach_policies": false,
            "id": "syrabit-s3-to-r2-inv-prod",
            "inline_policy": [],
            "managed_policy_arns": [],
            "max_session_duration": 3600,
            "name": "syrabit-s3-to-r2-inv-prod",
            "name_prefix": "",
            "path": "/",
            "permissions_boundary": "",
            "tags": {},
            "tags_all": {
              "credit-source": "aws-activate",
              "environment": "prod",
              "landing-zone": "aws-async-workers",
              "managed-by": "terraform",
              "owner": "infra",
              "project": "syrabit"
            },
            "unique_id": "AROAT6RH5D6ERP5AOCUQZ"
          },
          "sensitive_attributes": [],
          "private": "bnVsbA=="
        }
      ]
    },
    {
      "mode": "managed",
      "type": "aws_iam_role",
      "name": "sqs_consumer",
      "provider": "provider[\"registry.terraform.io/hashicorp/aws\"]",
      "instances": [
        {
          "schema_version": 0,
          "attributes": {
            "arn": "arn:aws:iam::271740379017:role/syrabit-sqs-consumer-prod",
            "assume_role_policy": "{\"Statement\":[{\"Action\":\"sts:AssumeRole\",\"Effect\":\"Allow\",\"Principal\":{\"Service\":\"lambda.amazonaws.com\"}}],\"Version\":\"2012-10-17\"}",
            "create_date": "2026-05-09T10:48:54Z",
            "description": "",
            "force_detach_policies": false,
            "id": "syrabit-sqs-consumer-prod",
            "inline_policy": [
              {
                "name": "consume-reembed",
                "policy": "{\"Version\":\"2012-10-17\",\"Statement\":[{\"Action\":[\"sqs:ReceiveMessage\",\"sqs:DeleteMessage\",\"sqs:GetQueueAttributes\",\"sqs:ChangeMessageVisibility\"],\"Effect\":\"Allow\",\"Resource\":\"arn:aws:sqs:ap-south-1:271740379017:syrabit-reembed-prod\"}]}"
              },
              {
                "name": "sqs-consume",
                "policy": "{\"Version\":\"2012-10-17\",\"Statement\":[{\"Action\":[\"sqs:ReceiveMessage\",\"sqs:DeleteMessage\",\"sqs:GetQueueAttributes\",\"sqs:ChangeMessageVisibility\"],\"Effect\":\"Allow\",\"Resource\":[\"arn:aws:sqs:ap-south-1:271740379017:syrabit-bing-keyword\",\"arn:aws:sqs:ap-south-1:271740379017:syrabit-bing-submit\",\"arn:aws:sqs:ap-south-1:271740379017:syrabit-cf-bot-crosscheck\",\"arn:aws:sqs:ap-south-1:271740379017:syrabit-discovery-ingest\",\"arn:aws:sqs:ap-south-1:271740379017:syrabit-email-fallback\",\"arn:aws:sqs:ap-south-1:271740379017:syrabit-seo-indexnow\",\"arn:aws:sqs:ap-south-1:271740379017:syrabit-seo-internal-linker\",\"arn:aws:sqs:ap-south-1:271740379017:syrabit-unified-logs-pull\",\"arn:aws:sqs:ap-south-1:271740379017:syrabit-bing-keyword-dlq\",\"arn:aws:sqs:ap-south-1:271740379017:syrabit-bing-submit-dlq\",\"arn:aws:sqs:ap-south-1:271740379017:syrabit-cf-bot-crosscheck-dlq\",\"arn:aws:sqs:ap-south-1:271740379017:syrabit-discovery-ingest-dlq\",\"arn:aws:sqs:ap-south-1:271740379017:syrabit-email-fallback-dlq\",\"arn:aws:sqs:ap-south-1:271740379017:syrabit-seo-indexnow-dlq\",\"arn:aws:sqs:ap-south-1:271740379017:syrabit-seo-internal-linker-dlq\",\"arn:aws:sqs:ap-south-1:271740379017:syrabit-unified-logs-pull-dlq\"]},{\"Action\":[\"ssm:GetParameter\",\"ssm:GetParametersByPath\"],\"Effect\":\"Allow\",\"Resource\":\"arn:aws:ssm:ap-south-1:*:parameter/syrabit/*\"},{\"Action\":[\"secretsmanager:GetSecretValue\",\"secretsmanager:DescribeSecret\"],\"Effect\":\"Allow\",\"Resource\":\"arn:aws:secretsmanager:ap-south-1:*:secret:syrabit/prod/*\"}]}"
              }
            ],
            "managed_policy_arns": [
              "arn:aws:iam::aws:policy/AWSXRayDaemonWriteAccess",
              "arn:aws:iam::aws:policy/service-role/AWSLambdaBasicExecutionRole"
            ],
            "max_session_duration": 3600,
            "name": "syrabit-sqs-consumer-prod",
            "name_prefix": "",
            "path": "/",
            "permissions_boundary": "",
            "tags": {
              "credit-source": "aws-activate",
              "environment": "prod",
              "landing-zone": "aws-async-workers",
              "managed-by": "terraform",
              "owner": "infra",
              "project": "syrabit"
            },
            "tags_all": {
              "credit-source": "aws-activate",
              "environment": "prod",
              "landing-zone": "aws-async-workers",
              "managed-by": "terraform",
              "owner": "infra",
              "project": "syrabit"
            },
            "unique_id": "AROAT6RH5D6ERCARBJ2FZ"
          },
          "sensitive_attributes": [],
          "private": "bnVsbA=="
        }
      ]
    },
    {
      "mode": "managed",
      "type": "aws_iam_role",
      "name": "workers_runtime",
      "provider": "provider[\"registry.terraform.io/hashicorp/aws\"]",
      "instances": [
        {
          "schema_version": 0,
          "attributes": {
            "arn": "arn:aws:iam::271740379017:role/syrabit-workers-runtime",
            "assume_role_policy": "{\"Statement\":[{\"Action\":\"sts:AssumeRole\",\"Effect\":\"Allow\",\"Principal\":{\"Service\":[\"lambda.amazonaws.com\",\"ecs-tasks.amazonaws.com\"]}}],\"Version\":\"2012-10-17\"}",
            "create_date": "2026-05-09T10:48:55Z",
            "description": "Runtime role for async worker Lambdas / Fargate tasks.",
            "force_detach_policies": false,
            "id": "syrabit-workers-runtime",
            "inline_policy": [
              {
                "name": "runtime-perms",
                "policy": "{\"Version\":\"2012-10-17\",\"Statement\":[{\"Action\":[\"secretsmanager:GetSecretValue\",\"secretsmanager:DescribeSecret\"],\"Effect\":\"Allow\",\"Resource\":[\"arn:aws:secretsmanager:ap-south-1:271740379017:secret:syrabit/prod/workers-embed/secret-4CrS1L\",\"arn:aws:secretsmanager:ap-south-1:271740379017:secret:syrabit/prod/upstash/redis-rest-url-C5kjGY\",\"arn:aws:secretsmanager:ap-south-1:271740379017:secret:syrabit/prod/upstash/redis-rest-token-ZXKbaX\",\"arn:aws:secretsmanager:ap-south-1:271740379017:secret:syrabit/prod/supabase/service-role-key-fu0Z19\",\"arn:aws:secretsmanager:ap-south-1:271740379017:secret:syrabit/prod/stripe/webhook-secret-D7P2i1\",\"arn:aws:secretsmanager:ap-south-1:271740379017:secret:syrabit/prod/slack/ops-webhook-i4roOg\",\"arn:aws:secretsmanager:ap-south-1:271740379017:secret:syrabit/prod/sentry/dsn-workers-uW8psr\",\"arn:aws:secretsmanager:ap-south-1:271740379017:secret:syrabit/prod/razorpay/webhook-secret-kyOAUf\",\"arn:aws:secretsmanager:ap-south-1:271740379017:secret:syrabit/prod/pinecone/api-key-CLOL3N\",\"arn:aws:secretsmanager:ap-south-1:271740379017:secret:syrabit/prod/mongo/url-qYIV6X\",\"arn:aws:secretsmanager:ap-south-1:271740379017:secret:syrabit/prod/gemini/api-key-DZDvcq\",\"arn:aws:secretsmanager:ap-south-1:271740379017:secret:syrabit/prod/gcp/sa-json-b6qbxZ\",\"arn:aws:secretsmanager:ap-south-1:271740379017:secret:syrabit/prod/cohere/api-key-eUSkFq\",\"arn:aws:secretsmanager:ap-south-1:271740379017:secret:syrabit/prod/cloudflare/api-token-j79u9v\",\"arn:aws:secretsmanager:ap-south-1:271740379017:secret:syrabit/prod/cf-ai-gateway/account-id-KuCMKE\",\"arn:aws:secretsmanager:ap-south-1:271740379017:secret:syrabit/prod/axiom/ingest-token-fo9A7D\"],\"Sid\":\"SecretsRead\"},{\"Action\":[\"sqs:SendMessage\",\"sqs:ReceiveMessage\",\"sqs:GetQueueUrl\",\"sqs:GetQueueAttributes\",\"sqs:DeleteMessage\",\"sqs:ChangeMessageVisibility\"],\"Effect\":\"Allow\",\"Resource\":\"arn:aws:sqs:ap-south-1:271740379017:syrabit-*\",\"Sid\":\"SqsConsume\"},{\"Action\":[\"ses:SendRawEmail\",\"ses:SendEmail\"],\"Effect\":\"Allow\",\"Resource\":[\"arn:aws:ses:ap-south-1:271740379017:identity/syrabit.ai\",\"arn:aws:ses:ap-south-1:271740379017:configuration-set/syrabit-workers\"],\"Sid\":\"SesSend\"},{\"Action\":[\"ses:GetSendStatistics\",\"ses:GetSendQuota\",\"ses:GetAccount\"],\"Effect\":\"Allow\",\"Resource\":\"*\",\"Sid\":\"SesAccountReads\"},{\"Action\":\"cloudwatch:PutMetricData\",\"Condition\":{\"StringEquals\":{\"cloudwatch:namespace\":\"Syrabit/Workers\"}},\"Effect\":\"Allow\",\"Resource\":\"*\",\"Sid\":\"MetricsPut\"}]}"
              }
            ],
            "managed_policy_arns": [
              "arn:aws:iam::aws:policy/service-role/AWSLambdaBasicExecutionRole",
              "arn:aws:iam::aws:policy/service-role/AWSLambdaVPCAccessExecutionRole"
            ],
            "max_session_duration": 3600,
            "name": "syrabit-workers-runtime",
            "name_prefix": "",
            "path": "/",
            "permissions_boundary": "",
            "tags": {
              "credit-source": "aws-activate",
              "environment": "prod",
              "landing-zone": "aws-async-workers",
              "managed-by": "terraform",
              "owner": "infra",
              "project": "syrabit"
            },
            "tags_all": {
              "credit-source": "aws-activate",
              "environment": "prod",
              "landing-zone": "aws-async-workers",
              "managed-by": "terraform",
              "owner": "infra",
              "project": "syrabit"
            },
            "unique_id": "AROAT6RH5D6E3KLLMZQTP"
          },
          "sensitive_attributes": [],
          "private": "bnVsbA=="
        }
      ]
    },
    {
      "mode": "managed",
      "type": "aws_iam_role_policy",
      "name": "batch_job_inline",
      "provider": "provider[\"registry.terraform.io/hashicorp/aws\"]",
      "instances": [
        {
          "schema_version": 0,
          "attributes": {
            "id": "syrabit-batch-job-prod:batch-job-runtime",
            "name": "batch-job-runtime",
            "name_prefix": "",
            "policy": "{\"Version\":\"2012-10-17\",\"Statement\":[{\"Action\":[\"secretsmanager:GetSecretValue\",\"secretsmanager:DescribeSecret\"],\"Effect\":\"Allow\",\"Resource\":\"arn:aws:secretsmanager:ap-south-1:*:secret:syrabit/prod/*\"},{\"Action\":[\"ssm:GetParameter\",\"ssm:GetParametersByPath\"],\"Effect\":\"Allow\",\"Resource\":\"arn:aws:ssm:ap-south-1:*:parameter/syrabit/*\"},{\"Action\":[\"comprehend:DetectSentiment\",\"comprehend:DetectPiiEntities\"],\"Effect\":\"Allow\",\"Resource\":\"*\"},{\"Action\":[\"xray:PutTraceSegments\",\"xray:PutTelemetryRecords\"],\"Effect\":\"Allow\",\"Resource\":\"*\"},{\"Action\":[\"cloudwatch:PutMetricData\"],\"Condition\":{\"StringEquals\":{\"cloudwatch:namespace\":[\"Syrabit/BatchJobs\",\"Syrabit/Cache\",\"Syrabit/Cost\"]}},\"Effect\":\"Allow\",\"Resource\":\"*\"}]}",
            "role": "syrabit-batch-job-prod"
          },
          "sensitive_attributes": [],
          "private": "bnVsbA==",
          "dependencies": [
            "aws_iam_role.batch_job"
          ]
        }
      ]
    },
    {
      "mode": "managed",
      "type": "aws_iam_role_policy",
      "name": "bedrock_cohere",
      "provider": "provider[\"registry.terraform.io/hashicorp/aws\"].us_east_1",
      "instances": [
        {
          "schema_version": 0,
          "attributes": {
            "id": "syrabit-aws-native-bedrock-cohere-prod:bedrock-cohere-embed-rerank",
            "name": "bedrock-cohere-embed-rerank",
            "name_prefix": "",
            "policy": "{\"Version\":\"2012-10-17\",\"Statement\":[{\"Action\":[\"bedrock:InvokeModel\",\"bedrock:InvokeModelWithResponseStream\"],\"Effect\":\"Allow\",\"Resource\":[\"arn:aws:bedrock:us-east-1::foundation-model/cohere.embed-multilingual-v3\",\"arn:aws:bedrock:us-east-1::foundation-model/cohere.rerank-v3-5:0\"]}]}",
            "role": "syrabit-aws-native-bedrock-cohere-prod"
          },
          "sensitive_attributes": [],
          "private": "bnVsbA==",
          "dependencies": [
            "aws_iam_role.native_feature",
            "data.aws_caller_identity.native_features"
          ]
        }
      ]
    },
    {
      "mode": "managed",
      "type": "aws_iam_role_policy",
      "name": "bedrock_proxy_invoke",
      "provider": "provider[\"registry.terraform.io/hashicorp/aws\"].us_east_1",
      "instances": [
        {
          "schema_version": 0,
          "attributes": {
            "id": "syrabit-bedrock-proxy-prod:bedrock-invoke",
            "name": "bedrock-invoke",
            "name_prefix": "",
            "policy": "{\"Version\":\"2012-10-17\",\"Statement\":[{\"Action\":[\"bedrock:InvokeModel\",\"bedrock:InvokeModelWithResponseStream\"],\"Effect\":\"Allow\",\"Resource\":[\"arn:aws:bedrock:us-east-1::foundation-model/anthropic.claude-3-5-sonnet-20241022-v2:0\",\"arn:aws:bedrock:us-east-1::foundation-model/amazon.titan-text-premier-v1:0\"]},{\"Action\":[\"bedrock:ApplyGuardrail\"],\"Effect\":\"Allow\",\"Resource\":\"*\"},{\"Action\":[\"xray:PutTraceSegments\",\"xray:PutTelemetryRecords\"],\"Effect\":\"Allow\",\"Resource\":\"*\"},{\"Action\":[\"ssm:GetParameter\"],\"Effect\":\"Allow\",\"Resource\":\"arn:aws:ssm:us-east-1:*:parameter/syrabit/*\"}]}",
            "role": "syrabit-bedrock-proxy-prod"
          },
          "sensitive_attributes": [],
          "private": "bnVsbA==",
          "dependencies": [
            "aws_iam_role.bedrock_proxy"
          ]
        }
      ]
    },
    {
      "mode": "managed",
      "type": "aws_iam_role_policy",
      "name": "comprehend",
      "provider": "provider[\"registry.terraform.io/hashicorp/aws\"].us_east_1",
      "instances": [
        {
          "schema_version": 0,
          "attributes": {
            "id": "syrabit-aws-native-comprehend-prod:comprehend-pii-sentiment",
            "name": "comprehend-pii-sentiment",
            "name_prefix": "",
            "policy": "{\"Version\":\"2012-10-17\",\"Statement\":[{\"Action\":[\"comprehend:DetectPiiEntities\",\"comprehend:DetectSentiment\",\"comprehend:BatchDetectPiiEntities\",\"comprehend:BatchDetectSentiment\"],\"Effect\":\"Allow\",\"Resource\":\"*\"}]}",
            "role": "syrabit-aws-native-comprehend-prod"
          },
          "sensitive_attributes": [],
          "private": "bnVsbA==",
          "dependencies": [
            "aws_iam_role.native_feature",
            "data.aws_caller_identity.native_features"
          ]
        }
      ]
    },
    {
      "mode": "managed",
      "type": "aws_iam_role_policy",
      "name": "email_worker_ses",
      "provider": "provider[\"registry.terraform.io/hashicorp/aws\"]",
      "instances": [
        {
          "schema_version": 0,
          "attributes": {
            "id": "syrabit-email-worker-prod:ses-send",
            "name": "ses-send",
            "name_prefix": "",
            "policy": "{\"Version\":\"2012-10-17\",\"Statement\":[{\"Action\":[\"ses:SendEmail\",\"ses:SendRawEmail\",\"ses:GetSendStatistics\"],\"Effect\":\"Allow\",\"Resource\":\"*\"},{\"Action\":[\"xray:PutTraceSegments\",\"xray:PutTelemetryRecords\"],\"Effect\":\"Allow\",\"Resource\":\"*\"},{\"Action\":[\"ssm:GetParameter\",\"ssm:GetParametersByPath\"],\"Effect\":\"Allow\",\"Resource\":\"arn:aws:ssm:ap-south-1:*:parameter/syrabit/*\"}]}",
            "role": "syrabit-email-worker-prod"
          },
          "sensitive_attributes": [],
          "private": "bnVsbA==",
          "dependencies": [
            "aws_iam_role.email_worker"
          ]
        }
      ]
    },
    {
      "mode": "managed",
      "type": "aws_iam_role_policy",
      "name": "email_worker_ses_retry_queue",
      "provider": "provider[\"registry.terraform.io/hashicorp/aws\"]",
      "instances": [
        {
          "schema_version": 0,
          "attributes": {
            "id": "syrabit-email-worker-prod:sqs-ses-retry",
            "name": "sqs-ses-retry",
            "name_prefix": "",
            "policy": "{\"Version\":\"2012-10-17\",\"Statement\":[{\"Action\":[\"sqs:ReceiveMessage\",\"sqs:DeleteMessage\",\"sqs:GetQueueAttributes\",\"sqs:ChangeMessageVisibility\"],\"Effect\":\"Allow\",\"Resource\":[\"arn:aws:sqs:ap-south-1:271740379017:syrabit-email-fallback\",\"arn:aws:sqs:ap-south-1:271740379017:syrabit-email-fallback-dlq\"]}]}",
            "role": "syrabit-email-worker-prod"
          },
          "sensitive_attributes": [],
          "private": "bnVsbA==",
          "dependencies": [
            "aws_iam_role.email_worker",
            "aws_sqs_queue.worker",
            "aws_sqs_queue.worker_dlq"
          ]
        }
      ]
    },
    {
      "mode": "managed",
      "type": "aws_iam_role_policy",
      "name": "fraud_detector",
      "provider": "provider[\"registry.terraform.io/hashicorp/aws\"].us_east_1",
      "instances": [
        {
          "schema_version": 0,
          "attributes": {
            "id": "syrabit-aws-native-fraud-detector-prod:fraud-detector-score",
            "name": "fraud-detector-score",
            "name_prefix": "",
            "policy": "{\"Version\":\"2012-10-17\",\"Statement\":[{\"Action\":[\"frauddetector:GetEventPrediction\",\"frauddetector:GetDetectors\"],\"Effect\":\"Allow\",\"Resource\":\"*\"}]}",
            "role": "syrabit-aws-native-fraud-detector-prod"
          },
          "sensitive_attributes": [],
          "private": "bnVsbA==",
          "dependencies": [
            "aws_iam_role.native_feature",
            "data.aws_caller_identity.native_features"
          ]
        }
      ]
    },
    {
      "mode": "managed",
      "type": "aws_iam_role_policy",
      "name": "github_deploy",
      "provider": "provider[\"registry.terraform.io/hashicorp/aws\"]",
      "instances": [
        {
          "schema_version": 0,
          "attributes": {
            "id": "syrabit-github-deploy:deploy-perms",
            "name": "deploy-perms",
            "name_prefix": "",
            "policy": "{\"Version\":\"2012-10-17\",\"Statement\":[{\"Action\":\"ecr:GetAuthorizationToken\",\"Effect\":\"Allow\",\"Resource\":\"*\",\"Sid\":\"EcrAuth\"},{\"Action\":[\"ecr:UploadLayerPart\",\"ecr:PutImage\",\"ecr:ListImages\",\"ecr:InitiateLayerUpload\",\"ecr:DescribeRepositories\",\"ecr:DescribeImages\",\"ecr:CompleteLayerUpload\",\"ecr:BatchGetImage\",\"ecr:BatchCheckLayerAvailability\"],\"Effect\":\"Allow\",\"Resource\":\"arn:aws:ecr:ap-south-1:271740379017:repository/syrabit/*\",\"Sid\":\"EcrPush\"},{\"Action\":[\"lambda:UpdateFunctionConfiguration\",\"lambda:UpdateFunctionCode\",\"lambda:UpdateAlias\",\"lambda:PublishVersion\",\"lambda:ListVersionsByFunction\",\"lambda:GetFunction\",\"lambda:GetAlias\"],\"Effect\":\"Allow\",\"Resource\":\"arn:aws:lambda:ap-south-1:271740379017:function:syrabit-*\",\"Sid\":\"LambdaDeploy\"},{\"Action\":\"iam:PassRole\",\"Condition\":{\"StringEquals\":{\"iam:PassedToService\":\"lambda.amazonaws.com\"}},\"Effect\":\"Allow\",\"Resource\":\"arn:aws:iam::271740379017:role/syrabit-workers-runtime\",\"Sid\":\"PassRuntimeRole\"},{\"Action\":[\"logs:GetLogEvents\",\"logs:FilterLogEvents\",\"logs:DescribeLogStreams\",\"logs:DescribeLogGroups\"],\"Effect\":\"Allow\",\"Resource\":[\"arn:aws:logs:ap-south-1:271740379017:log-group:/syrabit/workers:*\",\"arn:aws:logs:ap-south-1:271740379017:log-group:/syrabit/workers\",\"arn:aws:logs:ap-south-1:271740379017:log-group:/aws/lambda/syrabit-*:*\"],\"Sid\":\"LogsRead\"}]}",
            "role": "syrabit-github-deploy"
          },
          "sensitive_attributes": [],
          "private": "bnVsbA==",
          "dependencies": [
            "aws_cloudwatch_log_group.workers",
            "aws_iam_openid_connect_provider.github",
            "aws_iam_role.github_deploy",
            "aws_iam_role.workers_runtime",
            "data.aws_caller_identity.lz",
            "data.aws_iam_policy_document.github_deploy_assume",
            "data.aws_iam_policy_document.github_deploy_perms"
          ]
        }
      ]
    },
    {
      "mode": "managed",
      "type": "aws_iam_role_policy",
      "name": "personalize",
      "provider": "provider[\"registry.terraform.io/hashicorp/aws\"].us_east_1",
      "instances": [
        {
          "schema_version": 0,
          "attributes": {
            "id": "syrabit-aws-native-personalize-prod:personalize-recommend",
            "name": "personalize-recommend",
            "name_prefix": "",
            "policy": "{\"Version\":\"2012-10-17\",\"Statement\":[{\"Action\":[\"personalize:GetRecommendations\",\"personalize:GetPersonalizedRanking\",\"personalize-events:PutEvents\",\"personalize-events:PutUsers\",\"personalize-events:PutItems\"],\"Effect\":\"Allow\",\"Resource\":\"*\"},{\"Action\":[\"s3:GetObject\",\"s3:ListBucket\"],\"Effect\":\"Allow\",\"Resource\":[\"arn:aws:s3:::syrabit-personalize-import\",\"arn:aws:s3:::syrabit-personalize-import/*\"]}]}",
            "role": "syrabit-aws-native-personalize-prod"
          },
          "sensitive_attributes": [],
          "private": "bnVsbA==",
          "dependencies": [
            "aws_iam_role.native_feature",
            "data.aws_caller_identity.native_features"
          ]
        }
      ]
    },
    {
      "mode": "managed",
      "type": "aws_iam_role_policy",
      "name": "polly",
      "provider": "provider[\"registry.terraform.io/hashicorp/aws\"].us_east_1",
      "instances": [
        {
          "schema_version": 0,
          "attributes": {
            "id": "syrabit-aws-native-polly-prod:polly-synthesize",
            "name": "polly-synthesize",
            "name_prefix": "",
            "policy": "{\"Version\":\"2012-10-17\",\"Statement\":[{\"Action\":[\"polly:SynthesizeSpeech\",\"polly:DescribeVoices\",\"polly:StartSpeechSynthesisTask\"],\"Effect\":\"Allow\",\"Resource\":\"*\"}]}",
            "role": "syrabit-aws-native-polly-prod"
          },
          "sensitive_attributes": [],
          "private": "bnVsbA==",
          "dependencies": [
            "aws_iam_role.native_feature",
            "data.aws_caller_identity.native_features"
          ]
        }
      ]
    },
    {
      "mode": "managed",
      "type": "aws_iam_role_policy",
      "name": "rekognition",
      "provider": "provider[\"registry.terraform.io/hashicorp/aws\"].us_east_1",
      "instances": [
        {
          "schema_version": 0,
          "attributes": {
            "id": "syrabit-aws-native-rekognition-prod:rekognition-moderation",
            "name": "rekognition-moderation",
            "name_prefix": "",
            "policy": "{\"Version\":\"2012-10-17\",\"Statement\":[{\"Action\":[\"rekognition:DetectModerationLabels\",\"rekognition:DetectFaces\",\"rekognition:DetectText\"],\"Effect\":\"Allow\",\"Resource\":\"*\"}]}",
            "role": "syrabit-aws-native-rekognition-prod"
          },
          "sensitive_attributes": [],
          "private": "bnVsbA==",
          "dependencies": [
            "aws_iam_role.native_feature",
            "data.aws_caller_identity.native_features"
          ]
        }
      ]
    },
    {
      "mode": "managed",
      "type": "aws_iam_role_policy",
      "name": "s3_to_r2_inline",
      "provider": "provider[\"registry.terraform.io/hashicorp/aws\"]",
      "instances": [
        {
          "schema_version": 0,
          "attributes": {
            "id": "syrabit-s3-to-r2-prod:syrabit-s3-to-r2-prod",
            "name": "syrabit-s3-to-r2-prod",
            "name_prefix": "",
            "policy": "{\"Version\":\"2012-10-17\",\"Statement\":[{\"Action\":[\"s3:ListBucket\",\"s3:GetObject\",\"s3:DeleteObject\"],\"Effect\":\"Allow\",\"Resource\":[\"arn:aws:s3:::syrabit-prod-finals-staging\",\"arn:aws:s3:::syrabit-prod-finals-staging/finals/*\"]},{\"Action\":[\"secretsmanager:GetSecretValue\"],\"Effect\":\"Allow\",\"Resource\":[\"arn:aws:secretsmanager:ap-south-1:271740379017:secret:syrabit/r2/finals-writer-3O3Gtf\"]}]}",
            "role": "syrabit-s3-to-r2-prod"
          },
          "sensitive_attributes": [],
          "private": "bnVsbA==",
          "dependencies": [
            "aws_iam_role.s3_to_r2",
            "data.aws_secretsmanager_secret.r2_access_key"
          ]
        }
      ]
    },
    {
      "mode": "managed",
      "type": "aws_iam_role_policy",
      "name": "sqs_consumer_queue_access",
      "provider": "provider[\"registry.terraform.io/hashicorp/aws\"]",
      "instances": [
        {
          "schema_version": 0,
          "attributes": {
            "id": "syrabit-sqs-consumer-prod:sqs-consume",
            "name": "sqs-consume",
            "name_prefix": "",
            "policy": "{\"Version\":\"2012-10-17\",\"Statement\":[{\"Action\":[\"sqs:ReceiveMessage\",\"sqs:DeleteMessage\",\"sqs:GetQueueAttributes\",\"sqs:ChangeMessageVisibility\"],\"Effect\":\"Allow\",\"Resource\":[\"arn:aws:sqs:ap-south-1:271740379017:syrabit-bing-keyword\",\"arn:aws:sqs:ap-south-1:271740379017:syrabit-bing-submit\",\"arn:aws:sqs:ap-south-1:271740379017:syrabit-cf-bot-crosscheck\",\"arn:aws:sqs:ap-south-1:271740379017:syrabit-discovery-ingest\",\"arn:aws:sqs:ap-south-1:271740379017:syrabit-email-fallback\",\"arn:aws:sqs:ap-south-1:271740379017:syrabit-seo-indexnow\",\"arn:aws:sqs:ap-south-1:271740379017:syrabit-seo-internal-linker\",\"arn:aws:sqs:ap-south-1:271740379017:syrabit-unified-logs-pull\",\"arn:aws:sqs:ap-south-1:271740379017:syrabit-bing-keyword-dlq\",\"arn:aws:sqs:ap-south-1:271740379017:syrabit-bing-submit-dlq\",\"arn:aws:sqs:ap-south-1:271740379017:syrabit-cf-bot-crosscheck-dlq\",\"arn:aws:sqs:ap-south-1:271740379017:syrabit-discovery-ingest-dlq\",\"arn:aws:sqs:ap-south-1:271740379017:syrabit-email-fallback-dlq\",\"arn:aws:sqs:ap-south-1:271740379017:syrabit-seo-indexnow-dlq\",\"arn:aws:sqs:ap-south-1:271740379017:syrabit-seo-internal-linker-dlq\",\"arn:aws:sqs:ap-south-1:271740379017:syrabit-unified-logs-pull-dlq\"]},{\"Action\":[\"ssm:GetParameter\",\"ssm:GetParametersByPath\"],\"Effect\":\"Allow\",\"Resource\":\"arn:aws:ssm:ap-south-1:*:parameter/syrabit/*\"},{\"Action\":[\"secretsmanager:GetSecretValue\",\"secretsmanager:DescribeSecret\"],\"Effect\":\"Allow\",\"Resource\":\"arn:aws:secretsmanager:ap-south-1:*:secret:syrabit/prod/*\"}]}",
            "role": "syrabit-sqs-consumer-prod"
          },
          "sensitive_attributes": [],
          "private": "bnVsbA==",
          "dependencies": [
            "aws_iam_role.sqs_consumer",
            "aws_sqs_queue.worker",
            "aws_sqs_queue.worker_dlq"
          ]
        }
      ]
    },
    {
      "mode": "managed",
      "type": "aws_iam_role_policy",
      "name": "sqs_consumer_reembed",
      "provider": "provider[\"registry.terraform.io/hashicorp/aws\"]",
      "instances": [
        {
          "schema_version": 0,
          "attributes": {
            "id": "syrabit-sqs-consumer-prod:consume-reembed",
            "name": "consume-reembed",
            "name_prefix": "",
            "policy": "{\"Version\":\"2012-10-17\",\"Statement\":[{\"Action\":[\"sqs:ReceiveMessage\",\"sqs:DeleteMessage\",\"sqs:GetQueueAttributes\",\"sqs:ChangeMessageVisibility\"],\"Effect\":\"Allow\",\"Resource\":\"arn:aws:sqs:ap-south-1:271740379017:syrabit-reembed-prod\"}]}",
            "role": "syrabit-sqs-consumer-prod"
          },
          "sensitive_attributes": [],
          "private": "bnVsbA==",
          "dependencies": [
            "aws_iam_role.sqs_consumer",
            "aws_sqs_queue.reembed",
            "aws_sqs_queue.reembed_dlq"
          ]
        }
      ]
    },
    {
      "mode": "managed",
      "type": "aws_iam_role_policy",
      "name": "textract",
      "provider": "provider[\"registry.terraform.io/hashicorp/aws\"].us_east_1",
      "instances": [
        {
          "schema_version": 0,
          "attributes": {
            "id": "syrabit-aws-native-textract-prod:textract-structured",
            "name": "textract-structured",
            "name_prefix": "",
            "policy": "{\"Version\":\"2012-10-17\",\"Statement\":[{\"Action\":[\"textract:AnalyzeDocument\",\"textract:DetectDocumentText\",\"textract:StartDocumentAnalysis\",\"textract:GetDocumentAnalysis\"],\"Effect\":\"Allow\",\"Resource\":\"*\"},{\"Action\":[\"s3:GetObject\"],\"Effect\":\"Allow\",\"Resource\":\"arn:aws:s3:::syrabit-ocr-input/*\"}]}",
            "role": "syrabit-aws-native-textract-prod"
          },
          "sensitive_attributes": [],
          "private": "bnVsbA==",
          "dependencies": [
            "aws_iam_role.native_feature",
            "data.aws_caller_identity.native_features"
          ]
        }
      ]
    },
    {
      "mode": "managed",
      "type": "aws_iam_role_policy",
      "name": "transcribe",
      "provider": "provider[\"registry.terraform.io/hashicorp/aws\"].us_east_1",
      "instances": [
        {
          "schema_version": 0,
          "attributes": {
            "id": "syrabit-aws-native-transcribe-prod:transcribe-streaming",
            "name": "transcribe-streaming",
            "name_prefix": "",
            "policy": "{\"Version\":\"2012-10-17\",\"Statement\":[{\"Action\":[\"transcribe:StartStreamTranscription\",\"transcribe:StartTranscriptionJob\",\"transcribe:GetTranscriptionJob\"],\"Effect\":\"Allow\",\"Resource\":\"*\"},{\"Action\":[\"s3:PutObject\",\"s3:GetObject\",\"s3:DeleteObject\"],\"Effect\":\"Allow\",\"Resource\":\"arn:aws:s3:::syrabit-transcribe-tmp/*\"},{\"Action\":[\"s3:ListBucket\"],\"Effect\":\"Allow\",\"Resource\":\"arn:aws:s3:::syrabit-transcribe-tmp\"}]}",
            "role": "syrabit-aws-native-transcribe-prod"
          },
          "sensitive_attributes": [],
          "private": "bnVsbA==",
          "dependencies": [
            "aws_iam_role.native_feature",
            "data.aws_caller_identity.native_features"
          ]
        }
      ]
    },
    {
      "mode": "managed",
      "type": "aws_iam_role_policy",
      "name": "translate",
      "provider": "provider[\"registry.terraform.io/hashicorp/aws\"].us_east_1",
      "instances": [
        {
          "schema_version": 0,
          "attributes": {
            "id": "syrabit-aws-native-translate-prod:translate-fallback",
            "name": "translate-fallback",
            "name_prefix": "",
            "policy": "{\"Version\":\"2012-10-17\",\"Statement\":[{\"Action\":[\"translate:TranslateText\",\"translate:TranslateDocument\"],\"Effect\":\"Allow\",\"Resource\":\"*\"}]}",
            "role": "syrabit-aws-native-translate-prod"
          },
          "sensitive_attributes": [],
          "private": "bnVsbA==",
          "dependencies": [
            "aws_iam_role.native_feature",
            "data.aws_caller_identity.native_features"
          ]
        }
      ]
    },
    {
      "mode": "managed",
      "type": "aws_iam_role_policy",
      "name": "workers_runtime",
      "provider": "provider[\"registry.terraform.io/hashicorp/aws\"]",
      "instances": [
        {
          "schema_version": 0,
          "attributes": {
            "id": "syrabit-workers-runtime:runtime-perms",
            "name": "runtime-perms",
            "name_prefix": "",
            "policy": "{\"Version\":\"2012-10-17\",\"Statement\":[{\"Action\":[\"secretsmanager:GetSecretValue\",\"secretsmanager:DescribeSecret\"],\"Effect\":\"Allow\",\"Resource\":[\"arn:aws:secretsmanager:ap-south-1:271740379017:secret:syrabit/prod/workers-embed/secret-4CrS1L\",\"arn:aws:secretsmanager:ap-south-1:271740379017:secret:syrabit/prod/upstash/redis-rest-url-C5kjGY\",\"arn:aws:secretsmanager:ap-south-1:271740379017:secret:syrabit/prod/upstash/redis-rest-token-ZXKbaX\",\"arn:aws:secretsmanager:ap-south-1:271740379017:secret:syrabit/prod/supabase/service-role-key-fu0Z19\",\"arn:aws:secretsmanager:ap-south-1:271740379017:secret:syrabit/prod/stripe/webhook-secret-D7P2i1\",\"arn:aws:secretsmanager:ap-south-1:271740379017:secret:syrabit/prod/slack/ops-webhook-i4roOg\",\"arn:aws:secretsmanager:ap-south-1:271740379017:secret:syrabit/prod/sentry/dsn-workers-uW8psr\",\"arn:aws:secretsmanager:ap-south-1:271740379017:secret:syrabit/prod/razorpay/webhook-secret-kyOAUf\",\"arn:aws:secretsmanager:ap-south-1:271740379017:secret:syrabit/prod/pinecone/api-key-CLOL3N\",\"arn:aws:secretsmanager:ap-south-1:271740379017:secret:syrabit/prod/mongo/url-qYIV6X\",\"arn:aws:secretsmanager:ap-south-1:271740379017:secret:syrabit/prod/gemini/api-key-DZDvcq\",\"arn:aws:secretsmanager:ap-south-1:271740379017:secret:syrabit/prod/gcp/sa-json-b6qbxZ\",\"arn:aws:secretsmanager:ap-south-1:271740379017:secret:syrabit/prod/cohere/api-key-eUSkFq\",\"arn:aws:secretsmanager:ap-south-1:271740379017:secret:syrabit/prod/cloudflare/api-token-j79u9v\",\"arn:aws:secretsmanager:ap-south-1:271740379017:secret:syrabit/prod/cf-ai-gateway/account-id-KuCMKE\",\"arn:aws:secretsmanager:ap-south-1:271740379017:secret:syrabit/prod/axiom/ingest-token-fo9A7D\"],\"Sid\":\"SecretsRead\"},{\"Action\":[\"sqs:SendMessage\",\"sqs:ReceiveMessage\",\"sqs:GetQueueUrl\",\"sqs:GetQueueAttributes\",\"sqs:DeleteMessage\",\"sqs:ChangeMessageVisibility\"],\"Effect\":\"Allow\",\"Resource\":\"arn:aws:sqs:ap-south-1:271740379017:syrabit-*\",\"Sid\":\"SqsConsume\"},{\"Action\":[\"ses:SendRawEmail\",\"ses:SendEmail\"],\"Effect\":\"Allow\",\"Resource\":[\"arn:aws:ses:ap-south-1:271740379017:identity/syrabit.ai\",\"arn:aws:ses:ap-south-1:271740379017:configuration-set/syrabit-workers\"],\"Sid\":\"SesSend\"},{\"Action\":[\"ses:GetSendStatistics\",\"ses:GetSendQuota\",\"ses:GetAccount\"],\"Effect\":\"Allow\",\"Resource\":\"*\",\"Sid\":\"SesAccountReads\"},{\"Action\":\"cloudwatch:PutMetricData\",\"Condition\":{\"StringEquals\":{\"cloudwatch:namespace\":\"Syrabit/Workers\"}},\"Effect\":\"Allow\",\"Resource\":\"*\",\"Sid\":\"MetricsPut\"}]}",
            "role": "syrabit-workers-runtime"
          },
          "sensitive_attributes": [],
          "private": "bnVsbA==",
          "dependencies": [
            "aws_iam_role.workers_runtime",
            "aws_secretsmanager_secret.workers",
            "aws_sesv2_configuration_set.workers",
            "aws_sesv2_email_identity.syrabit_ai",
            "data.aws_caller_identity.lz",
            "data.aws_iam_policy_document.workers_runtime"
          ]
        }
      ]
    },
    {
      "mode": "managed",
      "type": "aws_iam_role_policy_attachment",
      "name": "batch_job_basic",
      "provider": "provider[\"registry.terraform.io/hashicorp/aws\"]",
      "instances": [
        {
          "schema_version": 0,
          "attributes": {
            "id": "syrabit-batch-job-prod/arn:aws:iam::aws:policy/service-role/AWSLambdaBasicExecutionRole",
            "policy_arn": "arn:aws:iam::aws:policy/service-role/AWSLambdaBasicExecutionRole",
            "role": "syrabit-batch-job-prod"
          },
          "sensitive_attributes": [],
          "private": "bnVsbA==",
          "dependencies": [
            "aws_iam_role.batch_job"
          ]
        }
      ]
    },
    {
      "mode": "managed",
      "type": "aws_iam_role_policy_attachment",
      "name": "batch_job_vpc",
      "provider": "provider[\"registry.terraform.io/hashicorp/aws\"]",
      "instances": [
        {
          "schema_version": 0,
          "attributes": {
            "id": "syrabit-batch-job-prod/arn:aws:iam::aws:policy/service-role/AWSLambdaVPCAccessExecutionRole",
            "policy_arn": "arn:aws:iam::aws:policy/service-role/AWSLambdaVPCAccessExecutionRole",
            "role": "syrabit-batch-job-prod"
          },
          "sensitive_attributes": [],
          "private": "bnVsbA==",
          "dependencies": [
            "aws_iam_role.batch_job"
          ]
        }
      ]
    },
    {
      "mode": "managed",
      "type": "aws_iam_role_policy_attachment",
      "name": "bedrock_proxy_basic",
      "provider": "provider[\"registry.terraform.io/hashicorp/aws\"].us_east_1",
      "instances": [
        {
          "schema_version": 0,
          "attributes": {
            "id": "syrabit-bedrock-proxy-prod/arn:aws:iam::aws:policy/service-role/AWSLambdaBasicExecutionRole",
            "policy_arn": "arn:aws:iam::aws:policy/service-role/AWSLambdaBasicExecutionRole",
            "role": "syrabit-bedrock-proxy-prod"
          },
          "sensitive_attributes": [],
          "private": "bnVsbA==",
          "dependencies": [
            "aws_iam_role.bedrock_proxy"
          ]
        }
      ]
    },
    {
      "mode": "managed",
      "type": "aws_iam_role_policy_attachment",
      "name": "cron_jobs_aws",
      "provider": "provider[\"registry.terraform.io/hashicorp/aws\"]",
      "instances": [
        {
          "schema_version": 0,
          "attributes": {
            "id": "syrabit-cron-jobs-aws/arn:aws:iam::271740379017:policy/syrabit-cron-jobs-aws",
            "policy_arn": "arn:aws:iam::271740379017:policy/syrabit-cron-jobs-aws",
            "role": "syrabit-cron-jobs-aws"
          },
          "sensitive_attributes": [],
          "private": "bnVsbA==",
          "dependencies": [
            "aws_iam_openid_connect_provider.azure_cron",
            "aws_iam_policy.cron_jobs_aws",
            "aws_iam_role.cron_jobs_aws",
            "aws_sqs_queue.worker",
            "aws_sqs_queue.worker_dlq",
            "data.aws_iam_policy_document.cron_jobs_assume_role",
            "data.aws_iam_policy_document.cron_jobs_aws_perms"
          ]
        }
      ]
    },
    {
      "mode": "managed",
      "type": "aws_iam_role_policy_attachment",
      "name": "email_worker_basic",
      "provider": "provider[\"registry.terraform.io/hashicorp/aws\"]",
      "instances": [
        {
          "schema_version": 0,
          "attributes": {
            "id": "syrabit-email-worker-prod/arn:aws:iam::aws:policy/service-role/AWSLambdaBasicExecutionRole",
            "policy_arn": "arn:aws:iam::aws:policy/service-role/AWSLambdaBasicExecutionRole",
            "role": "syrabit-email-worker-prod"
          },
          "sensitive_attributes": [],
          "private": "bnVsbA==",
          "dependencies": [
            "aws_iam_role.email_worker"
          ]
        }
      ]
    },
    {
      "mode": "managed",
      "type": "aws_iam_role_policy_attachment",
      "name": "s3_to_r2_logs",
      "provider": "provider[\"registry.terraform.io/hashicorp/aws\"]",
      "instances": [
        {
          "schema_version": 0,
          "attributes": {
            "id": "syrabit-s3-to-r2-prod/arn:aws:iam::aws:policy/service-role/AWSLambdaBasicExecutionRole",
            "policy_arn": "arn:aws:iam::aws:policy/service-role/AWSLambdaBasicExecutionRole",
            "role": "syrabit-s3-to-r2-prod"
          },
          "sensitive_attributes": [],
          "private": "bnVsbA==",
          "dependencies": [
            "aws_iam_role.s3_to_r2"
          ]
        }
      ]
    },
    {
      "mode": "managed",
      "type": "aws_iam_role_policy_attachment",
      "name": "sqs_consumer_basic",
      "provider": "provider[\"registry.terraform.io/hashicorp/aws\"]",
      "instances": [
        {
          "schema_version": 0,
          "attributes": {
            "id": "syrabit-sqs-consumer-prod/arn:aws:iam::aws:policy/service-role/AWSLambdaBasicExecutionRole",
            "policy_arn": "arn:aws:iam::aws:policy/service-role/AWSLambdaBasicExecutionRole",
            "role": "syrabit-sqs-consumer-prod"
          },
          "sensitive_attributes": [],
          "private": "bnVsbA==",
          "dependencies": [
            "aws_iam_role.sqs_consumer"
          ]
        }
      ]
    },
    {
      "mode": "managed",
      "type": "aws_iam_role_policy_attachment",
      "name": "sqs_consumer_xray",
      "provider": "provider[\"registry.terraform.io/hashicorp/aws\"]",
      "instances": [
        {
          "schema_version": 0,
          "attributes": {
            "id": "syrabit-sqs-consumer-prod/arn:aws:iam::aws:policy/AWSXRayDaemonWriteAccess",
            "policy_arn": "arn:aws:iam::aws:policy/AWSXRayDaemonWriteAccess",
            "role": "syrabit-sqs-consumer-prod"
          },
          "sensitive_attributes": [],
          "private": "bnVsbA==",
          "dependencies": [
            "aws_iam_role.sqs_consumer"
          ]
        }
      ]
    },
    {
      "mode": "managed",
      "type": "aws_iam_role_policy_attachment",
      "name": "workers_runtime_basic",
      "provider": "provider[\"registry.terraform.io/hashicorp/aws\"]",
      "instances": [
        {
          "schema_version": 0,
          "attributes": {
            "id": "syrabit-workers-runtime/arn:aws:iam::aws:policy/service-role/AWSLambdaBasicExecutionRole",
            "policy_arn": "arn:aws:iam::aws:policy/service-role/AWSLambdaBasicExecutionRole",
            "role": "syrabit-workers-runtime"
          },
          "sensitive_attributes": [],
          "private": "bnVsbA==",
          "dependencies": [
            "aws_iam_role.workers_runtime"
          ]
        }
      ]
    },
    {
      "mode": "managed",
      "type": "aws_iam_role_policy_attachment",
      "name": "workers_runtime_vpc",
      "provider": "provider[\"registry.terraform.io/hashicorp/aws\"]",
      "instances": [
        {
          "schema_version": 0,
          "attributes": {
            "id": "syrabit-workers-runtime/arn:aws:iam::aws:policy/service-role/AWSLambdaVPCAccessExecutionRole",
            "policy_arn": "arn:aws:iam::aws:policy/service-role/AWSLambdaVPCAccessExecutionRole",
            "role": "syrabit-workers-runtime"
          },
          "sensitive_attributes": [],
          "private": "bnVsbA==",
          "dependencies": [
            "aws_iam_role.workers_runtime"
          ]
        }
      ]
    },
    {
      "mode": "managed",
      "type": "aws_internet_gateway",
      "name": "workers",
      "provider": "provider[\"registry.terraform.io/hashicorp/aws\"]",
      "instances": [
        {
          "schema_version": 0,
          "attributes": {
            "arn": "arn:aws:ec2:ap-south-1:271740379017:internet-gateway/igw-0b532fda2fcd7cc7f",
            "id": "igw-0b532fda2fcd7cc7f",
            "owner_id": "271740379017",
            "region": "ap-south-1",
            "tags": {
              "Name": "syrabit-workers-igw",
              "credit-source": "aws-activate",
              "environment": "prod",
              "landing-zone": "aws-async-workers",
              "managed-by": "terraform",
              "owner": "infra",
              "project": "syrabit"
            },
            "tags_all": {
              "Name": "syrabit-workers-igw",
              "credit-source": "aws-activate",
              "environment": "prod",
              "landing-zone": "aws-async-workers",
              "managed-by": "terraform",
              "owner": "infra",
              "project": "syrabit"
            },
            "timeouts": null,
            "vpc_id": "vpc-0dac209c5295c75d7"
          },
          "sensitive_attributes": [],
          "private": "eyJlMmJmYjczMC1lY2FhLTExZTYtOGY4OC0zNDM2M2JjN2M0YzAiOnsiY3JlYXRlIjoxMjAwMDAwMDAwMDAwLCJkZWxldGUiOjEyMDAwMDAwMDAwMDAsInVwZGF0ZSI6MTIwMDAwMDAwMDAwMH19",
          "dependencies": [
            "aws_vpc.workers"
          ]
        }
      ]
    },
    {
      "mode": "managed",
      "type": "aws_nat_gateway",
      "name": "workers",
      "provider": "provider[\"registry.terraform.io/hashicorp/aws\"]",
      "instances": [
        {
          "schema_version": 0,
          "attributes": {
            "allocation_id": "eipalloc-07d09b336638069a5",
            "association_id": "eipassoc-0e51437a5c913cd5e",
            "auto_provision_zones": null,
            "auto_scaling_ips": null,
            "availability_mode": "zonal",
            "availability_zone_address": [],
            "connectivity_type": "public",
            "id": "nat-08538b6724343a871",
            "network_interface_id": "eni-00e287ce8da8d3999",
            "private_ip": "10.40.0.248",
            "public_ip": "13.207.8.116",
            "region": "ap-south-1",
            "regional_nat_gateway_address": [],
            "regional_nat_gateway_auto_mode": null,
            "route_table_id": null,
            "secondary_allocation_ids": [],
            "secondary_private_ip_address_count": 0,
            "secondary_private_ip_addresses": [],
            "subnet_id": "subnet-09e56a6451ed695af",
            "tags": {
              "Name": "syrabit-nat",
              "credit-source": "aws-activate",
              "environment": "prod",
              "landing-zone": "aws-async-workers",
              "managed-by": "terraform",
              "owner": "infra",
              "project": "syrabit"
            },
            "tags_all": {
              "Name": "syrabit-nat",
              "credit-source": "aws-activate",
              "environment": "prod",
              "landing-zone": "aws-async-workers",
              "managed-by": "terraform",
              "owner": "infra",
              "project": "syrabit"
            },
            "timeouts": null,
            "vpc_id": "vpc-0dac209c5295c75d7"
          },
          "sensitive_attributes": [],
          "private": "eyJlMmJmYjczMC1lY2FhLTExZTYtOGY4OC0zNDM2M2JjN2M0YzAiOnsiY3JlYXRlIjo2MDAwMDAwMDAwMDAsImRlbGV0ZSI6MTgwMDAwMDAwMDAwMCwidXBkYXRlIjo2MDAwMDAwMDAwMDB9fQ==",
          "dependencies": [
            "aws_eip.nat",
            "aws_internet_gateway.workers",
            "aws_subnet.public_a",
            "aws_vpc.workers"
          ]
        }
      ]
    },
    {
      "mode": "managed",
      "type": "aws_route53_health_check",
      "name": "do",
      "provider": "provider[\"registry.terraform.io/hashicorp/aws\"]",
      "instances": [
        {
          "schema_version": 0,
          "attributes": {
            "arn": "arn:aws:route53:::healthcheck/53b8ceb3-73e4-4f08-872c-d25b6c2da6de",
            "child_health_threshold": 0,
            "child_healthchecks": [],
            "cloudwatch_alarm_name": null,
            "cloudwatch_alarm_region": null,
            "disabled": false,
            "enable_sni": true,
            "failure_threshold": 2,
            "fqdn": "api-do.syrabit.ai",
            "id": "53b8ceb3-73e4-4f08-872c-d25b6c2da6de",
            "insufficient_data_health_status": "",
            "invert_healthcheck": false,
            "ip_address": "",
            "measure_latency": false,
            "port": 443,
            "reference_name": null,
            "regions": [],
            "request_interval": 10,
            "resource_path": "/health",
            "routing_control_arn": "",
            "search_string": "",
            "tags": {
              "Name": "do-app-platform-health",
              "credit-source": "aws-activate"
            },
            "tags_all": {
              "Name": "do-app-platform-health",
              "credit-source": "aws-activate",
              "environment": "prod",
              "landing-zone": "aws-async-workers",
              "managed-by": "terraform",
              "owner": "infra",
              "project": "syrabit"
            },
            "triggers": {},
            "type": "HTTPS"
          },
          "sensitive_attributes": [],
          "private": "bnVsbA=="
        }
      ]
    },
    {
      "mode": "managed",
      "type": "aws_route53_record",
      "name": "api_do_latency",
      "provider": "provider[\"registry.terraform.io/hashicorp/aws\"]",
      "instances": [
        {
          "schema_version": 2,
          "attributes": {
            "alias": [],
            "allow_overwrite": null,
            "cidr_routing_policy": [],
            "failover_routing_policy": [],
            "fqdn": "api.syrabit.ai",
            "geolocation_routing_policy": [],
            "geoproximity_routing_policy": [],
            "health_check_id": "53b8ceb3-73e4-4f08-872c-d25b6c2da6de",
            "id": "Z02287022IGDQSI9ESYQM_api.syrabit.ai_A_do-blr1",
            "latency_routing_policy": [
              {
                "region": "ap-south-1"
              }
            ],
            "multivalue_answer_routing_policy": false,
            "name": "api.syrabit.ai",
            "records": [
              "104.18.18.233"
            ],
            "set_identifier": "do-blr1",
            "timeouts": null,
            "ttl": 30,
            "type": "A",
            "weighted_routing_policy": [],
            "zone_id": "Z02287022IGDQSI9ESYQM"
          },
          "sensitive_attributes": [],
          "private": "eyJlMmJmYjczMC1lY2FhLTExZTYtOGY4OC0zNDM2M2JjN2M0YzAiOnsiY3JlYXRlIjoxODAwMDAwMDAwMDAwLCJkZWxldGUiOjE4MDAwMDAwMDAwMDAsInVwZGF0ZSI6MTgwMDAwMDAwMDAwMH0sInNjaGVtYV92ZXJzaW9uIjoiMiJ9",
          "dependencies": [
            "aws_route53_health_check.do",
            "data.aws_route53_zone.main"
          ]
        }
      ]
    },
    {
      "mode": "managed",
      "type": "aws_route_table",
      "name": "private",
      "provider": "provider[\"registry.terraform.io/hashicorp/aws\"]",
      "instances": [
        {
          "schema_version": 0,
          "attributes": {
            "arn": "arn:aws:ec2:ap-south-1:271740379017:route-table/rtb-043cb9d5a5cc1eff4",
            "id": "rtb-043cb9d5a5cc1eff4",
            "owner_id": "271740379017",
            "propagating_vgws": [],
            "region": "ap-south-1",
            "route": [
              {
                "carrier_gateway_id": "",
                "cidr_block": "0.0.0.0/0",
                "core_network_arn": "",
                "destination_prefix_list_id": "",
                "egress_only_gateway_id": "",
                "gateway_id": "",
                "ipv6_cidr_block": "",
                "local_gateway_id": "",
                "nat_gateway_id": "nat-08538b6724343a871",
                "network_interface_id": "",
                "transit_gateway_id": "",
                "vpc_endpoint_id": "",
                "vpc_peering_connection_id": ""
              }
            ],
            "tags": {
              "Name": "syrabit-private-rt",
              "credit-source": "aws-activate",
              "environment": "prod",
              "landing-zone": "aws-async-workers",
              "managed-by": "terraform",
              "owner": "infra",
              "project": "syrabit"
            },
            "tags_all": {
              "Name": "syrabit-private-rt",
              "credit-source": "aws-activate",
              "environment": "prod",
              "landing-zone": "aws-async-workers",
              "managed-by": "terraform",
              "owner": "infra",
              "project": "syrabit"
            },
            "timeouts": null,
            "vpc_id": "vpc-0dac209c5295c75d7"
          },
          "sensitive_attributes": [],
          "private": "eyJlMmJmYjczMC1lY2FhLTExZTYtOGY4OC0zNDM2M2JjN2M0YzAiOnsiY3JlYXRlIjozMDAwMDAwMDAwMDAsImRlbGV0ZSI6MzAwMDAwMDAwMDAwLCJ1cGRhdGUiOjEyMDAwMDAwMDAwMH19",
          "dependencies": [
            "aws_eip.nat",
            "aws_internet_gateway.workers",
            "aws_nat_gateway.workers",
            "aws_subnet.public_a",
            "aws_vpc.workers"
          ]
        }
      ]
    },
    {
      "mode": "managed",
      "type": "aws_route_table",
      "name": "public",
      "provider": "provider[\"registry.terraform.io/hashicorp/aws\"]",
      "instances": [
        {
          "schema_version": 0,
          "attributes": {
            "arn": "arn:aws:ec2:ap-south-1:271740379017:route-table/rtb-0cb260548ae68c3c5",
            "id": "rtb-0cb260548ae68c3c5",
            "owner_id": "271740379017",
            "propagating_vgws": [],
            "region": "ap-south-1",
            "route": [
              {
                "carrier_gateway_id": "",
                "cidr_block": "0.0.0.0/0",
                "core_network_arn": "",
                "destination_prefix_list_id": "",
                "egress_only_gateway_id": "",
                "gateway_id": "igw-0b532fda2fcd7cc7f",
                "ipv6_cidr_block": "",
                "local_gateway_id": "",
                "nat_gateway_id": "",
                "network_interface_id": "",
                "transit_gateway_id": "",
                "vpc_endpoint_id": "",
                "vpc_peering_connection_id": ""
              }
            ],
            "tags": {
              "Name": "syrabit-public-rt",
              "credit-source": "aws-activate",
              "environment": "prod",
              "landing-zone": "aws-async-workers",
              "managed-by": "terraform",
              "owner": "infra",
              "project": "syrabit"
            },
            "tags_all": {
              "Name": "syrabit-public-rt",
              "credit-source": "aws-activate",
              "environment": "prod",
              "landing-zone": "aws-async-workers",
              "managed-by": "terraform",
              "owner": "infra",
              "project": "syrabit"
            },
            "timeouts": null,
            "vpc_id": "vpc-0dac209c5295c75d7"
          },
          "sensitive_attributes": [],
          "private": "eyJlMmJmYjczMC1lY2FhLTExZTYtOGY4OC0zNDM2M2JjN2M0YzAiOnsiY3JlYXRlIjozMDAwMDAwMDAwMDAsImRlbGV0ZSI6MzAwMDAwMDAwMDAwLCJ1cGRhdGUiOjEyMDAwMDAwMDAwMH19",
          "dependencies": [
            "aws_internet_gateway.workers",
            "aws_vpc.workers"
          ]
        }
      ]
    },
    {
      "mode": "managed",
      "type": "aws_route_table_association",
      "name": "private_a",
      "provider": "provider[\"registry.terraform.io/hashicorp/aws\"]",
      "instances": [
        {
          "schema_version": 0,
          "attributes": {
            "gateway_id": "",
            "id": "rtbassoc-0ac59ec42952c0c56",
            "region": "ap-south-1",
            "route_table_id": "rtb-043cb9d5a5cc1eff4",
            "subnet_id": "subnet-0fc090441683b7a03",
            "timeouts": null
          },
          "sensitive_attributes": [],
          "private": "eyJlMmJmYjczMC1lY2FhLTExZTYtOGY4OC0zNDM2M2JjN2M0YzAiOnsiY3JlYXRlIjozMDAwMDAwMDAwMDAsImRlbGV0ZSI6MzAwMDAwMDAwMDAwLCJ1cGRhdGUiOjEyMDAwMDAwMDAwMH19",
          "dependencies": [
            "aws_eip.nat",
            "aws_internet_gateway.workers",
            "aws_nat_gateway.workers",
            "aws_route_table.private",
            "aws_subnet.private_a",
            "aws_subnet.public_a",
            "aws_vpc.workers"
          ]
        }
      ]
    },
    {
      "mode": "managed",
      "type": "aws_route_table_association",
      "name": "private_b",
      "provider": "provider[\"registry.terraform.io/hashicorp/aws\"]",
      "instances": [
        {
          "schema_version": 0,
          "attributes": {
            "gateway_id": "",
            "id": "rtbassoc-0df53f6924f9fef26",
            "region": "ap-south-1",
            "route_table_id": "rtb-043cb9d5a5cc1eff4",
            "subnet_id": "subnet-06c25391c746b1d8c",
            "timeouts": null
          },
          "sensitive_attributes": [],
          "private": "eyJlMmJmYjczMC1lY2FhLTExZTYtOGY4OC0zNDM2M2JjN2M0YzAiOnsiY3JlYXRlIjozMDAwMDAwMDAwMDAsImRlbGV0ZSI6MzAwMDAwMDAwMDAwLCJ1cGRhdGUiOjEyMDAwMDAwMDAwMH19",
          "dependencies": [
            "aws_eip.nat",
            "aws_internet_gateway.workers",
            "aws_nat_gateway.workers",
            "aws_route_table.private",
            "aws_subnet.private_b",
            "aws_subnet.public_a",
            "aws_vpc.workers"
          ]
        }
      ]
    },
    {
      "mode": "managed",
      "type": "aws_route_table_association",
      "name": "public_a",
      "provider": "provider[\"registry.terraform.io/hashicorp/aws\"]",
      "instances": [
        {
          "schema_version": 0,
          "attributes": {
            "gateway_id": "",
            "id": "rtbassoc-0d64ef79f6fb182e2",
            "region": "ap-south-1",
            "route_table_id": "rtb-0cb260548ae68c3c5",
            "subnet_id": "subnet-09e56a6451ed695af",
            "timeouts": null
          },
          "sensitive_attributes": [],
          "private": "eyJlMmJmYjczMC1lY2FhLTExZTYtOGY4OC0zNDM2M2JjN2M0YzAiOnsiY3JlYXRlIjozMDAwMDAwMDAwMDAsImRlbGV0ZSI6MzAwMDAwMDAwMDAwLCJ1cGRhdGUiOjEyMDAwMDAwMDAwMH19",
          "dependencies": [
            "aws_internet_gateway.workers",
            "aws_route_table.public",
            "aws_subnet.public_a",
            "aws_vpc.workers"
          ]
        }
      ]
    },
    {
      "mode": "managed",
      "type": "aws_route_table_association",
      "name": "public_b",
      "provider": "provider[\"registry.terraform.io/hashicorp/aws\"]",
      "instances": [
        {
          "schema_version": 0,
          "attributes": {
            "gateway_id": "",
            "id": "rtbassoc-0464b8d4b290bc1b8",
            "region": "ap-south-1",
            "route_table_id": "rtb-0cb260548ae68c3c5",
            "subnet_id": "subnet-0a7b52a16602f379d",
            "timeouts": null
          },
          "sensitive_attributes": [],
          "private": "eyJlMmJmYjczMC1lY2FhLTExZTYtOGY4OC0zNDM2M2JjN2M0YzAiOnsiY3JlYXRlIjozMDAwMDAwMDAwMDAsImRlbGV0ZSI6MzAwMDAwMDAwMDAwLCJ1cGRhdGUiOjEyMDAwMDAwMDAwMH19",
          "dependencies": [
            "aws_internet_gateway.workers",
            "aws_route_table.public",
            "aws_subnet.public_b",
            "aws_vpc.workers"
          ]
        }
      ]
    },
    {
      "mode": "managed",
      "type": "aws_s3_bucket",
      "name": "content_snapshots",
      "provider": "provider[\"registry.terraform.io/hashicorp/aws\"]",
      "instances": [
        {
          "schema_version": 0,
          "attributes": {
            "acceleration_status": "",
            "acl": null,
            "arn": "arn:aws:s3:::syrabit-content-snapshots-prod",
            "bucket": "syrabit-content-snapshots-prod",
            "bucket_domain_name": "syrabit-content-snapshots-prod.s3.amazonaws.com",
            "bucket_namespace": "global",
            "bucket_prefix": "",
            "bucket_region": "ap-south-1",
            "bucket_regional_domain_name": "syrabit-content-snapshots-prod.s3.ap-south-1.amazonaws.com",
            "cors_rule": [],
            "force_destroy": false,
            "grant": [
              {
                "id": "b24facae02906fdb9c3e9ce5674e341c65e6a884bee3fc98e6f4d0001550d2b7",
                "permissions": [
                  "FULL_CONTROL"
                ],
                "type": "CanonicalUser",
                "uri": ""
              }
            ],
            "hosted_zone_id": "Z11RGJOFQNVJUP",
            "id": "syrabit-content-snapshots-prod",
            "lifecycle_rule": [
              {
                "abort_incomplete_multipart_upload_days": 0,
                "enabled": true,
                "expiration": [
                  {
                    "date": "",
                    "days": 2555,
                    "expired_object_delete_marker": false
                  }
                ],
                "id": "content-snapshots-180d-to-deep-archive",
                "noncurrent_version_expiration": [],
                "noncurrent_version_transition": [],
                "prefix": "",
                "tags": {},
                "transition": [
                  {
                    "date": "",
                    "days": 180,
                    "storage_class": "DEEP_ARCHIVE"
                  }
                ]
              }
            ],
            "logging": [],
            "object_lock_configuration": [],
            "object_lock_enabled": false,
            "policy": "",
            "region": "ap-south-1",
            "replication_configuration": [],
            "request_payer": "BucketOwner",
            "server_side_encryption_configuration": [
              {
                "rule": [
                  {
                    "apply_server_side_encryption_by_default": [
                      {
                        "kms_master_key_id": "",
                        "sse_algorithm": "AES256"
                      }
                    ],
                    "bucket_key_enabled": false
                  }
                ]
              }
            ],
            "tags": {
              "Name": "syrabit-content-snapshots-prod",
              "credit-source": "aws-activate",
              "environment": "prod",
              "landing-zone": "aws-async-workers",
              "managed-by": "terraform",
              "owner": "infra",
              "project": "syrabit",
              "purpose": "content-snapshots-cold",
              "retention": "7y",
              "storage_tier": "deep-archive-after-180d"
            },
            "tags_all": {
              "Name": "syrabit-content-snapshots-prod",
              "credit-source": "aws-activate",
              "environment": "prod",
              "landing-zone": "aws-async-workers",
              "managed-by": "terraform",
              "owner": "infra",
              "project": "syrabit",
              "purpose": "content-snapshots-cold",
              "retention": "7y",
              "storage_tier": "deep-archive-after-180d"
            },
            "timeouts": null,
            "versioning": [
              {
                "enabled": false,
                "mfa_delete": false
              }
            ],
            "website": [],
            "website_domain": null,
            "website_endpoint": null
          },
          "sensitive_attributes": [],
          "private": "eyJlMmJmYjczMC1lY2FhLTExZTYtOGY4OC0zNDM2M2JjN2M0YzAiOnsiY3JlYXRlIjoxMjAwMDAwMDAwMDAwLCJkZWxldGUiOjM2MDAwMDAwMDAwMDAsInJlYWQiOjEyMDAwMDAwMDAwMDAsInVwZGF0ZSI6MTIwMDAwMDAwMDAwMH19"
        }
      ]
    },
    {
      "mode": "managed",
      "type": "aws_s3_bucket",
      "name": "cw_logs_archive",
      "provider": "provider[\"registry.terraform.io/hashicorp/aws\"]",
      "instances": [
        {
          "schema_version": 0,
          "attributes": {
            "acceleration_status": "",
            "acl": null,
            "arn": "arn:aws:s3:::syrabit-cw-logs-archive-prod",
            "bucket": "syrabit-cw-logs-archive-prod",
            "bucket_domain_name": "syrabit-cw-logs-archive-prod.s3.amazonaws.com",
            "bucket_namespace": "global",
            "bucket_prefix": "",
            "bucket_region": "ap-south-1",
            "bucket_regional_domain_name": "syrabit-cw-logs-archive-prod.s3.ap-south-1.amazonaws.com",
            "cors_rule": [],
            "force_destroy": false,
            "grant": [
              {
                "id": "b24facae02906fdb9c3e9ce5674e341c65e6a884bee3fc98e6f4d0001550d2b7",
                "permissions": [
                  "FULL_CONTROL"
                ],
                "type": "CanonicalUser",
                "uri": ""
              }
            ],
            "hosted_zone_id": "Z11RGJOFQNVJUP",
            "id": "syrabit-cw-logs-archive-prod",
            "lifecycle_rule": [
              {
                "abort_incomplete_multipart_upload_days": 0,
                "enabled": true,
                "expiration": [
                  {
                    "date": "",
                    "days": 2555,
                    "expired_object_delete_marker": false
                  }
                ],
                "id": "cw-logs-30d-to-deep-archive",
                "noncurrent_version_expiration": [],
                "noncurrent_version_transition": [],
                "prefix": "",
                "tags": {},
                "transition": [
                  {
                    "date": "",
                    "days": 30,
                    "storage_class": "DEEP_ARCHIVE"
                  }
                ]
              }
            ],
            "logging": [],
            "object_lock_configuration": [],
            "object_lock_enabled": false,
            "policy": "",
            "region": "ap-south-1",
            "replication_configuration": [],
            "request_payer": "BucketOwner",
            "server_side_encryption_configuration": [
              {
                "rule": [
                  {
                    "apply_server_side_encryption_by_default": [
                      {
                        "kms_master_key_id": "",
                        "sse_algorithm": "AES256"
                      }
                    ],
                    "bucket_key_enabled": false
                  }
                ]
              }
            ],
            "tags": {
              "Name": "syrabit-cw-logs-archive-prod",
              "credit-source": "aws-activate",
              "environment": "prod",
              "landing-zone": "aws-async-workers",
              "managed-by": "terraform",
              "owner": "infra",
              "project": "syrabit",
              "purpose": "cloudwatch-logs-cold-tail",
              "retention": "7y",
              "storage_tier": "deep-archive-after-30d"
            },
            "tags_all": {
              "Name": "syrabit-cw-logs-archive-prod",
              "credit-source": "aws-activate",
              "environment": "prod",
              "landing-zone": "aws-async-workers",
              "managed-by": "terraform",
              "owner": "infra",
              "project": "syrabit",
              "purpose": "cloudwatch-logs-cold-tail",
              "retention": "7y",
              "storage_tier": "deep-archive-after-30d"
            },
            "timeouts": null,
            "versioning": [
              {
                "enabled": false,
                "mfa_delete": false
              }
            ],
            "website": [],
            "website_domain": null,
            "website_endpoint": null
          },
          "sensitive_attributes": [],
          "private": "eyJlMmJmYjczMC1lY2FhLTExZTYtOGY4OC0zNDM2M2JjN2M0YzAiOnsiY3JlYXRlIjoxMjAwMDAwMDAwMDAwLCJkZWxldGUiOjM2MDAwMDAwMDAwMDAsInJlYWQiOjEyMDAwMDAwMDAwMDAsInVwZGF0ZSI6MTIwMDAwMDAwMDAwMH19"
        }
      ]
    },
    {
      "mode": "managed",
      "type": "aws_s3_bucket",
      "name": "razorpay_receipts",
      "provider": "provider[\"registry.terraform.io/hashicorp/aws\"]",
      "instances": [
        {
          "schema_version": 0,
          "attributes": {
            "acceleration_status": "",
            "acl": null,
            "arn": "arn:aws:s3:::syrabit-razorpay-receipts-prod",
            "bucket": "syrabit-razorpay-receipts-prod",
            "bucket_domain_name": "syrabit-razorpay-receipts-prod.s3.amazonaws.com",
            "bucket_namespace": "global",
            "bucket_prefix": "",
            "bucket_region": "ap-south-1",
            "bucket_regional_domain_name": "syrabit-razorpay-receipts-prod.s3.ap-south-1.amazonaws.com",
            "cors_rule": [],
            "force_destroy": false,
            "grant": [
              {
                "id": "b24facae02906fdb9c3e9ce5674e341c65e6a884bee3fc98e6f4d0001550d2b7",
                "permissions": [
                  "FULL_CONTROL"
                ],
                "type": "CanonicalUser",
                "uri": ""
              }
            ],
            "hosted_zone_id": "Z11RGJOFQNVJUP",
            "id": "syrabit-razorpay-receipts-prod",
            "lifecycle_rule": [
              {
                "abort_incomplete_multipart_upload_days": 0,
                "enabled": true,
                "expiration": [
                  {
                    "date": "",
                    "days": 2555,
                    "expired_object_delete_marker": false
                  }
                ],
                "id": "razorpay-receipts-90d-to-deep-archive",
                "noncurrent_version_expiration": [
                  {
                    "days": 2555
                  }
                ],
                "noncurrent_version_transition": [
                  {
                    "days": 30,
                    "storage_class": "DEEP_ARCHIVE"
                  }
                ],
                "prefix": "",
                "tags": {},
                "transition": [
                  {
                    "date": "",
                    "days": 90,
                    "storage_class": "DEEP_ARCHIVE"
                  }
                ]
              }
            ],
            "logging": [],
            "object_lock_configuration": [],
            "object_lock_enabled": false,
            "policy": "",
            "region": "ap-south-1",
            "replication_configuration": [],
            "request_payer": "BucketOwner",
            "server_side_encryption_configuration": [
              {
                "rule": [
                  {
                    "apply_server_side_encryption_by_default": [
                      {
                        "kms_master_key_id": "",
                        "sse_algorithm": "AES256"
                      }
                    ],
                    "bucket_key_enabled": false
                  }
                ]
              }
            ],
            "tags": {
              "Name": "syrabit-razorpay-receipts-prod",
              "credit-source": "aws-activate",
              "environment": "prod",
              "landing-zone": "aws-async-workers",
              "managed-by": "terraform",
              "owner": "infra",
              "project": "syrabit",
              "purpose": "razorpay-receipts-compliance",
              "retention": "7y",
              "storage_tier": "deep-archive-after-90d"
            },
            "tags_all": {
              "Name": "syrabit-razorpay-receipts-prod",
              "credit-source": "aws-activate",
              "environment": "prod",
              "landing-zone": "aws-async-workers",
              "managed-by": "terraform",
              "owner": "infra",
              "project": "syrabit",
              "purpose": "razorpay-receipts-compliance",
              "retention": "7y",
              "storage_tier": "deep-archive-after-90d"
            },
            "timeouts": null,
            "versioning": [
              {
                "enabled": true,
                "mfa_delete": false
              }
            ],
            "website": [],
            "website_domain": null,
            "website_endpoint": null
          },
          "sensitive_attributes": [],
          "private": "eyJlMmJmYjczMC1lY2FhLTExZTYtOGY4OC0zNDM2M2JjN2M0YzAiOnsiY3JlYXRlIjoxMjAwMDAwMDAwMDAwLCJkZWxldGUiOjM2MDAwMDAwMDAwMDAsInJlYWQiOjEyMDAwMDAwMDAwMDAsInVwZGF0ZSI6MTIwMDAwMDAwMDAwMH19"
        }
      ]
    },
    {
      "mode": "managed",
      "type": "aws_s3_bucket",
      "name": "transcribe_tmp",
      "provider": "provider[\"registry.terraform.io/hashicorp/aws\"].us_east_1",
      "instances": [
        {
          "schema_version": 0,
          "attributes": {
            "acceleration_status": "",
            "acl": null,
            "arn": "arn:aws:s3:::syrabit-transcribe-tmp",
            "bucket": "syrabit-transcribe-tmp",
            "bucket_domain_name": "syrabit-transcribe-tmp.s3.amazonaws.com",
            "bucket_namespace": "global",
            "bucket_prefix": "",
            "bucket_region": "us-east-1",
            "bucket_regional_domain_name": "syrabit-transcribe-tmp.s3.us-east-1.amazonaws.com",
            "cors_rule": [],
            "force_destroy": false,
            "grant": [
              {
                "id": "b24facae02906fdb9c3e9ce5674e341c65e6a884bee3fc98e6f4d0001550d2b7",
                "permissions": [
                  "FULL_CONTROL"
                ],
                "type": "CanonicalUser",
                "uri": ""
              }
            ],
            "hosted_zone_id": "Z3AQBSTGFYJSTF",
            "id": "syrabit-transcribe-tmp",
            "lifecycle_rule": [
              {
                "abort_incomplete_multipart_upload_days": 1,
                "enabled": true,
                "expiration": [
                  {
                    "date": "",
                    "days": 1,
                    "expired_object_delete_marker": false
                  }
                ],
                "id": "expire-staged-audio-24h",
                "noncurrent_version_expiration": [],
                "noncurrent_version_transition": [],
                "prefix": "",
                "tags": {},
                "transition": []
              }
            ],
            "logging": [],
            "object_lock_configuration": [],
            "object_lock_enabled": false,
            "policy": "",
            "region": "us-east-1",
            "replication_configuration": [],
            "request_payer": "BucketOwner",
            "server_side_encryption_configuration": [
              {
                "rule": [
                  {
                    "apply_server_side_encryption_by_default": [
                      {
                        "kms_master_key_id": "",
                        "sse_algorithm": "AES256"
                      }
                    ],
                    "bucket_key_enabled": false
                  }
                ]
              }
            ],
            "tags": {
              "Name": "syrabit-transcribe-tmp",
              "credit-source": "aws-activate",
              "environment": "prod",
              "feature": "transcribe",
              "landing-zone": "aws-async-workers",
              "managed-by": "terraform",
              "owner": "infra",
              "project": "syrabit"
            },
            "tags_all": {
              "Name": "syrabit-transcribe-tmp",
              "credit-source": "aws-activate",
              "environment": "prod",
              "feature": "transcribe",
              "landing-zone": "aws-async-workers",
              "managed-by": "terraform",
              "owner": "infra",
              "project": "syrabit"
            },
            "timeouts": null,
            "versioning": [
              {
                "enabled": false,
                "mfa_delete": false
              }
            ],
            "website": [],
            "website_domain": null,
            "website_endpoint": null
          },
          "sensitive_attributes": [],
          "private": "eyJlMmJmYjczMC1lY2FhLTExZTYtOGY4OC0zNDM2M2JjN2M0YzAiOnsiY3JlYXRlIjoxMjAwMDAwMDAwMDAwLCJkZWxldGUiOjM2MDAwMDAwMDAwMDAsInJlYWQiOjEyMDAwMDAwMDAwMDAsInVwZGF0ZSI6MTIwMDAwMDAwMDAwMH19"
        }
      ]
    },
    {
      "mode": "managed",
      "type": "aws_s3_bucket_lifecycle_configuration",
      "name": "content_snapshots",
      "provider": "provider[\"registry.terraform.io/hashicorp/aws\"]",
      "instances": [
        {
          "schema_version": 1,
          "attributes": {
            "bucket": "syrabit-content-snapshots-prod",
            "expected_bucket_owner": "",
            "id": "syrabit-content-snapshots-prod",
            "region": "ap-south-1",
            "rule": [
              {
                "abort_incomplete_multipart_upload": [],
                "expiration": [
                  {
                    "date": null,
                    "days": 2555,
                    "expired_object_delete_marker": false
                  }
                ],
                "filter": [
                  {
                    "and": [],
                    "object_size_greater_than": null,
                    "object_size_less_than": null,
                    "prefix": "",
                    "tag": []
                  }
                ],
                "id": "content-snapshots-180d-to-deep-archive",
                "noncurrent_version_expiration": [],
                "noncurrent_version_transition": [],
                "prefix": "",
                "status": "Enabled",
                "transition": [
                  {
                    "date": null,
                    "days": 180,
                    "storage_class": "DEEP_ARCHIVE"
                  }
                ]
              }
            ],
            "timeouts": null,
            "transition_default_minimum_object_size": "all_storage_classes_128K"
          },
          "sensitive_attributes": [],
          "dependencies": [
            "aws_s3_bucket.content_snapshots"
          ]
        }
      ]
    },
    {
      "mode": "managed",
      "type": "aws_s3_bucket_lifecycle_configuration",
      "name": "cw_logs_archive",
      "provider": "provider[\"registry.terraform.io/hashicorp/aws\"]",
      "instances": [
        {
          "schema_version": 1,
          "attributes": {
            "bucket": "syrabit-cw-logs-archive-prod",
            "expected_bucket_owner": "",
            "id": "syrabit-cw-logs-archive-prod",
            "region": "ap-south-1",
            "rule": [
              {
                "abort_incomplete_multipart_upload": [],
                "expiration": [
                  {
                    "date": null,
                    "days": 2555,
                    "expired_object_delete_marker": false
                  }
                ],
                "filter": [
                  {
                    "and": [],
                    "object_size_greater_than": null,
                    "object_size_less_than": null,
                    "prefix": "",
                    "tag": []
                  }
                ],
                "id": "cw-logs-30d-to-deep-archive",
                "noncurrent_version_expiration": [],
                "noncurrent_version_transition": [],
                "prefix": "",
                "status": "Enabled",
                "transition": [
                  {
                    "date": null,
                    "days": 30,
                    "storage_class": "DEEP_ARCHIVE"
                  }
                ]
              }
            ],
            "timeouts": null,
            "transition_default_minimum_object_size": "all_storage_classes_128K"
          },
          "sensitive_attributes": [],
          "dependencies": [
            "aws_s3_bucket.cw_logs_archive"
          ]
        }
      ]
    },
    {
      "mode": "managed",
      "type": "aws_s3_bucket_lifecycle_configuration",
      "name": "razorpay_receipts",
      "provider": "provider[\"registry.terraform.io/hashicorp/aws\"]",
      "instances": [
        {
          "schema_version": 1,
          "attributes": {
            "bucket": "syrabit-razorpay-receipts-prod",
            "expected_bucket_owner": "",
            "id": "syrabit-razorpay-receipts-prod",
            "region": "ap-south-1",
            "rule": [
              {
                "abort_incomplete_multipart_upload": [],
                "expiration": [
                  {
                    "date": null,
                    "days": 2555,
                    "expired_object_delete_marker": false
                  }
                ],
                "filter": [
                  {
                    "and": [],
                    "object_size_greater_than": null,
                    "object_size_less_than": null,
                    "prefix": "",
                    "tag": []
                  }
                ],
                "id": "razorpay-receipts-90d-to-deep-archive",
                "noncurrent_version_expiration": [
                  {
                    "newer_noncurrent_versions": null,
                    "noncurrent_days": 2555
                  }
                ],
                "noncurrent_version_transition": [
                  {
                    "newer_noncurrent_versions": null,
                    "noncurrent_days": 30,
                    "storage_class": "DEEP_ARCHIVE"
                  }
                ],
                "prefix": "",
                "status": "Enabled",
                "transition": [
                  {
                    "date": null,
                    "days": 90,
                    "storage_class": "DEEP_ARCHIVE"
                  }
                ]
              }
            ],
            "timeouts": null,
            "transition_default_minimum_object_size": "all_storage_classes_128K"
          },
          "sensitive_attributes": [],
          "dependencies": [
            "aws_s3_bucket.razorpay_receipts"
          ]
        }
      ]
    },
    {
      "mode": "managed",
      "type": "aws_s3_bucket_lifecycle_configuration",
      "name": "transcribe_tmp",
      "provider": "provider[\"registry.terraform.io/hashicorp/aws\"].us_east_1",
      "instances": [
        {
          "schema_version": 1,
          "attributes": {
            "bucket": "syrabit-transcribe-tmp",
            "expected_bucket_owner": "",
            "id": "syrabit-transcribe-tmp",
            "region": "us-east-1",
            "rule": [
              {
                "abort_incomplete_multipart_upload": [
                  {
                    "days_after_initiation": 1
                  }
                ],
                "expiration": [
                  {
                    "date": null,
                    "days": 1,
                    "expired_object_delete_marker": false
                  }
                ],
                "filter": [],
                "id": "expire-staged-audio-24h",
                "noncurrent_version_expiration": [],
                "noncurrent_version_transition": [],
                "prefix": "",
                "status": "Enabled",
                "transition": []
              }
            ],
            "timeouts": null,
            "transition_default_minimum_object_size": "all_storage_classes_128K"
          },
          "sensitive_attributes": [],
          "dependencies": [
            "aws_s3_bucket.transcribe_tmp"
          ]
        }
      ]
    },
    {
      "mode": "managed",
      "type": "aws_s3_bucket_public_access_block",
      "name": "content_snapshots",
      "provider": "provider[\"registry.terraform.io/hashicorp/aws\"]",
      "instances": [
        {
          "schema_version": 0,
          "attributes": {
            "block_public_acls": true,
            "block_public_policy": true,
            "bucket": "syrabit-content-snapshots-prod",
            "id": "syrabit-content-snapshots-prod",
            "ignore_public_acls": true,
            "region": "ap-south-1",
            "restrict_public_buckets": true,
            "skip_destroy": null
          },
          "sensitive_attributes": [],
          "private": "bnVsbA==",
          "dependencies": [
            "aws_s3_bucket.content_snapshots"
          ]
        }
      ]
    },
    {
      "mode": "managed",
      "type": "aws_s3_bucket_public_access_block",
      "name": "cw_logs_archive",
      "provider": "provider[\"registry.terraform.io/hashicorp/aws\"]",
      "instances": [
        {
          "schema_version": 0,
          "attributes": {
            "block_public_acls": true,
            "block_public_policy": true,
            "bucket": "syrabit-cw-logs-archive-prod",
            "id": "syrabit-cw-logs-archive-prod",
            "ignore_public_acls": true,
            "region": "ap-south-1",
            "restrict_public_buckets": true,
            "skip_destroy": null
          },
          "sensitive_attributes": [],
          "private": "bnVsbA==",
          "dependencies": [
            "aws_s3_bucket.cw_logs_archive"
          ]
        }
      ]
    },
    {
      "mode": "managed",
      "type": "aws_s3_bucket_public_access_block",
      "name": "razorpay_receipts",
      "provider": "provider[\"registry.terraform.io/hashicorp/aws\"]",
      "instances": [
        {
          "schema_version": 0,
          "attributes": {
            "block_public_acls": true,
            "block_public_policy": true,
            "bucket": "syrabit-razorpay-receipts-prod",
            "id": "syrabit-razorpay-receipts-prod",
            "ignore_public_acls": true,
            "region": "ap-south-1",
            "restrict_public_buckets": true,
            "skip_destroy": null
          },
          "sensitive_attributes": [],
          "private": "bnVsbA==",
          "dependencies": [
            "aws_s3_bucket.razorpay_receipts"
          ]
        }
      ]
    },
    {
      "mode": "managed",
      "type": "aws_s3_bucket_public_access_block",
      "name": "transcribe_tmp",
      "provider": "provider[\"registry.terraform.io/hashicorp/aws\"].us_east_1",
      "instances": [
        {
          "schema_version": 0,
          "attributes": {
            "block_public_acls": true,
            "block_public_policy": true,
            "bucket": "syrabit-transcribe-tmp",
            "id": "syrabit-transcribe-tmp",
            "ignore_public_acls": true,
            "region": "us-east-1",
            "restrict_public_buckets": true,
            "skip_destroy": null
          },
          "sensitive_attributes": [],
          "private": "bnVsbA==",
          "dependencies": [
            "aws_s3_bucket.transcribe_tmp"
          ]
        }
      ]
    },
    {
      "mode": "managed",
      "type": "aws_s3_bucket_server_side_encryption_configuration",
      "name": "content_snapshots",
      "provider": "provider[\"registry.terraform.io/hashicorp/aws\"]",
      "instances": [
        {
          "schema_version": 0,
          "attributes": {
            "bucket": "syrabit-content-snapshots-prod",
            "expected_bucket_owner": "",
            "id": "syrabit-content-snapshots-prod",
            "region": "ap-south-1",
            "rule": [
              {
                "apply_server_side_encryption_by_default": [
                  {
                    "kms_master_key_id": "",
                    "sse_algorithm": "AES256"
                  }
                ],
                "blocked_encryption_types": [
                  "SSE-C"
                ],
                "bucket_key_enabled": false
              }
            ]
          },
          "sensitive_attributes": [],
          "private": "bnVsbA==",
          "dependencies": [
            "aws_s3_bucket.content_snapshots"
          ]
        }
      ]
    },
    {
      "mode": "managed",
      "type": "aws_s3_bucket_server_side_encryption_configuration",
      "name": "cw_logs_archive",
      "provider": "provider[\"registry.terraform.io/hashicorp/aws\"]",
      "instances": [
        {
          "schema_version": 0,
          "attributes": {
            "bucket": "syrabit-cw-logs-archive-prod",
            "expected_bucket_owner": "",
            "id": "syrabit-cw-logs-archive-prod",
            "region": "ap-south-1",
            "rule": [
              {
                "apply_server_side_encryption_by_default": [
                  {
                    "kms_master_key_id": "",
                    "sse_algorithm": "AES256"
                  }
                ],
                "blocked_encryption_types": [
                  "SSE-C"
                ],
                "bucket_key_enabled": false
              }
            ]
          },
          "sensitive_attributes": [],
          "private": "bnVsbA==",
          "dependencies": [
            "aws_s3_bucket.cw_logs_archive"
          ]
        }
      ]
    },
    {
      "mode": "managed",
      "type": "aws_s3_bucket_server_side_encryption_configuration",
      "name": "razorpay_receipts",
      "provider": "provider[\"registry.terraform.io/hashicorp/aws\"]",
      "instances": [
        {
          "schema_version": 0,
          "attributes": {
            "bucket": "syrabit-razorpay-receipts-prod",
            "expected_bucket_owner": "",
            "id": "syrabit-razorpay-receipts-prod",
            "region": "ap-south-1",
            "rule": [
              {
                "apply_server_side_encryption_by_default": [
                  {
                    "kms_master_key_id": "",
                    "sse_algorithm": "AES256"
                  }
                ],
                "blocked_encryption_types": [
                  "SSE-C"
                ],
                "bucket_key_enabled": false
              }
            ]
          },
          "sensitive_attributes": [],
          "private": "bnVsbA==",
          "dependencies": [
            "aws_s3_bucket.razorpay_receipts"
          ]
        }
      ]
    },
    {
      "mode": "managed",
      "type": "aws_s3_bucket_versioning",
      "name": "razorpay_receipts",
      "provider": "provider[\"registry.terraform.io/hashicorp/aws\"]",
      "instances": [
        {
          "schema_version": 0,
          "attributes": {
            "bucket": "syrabit-razorpay-receipts-prod",
            "expected_bucket_owner": "",
            "id": "syrabit-razorpay-receipts-prod",
            "mfa": null,
            "region": "ap-south-1",
            "versioning_configuration": [
              {
                "mfa_delete": "",
                "status": "Enabled"
              }
            ]
          },
          "sensitive_attributes": [],
          "private": "bnVsbA==",
          "dependencies": [
            "aws_s3_bucket.razorpay_receipts"
          ]
        }
      ]
    },
    {
      "mode": "managed",
      "type": "aws_secretsmanager_secret",
      "name": "native_feature_config",
      "provider": "provider[\"registry.terraform.io/hashicorp/aws\"].us_east_1",
      "instances": [
        {
          "index_key": "bedrock_cohere",
          "schema_version": 0,
          "attributes": {
            "arn": "arn:aws:secretsmanager:us-east-1:271740379017:secret:syrabit/prod/aws-native/bedrock-cohere-oPqKM9",
            "description": "Runtime config blob for Cohere embed + rerank via Amazon Bedrock",
            "force_overwrite_replica_secret": false,
            "id": "arn:aws:secretsmanager:us-east-1:271740379017:secret:syrabit/prod/aws-native/bedrock-cohere-oPqKM9",
            "kms_key_id": "",
            "name": "syrabit/prod/aws-native/bedrock-cohere",
            "name_prefix": "",
            "policy": "",
            "recovery_window_in_days": 7,
            "region": "us-east-1",
            "replica": [],
            "tags": {
              "Name": "syrabit-aws-native-bedrock_cohere-config",
              "credit-source": "aws-activate",
              "environment": "prod",
              "feature": "bedrock_cohere",
              "landing-zone": "aws-async-workers",
              "managed-by": "terraform",
              "owner": "infra",
              "project": "syrabit"
            },
            "tags_all": {
              "Name": "syrabit-aws-native-bedrock_cohere-config",
              "credit-source": "aws-activate",
              "environment": "prod",
              "feature": "bedrock_cohere",
              "landing-zone": "aws-async-workers",
              "managed-by": "terraform",
              "owner": "infra",
              "project": "syrabit"
            }
          },
          "sensitive_attributes": [],
          "private": "bnVsbA=="
        },
        {
          "index_key": "comprehend",
          "schema_version": 0,
          "attributes": {
            "arn": "arn:aws:secretsmanager:us-east-1:271740379017:secret:syrabit/prod/aws-native/comprehend-8AQIqA",
            "description": "Runtime config blob for Amazon Comprehend sampled PII + sentiment",
            "force_overwrite_replica_secret": false,
            "id": "arn:aws:secretsmanager:us-east-1:271740379017:secret:syrabit/prod/aws-native/comprehend-8AQIqA",
            "kms_key_id": "",
            "name": "syrabit/prod/aws-native/comprehend",
            "name_prefix": "",
            "policy": "",
            "recovery_window_in_days": 7,
            "region": "us-east-1",
            "replica": [],
            "tags": {
              "Name": "syrabit-aws-native-comprehend-config",
              "credit-source": "aws-activate",
              "environment": "prod",
              "feature": "comprehend",
              "landing-zone": "aws-async-workers",
              "managed-by": "terraform",
              "owner": "infra",
              "project": "syrabit"
            },
            "tags_all": {
              "Name": "syrabit-aws-native-comprehend-config",
              "credit-source": "aws-activate",
              "environment": "prod",
              "feature": "comprehend",
              "landing-zone": "aws-async-workers",
              "managed-by": "terraform",
              "owner": "infra",
              "project": "syrabit"
            }
          },
          "sensitive_attributes": [],
          "private": "bnVsbA=="
        },
        {
          "index_key": "fraud_detector",
          "schema_version": 0,
          "attributes": {
            "arn": "arn:aws:secretsmanager:us-east-1:271740379017:secret:syrabit/prod/aws-native/fraud-detector-zbW7Il",
            "description": "Runtime config blob for Amazon Fraud Detector signup + payment risk",
            "force_overwrite_replica_secret": false,
            "id": "arn:aws:secretsmanager:us-east-1:271740379017:secret:syrabit/prod/aws-native/fraud-detector-zbW7Il",
            "kms_key_id": "",
            "name": "syrabit/prod/aws-native/fraud-detector",
            "name_prefix": "",
            "policy": "",
            "recovery_window_in_days": 7,
            "region": "us-east-1",
            "replica": [],
            "tags": {
              "Name": "syrabit-aws-native-fraud_detector-config",
              "credit-source": "aws-activate",
              "environment": "prod",
              "feature": "fraud_detector",
              "landing-zone": "aws-async-workers",
              "managed-by": "terraform",
              "owner": "infra",
              "project": "syrabit"
            },
            "tags_all": {
              "Name": "syrabit-aws-native-fraud_detector-config",
              "credit-source": "aws-activate",
              "environment": "prod",
              "feature": "fraud_detector",
              "landing-zone": "aws-async-workers",
              "managed-by": "terraform",
              "owner": "infra",
              "project": "syrabit"
            }
          },
          "sensitive_attributes": [],
          "private": "bnVsbA=="
        },
        {
          "index_key": "personalize",
          "schema_version": 0,
          "attributes": {
            "arn": "arn:aws:secretsmanager:us-east-1:271740379017:secret:syrabit/prod/aws-native/personalize-bYsvUK",
            "description": "Runtime config blob for Amazon Personalize home rail recommendations",
            "force_overwrite_replica_secret": false,
            "id": "arn:aws:secretsmanager:us-east-1:271740379017:secret:syrabit/prod/aws-native/personalize-bYsvUK",
            "kms_key_id": "",
            "name": "syrabit/prod/aws-native/personalize",
            "name_prefix": "",
            "policy": "",
            "recovery_window_in_days": 7,
            "region": "us-east-1",
            "replica": [],
            "tags": {
              "Name": "syrabit-aws-native-personalize-config",
              "credit-source": "aws-activate",
              "environment": "prod",
              "feature": "personalize",
              "landing-zone": "aws-async-workers",
              "managed-by": "terraform",
              "owner": "infra",
              "project": "syrabit"
            },
            "tags_all": {
              "Name": "syrabit-aws-native-personalize-config",
              "credit-source": "aws-activate",
              "environment": "prod",
              "feature": "personalize",
              "landing-zone": "aws-async-workers",
              "managed-by": "terraform",
              "owner": "infra",
              "project": "syrabit"
            }
          },
          "sensitive_attributes": [],
          "private": "bnVsbA=="
        },
        {
          "index_key": "polly",
          "schema_version": 0,
          "attributes": {
            "arn": "arn:aws:secretsmanager:us-east-1:271740379017:secret:syrabit/prod/aws-native/polly-lq2uGZ",
            "description": "Runtime config blob for Amazon Polly Neural / Generative TTS (3rd-tier voice)",
            "force_overwrite_replica_secret": false,
            "id": "arn:aws:secretsmanager:us-east-1:271740379017:secret:syrabit/prod/aws-native/polly-lq2uGZ",
            "kms_key_id": "",
            "name": "syrabit/prod/aws-native/polly",
            "name_prefix": "",
            "policy": "",
            "recovery_window_in_days": 7,
            "region": "us-east-1",
            "replica": [],
            "tags": {
              "Name": "syrabit-aws-native-polly-config",
              "credit-source": "aws-activate",
              "environment": "prod",
              "feature": "polly",
              "landing-zone": "aws-async-workers",
              "managed-by": "terraform",
              "owner": "infra",
              "project": "syrabit"
            },
            "tags_all": {
              "Name": "syrabit-aws-native-polly-config",
              "credit-source": "aws-activate",
              "environment": "prod",
              "feature": "polly",
              "landing-zone": "aws-async-workers",
              "managed-by": "terraform",
              "owner": "infra",
              "project": "syrabit"
            }
          },
          "sensitive_attributes": [],
          "private": "bnVsbA=="
        },
        {
          "index_key": "rekognition",
          "schema_version": 0,
          "attributes": {
            "arn": "arn:aws:secretsmanager:us-east-1:271740379017:secret:syrabit/prod/aws-native/rekognition-1aKOMS",
            "description": "Runtime config blob for Amazon Rekognition image moderation pre-R2",
            "force_overwrite_replica_secret": false,
            "id": "arn:aws:secretsmanager:us-east-1:271740379017:secret:syrabit/prod/aws-native/rekognition-1aKOMS",
            "kms_key_id": "",
            "name": "syrabit/prod/aws-native/rekognition",
            "name_prefix": "",
            "policy": "",
            "recovery_window_in_days": 7,
            "region": "us-east-1",
            "replica": [],
            "tags": {
              "Name": "syrabit-aws-native-rekognition-config",
              "credit-source": "aws-activate",
              "environment": "prod",
              "feature": "rekognition",
              "landing-zone": "aws-async-workers",
              "managed-by": "terraform",
              "owner": "infra",
              "project": "syrabit"
            },
            "tags_all": {
              "Name": "syrabit-aws-native-rekognition-config",
              "credit-source": "aws-activate",
              "environment": "prod",
              "feature": "rekognition",
              "landing-zone": "aws-async-workers",
              "managed-by": "terraform",
              "owner": "infra",
              "project": "syrabit"
            }
          },
          "sensitive_attributes": [],
          "private": "bnVsbA=="
        },
        {
          "index_key": "textract",
          "schema_version": 0,
          "attributes": {
            "arn": "arn:aws:secretsmanager:us-east-1:271740379017:secret:syrabit/prod/aws-native/textract-v5hDbQ",
            "description": "Runtime config blob for Amazon Textract structured-document OCR path",
            "force_overwrite_replica_secret": false,
            "id": "arn:aws:secretsmanager:us-east-1:271740379017:secret:syrabit/prod/aws-native/textract-v5hDbQ",
            "kms_key_id": "",
            "name": "syrabit/prod/aws-native/textract",
            "name_prefix": "",
            "policy": "",
            "recovery_window_in_days": 7,
            "region": "us-east-1",
            "replica": [],
            "tags": {
              "Name": "syrabit-aws-native-textract-config",
              "credit-source": "aws-activate",
              "environment": "prod",
              "feature": "textract",
              "landing-zone": "aws-async-workers",
              "managed-by": "terraform",
              "owner": "infra",
              "project": "syrabit"
            },
            "tags_all": {
              "Name": "syrabit-aws-native-textract-config",
              "credit-source": "aws-activate",
              "environment": "prod",
              "feature": "textract",
              "landing-zone": "aws-async-workers",
              "managed-by": "terraform",
              "owner": "infra",
              "project": "syrabit"
            }
          },
          "sensitive_attributes": [],
          "private": "bnVsbA=="
        },
        {
          "index_key": "transcribe",
          "schema_version": 0,
          "attributes": {
            "arn": "arn:aws:secretsmanager:us-east-1:271740379017:secret:syrabit/prod/aws-native/transcribe-AmUsYp",
            "description": "Runtime config blob for Amazon Transcribe STT (3rd-tier voice)",
            "force_overwrite_replica_secret": false,
            "id": "arn:aws:secretsmanager:us-east-1:271740379017:secret:syrabit/prod/aws-native/transcribe-AmUsYp",
            "kms_key_id": "",
            "name": "syrabit/prod/aws-native/transcribe",
            "name_prefix": "",
            "policy": "",
            "recovery_window_in_days": 7,
            "region": "us-east-1",
            "replica": [],
            "tags": {
              "Name": "syrabit-aws-native-transcribe-config",
              "credit-source": "aws-activate",
              "environment": "prod",
              "feature": "transcribe",
              "landing-zone": "aws-async-workers",
              "managed-by": "terraform",
              "owner": "infra",
              "project": "syrabit"
            },
            "tags_all": {
              "Name": "syrabit-aws-native-transcribe-config",
              "credit-source": "aws-activate",
              "environment": "prod",
              "feature": "transcribe",
              "landing-zone": "aws-async-workers",
              "managed-by": "terraform",
              "owner": "infra",
              "project": "syrabit"
            }
          },
          "sensitive_attributes": [],
          "private": "bnVsbA=="
        },
        {
          "index_key": "translate",
          "schema_version": 0,
          "attributes": {
            "arn": "arn:aws:secretsmanager:us-east-1:271740379017:secret:syrabit/prod/aws-native/translate-6sUncv",
            "description": "Runtime config blob for Amazon Translate Indic\u003c-\u003eEN fallback (after Sarvam)",
            "force_overwrite_replica_secret": false,
            "id": "arn:aws:secretsmanager:us-east-1:271740379017:secret:syrabit/prod/aws-native/translate-6sUncv",
            "kms_key_id": "",
            "name": "syrabit/prod/aws-native/translate",
            "name_prefix": "",
            "policy": "",
            "recovery_window_in_days": 7,
            "region": "us-east-1",
            "replica": [],
            "tags": {
              "Name": "syrabit-aws-native-translate-config",
              "credit-source": "aws-activate",
              "environment": "prod",
              "feature": "translate",
              "landing-zone": "aws-async-workers",
              "managed-by": "terraform",
              "owner": "infra",
              "project": "syrabit"
            },
            "tags_all": {
              "Name": "syrabit-aws-native-translate-config",
              "credit-source": "aws-activate",
              "environment": "prod",
              "feature": "translate",
              "landing-zone": "aws-async-workers",
              "managed-by": "terraform",
              "owner": "infra",
              "project": "syrabit"
            }
          },
          "sensitive_attributes": [],
          "private": "bnVsbA=="
        }
      ]
    },
    {
      "mode": "managed",
      "type": "aws_secretsmanager_secret",
      "name": "sqs_worker_queue_urls",
      "provider": "provider[\"registry.terraform.io/hashicorp/aws\"]",
      "instances": [
        {
          "schema_version": 0,
          "attributes": {
            "arn": "arn:aws:secretsmanager:ap-south-1:271740379017:secret:syrabit/prod/sqs-worker-queue-urls-ZnCwNc",
            "description": "Mirror of /sqs-worker-queue-urls SSM parameter for callers that read Secrets Manager.",
            "force_overwrite_replica_secret": false,
            "id": "arn:aws:secretsmanager:ap-south-1:271740379017:secret:syrabit/prod/sqs-worker-queue-urls-ZnCwNc",
            "kms_key_id": "",
            "name": "syrabit/prod/sqs-worker-queue-urls",
            "name_prefix": "",
            "policy": "",
            "recovery_window_in_days": 7,
            "region": "ap-south-1",
            "replica": [],
            "tags": {
              "Name": "syrabit/prod/sqs-worker-queue-urls",
              "component": "sqs-config",
              "credit-source": "aws-activate",
              "environment": "prod",
              "landing-zone": "aws-async-workers",
              "managed-by": "terraform",
              "owner": "infra",
              "project": "syrabit"
            },
            "tags_all": {
              "Name": "syrabit/prod/sqs-worker-queue-urls",
              "component": "sqs-config",
              "credit-source": "aws-activate",
              "environment": "prod",
              "landing-zone": "aws-async-workers",
              "managed-by": "terraform",
              "owner": "infra",
              "project": "syrabit"
            }
          },
          "sensitive_attributes": [],
          "private": "bnVsbA=="
        }
      ]
    },
    {
      "mode": "managed",
      "type": "aws_secretsmanager_secret",
      "name": "workers",
      "provider": "provider[\"registry.terraform.io/hashicorp/aws\"]",
      "instances": [
        {
          "index_key": "axiom/ingest-token",
          "schema_version": 0,
          "attributes": {
            "arn": "arn:aws:secretsmanager:ap-south-1:271740379017:secret:syrabit/prod/axiom/ingest-token-fo9A7D",
            "description": "Axiom ingest token (parallel log destination).",
            "force_overwrite_replica_secret": false,
            "id": "arn:aws:secretsmanager:ap-south-1:271740379017:secret:syrabit/prod/axiom/ingest-token-fo9A7D",
            "kms_key_id": "",
            "name": "syrabit/prod/axiom/ingest-token",
            "name_prefix": "",
            "policy": "",
            "recovery_window_in_days": 7,
            "region": "ap-south-1",
            "replica": [],
            "tags": {
              "Name": "syrabit/prod/axiom/ingest-token",
              "credit-source": "aws-activate",
              "environment": "prod",
              "landing-zone": "aws-async-workers",
              "managed-by": "terraform",
              "owner": "infra",
              "project": "syrabit",
              "secret": "axiom/ingest-token"
            },
            "tags_all": {
              "Name": "syrabit/prod/axiom/ingest-token",
              "credit-source": "aws-activate",
              "environment": "prod",
              "landing-zone": "aws-async-workers",
              "managed-by": "terraform",
              "owner": "infra",
              "project": "syrabit",
              "secret": "axiom/ingest-token"
            }
          },
          "sensitive_attributes": [],
          "private": "bnVsbA=="
        },
        {
          "index_key": "cf-ai-gateway/account-id",
          "schema_version": 0,
          "attributes": {
            "arn": "arn:aws:secretsmanager:ap-south-1:271740379017:secret:syrabit/prod/cf-ai-gateway/account-id-KuCMKE",
            "description": "Cloudflare AI Gateway account-id used alongside the API token by `providers/workers_indic.py` (Task #551 §B).",
            "force_overwrite_replica_secret": false,
            "id": "arn:aws:secretsmanager:ap-south-1:271740379017:secret:syrabit/prod/cf-ai-gateway/account-id-KuCMKE",
            "kms_key_id": "",
            "name": "syrabit/prod/cf-ai-gateway/account-id",
            "name_prefix": "",
            "policy": "",
            "recovery_window_in_days": 7,
            "region": "ap-south-1",
            "replica": [],
            "tags": {
              "Name": "syrabit/prod/cf-ai-gateway/account-id",
              "credit-source": "aws-activate",
              "environment": "prod",
              "landing-zone": "aws-async-workers",
              "managed-by": "terraform",
              "owner": "infra",
              "project": "syrabit",
              "secret": "cf-ai-gateway/account-id"
            },
            "tags_all": {
              "Name": "syrabit/prod/cf-ai-gateway/account-id",
              "credit-source": "aws-activate",
              "environment": "prod",
              "landing-zone": "aws-async-workers",
              "managed-by": "terraform",
              "owner": "infra",
              "project": "syrabit",
              "secret": "cf-ai-gateway/account-id"
            }
          },
          "sensitive_attributes": [],
          "private": "bnVsbA=="
        },
        {
          "index_key": "cloudflare/api-token",
          "schema_version": 0,
          "attributes": {
            "arn": "arn:aws:secretsmanager:ap-south-1:271740379017:secret:syrabit/prod/cloudflare/api-token-j79u9v",
            "description": "Cloudflare API token used by Workers-AI translate calls (`providers/workers_indic.py`) inside the `as-translation-backfill` Lambda (Task #551 §B).",
            "force_overwrite_replica_secret": false,
            "id": "arn:aws:secretsmanager:ap-south-1:271740379017:secret:syrabit/prod/cloudflare/api-token-j79u9v",
            "kms_key_id": "",
            "name": "syrabit/prod/cloudflare/api-token",
            "name_prefix": "",
            "policy": "",
            "recovery_window_in_days": 7,
            "region": "ap-south-1",
            "replica": [],
            "tags": {
              "Name": "syrabit/prod/cloudflare/api-token",
              "credit-source": "aws-activate",
              "environment": "prod",
              "landing-zone": "aws-async-workers",
              "managed-by": "terraform",
              "owner": "infra",
              "project": "syrabit",
              "secret": "cloudflare/api-token"
            },
            "tags_all": {
              "Name": "syrabit/prod/cloudflare/api-token",
              "credit-source": "aws-activate",
              "environment": "prod",
              "landing-zone": "aws-async-workers",
              "managed-by": "terraform",
              "owner": "infra",
              "project": "syrabit",
              "secret": "cloudflare/api-token"
            }
          },
          "sensitive_attributes": [],
          "private": "bnVsbA=="
        },
        {
          "index_key": "cohere/api-key",
          "schema_version": 0,
          "attributes": {
            "arn": "arn:aws:secretsmanager:ap-south-1:271740379017:secret:syrabit/prod/cohere/api-key-eUSkFq",
            "description": "Cohere API key (re-rank worker).",
            "force_overwrite_replica_secret": false,
            "id": "arn:aws:secretsmanager:ap-south-1:271740379017:secret:syrabit/prod/cohere/api-key-eUSkFq",
            "kms_key_id": "",
            "name": "syrabit/prod/cohere/api-key",
            "name_prefix": "",
            "policy": "",
            "recovery_window_in_days": 7,
            "region": "ap-south-1",
            "replica": [],
            "tags": {
              "Name": "syrabit/prod/cohere/api-key",
              "credit-source": "aws-activate",
              "environment": "prod",
              "landing-zone": "aws-async-workers",
              "managed-by": "terraform",
              "owner": "infra",
              "project": "syrabit",
              "secret": "cohere/api-key"
            },
            "tags_all": {
              "Name": "syrabit/prod/cohere/api-key",
              "credit-source": "aws-activate",
              "environment": "prod",
              "landing-zone": "aws-async-workers",
              "managed-by": "terraform",
              "owner": "infra",
              "project": "syrabit",
              "secret": "cohere/api-key"
            }
          },
          "sensitive_attributes": [],
          "private": "bnVsbA=="
        },
        {
          "index_key": "gcp/sa-json",
          "schema_version": 0,
          "attributes": {
            "arn": "arn:aws:secretsmanager:ap-south-1:271740379017:secret:syrabit/prod/gcp/sa-json-b6qbxZ",
            "description": "GCP service-account JSON for Vertex polish fallback (`GOOGLE_APPLICATION_CREDENTIALS_JSON`) used by `as-translation-backfill` (Task #551 §B).",
            "force_overwrite_replica_secret": false,
            "id": "arn:aws:secretsmanager:ap-south-1:271740379017:secret:syrabit/prod/gcp/sa-json-b6qbxZ",
            "kms_key_id": "",
            "name": "syrabit/prod/gcp/sa-json",
            "name_prefix": "",
            "policy": "",
            "recovery_window_in_days": 7,
            "region": "ap-south-1",
            "replica": [],
            "tags": {
              "Name": "syrabit/prod/gcp/sa-json",
              "credit-source": "aws-activate",
              "environment": "prod",
              "landing-zone": "aws-async-workers",
              "managed-by": "terraform",
              "owner": "infra",
              "project": "syrabit",
              "secret": "gcp/sa-json"
            },
            "tags_all": {
              "Name": "syrabit/prod/gcp/sa-json",
              "credit-source": "aws-activate",
              "environment": "prod",
              "landing-zone": "aws-async-workers",
              "managed-by": "terraform",
              "owner": "infra",
              "project": "syrabit",
              "secret": "gcp/sa-json"
            }
          },
          "sensitive_attributes": [],
          "private": "bnVsbA=="
        },
        {
          "index_key": "gemini/api-key",
          "schema_version": 0,
          "attributes": {
            "arn": "arn:aws:secretsmanager:ap-south-1:271740379017:secret:syrabit/prod/gemini/api-key-DZDvcq",
            "description": "Vertex/Gemini polish key used by the Assamese translate chain (`routes/ai_chat._assamese_translate_*`) inside the `as-translation-backfill` Lambda (Task #551 §B).",
            "force_overwrite_replica_secret": false,
            "id": "arn:aws:secretsmanager:ap-south-1:271740379017:secret:syrabit/prod/gemini/api-key-DZDvcq",
            "kms_key_id": "",
            "name": "syrabit/prod/gemini/api-key",
            "name_prefix": "",
            "policy": "",
            "recovery_window_in_days": 7,
            "region": "ap-south-1",
            "replica": [],
            "tags": {
              "Name": "syrabit/prod/gemini/api-key",
              "credit-source": "aws-activate",
              "environment": "prod",
              "landing-zone": "aws-async-workers",
              "managed-by": "terraform",
              "owner": "infra",
              "project": "syrabit",
              "secret": "gemini/api-key"
            },
            "tags_all": {
              "Name": "syrabit/prod/gemini/api-key",
              "credit-source": "aws-activate",
              "environment": "prod",
              "landing-zone": "aws-async-workers",
              "managed-by": "terraform",
              "owner": "infra",
              "project": "syrabit",
              "secret": "gemini/api-key"
            }
          },
          "sensitive_attributes": [],
          "private": "bnVsbA=="
        },
        {
          "index_key": "mongo/url",
          "schema_version": 0,
          "attributes": {
            "arn": "arn:aws:secretsmanager:ap-south-1:271740379017:secret:syrabit/prod/mongo/url-qYIV6X",
            "description": "Mongo Atlas SRV connection string used by the Lambda batch jobs (`lambda_batch/*` per Task #551 §B). Same value as the ACA backend's `MONGO_URL`.",
            "force_overwrite_replica_secret": false,
            "id": "arn:aws:secretsmanager:ap-south-1:271740379017:secret:syrabit/prod/mongo/url-qYIV6X",
            "kms_key_id": "",
            "name": "syrabit/prod/mongo/url",
            "name_prefix": "",
            "policy": "",
            "recovery_window_in_days": 7,
            "region": "ap-south-1",
            "replica": [],
            "tags": {
              "Name": "syrabit/prod/mongo/url",
              "credit-source": "aws-activate",
              "environment": "prod",
              "landing-zone": "aws-async-workers",
              "managed-by": "terraform",
              "owner": "infra",
              "project": "syrabit",
              "secret": "mongo/url"
            },
            "tags_all": {
              "Name": "syrabit/prod/mongo/url",
              "credit-source": "aws-activate",
              "environment": "prod",
              "landing-zone": "aws-async-workers",
              "managed-by": "terraform",
              "owner": "infra",
              "project": "syrabit",
              "secret": "mongo/url"
            }
          },
          "sensitive_attributes": [],
          "private": "bnVsbA=="
        },
        {
          "index_key": "pinecone/api-key",
          "schema_version": 0,
          "attributes": {
            "arn": "arn:aws:secretsmanager:ap-south-1:271740379017:secret:syrabit/prod/pinecone/api-key-CLOL3N",
            "description": "Pinecone API key (embedding refresh worker).",
            "force_overwrite_replica_secret": false,
            "id": "arn:aws:secretsmanager:ap-south-1:271740379017:secret:syrabit/prod/pinecone/api-key-CLOL3N",
            "kms_key_id": "",
            "name": "syrabit/prod/pinecone/api-key",
            "name_prefix": "",
            "policy": "",
            "recovery_window_in_days": 7,
            "region": "ap-south-1",
            "replica": [],
            "tags": {
              "Name": "syrabit/prod/pinecone/api-key",
              "credit-source": "aws-activate",
              "environment": "prod",
              "landing-zone": "aws-async-workers",
              "managed-by": "terraform",
              "owner": "infra",
              "project": "syrabit",
              "secret": "pinecone/api-key"
            },
            "tags_all": {
              "Name": "syrabit/prod/pinecone/api-key",
              "credit-source": "aws-activate",
              "environment": "prod",
              "landing-zone": "aws-async-workers",
              "managed-by": "terraform",
              "owner": "infra",
              "project": "syrabit",
              "secret": "pinecone/api-key"
            }
          },
          "sensitive_attributes": [],
          "private": "bnVsbA=="
        },
        {
          "index_key": "razorpay/webhook-secret",
          "schema_version": 0,
          "attributes": {
            "arn": "arn:aws:secretsmanager:ap-south-1:271740379017:secret:syrabit/prod/razorpay/webhook-secret-kyOAUf",
            "description": "Razorpay webhook signing secret (payment workers, IN).",
            "force_overwrite_replica_secret": false,
            "id": "arn:aws:secretsmanager:ap-south-1:271740379017:secret:syrabit/prod/razorpay/webhook-secret-kyOAUf",
            "kms_key_id": "",
            "name": "syrabit/prod/razorpay/webhook-secret",
            "name_prefix": "",
            "policy": "",
            "recovery_window_in_days": 7,
            "region": "ap-south-1",
            "replica": [],
            "tags": {
              "Name": "syrabit/prod/razorpay/webhook-secret",
              "credit-source": "aws-activate",
              "environment": "prod",
              "landing-zone": "aws-async-workers",
              "managed-by": "terraform",
              "owner": "infra",
              "project": "syrabit",
              "secret": "razorpay/webhook-secret"
            },
            "tags_all": {
              "Name": "syrabit/prod/razorpay/webhook-secret",
              "credit-source": "aws-activate",
              "environment": "prod",
              "landing-zone": "aws-async-workers",
              "managed-by": "terraform",
              "owner": "infra",
              "project": "syrabit",
              "secret": "razorpay/webhook-secret"
            }
          },
          "sensitive_attributes": [],
          "private": "bnVsbA=="
        },
        {
          "index_key": "sentry/dsn-workers",
          "schema_version": 0,
          "attributes": {
            "arn": "arn:aws:secretsmanager:ap-south-1:271740379017:secret:syrabit/prod/sentry/dsn-workers-uW8psr",
            "description": "Sentry DSN scoped to the workers project.",
            "force_overwrite_replica_secret": false,
            "id": "arn:aws:secretsmanager:ap-south-1:271740379017:secret:syrabit/prod/sentry/dsn-workers-uW8psr",
            "kms_key_id": "",
            "name": "syrabit/prod/sentry/dsn-workers",
            "name_prefix": "",
            "policy": "",
            "recovery_window_in_days": 7,
            "region": "ap-south-1",
            "replica": [],
            "tags": {
              "Name": "syrabit/prod/sentry/dsn-workers",
              "credit-source": "aws-activate",
              "environment": "prod",
              "landing-zone": "aws-async-workers",
              "managed-by": "terraform",
              "owner": "infra",
              "project": "syrabit",
              "secret": "sentry/dsn-workers"
            },
            "tags_all": {
              "Name": "syrabit/prod/sentry/dsn-workers",
              "credit-source": "aws-activate",
              "environment": "prod",
              "landing-zone": "aws-async-workers",
              "managed-by": "terraform",
              "owner": "infra",
              "project": "syrabit",
              "secret": "sentry/dsn-workers"
            }
          },
          "sensitive_attributes": [],
          "private": "bnVsbA=="
        },
        {
          "index_key": "slack/ops-webhook",
          "schema_version": 0,
          "attributes": {
            "arn": "arn:aws:secretsmanager:ap-south-1:271740379017:secret:syrabit/prod/slack/ops-webhook-i4roOg",
            "description": "Slack incoming webhook for #infra-alerts.",
            "force_overwrite_replica_secret": false,
            "id": "arn:aws:secretsmanager:ap-south-1:271740379017:secret:syrabit/prod/slack/ops-webhook-i4roOg",
            "kms_key_id": "",
            "name": "syrabit/prod/slack/ops-webhook",
            "name_prefix": "",
            "policy": "",
            "recovery_window_in_days": 7,
            "region": "ap-south-1",
            "replica": [],
            "tags": {
              "Name": "syrabit/prod/slack/ops-webhook",
              "credit-source": "aws-activate",
              "environment": "prod",
              "landing-zone": "aws-async-workers",
              "managed-by": "terraform",
              "owner": "infra",
              "project": "syrabit",
              "secret": "slack/ops-webhook"
            },
            "tags_all": {
              "Name": "syrabit/prod/slack/ops-webhook",
              "credit-source": "aws-activate",
              "environment": "prod",
              "landing-zone": "aws-async-workers",
              "managed-by": "terraform",
              "owner": "infra",
              "project": "syrabit",
              "secret": "slack/ops-webhook"
            }
          },
          "sensitive_attributes": [],
          "private": "bnVsbA=="
        },
        {
          "index_key": "stripe/webhook-secret",
          "schema_version": 0,
          "attributes": {
            "arn": "arn:aws:secretsmanager:ap-south-1:271740379017:secret:syrabit/prod/stripe/webhook-secret-D7P2i1",
            "description": "Stripe webhook signing secret (payment workers).",
            "force_overwrite_replica_secret": false,
            "id": "arn:aws:secretsmanager:ap-south-1:271740379017:secret:syrabit/prod/stripe/webhook-secret-D7P2i1",
            "kms_key_id": "",
            "name": "syrabit/prod/stripe/webhook-secret",
            "name_prefix": "",
            "policy": "",
            "recovery_window_in_days": 7,
            "region": "ap-south-1",
            "replica": [],
            "tags": {
              "Name": "syrabit/prod/stripe/webhook-secret",
              "credit-source": "aws-activate",
              "environment": "prod",
              "landing-zone": "aws-async-workers",
              "managed-by": "terraform",
              "owner": "infra",
              "project": "syrabit",
              "secret": "stripe/webhook-secret"
            },
            "tags_all": {
              "Name": "syrabit/prod/stripe/webhook-secret",
              "credit-source": "aws-activate",
              "environment": "prod",
              "landing-zone": "aws-async-workers",
              "managed-by": "terraform",
              "owner": "infra",
              "project": "syrabit",
              "secret": "stripe/webhook-secret"
            }
          },
          "sensitive_attributes": [],
          "private": "bnVsbA=="
        },
        {
          "index_key": "supabase/service-role-key",
          "schema_version": 0,
          "attributes": {
            "arn": "arn:aws:secretsmanager:ap-south-1:271740379017:secret:syrabit/prod/supabase/service-role-key-fu0Z19",
            "description": "Supabase service-role key (DB writes from workers).",
            "force_overwrite_replica_secret": false,
            "id": "arn:aws:secretsmanager:ap-south-1:271740379017:secret:syrabit/prod/supabase/service-role-key-fu0Z19",
            "kms_key_id": "",
            "name": "syrabit/prod/supabase/service-role-key",
            "name_prefix": "",
            "policy": "",
            "recovery_window_in_days": 7,
            "region": "ap-south-1",
            "replica": [],
            "tags": {
              "Name": "syrabit/prod/supabase/service-role-key",
              "credit-source": "aws-activate",
              "environment": "prod",
              "landing-zone": "aws-async-workers",
              "managed-by": "terraform",
              "owner": "infra",
              "project": "syrabit",
              "secret": "supabase/service-role-key"
            },
            "tags_all": {
              "Name": "syrabit/prod/supabase/service-role-key",
              "credit-source": "aws-activate",
              "environment": "prod",
              "landing-zone": "aws-async-workers",
              "managed-by": "terraform",
              "owner": "infra",
              "project": "syrabit",
              "secret": "supabase/service-role-key"
            }
          },
          "sensitive_attributes": [],
          "private": "bnVsbA=="
        },
        {
          "index_key": "upstash/redis-rest-token",
          "schema_version": 0,
          "attributes": {
            "arn": "arn:aws:secretsmanager:ap-south-1:271740379017:secret:syrabit/prod/upstash/redis-rest-token-ZXKbaX",
            "description": "Upstash Redis REST token (rate-limit + 429 counter).",
            "force_overwrite_replica_secret": false,
            "id": "arn:aws:secretsmanager:ap-south-1:271740379017:secret:syrabit/prod/upstash/redis-rest-token-ZXKbaX",
            "kms_key_id": "",
            "name": "syrabit/prod/upstash/redis-rest-token",
            "name_prefix": "",
            "policy": "",
            "recovery_window_in_days": 7,
            "region": "ap-south-1",
            "replica": [],
            "tags": {
              "Name": "syrabit/prod/upstash/redis-rest-token",
              "credit-source": "aws-activate",
              "environment": "prod",
              "landing-zone": "aws-async-workers",
              "managed-by": "terraform",
              "owner": "infra",
              "project": "syrabit",
              "secret": "upstash/redis-rest-token"
            },
            "tags_all": {
              "Name": "syrabit/prod/upstash/redis-rest-token",
              "credit-source": "aws-activate",
              "environment": "prod",
              "landing-zone": "aws-async-workers",
              "managed-by": "terraform",
              "owner": "infra",
              "project": "syrabit",
              "secret": "upstash/redis-rest-token"
            }
          },
          "sensitive_attributes": [],
          "private": "bnVsbA=="
        },
        {
          "index_key": "upstash/redis-rest-url",
          "schema_version": 0,
          "attributes": {
            "arn": "arn:aws:secretsmanager:ap-south-1:271740379017:secret:syrabit/prod/upstash/redis-rest-url-C5kjGY",
            "description": "Upstash Redis REST base URL used by `chat-credit-runway` Lambda (Task #565). Same value as the ACA backend's UPSTASH_REDIS_REST_URL env.",
            "force_overwrite_replica_secret": false,
            "id": "arn:aws:secretsmanager:ap-south-1:271740379017:secret:syrabit/prod/upstash/redis-rest-url-C5kjGY",
            "kms_key_id": "",
            "name": "syrabit/prod/upstash/redis-rest-url",
            "name_prefix": "",
            "policy": "",
            "recovery_window_in_days": 7,
            "region": "ap-south-1",
            "replica": [],
            "tags": {
              "Name": "syrabit/prod/upstash/redis-rest-url",
              "credit-source": "aws-activate",
              "environment": "prod",
              "landing-zone": "aws-async-workers",
              "managed-by": "terraform",
              "owner": "infra",
              "project": "syrabit",
              "secret": "upstash/redis-rest-url"
            },
            "tags_all": {
              "Name": "syrabit/prod/upstash/redis-rest-url",
              "credit-source": "aws-activate",
              "environment": "prod",
              "landing-zone": "aws-async-workers",
              "managed-by": "terraform",
              "owner": "infra",
              "project": "syrabit",
              "secret": "upstash/redis-rest-url"
            }
          },
          "sensitive_attributes": [],
          "private": "bnVsbA=="
        },
        {
          "index_key": "workers-embed/secret",
          "schema_version": 0,
          "attributes": {
            "arn": "arn:aws:secretsmanager:ap-south-1:271740379017:secret:syrabit/prod/workers-embed/secret-4CrS1L",
            "description": "Cloudflare Workers-AI embed-worker shared secret (deferred-embed Lambda calls embed.syrabit.ai with this on the X-Origin-Auth header). Task #489.",
            "force_overwrite_replica_secret": false,
            "id": "arn:aws:secretsmanager:ap-south-1:271740379017:secret:syrabit/prod/workers-embed/secret-4CrS1L",
            "kms_key_id": "",
            "name": "syrabit/prod/workers-embed/secret",
            "name_prefix": "",
            "policy": "",
            "recovery_window_in_days": 7,
            "region": "ap-south-1",
            "replica": [],
            "tags": {
              "Name": "syrabit/prod/workers-embed/secret",
              "credit-source": "aws-activate",
              "environment": "prod",
              "landing-zone": "aws-async-workers",
              "managed-by": "terraform",
              "owner": "infra",
              "project": "syrabit",
              "secret": "workers-embed/secret"
            },
            "tags_all": {
              "Name": "syrabit/prod/workers-embed/secret",
              "credit-source": "aws-activate",
              "environment": "prod",
              "landing-zone": "aws-async-workers",
              "managed-by": "terraform",
              "owner": "infra",
              "project": "syrabit",
              "secret": "workers-embed/secret"
            }
          },
          "sensitive_attributes": [],
          "private": "bnVsbA=="
        }
      ]
    },
    {
      "mode": "managed",
      "type": "aws_secretsmanager_secret_version",
      "name": "native_feature_config_placeholder",
      "provider": "provider[\"registry.terraform.io/hashicorp/aws\"].us_east_1",
      "instances": [
        {
          "index_key": "bedrock_cohere",
          "schema_version": 0,
          "attributes": {
            "arn": "arn:aws:secretsmanager:us-east-1:271740379017:secret:syrabit/prod/aws-native/bedrock-cohere-oPqKM9",
            "has_secret_string_wo": null,
            "id": "arn:aws:secretsmanager:us-east-1:271740379017:secret:syrabit/prod/aws-native/bedrock-cohere-oPqKM9|terraform-2026050910493881650000000b",
            "region": "us-east-1",
            "secret_binary": "",
            "secret_id": "arn:aws:secretsmanager:us-east-1:271740379017:secret:syrabit/prod/aws-native/bedrock-cohere-oPqKM9",
            "secret_string": "{\"_placeholder\":\"set-via-runbook-step-2\"}",
            "secret_string_wo": null,
            "secret_string_wo_version": null,
            "version_id": "terraform-2026050910493881650000000b",
            "version_stages": [
              "AWSCURRENT"
            ]
          },
          "sensitive_attributes": [
            [
              {
                "type": "get_attr",
                "value": "secret_binary"
              }
            ],
            [
              {
                "type": "get_attr",
                "value": "secret_string_wo"
              }
            ],
            [
              {
                "type": "get_attr",
                "value": "secret_string"
              }
            ]
          ],
          "private": "bnVsbA==",
          "dependencies": [
            "aws_secretsmanager_secret.native_feature_config"
          ]
        },
        {
          "index_key": "comprehend",
          "schema_version": 0,
          "attributes": {
            "arn": "arn:aws:secretsmanager:us-east-1:271740379017:secret:syrabit/prod/aws-native/comprehend-8AQIqA",
            "has_secret_string_wo": null,
            "id": "arn:aws:secretsmanager:us-east-1:271740379017:secret:syrabit/prod/aws-native/comprehend-8AQIqA|terraform-20260509104939771400000010",
            "region": "us-east-1",
            "secret_binary": "",
            "secret_id": "arn:aws:secretsmanager:us-east-1:271740379017:secret:syrabit/prod/aws-native/comprehend-8AQIqA",
            "secret_string": "{\"_placeholder\":\"set-via-runbook-step-2\"}",
            "secret_string_wo": null,
            "secret_string_wo_version": null,
            "version_id": "terraform-20260509104939771400000010",
            "version_stages": [
              "AWSCURRENT"
            ]
          },
          "sensitive_attributes": [
            [
              {
                "type": "get_attr",
                "value": "secret_binary"
              }
            ],
            [
              {
                "type": "get_attr",
                "value": "secret_string_wo"
              }
            ],
            [
              {
                "type": "get_attr",
                "value": "secret_string"
              }
            ]
          ],
          "private": "bnVsbA==",
          "dependencies": [
            "aws_secretsmanager_secret.native_feature_config"
          ]
        },
        {
          "index_key": "fraud_detector",
          "schema_version": 0,
          "attributes": {
            "arn": "arn:aws:secretsmanager:us-east-1:271740379017:secret:syrabit/prod/aws-native/fraud-detector-zbW7Il",
            "has_secret_string_wo": null,
            "id": "arn:aws:secretsmanager:us-east-1:271740379017:secret:syrabit/prod/aws-native/fraud-detector-zbW7Il|terraform-2026050910493968910000000e",
            "region": "us-east-1",
            "secret_binary": "",
            "secret_id": "arn:aws:secretsmanager:us-east-1:271740379017:secret:syrabit/prod/aws-native/fraud-detector-zbW7Il",
            "secret_string": "{\"_placeholder\":\"set-via-runbook-step-2\"}",
            "secret_string_wo": null,
            "secret_string_wo_version": null,
            "version_id": "terraform-2026050910493968910000000e",
            "version_stages": [
              "AWSCURRENT"
            ]
          },
          "sensitive_attributes": [
            [
              {
                "type": "get_attr",
                "value": "secret_string_wo"
              }
            ],
            [
              {
                "type": "get_attr",
                "value": "secret_string"
              }
            ],
            [
              {
                "type": "get_attr",
                "value": "secret_binary"
              }
            ]
          ],
          "private": "bnVsbA==",
          "dependencies": [
            "aws_secretsmanager_secret.native_feature_config"
          ]
        },
        {
          "index_key": "personalize",
          "schema_version": 0,
          "attributes": {
            "arn": "arn:aws:secretsmanager:us-east-1:271740379017:secret:syrabit/prod/aws-native/personalize-bYsvUK",
            "has_secret_string_wo": null,
            "id": "arn:aws:secretsmanager:us-east-1:271740379017:secret:syrabit/prod/aws-native/personalize-bYsvUK|terraform-20260509104940464000000012",
            "region": "us-east-1",
            "secret_binary": "",
            "secret_id": "arn:aws:secretsmanager:us-east-1:271740379017:secret:syrabit/prod/aws-native/personalize-bYsvUK",
            "secret_string": "{\"_placeholder\":\"set-via-runbook-step-2\"}",
            "secret_string_wo": null,
            "secret_string_wo_version": null,
            "version_id": "terraform-20260509104940464000000012",
            "version_stages": [
              "AWSCURRENT"
            ]
          },
          "sensitive_attributes": [
            [
              {
                "type": "get_attr",
                "value": "secret_string_wo"
              }
            ],
            [
              {
                "type": "get_attr",
                "value": "secret_string"
              }
            ],
            [
              {
                "type": "get_attr",
                "value": "secret_binary"
              }
            ]
          ],
          "private": "bnVsbA==",
          "dependencies": [
            "aws_secretsmanager_secret.native_feature_config"
          ]
        },
        {
          "index_key": "polly",
          "schema_version": 0,
          "attributes": {
            "arn": "arn:aws:secretsmanager:us-east-1:271740379017:secret:syrabit/prod/aws-native/polly-lq2uGZ",
            "has_secret_string_wo": null,
            "id": "arn:aws:secretsmanager:us-east-1:271740379017:secret:syrabit/prod/aws-native/polly-lq2uGZ|terraform-2026050910493896820000000d",
            "region": "us-east-1",
            "secret_binary": "",
            "secret_id": "arn:aws:secretsmanager:us-east-1:271740379017:secret:syrabit/prod/aws-native/polly-lq2uGZ",
            "secret_string": "{\"_placeholder\":\"set-via-runbook-step-2\"}",
            "secret_string_wo": null,
            "secret_string_wo_version": null,
            "version_id": "terraform-2026050910493896820000000d",
            "version_stages": [
              "AWSCURRENT"
            ]
          },
          "sensitive_attributes": [
            [
              {
                "type": "get_attr",
                "value": "secret_string_wo"
              }
            ],
            [
              {
                "type": "get_attr",
                "value": "secret_string"
              }
            ],
            [
              {
                "type": "get_attr",
                "value": "secret_binary"
              }
            ]
          ],
          "private": "bnVsbA==",
          "dependencies": [
            "aws_secretsmanager_secret.native_feature_config"
          ]
        },
        {
          "index_key": "rekognition",
          "schema_version": 0,
          "attributes": {
            "arn": "arn:aws:secretsmanager:us-east-1:271740379017:secret:syrabit/prod/aws-native/rekognition-1aKOMS",
            "has_secret_string_wo": null,
            "id": "arn:aws:secretsmanager:us-east-1:271740379017:secret:syrabit/prod/aws-native/rekognition-1aKOMS|terraform-2026050910493974340000000f",
            "region": "us-east-1",
            "secret_binary": "",
            "secret_id": "arn:aws:secretsmanager:us-east-1:271740379017:secret:syrabit/prod/aws-native/rekognition-1aKOMS",
            "secret_string": "{\"_placeholder\":\"set-via-runbook-step-2\"}",
            "secret_string_wo": null,
            "secret_string_wo_version": null,
            "version_id": "terraform-2026050910493974340000000f",
            "version_stages": [
              "AWSCURRENT"
            ]
          },
          "sensitive_attributes": [
            [
              {
                "type": "get_attr",
                "value": "secret_string"
              }
            ],
            [
              {
                "type": "get_attr",
                "value": "secret_binary"
              }
            ],
            [
              {
                "type": "get_attr",
                "value": "secret_string_wo"
              }
            ]
          ],
          "private": "bnVsbA==",
          "dependencies": [
            "aws_secretsmanager_secret.native_feature_config"
          ]
        },
        {
          "index_key": "textract",
          "schema_version": 0,
          "attributes": {
            "arn": "arn:aws:secretsmanager:us-east-1:271740379017:secret:syrabit/prod/aws-native/textract-v5hDbQ",
            "has_secret_string_wo": null,
            "id": "arn:aws:secretsmanager:us-east-1:271740379017:secret:syrabit/prod/aws-native/textract-v5hDbQ|terraform-20260509104939788700000011",
            "region": "us-east-1",
            "secret_binary": "",
            "secret_id": "arn:aws:secretsmanager:us-east-1:271740379017:secret:syrabit/prod/aws-native/textract-v5hDbQ",
            "secret_string": "{\"_placeholder\":\"set-via-runbook-step-2\"}",
            "secret_string_wo": null,
            "secret_string_wo_version": null,
            "version_id": "terraform-20260509104939788700000011",
            "version_stages": [
              "AWSCURRENT"
            ]
          },
          "sensitive_attributes": [
            [
              {
                "type": "get_attr",
                "value": "secret_string"
              }
            ],
            [
              {
                "type": "get_attr",
                "value": "secret_string_wo"
              }
            ],
            [
              {
                "type": "get_attr",
                "value": "secret_binary"
              }
            ]
          ],
          "private": "bnVsbA==",
          "dependencies": [
            "aws_secretsmanager_secret.native_feature_config"
          ]
        },
        {
          "index_key": "transcribe",
          "schema_version": 0,
          "attributes": {
            "arn": "arn:aws:secretsmanager:us-east-1:271740379017:secret:syrabit/prod/aws-native/transcribe-AmUsYp",
            "has_secret_string_wo": null,
            "id": "arn:aws:secretsmanager:us-east-1:271740379017:secret:syrabit/prod/aws-native/transcribe-AmUsYp|terraform-2026050910493896760000000c",
            "region": "us-east-1",
            "secret_binary": "",
            "secret_id": "arn:aws:secretsmanager:us-east-1:271740379017:secret:syrabit/prod/aws-native/transcribe-AmUsYp",
            "secret_string": "{\"_placeholder\":\"set-via-runbook-step-2\"}",
            "secret_string_wo": null,
            "secret_string_wo_version": null,
            "version_id": "terraform-2026050910493896760000000c",
            "version_stages": [
              "AWSCURRENT"
            ]
          },
          "sensitive_attributes": [
            [
              {
                "type": "get_attr",
                "value": "secret_string"
              }
            ],
            [
              {
                "type": "get_attr",
                "value": "secret_binary"
              }
            ],
            [
              {
                "type": "get_attr",
                "value": "secret_string_wo"
              }
            ]
          ],
          "private": "bnVsbA==",
          "dependencies": [
            "aws_secretsmanager_secret.native_feature_config"
          ]
        },
        {
          "index_key": "translate",
          "schema_version": 0,
          "attributes": {
            "arn": "arn:aws:secretsmanager:us-east-1:271740379017:secret:syrabit/prod/aws-native/translate-6sUncv",
            "has_secret_string_wo": null,
            "id": "arn:aws:secretsmanager:us-east-1:271740379017:secret:syrabit/prod/aws-native/translate-6sUncv|terraform-2026050910493874070000000a",
            "region": "us-east-1",
            "secret_binary": "",
            "secret_id": "arn:aws:secretsmanager:us-east-1:271740379017:secret:syrabit/prod/aws-native/translate-6sUncv",
            "secret_string": "{\"_placeholder\":\"set-via-runbook-step-2\"}",
            "secret_string_wo": null,
            "secret_string_wo_version": null,
            "version_id": "terraform-2026050910493874070000000a",
            "version_stages": [
              "AWSCURRENT"
            ]
          },
          "sensitive_attributes": [
            [
              {
                "type": "get_attr",
                "value": "secret_binary"
              }
            ],
            [
              {
                "type": "get_attr",
                "value": "secret_string_wo"
              }
            ],
            [
              {
                "type": "get_attr",
                "value": "secret_string"
              }
            ]
          ],
          "private": "bnVsbA==",
          "dependencies": [
            "aws_secretsmanager_secret.native_feature_config"
          ]
        }
      ]
    },
    {
      "mode": "managed",
      "type": "aws_secretsmanager_secret_version",
      "name": "placeholder",
      "provider": "provider[\"registry.terraform.io/hashicorp/aws\"]",
      "instances": [
        {
          "index_key": "axiom/ingest-token",
          "schema_version": 0,
          "attributes": {
            "arn": "arn:aws:secretsmanager:ap-south-1:271740379017:secret:syrabit/prod/axiom/ingest-token-fo9A7D",
            "has_secret_string_wo": null,
            "id": "arn:aws:secretsmanager:ap-south-1:271740379017:secret:syrabit/prod/axiom/ingest-token-fo9A7D|terraform-2026050910492748340000001b",
            "region": "ap-south-1",
            "secret_binary": "",
            "secret_id": "arn:aws:secretsmanager:ap-south-1:271740379017:secret:syrabit/prod/axiom/ingest-token-fo9A7D",
            "secret_string": "{\"_placeholder\":\"set-via-1password-rotation\"}",
            "secret_string_wo": null,
            "secret_string_wo_version": null,
            "version_id": "terraform-2026050910492748340000001b",
            "version_stages": [
              "AWSCURRENT"
            ]
          },
          "sensitive_attributes": [
            [
              {
                "type": "get_attr",
                "value": "secret_string_wo"
              }
            ],
            [
              {
                "type": "get_attr",
                "value": "secret_binary"
              }
            ],
            [
              {
                "type": "get_attr",
                "value": "secret_string"
              }
            ]
          ],
          "private": "bnVsbA==",
          "dependencies": [
            "aws_secretsmanager_secret.workers"
          ]
        },
        {
          "index_key": "cf-ai-gateway/account-id",
          "schema_version": 0,
          "attributes": {
            "arn": "arn:aws:secretsmanager:ap-south-1:271740379017:secret:syrabit/prod/cf-ai-gateway/account-id-KuCMKE",
            "has_secret_string_wo": null,
            "id": "arn:aws:secretsmanager:ap-south-1:271740379017:secret:syrabit/prod/cf-ai-gateway/account-id-KuCMKE|terraform-20260509104927344600000016",
            "region": "ap-south-1",
            "secret_binary": "",
            "secret_id": "arn:aws:secretsmanager:ap-south-1:271740379017:secret:syrabit/prod/cf-ai-gateway/account-id-KuCMKE",
            "secret_string": "{\"_placeholder\":\"set-via-1password-rotation\"}",
            "secret_string_wo": null,
            "secret_string_wo_version": null,
            "version_id": "terraform-20260509104927344600000016",
            "version_stages": [
              "AWSCURRENT"
            ]
          },
          "sensitive_attributes": [
            [
              {
                "type": "get_attr",
                "value": "secret_string_wo"
              }
            ],
            [
              {
                "type": "get_attr",
                "value": "secret_string"
              }
            ],
            [
              {
                "type": "get_attr",
                "value": "secret_binary"
              }
            ]
          ],
          "private": "bnVsbA==",
          "dependencies": [
            "aws_secretsmanager_secret.workers"
          ]
        },
        {
          "index_key": "cloudflare/api-token",
          "schema_version": 0,
          "attributes": {
            "arn": "arn:aws:secretsmanager:ap-south-1:271740379017:secret:syrabit/prod/cloudflare/api-token-j79u9v",
            "has_secret_string_wo": null,
            "id": "arn:aws:secretsmanager:ap-south-1:271740379017:secret:syrabit/prod/cloudflare/api-token-j79u9v|terraform-20260509104927621000000021",
            "region": "ap-south-1",
            "secret_binary": "",
            "secret_id": "arn:aws:secretsmanager:ap-south-1:271740379017:secret:syrabit/prod/cloudflare/api-token-j79u9v",
            "secret_string": "{\"_placeholder\":\"set-via-1password-rotation\"}",
            "secret_string_wo": null,
            "secret_string_wo_version": null,
            "version_id": "terraform-20260509104927621000000021",
            "version_stages": [
              "AWSCURRENT"
            ]
          },
          "sensitive_attributes": [
            [
              {
                "type": "get_attr",
                "value": "secret_string"
              }
            ],
            [
              {
                "type": "get_attr",
                "value": "secret_string_wo"
              }
            ],
            [
              {
                "type": "get_attr",
                "value": "secret_binary"
              }
            ]
          ],
          "private": "bnVsbA==",
          "dependencies": [
            "aws_secretsmanager_secret.workers"
          ]
        },
        {
          "index_key": "cohere/api-key",
          "schema_version": 0,
          "attributes": {
            "arn": "arn:aws:secretsmanager:ap-south-1:271740379017:secret:syrabit/prod/cohere/api-key-eUSkFq",
            "has_secret_string_wo": null,
            "id": "arn:aws:secretsmanager:ap-south-1:271740379017:secret:syrabit/prod/cohere/api-key-eUSkFq|terraform-20260509104927398800000017",
            "region": "ap-south-1",
            "secret_binary": "",
            "secret_id": "arn:aws:secretsmanager:ap-south-1:271740379017:secret:syrabit/prod/cohere/api-key-eUSkFq",
            "secret_string": "{\"_placeholder\":\"set-via-1password-rotation\"}",
            "secret_string_wo": null,
            "secret_string_wo_version": null,
            "version_id": "terraform-20260509104927398800000017",
            "version_stages": [
              "AWSCURRENT"
            ]
          },
          "sensitive_attributes": [
            [
              {
                "type": "get_attr",
                "value": "secret_string_wo"
              }
            ],
            [
              {
                "type": "get_attr",
                "value": "secret_string"
              }
            ],
            [
              {
                "type": "get_attr",
                "value": "secret_binary"
              }
            ]
          ],
          "private": "bnVsbA==",
          "dependencies": [
            "aws_secretsmanager_secret.workers"
          ]
        },
        {
          "index_key": "gcp/sa-json",
          "schema_version": 0,
          "attributes": {
            "arn": "arn:aws:secretsmanager:ap-south-1:271740379017:secret:syrabit/prod/gcp/sa-json-b6qbxZ",
            "has_secret_string_wo": null,
            "id": "arn:aws:secretsmanager:ap-south-1:271740379017:secret:syrabit/prod/gcp/sa-json-b6qbxZ|terraform-2026050910492743160000001a",
            "region": "ap-south-1",
            "secret_binary": "",
            "secret_id": "arn:aws:secretsmanager:ap-south-1:271740379017:secret:syrabit/prod/gcp/sa-json-b6qbxZ",
            "secret_string": "{\"_placeholder\":\"set-via-1password-rotation\"}",
            "secret_string_wo": null,
            "secret_string_wo_version": null,
            "version_id": "terraform-2026050910492743160000001a",
            "version_stages": [
              "AWSCURRENT"
            ]
          },
          "sensitive_attributes": [
            [
              {
                "type": "get_attr",
                "value": "secret_string_wo"
              }
            ],
            [
              {
                "type": "get_attr",
                "value": "secret_binary"
              }
            ],
            [
              {
                "type": "get_attr",
                "value": "secret_string"
              }
            ]
          ],
          "private": "bnVsbA==",
          "dependencies": [
            "aws_secretsmanager_secret.workers"
          ]
        },
        {
          "index_key": "gemini/api-key",
          "schema_version": 0,
          "attributes": {
            "arn": "arn:aws:secretsmanager:ap-south-1:271740379017:secret:syrabit/prod/gemini/api-key-DZDvcq",
            "has_secret_string_wo": null,
            "id": "arn:aws:secretsmanager:ap-south-1:271740379017:secret:syrabit/prod/gemini/api-key-DZDvcq|terraform-20260509104927282900000013",
            "region": "ap-south-1",
            "secret_binary": "",
            "secret_id": "arn:aws:secretsmanager:ap-south-1:271740379017:secret:syrabit/prod/gemini/api-key-DZDvcq",
            "secret_string": "{\"_placeholder\":\"set-via-1password-rotation\"}",
            "secret_string_wo": null,
            "secret_string_wo_version": null,
            "version_id": "terraform-20260509104927282900000013",
            "version_stages": [
              "AWSCURRENT"
            ]
          },
          "sensitive_attributes": [
            [
              {
                "type": "get_attr",
                "value": "secret_binary"
              }
            ],
            [
              {
                "type": "get_attr",
                "value": "secret_string_wo"
              }
            ],
            [
              {
                "type": "get_attr",
                "value": "secret_string"
              }
            ]
          ],
          "private": "bnVsbA==",
          "dependencies": [
            "aws_secretsmanager_secret.workers"
          ]
        },
        {
          "index_key": "mongo/url",
          "schema_version": 0,
          "attributes": {
            "arn": "arn:aws:secretsmanager:ap-south-1:271740379017:secret:syrabit/prod/mongo/url-qYIV6X",
            "has_secret_string_wo": null,
            "id": "arn:aws:secretsmanager:ap-south-1:271740379017:secret:syrabit/prod/mongo/url-qYIV6X|terraform-2026050910492750670000001d",
            "region": "ap-south-1",
            "secret_binary": "",
            "secret_id": "arn:aws:secretsmanager:ap-south-1:271740379017:secret:syrabit/prod/mongo/url-qYIV6X",
            "secret_string": "{\"_placeholder\":\"set-via-1password-rotation\"}",
            "secret_string_wo": null,
            "secret_string_wo_version": null,
            "version_id": "terraform-2026050910492750670000001d",
            "version_stages": [
              "AWSCURRENT"
            ]
          },
          "sensitive_attributes": [
            [
              {
                "type": "get_attr",
                "value": "secret_binary"
              }
            ],
            [
              {
                "type": "get_attr",
                "value": "secret_string_wo"
              }
            ],
            [
              {
                "type": "get_attr",
                "value": "secret_string"
              }
            ]
          ],
          "private": "bnVsbA==",
          "dependencies": [
            "aws_secretsmanager_secret.workers"
          ]
        },
        {
          "index_key": "pinecone/api-key",
          "schema_version": 0,
          "attributes": {
            "arn": "arn:aws:secretsmanager:ap-south-1:271740379017:secret:syrabit/prod/pinecone/api-key-CLOL3N",
            "has_secret_string_wo": null,
            "id": "arn:aws:secretsmanager:ap-south-1:271740379017:secret:syrabit/prod/pinecone/api-key-CLOL3N|terraform-20260509104927404500000018",
            "region": "ap-south-1",
            "secret_binary": "",
            "secret_id": "arn:aws:secretsmanager:ap-south-1:271740379017:secret:syrabit/prod/pinecone/api-key-CLOL3N",
            "secret_string": "{\"_placeholder\":\"set-via-1password-rotation\"}",
            "secret_string_wo": null,
            "secret_string_wo_version": null,
            "version_id": "terraform-20260509104927404500000018",
            "version_stages": [
              "AWSCURRENT"
            ]
          },
          "sensitive_attributes": [
            [
              {
                "type": "get_attr",
                "value": "secret_string_wo"
              }
            ],
            [
              {
                "type": "get_attr",
                "value": "secret_binary"
              }
            ],
            [
              {
                "type": "get_attr",
                "value": "secret_string"
              }
            ]
          ],
          "private": "bnVsbA==",
          "dependencies": [
            "aws_secretsmanager_secret.workers"
          ]
        },
        {
          "index_key": "razorpay/webhook-secret",
          "schema_version": 0,
          "attributes": {
            "arn": "arn:aws:secretsmanager:ap-south-1:271740379017:secret:syrabit/prod/razorpay/webhook-secret-kyOAUf",
            "has_secret_string_wo": null,
            "id": "arn:aws:secretsmanager:ap-south-1:271740379017:secret:syrabit/prod/razorpay/webhook-secret-kyOAUf|terraform-2026050910492753740000001e",
            "region": "ap-south-1",
            "secret_binary": "",
            "secret_id": "arn:aws:secretsmanager:ap-south-1:271740379017:secret:syrabit/prod/razorpay/webhook-secret-kyOAUf",
            "secret_string": "{\"_placeholder\":\"set-via-1password-rotation\"}",
            "secret_string_wo": null,
            "secret_string_wo_version": null,
            "version_id": "terraform-2026050910492753740000001e",
            "version_stages": [
              "AWSCURRENT"
            ]
          },
          "sensitive_attributes": [
            [
              {
                "type": "get_attr",
                "value": "secret_string"
              }
            ],
            [
              {
                "type": "get_attr",
                "value": "secret_string_wo"
              }
            ],
            [
              {
                "type": "get_attr",
                "value": "secret_binary"
              }
            ]
          ],
          "private": "bnVsbA==",
          "dependencies": [
            "aws_secretsmanager_secret.workers"
          ]
        },
        {
          "index_key": "sentry/dsn-workers",
          "schema_version": 0,
          "attributes": {
            "arn": "arn:aws:secretsmanager:ap-south-1:271740379017:secret:syrabit/prod/sentry/dsn-workers-uW8psr",
            "has_secret_string_wo": null,
            "id": "arn:aws:secretsmanager:ap-south-1:271740379017:secret:syrabit/prod/sentry/dsn-workers-uW8psr|terraform-2026050910492759710000001f",
            "region": "ap-south-1",
            "secret_binary": "",
            "secret_id": "arn:aws:secretsmanager:ap-south-1:271740379017:secret:syrabit/prod/sentry/dsn-workers-uW8psr",
            "secret_string": "{\"_placeholder\":\"set-via-1password-rotation\"}",
            "secret_string_wo": null,
            "secret_string_wo_version": null,
            "version_id": "terraform-2026050910492759710000001f",
            "version_stages": [
              "AWSCURRENT"
            ]
          },
          "sensitive_attributes": [
            [
              {
                "type": "get_attr",
                "value": "secret_string_wo"
              }
            ],
            [
              {
                "type": "get_attr",
                "value": "secret_string"
              }
            ],
            [
              {
                "type": "get_attr",
                "value": "secret_binary"
              }
            ]
          ],
          "private": "bnVsbA==",
          "dependencies": [
            "aws_secretsmanager_secret.workers"
          ]
        },
        {
          "index_key": "slack/ops-webhook",
          "schema_version": 0,
          "attributes": {
            "arn": "arn:aws:secretsmanager:ap-south-1:271740379017:secret:syrabit/prod/slack/ops-webhook-i4roOg",
            "has_secret_string_wo": null,
            "id": "arn:aws:secretsmanager:ap-south-1:271740379017:secret:syrabit/prod/slack/ops-webhook-i4roOg|terraform-20260509104927597700000020",
            "region": "ap-south-1",
            "secret_binary": "",
            "secret_id": "arn:aws:secretsmanager:ap-south-1:271740379017:secret:syrabit/prod/slack/ops-webhook-i4roOg",
            "secret_string": "{\"_placeholder\":\"set-via-1password-rotation\"}",
            "secret_string_wo": null,
            "secret_string_wo_version": null,
            "version_id": "terraform-20260509104927597700000020",
            "version_stages": [
              "AWSCURRENT"
            ]
          },
          "sensitive_attributes": [
            [
              {
                "type": "get_attr",
                "value": "secret_string"
              }
            ],
            [
              {
                "type": "get_attr",
                "value": "secret_string_wo"
              }
            ],
            [
              {
                "type": "get_attr",
                "value": "secret_binary"
              }
            ]
          ],
          "private": "bnVsbA==",
          "dependencies": [
            "aws_secretsmanager_secret.workers"
          ]
        },
        {
          "index_key": "stripe/webhook-secret",
          "schema_version": 0,
          "attributes": {
            "arn": "arn:aws:secretsmanager:ap-south-1:271740379017:secret:syrabit/prod/stripe/webhook-secret-D7P2i1",
            "has_secret_string_wo": null,
            "id": "arn:aws:secretsmanager:ap-south-1:271740379017:secret:syrabit/prod/stripe/webhook-secret-D7P2i1|terraform-20260509104927297200000015",
            "region": "ap-south-1",
            "secret_binary": "",
            "secret_id": "arn:aws:secretsmanager:ap-south-1:271740379017:secret:syrabit/prod/stripe/webhook-secret-D7P2i1",
            "secret_string": "{\"_placeholder\":\"set-via-1password-rotation\"}",
            "secret_string_wo": null,
            "secret_string_wo_version": null,
            "version_id": "terraform-20260509104927297200000015",
            "version_stages": [
              "AWSCURRENT"
            ]
          },
          "sensitive_attributes": [
            [
              {
                "type": "get_attr",
                "value": "secret_binary"
              }
            ],
            [
              {
                "type": "get_attr",
                "value": "secret_string"
              }
            ],
            [
              {
                "type": "get_attr",
                "value": "secret_string_wo"
              }
            ]
          ],
          "private": "bnVsbA==",
          "dependencies": [
            "aws_secretsmanager_secret.workers"
          ]
        },
        {
          "index_key": "supabase/service-role-key",
          "schema_version": 0,
          "attributes": {
            "arn": "arn:aws:secretsmanager:ap-south-1:271740379017:secret:syrabit/prod/supabase/service-role-key-fu0Z19",
            "has_secret_string_wo": null,
            "id": "arn:aws:secretsmanager:ap-south-1:271740379017:secret:syrabit/prod/supabase/service-role-key-fu0Z19|terraform-20260509104927284500000014",
            "region": "ap-south-1",
            "secret_binary": "",
            "secret_id": "arn:aws:secretsmanager:ap-south-1:271740379017:secret:syrabit/prod/supabase/service-role-key-fu0Z19",
            "secret_string": "{\"_placeholder\":\"set-via-1password-rotation\"}",
            "secret_string_wo": null,
            "secret_string_wo_version": null,
            "version_id": "terraform-20260509104927284500000014",
            "version_stages": [
              "AWSCURRENT"
            ]
          },
          "sensitive_attributes": [
            [
              {
                "type": "get_attr",
                "value": "secret_binary"
              }
            ],
            [
              {
                "type": "get_attr",
                "value": "secret_string_wo"
              }
            ],
            [
              {
                "type": "get_attr",
                "value": "secret_string"
              }
            ]
          ],
          "private": "bnVsbA==",
          "dependencies": [
            "aws_secretsmanager_secret.workers"
          ]
        },
        {
          "index_key": "upstash/redis-rest-token",
          "schema_version": 0,
          "attributes": {
            "arn": "arn:aws:secretsmanager:ap-south-1:271740379017:secret:syrabit/prod/upstash/redis-rest-token-ZXKbaX",
            "has_secret_string_wo": null,
            "id": "arn:aws:secretsmanager:ap-south-1:271740379017:secret:syrabit/prod/upstash/redis-rest-token-ZXKbaX|terraform-20260509104927412700000019",
            "region": "ap-south-1",
            "secret_binary": "",
            "secret_id": "arn:aws:secretsmanager:ap-south-1:271740379017:secret:syrabit/prod/upstash/redis-rest-token-ZXKbaX",
            "secret_string": "{\"_placeholder\":\"set-via-1password-rotation\"}",
            "secret_string_wo": null,
            "secret_string_wo_version": null,
            "version_id": "terraform-20260509104927412700000019",
            "version_stages": [
              "AWSCURRENT"
            ]
          },
          "sensitive_attributes": [
            [
              {
                "type": "get_attr",
                "value": "secret_string"
              }
            ],
            [
              {
                "type": "get_attr",
                "value": "secret_string_wo"
              }
            ],
            [
              {
                "type": "get_attr",
                "value": "secret_binary"
              }
            ]
          ],
          "private": "bnVsbA==",
          "dependencies": [
            "aws_secretsmanager_secret.workers"
          ]
        },
        {
          "index_key": "upstash/redis-rest-url",
          "schema_version": 0,
          "attributes": {
            "arn": "arn:aws:secretsmanager:ap-south-1:271740379017:secret:syrabit/prod/upstash/redis-rest-url-C5kjGY",
            "has_secret_string_wo": null,
            "id": "arn:aws:secretsmanager:ap-south-1:271740379017:secret:syrabit/prod/upstash/redis-rest-url-C5kjGY|terraform-2026050910492749870000001c",
            "region": "ap-south-1",
            "secret_binary": "",
            "secret_id": "arn:aws:secretsmanager:ap-south-1:271740379017:secret:syrabit/prod/upstash/redis-rest-url-C5kjGY",
            "secret_string": "{\"_placeholder\":\"set-via-1password-rotation\"}",
            "secret_string_wo": null,
            "secret_string_wo_version": null,
            "version_id": "terraform-2026050910492749870000001c",
            "version_stages": [
              "AWSCURRENT"
            ]
          },
          "sensitive_attributes": [
            [
              {
                "type": "get_attr",
                "value": "secret_string"
              }
            ],
            [
              {
                "type": "get_attr",
                "value": "secret_string_wo"
              }
            ],
            [
              {
                "type": "get_attr",
                "value": "secret_binary"
              }
            ]
          ],
          "private": "bnVsbA==",
          "dependencies": [
            "aws_secretsmanager_secret.workers"
          ]
        },
        {
          "index_key": "workers-embed/secret",
          "schema_version": 0,
          "attributes": {
            "arn": "arn:aws:secretsmanager:ap-south-1:271740379017:secret:syrabit/prod/workers-embed/secret-4CrS1L",
            "has_secret_string_wo": null,
            "id": "arn:aws:secretsmanager:ap-south-1:271740379017:secret:syrabit/prod/workers-embed/secret-4CrS1L|terraform-20260509104927621800000022",
            "region": "ap-south-1",
            "secret_binary": "",
            "secret_id": "arn:aws:secretsmanager:ap-south-1:271740379017:secret:syrabit/prod/workers-embed/secret-4CrS1L",
            "secret_string": "{\"_placeholder\":\"set-via-1password-rotation\"}",
            "secret_string_wo": null,
            "secret_string_wo_version": null,
            "version_id": "terraform-20260509104927621800000022",
            "version_stages": [
              "AWSCURRENT"
            ]
          },
          "sensitive_attributes": [
            [
              {
                "type": "get_attr",
                "value": "secret_string_wo"
              }
            ],
            [
              {
                "type": "get_attr",
                "value": "secret_binary"
              }
            ],
            [
              {
                "type": "get_attr",
                "value": "secret_string"
              }
            ]
          ],
          "private": "bnVsbA==",
          "dependencies": [
            "aws_secretsmanager_secret.workers"
          ]
        }
      ]
    },
    {
      "mode": "managed",
      "type": "aws_secretsmanager_secret_version",
      "name": "sqs_worker_queue_urls",
      "provider": "provider[\"registry.terraform.io/hashicorp/aws\"]",
      "instances": [
        {
          "schema_version": 0,
          "attributes": {
            "arn": "arn:aws:secretsmanager:ap-south-1:271740379017:secret:syrabit/prod/sqs-worker-queue-urls-ZnCwNc",
            "has_secret_string_wo": null,
            "id": "arn:aws:secretsmanager:ap-south-1:271740379017:secret:syrabit/prod/sqs-worker-queue-urls-ZnCwNc|terraform-20260509105032590000000028",
            "region": "ap-south-1",
            "secret_binary": "",
            "secret_id": "arn:aws:secretsmanager:ap-south-1:271740379017:secret:syrabit/prod/sqs-worker-queue-urls-ZnCwNc",
            "secret_string": "{\"bing-keyword-refresh\":\"https://sqs.ap-south-1.amazonaws.com/271740379017/syrabit-bing-keyword\",\"bing-submit\":\"https://sqs.ap-south-1.amazonaws.com/271740379017/syrabit-bing-submit\",\"cf-bot-crosscheck\":\"https://sqs.ap-south-1.amazonaws.com/271740379017/syrabit-cf-bot-crosscheck\",\"discovery-engine-ingest\":\"https://sqs.ap-south-1.amazonaws.com/271740379017/syrabit-discovery-ingest\",\"email-fallback\":\"https://sqs.ap-south-1.amazonaws.com/271740379017/syrabit-email-fallback\",\"seo-indexnow\":\"https://sqs.ap-south-1.amazonaws.com/271740379017/syrabit-seo-indexnow\",\"seo-internal-linker\":\"https://sqs.ap-south-1.amazonaws.com/271740379017/syrabit-seo-internal-linker\",\"unified-logs-cf-pull\":\"https://sqs.ap-south-1.amazonaws.com/271740379017/syrabit-unified-logs-pull\"}",
            "secret_string_wo": null,
            "secret_string_wo_version": null,
            "version_id": "terraform-20260509105032590000000028",
            "version_stages": [
              "AWSCURRENT"
            ]
          },
          "sensitive_attributes": [
            [
              {
                "type": "get_attr",
                "value": "secret_binary"
              }
            ],
            [
              {
                "type": "get_attr",
                "value": "secret_string_wo"
              }
            ],
            [
              {
                "type": "get_attr",
                "value": "secret_string"
              }
            ]
          ],
          "private": "bnVsbA==",
          "dependencies": [
            "aws_secretsmanager_secret.sqs_worker_queue_urls",
            "aws_sqs_queue.worker",
            "aws_sqs_queue.worker_dlq"
          ]
        }
      ]
    },
    {
      "mode": "managed",
      "type": "aws_security_group",
      "name": "vpc_endpoints",
      "provider": "provider[\"registry.terraform.io/hashicorp/aws\"]",
      "instances": [
        {
          "schema_version": 1,
          "attributes": {
            "arn": "arn:aws:ec2:ap-south-1:271740379017:security-group/sg-04e26854a97c20f8f",
            "description": "Allows workers SG to reach VPC interface endpoints over 443.",
            "egress": [
              {
                "cidr_blocks": [
                  "0.0.0.0/0"
                ],
                "description": "",
                "from_port": 0,
                "ipv6_cidr_blocks": [],
                "prefix_list_ids": [],
                "protocol": "-1",
                "security_groups": [],
                "self": false,
                "to_port": 0
              }
            ],
            "id": "sg-04e26854a97c20f8f",
            "ingress": [
              {
                "cidr_blocks": [],
                "description": "HTTPS from worker tasks",
                "from_port": 443,
                "ipv6_cidr_blocks": [],
                "prefix_list_ids": [],
                "protocol": "tcp",
                "security_groups": [
                  "sg-01107e8f42d86054a"
                ],
                "self": false,
                "to_port": 443
              }
            ],
            "name": "syrabit-vpc-endpoints",
            "name_prefix": "",
            "owner_id": "271740379017",
            "region": "ap-south-1",
            "revoke_rules_on_delete": false,
            "tags": {
              "Name": "syrabit-vpc-endpoints",
              "credit-source": "aws-activate",
              "environment": "prod",
              "landing-zone": "aws-async-workers",
              "managed-by": "terraform",
              "owner": "infra",
              "project": "syrabit"
            },
            "tags_all": {
              "Name": "syrabit-vpc-endpoints",
              "credit-source": "aws-activate",
              "environment": "prod",
              "landing-zone": "aws-async-workers",
              "managed-by": "terraform",
              "owner": "infra",
              "project": "syrabit"
            },
            "timeouts": null,
            "vpc_id": "vpc-0dac209c5295c75d7"
          },
          "sensitive_attributes": [],
          "private": "eyJlMmJmYjczMC1lY2FhLTExZTYtOGY4OC0zNDM2M2JjN2M0YzAiOnsiY3JlYXRlIjo2MDAwMDAwMDAwMDAsImRlbGV0ZSI6OTAwMDAwMDAwMDAwfSwic2NoZW1hX3ZlcnNpb24iOiIxIn0=",
          "dependencies": [
            "aws_security_group.workers_egress",
            "aws_vpc.workers"
          ]
        }
      ]
    },
    {
      "mode": "managed",
      "type": "aws_security_group",
      "name": "workers_egress",
      "provider": "provider[\"registry.terraform.io/hashicorp/aws\"]",
      "instances": [
        {
          "schema_version": 1,
          "attributes": {
            "arn": "arn:aws:ec2:ap-south-1:271740379017:security-group/sg-01107e8f42d86054a",
            "description": "Outbound 443 + DNS (53) to VPC resolver; used by Lambda/Fargate workers.",
            "egress": [
              {
                "cidr_blocks": [
                  "0.0.0.0/0"
                ],
                "description": "HTTPS to AWS APIs and the internet",
                "from_port": 443,
                "ipv6_cidr_blocks": [],
                "prefix_list_ids": [],
                "protocol": "tcp",
                "security_groups": [],
                "self": false,
                "to_port": 443
              },
              {
                "cidr_blocks": [
                  "10.40.0.0/16"
                ],
                "description": "DNS (TCP fallback) to VPC resolver",
                "from_port": 53,
                "ipv6_cidr_blocks": [],
                "prefix_list_ids": [],
                "protocol": "tcp",
                "security_groups": [],
                "self": false,
                "to_port": 53
              },
              {
                "cidr_blocks": [
                  "10.40.0.0/16"
                ],
                "description": "DNS (UDP) to VPC resolver",
                "from_port": 53,
                "ipv6_cidr_blocks": [],
                "prefix_list_ids": [],
                "protocol": "udp",
                "security_groups": [],
                "self": false,
                "to_port": 53
              }
            ],
            "id": "sg-01107e8f42d86054a",
            "ingress": [],
            "name": "syrabit-workers-egress",
            "name_prefix": "",
            "owner_id": "271740379017",
            "region": "ap-south-1",
            "revoke_rules_on_delete": false,
            "tags": {
              "Name": "syrabit-workers-egress",
              "credit-source": "aws-activate",
              "environment": "prod",
              "landing-zone": "aws-async-workers",
              "managed-by": "terraform",
              "owner": "infra",
              "project": "syrabit"
            },
            "tags_all": {
              "Name": "syrabit-workers-egress",
              "credit-source": "aws-activate",
              "environment": "prod",
              "landing-zone": "aws-async-workers",
              "managed-by": "terraform",
              "owner": "infra",
              "project": "syrabit"
            },
            "timeouts": null,
            "vpc_id": "vpc-0dac209c5295c75d7"
          },
          "sensitive_attributes": [],
          "private": "eyJlMmJmYjczMC1lY2FhLTExZTYtOGY4OC0zNDM2M2JjN2M0YzAiOnsiY3JlYXRlIjo2MDAwMDAwMDAwMDAsImRlbGV0ZSI6OTAwMDAwMDAwMDAwfSwic2NoZW1hX3ZlcnNpb24iOiIxIn0=",
          "dependencies": [
            "aws_vpc.workers"
          ]
        }
      ]
    },
    {
      "mode": "managed",
      "type": "aws_ses_configuration_set",
      "name": "main",
      "provider": "provider[\"registry.terraform.io/hashicorp/aws\"]",
      "instances": [
        {
          "schema_version": 0,
          "attributes": {
            "arn": "arn:aws:ses:ap-south-1:271740379017:configuration-set/syrabit-prod",
            "delivery_options": [
              {
                "tls_policy": "Require"
              }
            ],
            "id": "syrabit-prod",
            "last_fresh_start": "0001-01-01T00:00:00Z",
            "name": "syrabit-prod",
            "region": "ap-south-1",
            "reputation_metrics_enabled": true,
            "sending_enabled": true,
            "tracking_options": []
          },
          "sensitive_attributes": [],
          "private": "bnVsbA=="
        }
      ]
    },
    {
      "mode": "managed",
      "type": "aws_ses_email_identity",
      "name": "noreply",
      "provider": "provider[\"registry.terraform.io/hashicorp/aws\"]",
      "instances": [
        {
          "schema_version": 0,
          "attributes": {
            "arn": "arn:aws:ses:ap-south-1:271740379017:identity/no-reply@syrabit.ai",
            "email": "no-reply@syrabit.ai",
            "id": "no-reply@syrabit.ai",
            "region": "ap-south-1"
          },
          "sensitive_attributes": [],
          "private": "bnVsbA=="
        }
      ]
    },
    {
      "mode": "managed",
      "type": "aws_ses_identity_notification_topic",
      "name": "bounces",
      "provider": "provider[\"registry.terraform.io/hashicorp/aws\"]",
      "instances": [
        {
          "schema_version": 0,
          "attributes": {
            "id": "no-reply@syrabit.ai|Bounce",
            "identity": "no-reply@syrabit.ai",
            "include_original_headers": false,
            "notification_type": "Bounce",
            "region": "ap-south-1",
            "topic_arn": "arn:aws:sns:ap-south-1:271740379017:syrabit-ses-events"
          },
          "sensitive_attributes": [],
          "private": "bnVsbA==",
          "dependencies": [
            "aws_ses_email_identity.noreply",
            "aws_sns_topic.ses_events"
          ]
        }
      ]
    },
    {
      "mode": "managed",
      "type": "aws_ses_identity_notification_topic",
      "name": "complaints",
      "provider": "provider[\"registry.terraform.io/hashicorp/aws\"]",
      "instances": [
        {
          "schema_version": 0,
          "attributes": {
            "id": "no-reply@syrabit.ai|Complaint",
            "identity": "no-reply@syrabit.ai",
            "include_original_headers": false,
            "notification_type": "Complaint",
            "region": "ap-south-1",
            "topic_arn": "arn:aws:sns:ap-south-1:271740379017:syrabit-ses-events"
          },
          "sensitive_attributes": [],
          "private": "bnVsbA==",
          "dependencies": [
            "aws_ses_email_identity.noreply",
            "aws_sns_topic.ses_events"
          ]
        }
      ]
    },
    {
      "mode": "managed",
      "type": "aws_sesv2_configuration_set",
      "name": "workers",
      "provider": "provider[\"registry.terraform.io/hashicorp/aws\"]",
      "instances": [
        {
          "schema_version": 0,
          "attributes": {
            "arn": "arn:aws:ses:ap-south-1:271740379017:configuration-set/syrabit-workers",
            "configuration_set_name": "syrabit-workers",
            "delivery_options": [
              {
                "max_delivery_seconds": 0,
                "sending_pool_name": "",
                "tls_policy": "REQUIRE"
              }
            ],
            "id": "syrabit-workers",
            "region": "ap-south-1",
            "reputation_options": [
              {
                "last_fresh_start": "",
                "reputation_metrics_enabled": true
              }
            ],
            "sending_options": [
              {
                "sending_enabled": true
              }
            ],
            "suppression_options": [],
            "tags": {
              "credit-source": "aws-activate",
              "environment": "prod",
              "landing-zone": "aws-async-workers",
              "managed-by": "terraform",
              "owner": "infra",
              "project": "syrabit"
            },
            "tags_all": {
              "credit-source": "aws-activate",
              "environment": "prod",
              "landing-zone": "aws-async-workers",
              "managed-by": "terraform",
              "owner": "infra",
              "project": "syrabit"
            },
            "tracking_options": [],
            "vdm_options": []
          },
          "sensitive_attributes": [],
          "private": "bnVsbA=="
        }
      ]
    },
    {
      "mode": "managed",
      "type": "aws_sesv2_configuration_set_event_destination",
      "name": "sns",
      "provider": "provider[\"registry.terraform.io/hashicorp/aws\"]",
      "instances": [
        {
          "schema_version": 0,
          "attributes": {
            "configuration_set_name": "syrabit-workers",
            "event_destination": [
              {
                "cloud_watch_destination": [],
                "enabled": true,
                "event_bridge_destination": [],
                "kinesis_firehose_destination": [],
                "matching_event_types": [
                  "BOUNCE",
                  "COMPLAINT",
                  "DELIVERY",
                  "REJECT"
                ],
                "pinpoint_destination": [],
                "sns_destination": [
                  {
                    "topic_arn": "arn:aws:sns:ap-south-1:271740379017:syrabit-ses-domain-events"
                  }
                ]
              }
            ],
            "event_destination_name": "sns-bounce-complaint",
            "id": "syrabit-workers|sns-bounce-complaint",
            "region": "ap-south-1"
          },
          "sensitive_attributes": [],
          "private": "bnVsbA==",
          "dependencies": [
            "aws_sesv2_configuration_set.workers",
            "aws_sns_topic.ses_domain_events"
          ]
        }
      ]
    },
    {
      "mode": "managed",
      "type": "aws_sesv2_email_identity",
      "name": "syrabit_ai",
      "provider": "provider[\"registry.terraform.io/hashicorp/aws\"]",
      "instances": [
        {
          "schema_version": 0,
          "attributes": {
            "arn": "arn:aws:ses:ap-south-1:271740379017:identity/syrabit.ai",
            "configuration_set_name": "syrabit-workers",
            "dkim_signing_attributes": [
              {
                "current_signing_key_length": "RSA_2048_BIT",
                "domain_signing_private_key": "",
                "domain_signing_selector": "",
                "last_key_generation_timestamp": "2026-05-09T11:06:27Z",
                "next_signing_key_length": "RSA_2048_BIT",
                "signing_attributes_origin": "AWS_SES",
                "status": "PENDING",
                "tokens": [
                  "y36h3poaqt2vk4id2stufuggxk3sjl4y",
                  "n4d2kevyfx524mljeulld553t7obzhgo",
                  "367adf4tjjwr4kn3okxdowydopv5fctm"
                ]
              }
            ],
            "email_identity": "syrabit.ai",
            "id": "syrabit.ai",
            "identity_type": "DOMAIN",
            "region": "ap-south-1",
            "tags": {
              "Name": "syrabit.ai",
              "credit-source": "aws-activate",
              "environment": "prod",
              "landing-zone": "aws-async-workers",
              "managed-by": "terraform",
              "owner": "infra",
              "project": "syrabit"
            },
            "tags_all": {
              "Name": "syrabit.ai",
              "credit-source": "aws-activate",
              "environment": "prod",
              "landing-zone": "aws-async-workers",
              "managed-by": "terraform",
              "owner": "infra",
              "project": "syrabit"
            },
            "verification_status": "PENDING",
            "verified_for_sending_status": false
          },
          "sensitive_attributes": [
            [
              {
                "type": "get_attr",
                "value": "dkim_signing_attributes"
              },
              {
                "type": "index",
                "value": {
                  "value": 0,
                  "type": "number"
                }
              },
              {
                "type": "get_attr",
                "value": "domain_signing_private_key"
              }
            ]
          ],
          "private": "bnVsbA==",
          "dependencies": [
            "aws_sesv2_configuration_set.workers"
          ]
        }
      ]
    },
    {
      "mode": "managed",
      "type": "aws_sesv2_email_identity_mail_from_attributes",
      "name": "syrabit_ai",
      "provider": "provider[\"registry.terraform.io/hashicorp/aws\"]",
      "instances": [
        {
          "schema_version": 0,
          "attributes": {
            "behavior_on_mx_failure": "USE_DEFAULT_VALUE",
            "email_identity": "syrabit.ai",
            "id": "syrabit.ai",
            "mail_from_domain": "mail.syrabit.ai",
            "region": "ap-south-1"
          },
          "sensitive_attributes": [],
          "private": "bnVsbA==",
          "dependencies": [
            "aws_sesv2_configuration_set.workers",
            "aws_sesv2_email_identity.syrabit_ai"
          ]
        }
      ]
    },
    {
      "mode": "managed",
      "type": "aws_sns_topic",
      "name": "ops_alerts",
      "provider": "provider[\"registry.terraform.io/hashicorp/aws\"]",
      "instances": [
        {
          "schema_version": 0,
          "attributes": {
            "application_failure_feedback_role_arn": "",
            "application_success_feedback_role_arn": "",
            "application_success_feedback_sample_rate": 0,
            "archive_policy": "",
            "arn": "arn:aws:sns:ap-south-1:271740379017:syrabit-ops-alerts",
            "beginning_archive_time": "",
            "content_based_deduplication": false,
            "delivery_policy": "",
            "display_name": "",
            "fifo_throughput_scope": "",
            "fifo_topic": false,
            "firehose_failure_feedback_role_arn": "",
            "firehose_success_feedback_role_arn": "",
            "firehose_success_feedback_sample_rate": 0,
            "http_failure_feedback_role_arn": "",
            "http_success_feedback_role_arn": "",
            "http_success_feedback_sample_rate": 0,
            "id": "arn:aws:sns:ap-south-1:271740379017:syrabit-ops-alerts",
            "kms_master_key_id": "",
            "lambda_failure_feedback_role_arn": "",
            "lambda_success_feedback_role_arn": "",
            "lambda_success_feedback_sample_rate": 0,
            "name": "syrabit-ops-alerts",
            "name_prefix": "",
            "owner": "271740379017",
            "policy": "{\"Statement\":[{\"Action\":\"SNS:Publish\",\"Condition\":{\"StringEquals\":{\"AWS:SourceAccount\":\"271740379017\"}},\"Effect\":\"Allow\",\"Principal\":{\"Service\":\"cloudwatch.amazonaws.com\"},\"Resource\":\"arn:aws:sns:ap-south-1:271740379017:syrabit-ops-alerts\",\"Sid\":\"AllowCloudWatchAlarms\"},{\"Action\":\"SNS:Publish\",\"Effect\":\"Allow\",\"Principal\":{\"Service\":[\"costalerts.amazonaws.com\",\"budgets.amazonaws.com\"]},\"Resource\":\"arn:aws:sns:ap-south-1:271740379017:syrabit-ops-alerts\",\"Sid\":\"AllowBudgetsAndCostAnomaly\"}],\"Version\":\"2012-10-17\"}",
            "region": "ap-south-1",
            "signature_version": 0,
            "sqs_failure_feedback_role_arn": "",
            "sqs_success_feedback_role_arn": "",
            "sqs_success_feedback_sample_rate": 0,
            "tags": {
              "Name": "syrabit-ops-alerts",
              "credit-source": "aws-activate",
              "environment": "prod",
              "landing-zone": "aws-async-workers",
              "managed-by": "terraform",
              "owner": "infra",
              "project": "syrabit"
            },
            "tags_all": {
              "Name": "syrabit-ops-alerts",
              "credit-source": "aws-activate",
              "environment": "prod",
              "landing-zone": "aws-async-workers",
              "managed-by": "terraform",
              "owner": "infra",
              "project": "syrabit"
            },
            "tracing_config": ""
          },
          "sensitive_attributes": [],
          "private": "bnVsbA=="
        }
      ]
    },
    {
      "mode": "managed",
      "type": "aws_sns_topic",
      "name": "ses_domain_events",
      "provider": "provider[\"registry.terraform.io/hashicorp/aws\"]",
      "instances": [
        {
          "schema_version": 0,
          "attributes": {
            "application_failure_feedback_role_arn": "",
            "application_success_feedback_role_arn": "",
            "application_success_feedback_sample_rate": 0,
            "archive_policy": "",
            "arn": "arn:aws:sns:ap-south-1:271740379017:syrabit-ses-domain-events",
            "beginning_archive_time": "",
            "content_based_deduplication": false,
            "delivery_policy": "",
            "display_name": "",
            "fifo_throughput_scope": "",
            "fifo_topic": false,
            "firehose_failure_feedback_role_arn": "",
            "firehose_success_feedback_role_arn": "",
            "firehose_success_feedback_sample_rate": 0,
            "http_failure_feedback_role_arn": "",
            "http_success_feedback_role_arn": "",
            "http_success_feedback_sample_rate": 0,
            "id": "arn:aws:sns:ap-south-1:271740379017:syrabit-ses-domain-events",
            "kms_master_key_id": "",
            "lambda_failure_feedback_role_arn": "",
            "lambda_success_feedback_role_arn": "",
            "lambda_success_feedback_sample_rate": 0,
            "name": "syrabit-ses-domain-events",
            "name_prefix": "",
            "owner": "271740379017",
            "policy": "{\"Id\":\"__default_policy_ID\",\"Statement\":[{\"Action\":[\"SNS:GetTopicAttributes\",\"SNS:SetTopicAttributes\",\"SNS:AddPermission\",\"SNS:RemovePermission\",\"SNS:DeleteTopic\",\"SNS:Subscribe\",\"SNS:ListSubscriptionsByTopic\",\"SNS:Publish\"],\"Condition\":{\"StringEquals\":{\"AWS:SourceOwner\":\"271740379017\"}},\"Effect\":\"Allow\",\"Principal\":{\"AWS\":\"*\"},\"Resource\":\"arn:aws:sns:ap-south-1:271740379017:syrabit-ses-domain-events\",\"Sid\":\"__default_statement_ID\"}],\"Version\":\"2008-10-17\"}",
            "region": "ap-south-1",
            "signature_version": 0,
            "sqs_failure_feedback_role_arn": "",
            "sqs_success_feedback_role_arn": "",
            "sqs_success_feedback_sample_rate": 0,
            "tags": {
              "credit-source": "aws-activate",
              "environment": "prod",
              "landing-zone": "aws-async-workers",
              "managed-by": "terraform",
              "owner": "infra",
              "project": "syrabit"
            },
            "tags_all": {
              "credit-source": "aws-activate",
              "environment": "prod",
              "landing-zone": "aws-async-workers",
              "managed-by": "terraform",
              "owner": "infra",
              "project": "syrabit"
            },
            "tracing_config": ""
          },
          "sensitive_attributes": [],
          "private": "bnVsbA=="
        }
      ]
    },
    {
      "mode": "managed",
      "type": "aws_sns_topic",
      "name": "ses_events",
      "provider": "provider[\"registry.terraform.io/hashicorp/aws\"]",
      "instances": [
        {
          "schema_version": 0,
          "attributes": {
            "application_failure_feedback_role_arn": "",
            "application_success_feedback_role_arn": "",
            "application_success_feedback_sample_rate": 0,
            "archive_policy": "",
            "arn": "arn:aws:sns:ap-south-1:271740379017:syrabit-ses-events",
            "beginning_archive_time": "",
            "content_based_deduplication": false,
            "delivery_policy": "",
            "display_name": "",
            "fifo_throughput_scope": "",
            "fifo_topic": false,
            "firehose_failure_feedback_role_arn": "",
            "firehose_success_feedback_role_arn": "",
            "firehose_success_feedback_sample_rate": 0,
            "http_failure_feedback_role_arn": "",
            "http_success_feedback_role_arn": "",
            "http_success_feedback_sample_rate": 0,
            "id": "arn:aws:sns:ap-south-1:271740379017:syrabit-ses-events",
            "kms_master_key_id": "",
            "lambda_failure_feedback_role_arn": "",
            "lambda_success_feedback_role_arn": "",
            "lambda_success_feedback_sample_rate": 0,
            "name": "syrabit-ses-events",
            "name_prefix": "",
            "owner": "271740379017",
            "policy": "{\"Id\":\"__default_policy_ID\",\"Statement\":[{\"Action\":[\"SNS:GetTopicAttributes\",\"SNS:SetTopicAttributes\",\"SNS:AddPermission\",\"SNS:RemovePermission\",\"SNS:DeleteTopic\",\"SNS:Subscribe\",\"SNS:ListSubscriptionsByTopic\",\"SNS:Publish\"],\"Condition\":{\"StringEquals\":{\"AWS:SourceOwner\":\"271740379017\"}},\"Effect\":\"Allow\",\"Principal\":{\"AWS\":\"*\"},\"Resource\":\"arn:aws:sns:ap-south-1:271740379017:syrabit-ses-events\",\"Sid\":\"__default_statement_ID\"}],\"Version\":\"2008-10-17\"}",
            "region": "ap-south-1",
            "signature_version": 0,
            "sqs_failure_feedback_role_arn": "",
            "sqs_success_feedback_role_arn": "",
            "sqs_success_feedback_sample_rate": 0,
            "tags": {},
            "tags_all": {
              "credit-source": "aws-activate",
              "environment": "prod",
              "landing-zone": "aws-async-workers",
              "managed-by": "terraform",
              "owner": "infra",
              "project": "syrabit"
            },
            "tracing_config": ""
          },
          "sensitive_attributes": [],
          "private": "bnVsbA=="
        }
      ]
    },
    {
      "mode": "managed",
      "type": "aws_sns_topic_policy",
      "name": "ops_alerts",
      "provider": "provider[\"registry.terraform.io/hashicorp/aws\"]",
      "instances": [
        {
          "schema_version": 0,
          "attributes": {
            "arn": "arn:aws:sns:ap-south-1:271740379017:syrabit-ops-alerts",
            "id": "arn:aws:sns:ap-south-1:271740379017:syrabit-ops-alerts",
            "owner": "271740379017",
            "policy": "{\"Statement\":[{\"Action\":\"SNS:Publish\",\"Condition\":{\"StringEquals\":{\"AWS:SourceAccount\":\"271740379017\"}},\"Effect\":\"Allow\",\"Principal\":{\"Service\":\"cloudwatch.amazonaws.com\"},\"Resource\":\"arn:aws:sns:ap-south-1:271740379017:syrabit-ops-alerts\",\"Sid\":\"AllowCloudWatchAlarms\"},{\"Action\":\"SNS:Publish\",\"Effect\":\"Allow\",\"Principal\":{\"Service\":[\"costalerts.amazonaws.com\",\"budgets.amazonaws.com\"]},\"Resource\":\"arn:aws:sns:ap-south-1:271740379017:syrabit-ops-alerts\",\"Sid\":\"AllowBudgetsAndCostAnomaly\"}],\"Version\":\"2012-10-17\"}",
            "region": "ap-south-1"
          },
          "sensitive_attributes": [],
          "private": "bnVsbA==",
          "dependencies": [
            "aws_sns_topic.ops_alerts",
            "data.aws_caller_identity.lz",
            "data.aws_iam_policy_document.ops_alerts_topic"
          ]
        }
      ]
    },
    {
      "mode": "managed",
      "type": "aws_sqs_queue",
      "name": "reembed",
      "provider": "provider[\"registry.terraform.io/hashicorp/aws\"]",
      "instances": [
        {
          "schema_version": 0,
          "attributes": {
            "arn": "arn:aws:sqs:ap-south-1:271740379017:syrabit-reembed-prod",
            "content_based_deduplication": false,
            "deduplication_scope": "",
            "delay_seconds": 0,
            "fifo_queue": false,
            "fifo_throughput_limit": "",
            "id": "https://sqs.ap-south-1.amazonaws.com/271740379017/syrabit-reembed-prod",
            "kms_data_key_reuse_period_seconds": 300,
            "kms_master_key_id": "",
            "max_message_size": 262144,
            "message_retention_seconds": 1209600,
            "name": "syrabit-reembed-prod",
            "name_prefix": "",
            "policy": "",
            "receive_wait_time_seconds": 20,
            "redrive_allow_policy": "",
            "redrive_policy": "{\"deadLetterTargetArn\":\"arn:aws:sqs:ap-south-1:271740379017:syrabit-reembed-dlq-prod\",\"maxReceiveCount\":5}",
            "region": "ap-south-1",
            "sqs_managed_sse_enabled": true,
            "tags": {
              "credit-source": "aws-activate",
              "environment": "prod",
              "landing-zone": "aws-async-workers",
              "managed-by": "terraform",
              "owner": "infra",
              "project": "syrabit",
              "purpose": "deferred-embed-replay",
              "v4_ref": "section-15-amendment"
            },
            "tags_all": {
              "credit-source": "aws-activate",
              "environment": "prod",
              "landing-zone": "aws-async-workers",
              "managed-by": "terraform",
              "owner": "infra",
              "project": "syrabit",
              "purpose": "deferred-embed-replay",
              "v4_ref": "section-15-amendment"
            },
            "timeouts": null,
            "url": "https://sqs.ap-south-1.amazonaws.com/271740379017/syrabit-reembed-prod",
            "visibility_timeout_seconds": 180
          },
          "sensitive_attributes": [],
          "private": "eyJlMmJmYjczMC1lY2FhLTExZTYtOGY4OC0zNDM2M2JjN2M0YzAiOnsiY3JlYXRlIjoxODAwMDAwMDAwMDAsImRlbGV0ZSI6MTgwMDAwMDAwMDAwLCJ1cGRhdGUiOjE4MDAwMDAwMDAwMH19",
          "dependencies": [
            "aws_sqs_queue.reembed_dlq"
          ]
        }
      ]
    },
    {
      "mode": "managed",
      "type": "aws_sqs_queue",
      "name": "reembed_dlq",
      "provider": "provider[\"registry.terraform.io/hashicorp/aws\"]",
      "instances": [
        {
          "schema_version": 0,
          "attributes": {
            "arn": "arn:aws:sqs:ap-south-1:271740379017:syrabit-reembed-dlq-prod",
            "content_based_deduplication": false,
            "deduplication_scope": "",
            "delay_seconds": 0,
            "fifo_queue": false,
            "fifo_throughput_limit": "",
            "id": "https://sqs.ap-south-1.amazonaws.com/271740379017/syrabit-reembed-dlq-prod",
            "kms_data_key_reuse_period_seconds": 300,
            "kms_master_key_id": "",
            "max_message_size": 262144,
            "message_retention_seconds": 1209600,
            "name": "syrabit-reembed-dlq-prod",
            "name_prefix": "",
            "policy": "",
            "receive_wait_time_seconds": 0,
            "redrive_allow_policy": "",
            "redrive_policy": "",
            "region": "ap-south-1",
            "sqs_managed_sse_enabled": true,
            "tags": {
              "credit-source": "aws-activate",
              "environment": "prod",
              "landing-zone": "aws-async-workers",
              "managed-by": "terraform",
              "owner": "infra",
              "project": "syrabit",
              "purpose": "deferred-embed-replay-dlq",
              "v4_ref": "section-15-amendment"
            },
            "tags_all": {
              "credit-source": "aws-activate",
              "environment": "prod",
              "landing-zone": "aws-async-workers",
              "managed-by": "terraform",
              "owner": "infra",
              "project": "syrabit",
              "purpose": "deferred-embed-replay-dlq",
              "v4_ref": "section-15-amendment"
            },
            "timeouts": null,
            "url": "https://sqs.ap-south-1.amazonaws.com/271740379017/syrabit-reembed-dlq-prod",
            "visibility_timeout_seconds": 30
          },
          "sensitive_attributes": [],
          "private": "eyJlMmJmYjczMC1lY2FhLTExZTYtOGY4OC0zNDM2M2JjN2M0YzAiOnsiY3JlYXRlIjoxODAwMDAwMDAwMDAsImRlbGV0ZSI6MTgwMDAwMDAwMDAwLCJ1cGRhdGUiOjE4MDAwMDAwMDAwMH19"
        }
      ]
    },
    {
      "mode": "managed",
      "type": "aws_sqs_queue",
      "name": "worker",
      "provider": "provider[\"registry.terraform.io/hashicorp/aws\"]",
      "instances": [
        {
          "index_key": "bing-keyword-refresh",
          "schema_version": 0,
          "attributes": {
            "arn": "arn:aws:sqs:ap-south-1:271740379017:syrabit-bing-keyword",
            "content_based_deduplication": false,
            "deduplication_scope": "",
            "delay_seconds": 0,
            "fifo_queue": false,
            "fifo_throughput_limit": "",
            "id": "https://sqs.ap-south-1.amazonaws.com/271740379017/syrabit-bing-keyword",
            "kms_data_key_reuse_period_seconds": 300,
            "kms_master_key_id": "",
            "max_message_size": 262144,
            "message_retention_seconds": 604800,
            "name": "syrabit-bing-keyword",
            "name_prefix": "",
            "policy": "",
            "receive_wait_time_seconds": 0,
            "redrive_allow_policy": "",
            "redrive_policy": "{\"deadLetterTargetArn\":\"arn:aws:sqs:ap-south-1:271740379017:syrabit-bing-keyword-dlq\",\"maxReceiveCount\":3}",
            "region": "ap-south-1",
            "sqs_managed_sse_enabled": true,
            "tags": {
              "Name": "syrabit-bing-keyword",
              "component": "sqs-worker",
              "credit-source": "aws-activate",
              "environment": "prod",
              "gcp-key": "bing-keyword-refresh",
              "landing-zone": "aws-async-workers",
              "managed-by": "terraform",
              "owner": "infra",
              "project": "syrabit"
            },
            "tags_all": {
              "Name": "syrabit-bing-keyword",
              "component": "sqs-worker",
              "credit-source": "aws-activate",
              "environment": "prod",
              "gcp-key": "bing-keyword-refresh",
              "landing-zone": "aws-async-workers",
              "managed-by": "terraform",
              "owner": "infra",
              "project": "syrabit"
            },
            "timeouts": null,
            "url": "https://sqs.ap-south-1.amazonaws.com/271740379017/syrabit-bing-keyword",
            "visibility_timeout_seconds": 300
          },
          "sensitive_attributes": [],
          "private": "eyJlMmJmYjczMC1lY2FhLTExZTYtOGY4OC0zNDM2M2JjN2M0YzAiOnsiY3JlYXRlIjoxODAwMDAwMDAwMDAsImRlbGV0ZSI6MTgwMDAwMDAwMDAwLCJ1cGRhdGUiOjE4MDAwMDAwMDAwMH19",
          "dependencies": [
            "aws_sqs_queue.worker_dlq"
          ]
        },
        {
          "index_key": "bing-submit",
          "schema_version": 0,
          "attributes": {
            "arn": "arn:aws:sqs:ap-south-1:271740379017:syrabit-bing-submit",
            "content_based_deduplication": false,
            "deduplication_scope": "",
            "delay_seconds": 0,
            "fifo_queue": false,
            "fifo_throughput_limit": "",
            "id": "https://sqs.ap-south-1.amazonaws.com/271740379017/syrabit-bing-submit",
            "kms_data_key_reuse_period_seconds": 300,
            "kms_master_key_id": "",
            "max_message_size": 262144,
            "message_retention_seconds": 345600,
            "name": "syrabit-bing-submit",
            "name_prefix": "",
            "policy": "",
            "receive_wait_time_seconds": 0,
            "redrive_allow_policy": "",
            "redrive_policy": "{\"deadLetterTargetArn\":\"arn:aws:sqs:ap-south-1:271740379017:syrabit-bing-submit-dlq\",\"maxReceiveCount\":5}",
            "region": "ap-south-1",
            "sqs_managed_sse_enabled": true,
            "tags": {
              "Name": "syrabit-bing-submit",
              "component": "sqs-worker",
              "credit-source": "aws-activate",
              "environment": "prod",
              "gcp-key": "bing-submit",
              "landing-zone": "aws-async-workers",
              "managed-by": "terraform",
              "owner": "infra",
              "project": "syrabit"
            },
            "tags_all": {
              "Name": "syrabit-bing-submit",
              "component": "sqs-worker",
              "credit-source": "aws-activate",
              "environment": "prod",
              "gcp-key": "bing-submit",
              "landing-zone": "aws-async-workers",
              "managed-by": "terraform",
              "owner": "infra",
              "project": "syrabit"
            },
            "timeouts": null,
            "url": "https://sqs.ap-south-1.amazonaws.com/271740379017/syrabit-bing-submit",
            "visibility_timeout_seconds": 60
          },
          "sensitive_attributes": [],
          "private": "eyJlMmJmYjczMC1lY2FhLTExZTYtOGY4OC0zNDM2M2JjN2M0YzAiOnsiY3JlYXRlIjoxODAwMDAwMDAwMDAsImRlbGV0ZSI6MTgwMDAwMDAwMDAwLCJ1cGRhdGUiOjE4MDAwMDAwMDAwMH19",
          "dependencies": [
            "aws_sqs_queue.worker_dlq"
          ]
        },
        {
          "index_key": "cf-bot-crosscheck",
          "schema_version": 0,
          "attributes": {
            "arn": "arn:aws:sqs:ap-south-1:271740379017:syrabit-cf-bot-crosscheck",
            "content_based_deduplication": false,
            "deduplication_scope": "",
            "delay_seconds": 0,
            "fifo_queue": false,
            "fifo_throughput_limit": "",
            "id": "https://sqs.ap-south-1.amazonaws.com/271740379017/syrabit-cf-bot-crosscheck",
            "kms_data_key_reuse_period_seconds": 300,
            "kms_master_key_id": "",
            "max_message_size": 262144,
            "message_retention_seconds": 172800,
            "name": "syrabit-cf-bot-crosscheck",
            "name_prefix": "",
            "policy": "",
            "receive_wait_time_seconds": 0,
            "redrive_allow_policy": "",
            "redrive_policy": "{\"deadLetterTargetArn\":\"arn:aws:sqs:ap-south-1:271740379017:syrabit-cf-bot-crosscheck-dlq\",\"maxReceiveCount\":3}",
            "region": "ap-south-1",
            "sqs_managed_sse_enabled": true,
            "tags": {
              "Name": "syrabit-cf-bot-crosscheck",
              "component": "sqs-worker",
              "credit-source": "aws-activate",
              "environment": "prod",
              "gcp-key": "cf-bot-crosscheck",
              "landing-zone": "aws-async-workers",
              "managed-by": "terraform",
              "owner": "infra",
              "project": "syrabit"
            },
            "tags_all": {
              "Name": "syrabit-cf-bot-crosscheck",
              "component": "sqs-worker",
              "credit-source": "aws-activate",
              "environment": "prod",
              "gcp-key": "cf-bot-crosscheck",
              "landing-zone": "aws-async-workers",
              "managed-by": "terraform",
              "owner": "infra",
              "project": "syrabit"
            },
            "timeouts": null,
            "url": "https://sqs.ap-south-1.amazonaws.com/271740379017/syrabit-cf-bot-crosscheck",
            "visibility_timeout_seconds": 60
          },
          "sensitive_attributes": [],
          "private": "eyJlMmJmYjczMC1lY2FhLTExZTYtOGY4OC0zNDM2M2JjN2M0YzAiOnsiY3JlYXRlIjoxODAwMDAwMDAwMDAsImRlbGV0ZSI6MTgwMDAwMDAwMDAwLCJ1cGRhdGUiOjE4MDAwMDAwMDAwMH19",
          "dependencies": [
            "aws_sqs_queue.worker_dlq"
          ]
        },
        {
          "index_key": "discovery-engine-ingest",
          "schema_version": 0,
          "attributes": {
            "arn": "arn:aws:sqs:ap-south-1:271740379017:syrabit-discovery-ingest",
            "content_based_deduplication": false,
            "deduplication_scope": "",
            "delay_seconds": 0,
            "fifo_queue": false,
            "fifo_throughput_limit": "",
            "id": "https://sqs.ap-south-1.amazonaws.com/271740379017/syrabit-discovery-ingest",
            "kms_data_key_reuse_period_seconds": 300,
            "kms_master_key_id": "",
            "max_message_size": 262144,
            "message_retention_seconds": 345600,
            "name": "syrabit-discovery-ingest",
            "name_prefix": "",
            "policy": "",
            "receive_wait_time_seconds": 0,
            "redrive_allow_policy": "",
            "redrive_policy": "{\"deadLetterTargetArn\":\"arn:aws:sqs:ap-south-1:271740379017:syrabit-discovery-ingest-dlq\",\"maxReceiveCount\":5}",
            "region": "ap-south-1",
            "sqs_managed_sse_enabled": true,
            "tags": {
              "Name": "syrabit-discovery-ingest",
              "component": "sqs-worker",
              "credit-source": "aws-activate",
              "environment": "prod",
              "gcp-key": "discovery-engine-ingest",
              "landing-zone": "aws-async-workers",
              "managed-by": "terraform",
              "owner": "infra",
              "project": "syrabit"
            },
            "tags_all": {
              "Name": "syrabit-discovery-ingest",
              "component": "sqs-worker",
              "credit-source": "aws-activate",
              "environment": "prod",
              "gcp-key": "discovery-engine-ingest",
              "landing-zone": "aws-async-workers",
              "managed-by": "terraform",
              "owner": "infra",
              "project": "syrabit"
            },
            "timeouts": null,
            "url": "https://sqs.ap-south-1.amazonaws.com/271740379017/syrabit-discovery-ingest",
            "visibility_timeout_seconds": 180
          },
          "sensitive_attributes": [],
          "private": "eyJlMmJmYjczMC1lY2FhLTExZTYtOGY4OC0zNDM2M2JjN2M0YzAiOnsiY3JlYXRlIjoxODAwMDAwMDAwMDAsImRlbGV0ZSI6MTgwMDAwMDAwMDAwLCJ1cGRhdGUiOjE4MDAwMDAwMDAwMH19",
          "dependencies": [
            "aws_sqs_queue.worker_dlq"
          ]
        },
        {
          "index_key": "email-fallback",
          "schema_version": 0,
          "attributes": {
            "arn": "arn:aws:sqs:ap-south-1:271740379017:syrabit-email-fallback",
            "content_based_deduplication": false,
            "deduplication_scope": "",
            "delay_seconds": 0,
            "fifo_queue": false,
            "fifo_throughput_limit": "",
            "id": "https://sqs.ap-south-1.amazonaws.com/271740379017/syrabit-email-fallback",
            "kms_data_key_reuse_period_seconds": 300,
            "kms_master_key_id": "",
            "max_message_size": 262144,
            "message_retention_seconds": 1209600,
            "name": "syrabit-email-fallback",
            "name_prefix": "",
            "policy": "",
            "receive_wait_time_seconds": 0,
            "redrive_allow_policy": "",
            "redrive_policy": "{\"deadLetterTargetArn\":\"arn:aws:sqs:ap-south-1:271740379017:syrabit-email-fallback-dlq\",\"maxReceiveCount\":5}",
            "region": "ap-south-1",
            "sqs_managed_sse_enabled": true,
            "tags": {
              "Name": "syrabit-email-fallback",
              "component": "sqs-worker",
              "credit-source": "aws-activate",
              "environment": "prod",
              "gcp-key": "email-fallback",
              "landing-zone": "aws-async-workers",
              "managed-by": "terraform",
              "owner": "infra",
              "project": "syrabit"
            },
            "tags_all": {
              "Name": "syrabit-email-fallback",
              "component": "sqs-worker",
              "credit-source": "aws-activate",
              "environment": "prod",
              "gcp-key": "email-fallback",
              "landing-zone": "aws-async-workers",
              "managed-by": "terraform",
              "owner": "infra",
              "project": "syrabit"
            },
            "timeouts": null,
            "url": "https://sqs.ap-south-1.amazonaws.com/271740379017/syrabit-email-fallback",
            "visibility_timeout_seconds": 60
          },
          "sensitive_attributes": [],
          "private": "eyJlMmJmYjczMC1lY2FhLTExZTYtOGY4OC0zNDM2M2JjN2M0YzAiOnsiY3JlYXRlIjoxODAwMDAwMDAwMDAsImRlbGV0ZSI6MTgwMDAwMDAwMDAwLCJ1cGRhdGUiOjE4MDAwMDAwMDAwMH19",
          "dependencies": [
            "aws_sqs_queue.worker_dlq"
          ]
        },
        {
          "index_key": "seo-indexnow",
          "schema_version": 0,
          "attributes": {
            "arn": "arn:aws:sqs:ap-south-1:271740379017:syrabit-seo-indexnow",
            "content_based_deduplication": false,
            "deduplication_scope": "",
            "delay_seconds": 0,
            "fifo_queue": false,
            "fifo_throughput_limit": "",
            "id": "https://sqs.ap-south-1.amazonaws.com/271740379017/syrabit-seo-indexnow",
            "kms_data_key_reuse_period_seconds": 300,
            "kms_master_key_id": "",
            "max_message_size": 262144,
            "message_retention_seconds": 345600,
            "name": "syrabit-seo-indexnow",
            "name_prefix": "",
            "policy": "",
            "receive_wait_time_seconds": 0,
            "redrive_allow_policy": "",
            "redrive_policy": "{\"deadLetterTargetArn\":\"arn:aws:sqs:ap-south-1:271740379017:syrabit-seo-indexnow-dlq\",\"maxReceiveCount\":5}",
            "region": "ap-south-1",
            "sqs_managed_sse_enabled": true,
            "tags": {
              "Name": "syrabit-seo-indexnow",
              "component": "sqs-worker",
              "credit-source": "aws-activate",
              "environment": "prod",
              "gcp-key": "seo-indexnow",
              "landing-zone": "aws-async-workers",
              "managed-by": "terraform",
              "owner": "infra",
              "project": "syrabit"
            },
            "tags_all": {
              "Name": "syrabit-seo-indexnow",
              "component": "sqs-worker",
              "credit-source": "aws-activate",
              "environment": "prod",
              "gcp-key": "seo-indexnow",
              "landing-zone": "aws-async-workers",
              "managed-by": "terraform",
              "owner": "infra",
              "project": "syrabit"
            },
            "timeouts": null,
            "url": "https://sqs.ap-south-1.amazonaws.com/271740379017/syrabit-seo-indexnow",
            "visibility_timeout_seconds": 60
          },
          "sensitive_attributes": [],
          "private": "eyJlMmJmYjczMC1lY2FhLTExZTYtOGY4OC0zNDM2M2JjN2M0YzAiOnsiY3JlYXRlIjoxODAwMDAwMDAwMDAsImRlbGV0ZSI6MTgwMDAwMDAwMDAwLCJ1cGRhdGUiOjE4MDAwMDAwMDAwMH19",
          "dependencies": [
            "aws_sqs_queue.worker_dlq"
          ]
        },
        {
          "index_key": "seo-internal-linker",
          "schema_version": 0,
          "attributes": {
            "arn": "arn:aws:sqs:ap-south-1:271740379017:syrabit-seo-internal-linker",
            "content_based_deduplication": false,
            "deduplication_scope": "",
            "delay_seconds": 0,
            "fifo_queue": false,
            "fifo_throughput_limit": "",
            "id": "https://sqs.ap-south-1.amazonaws.com/271740379017/syrabit-seo-internal-linker",
            "kms_data_key_reuse_period_seconds": 300,
            "kms_master_key_id": "",
            "max_message_size": 262144,
            "message_retention_seconds": 345600,
            "name": "syrabit-seo-internal-linker",
            "name_prefix": "",
            "policy": "",
            "receive_wait_time_seconds": 0,
            "redrive_allow_policy": "",
            "redrive_policy": "{\"deadLetterTargetArn\":\"arn:aws:sqs:ap-south-1:271740379017:syrabit-seo-internal-linker-dlq\",\"maxReceiveCount\":5}",
            "region": "ap-south-1",
            "sqs_managed_sse_enabled": true,
            "tags": {
              "Name": "syrabit-seo-internal-linker",
              "component": "sqs-worker",
              "credit-source": "aws-activate",
              "environment": "prod",
              "gcp-key": "seo-internal-linker",
              "landing-zone": "aws-async-workers",
              "managed-by": "terraform",
              "owner": "infra",
              "project": "syrabit"
            },
            "tags_all": {
              "Name": "syrabit-seo-internal-linker",
              "component": "sqs-worker",
              "credit-source": "aws-activate",
              "environment": "prod",
              "gcp-key": "seo-internal-linker",
              "landing-zone": "aws-async-workers",
              "managed-by": "terraform",
              "owner": "infra",
              "project": "syrabit"
            },
            "timeouts": null,
            "url": "https://sqs.ap-south-1.amazonaws.com/271740379017/syrabit-seo-internal-linker",
            "visibility_timeout_seconds": 120
          },
          "sensitive_attributes": [],
          "private": "eyJlMmJmYjczMC1lY2FhLTExZTYtOGY4OC0zNDM2M2JjN2M0YzAiOnsiY3JlYXRlIjoxODAwMDAwMDAwMDAsImRlbGV0ZSI6MTgwMDAwMDAwMDAwLCJ1cGRhdGUiOjE4MDAwMDAwMDAwMH19",
          "dependencies": [
            "aws_sqs_queue.worker_dlq"
          ]
        },
        {
          "index_key": "unified-logs-cf-pull",
          "schema_version": 0,
          "attributes": {
            "arn": "arn:aws:sqs:ap-south-1:271740379017:syrabit-unified-logs-pull",
            "content_based_deduplication": false,
            "deduplication_scope": "",
            "delay_seconds": 0,
            "fifo_queue": false,
            "fifo_throughput_limit": "",
            "id": "https://sqs.ap-south-1.amazonaws.com/271740379017/syrabit-unified-logs-pull",
            "kms_data_key_reuse_period_seconds": 300,
            "kms_master_key_id": "",
            "max_message_size": 262144,
            "message_retention_seconds": 172800,
            "name": "syrabit-unified-logs-pull",
            "name_prefix": "",
            "policy": "",
            "receive_wait_time_seconds": 0,
            "redrive_allow_policy": "",
            "redrive_policy": "{\"deadLetterTargetArn\":\"arn:aws:sqs:ap-south-1:271740379017:syrabit-unified-logs-pull-dlq\",\"maxReceiveCount\":3}",
            "region": "ap-south-1",
            "sqs_managed_sse_enabled": true,
            "tags": {
              "Name": "syrabit-unified-logs-pull",
              "component": "sqs-worker",
              "credit-source": "aws-activate",
              "environment": "prod",
              "gcp-key": "unified-logs-cf-pull",
              "landing-zone": "aws-async-workers",
              "managed-by": "terraform",
              "owner": "infra",
              "project": "syrabit"
            },
            "tags_all": {
              "Name": "syrabit-unified-logs-pull",
              "component": "sqs-worker",
              "credit-source": "aws-activate",
              "environment": "prod",
              "gcp-key": "unified-logs-cf-pull",
              "landing-zone": "aws-async-workers",
              "managed-by": "terraform",
              "owner": "infra",
              "project": "syrabit"
            },
            "timeouts": null,
            "url": "https://sqs.ap-south-1.amazonaws.com/271740379017/syrabit-unified-logs-pull",
            "visibility_timeout_seconds": 300
          },
          "sensitive_attributes": [],
          "private": "eyJlMmJmYjczMC1lY2FhLTExZTYtOGY4OC0zNDM2M2JjN2M0YzAiOnsiY3JlYXRlIjoxODAwMDAwMDAwMDAsImRlbGV0ZSI6MTgwMDAwMDAwMDAwLCJ1cGRhdGUiOjE4MDAwMDAwMDAwMH19",
          "dependencies": [
            "aws_sqs_queue.worker_dlq"
          ]
        }
      ]
    },
    {
      "mode": "managed",
      "type": "aws_sqs_queue",
      "name": "worker_dlq",
      "provider": "provider[\"registry.terraform.io/hashicorp/aws\"]",
      "instances": [
        {
          "index_key": "bing-keyword-refresh",
          "schema_version": 0,
          "attributes": {
            "arn": "arn:aws:sqs:ap-south-1:271740379017:syrabit-bing-keyword-dlq",
            "content_based_deduplication": false,
            "deduplication_scope": "",
            "delay_seconds": 0,
            "fifo_queue": false,
            "fifo_throughput_limit": "",
            "id": "https://sqs.ap-south-1.amazonaws.com/271740379017/syrabit-bing-keyword-dlq",
            "kms_data_key_reuse_period_seconds": 300,
            "kms_master_key_id": "",
            "max_message_size": 262144,
            "message_retention_seconds": 1209600,
            "name": "syrabit-bing-keyword-dlq",
            "name_prefix": "",
            "policy": "",
            "receive_wait_time_seconds": 0,
            "redrive_allow_policy": "",
            "redrive_policy": "",
            "region": "ap-south-1",
            "sqs_managed_sse_enabled": true,
            "tags": {
              "Name": "syrabit-bing-keyword-dlq",
              "component": "sqs-worker-dlq",
              "credit-source": "aws-activate",
              "environment": "prod",
              "gcp-key": "bing-keyword-refresh",
              "landing-zone": "aws-async-workers",
              "managed-by": "terraform",
              "owner": "infra",
              "project": "syrabit"
            },
            "tags_all": {
              "Name": "syrabit-bing-keyword-dlq",
              "component": "sqs-worker-dlq",
              "credit-source": "aws-activate",
              "environment": "prod",
              "gcp-key": "bing-keyword-refresh",
              "landing-zone": "aws-async-workers",
              "managed-by": "terraform",
              "owner": "infra",
              "project": "syrabit"
            },
            "timeouts": null,
            "url": "https://sqs.ap-south-1.amazonaws.com/271740379017/syrabit-bing-keyword-dlq",
            "visibility_timeout_seconds": 300
          },
          "sensitive_attributes": [],
          "private": "eyJlMmJmYjczMC1lY2FhLTExZTYtOGY4OC0zNDM2M2JjN2M0YzAiOnsiY3JlYXRlIjoxODAwMDAwMDAwMDAsImRlbGV0ZSI6MTgwMDAwMDAwMDAwLCJ1cGRhdGUiOjE4MDAwMDAwMDAwMH19"
        },
        {
          "index_key": "bing-submit",
          "schema_version": 0,
          "attributes": {
            "arn": "arn:aws:sqs:ap-south-1:271740379017:syrabit-bing-submit-dlq",
            "content_based_deduplication": false,
            "deduplication_scope": "",
            "delay_seconds": 0,
            "fifo_queue": false,
            "fifo_throughput_limit": "",
            "id": "https://sqs.ap-south-1.amazonaws.com/271740379017/syrabit-bing-submit-dlq",
            "kms_data_key_reuse_period_seconds": 300,
            "kms_master_key_id": "",
            "max_message_size": 262144,
            "message_retention_seconds": 1209600,
            "name": "syrabit-bing-submit-dlq",
            "name_prefix": "",
            "policy": "",
            "receive_wait_time_seconds": 0,
            "redrive_allow_policy": "",
            "redrive_policy": "",
            "region": "ap-south-1",
            "sqs_managed_sse_enabled": true,
            "tags": {
              "Name": "syrabit-bing-submit-dlq",
              "component": "sqs-worker-dlq",
              "credit-source": "aws-activate",
              "environment": "prod",
              "gcp-key": "bing-submit",
              "landing-zone": "aws-async-workers",
              "managed-by": "terraform",
              "owner": "infra",
              "project": "syrabit"
            },
            "tags_all": {
              "Name": "syrabit-bing-submit-dlq",
              "component": "sqs-worker-dlq",
              "credit-source": "aws-activate",
              "environment": "prod",
              "gcp-key": "bing-submit",
              "landing-zone": "aws-async-workers",
              "managed-by": "terraform",
              "owner": "infra",
              "project": "syrabit"
            },
            "timeouts": null,
            "url": "https://sqs.ap-south-1.amazonaws.com/271740379017/syrabit-bing-submit-dlq",
            "visibility_timeout_seconds": 60
          },
          "sensitive_attributes": [],
          "private": "eyJlMmJmYjczMC1lY2FhLTExZTYtOGY4OC0zNDM2M2JjN2M0YzAiOnsiY3JlYXRlIjoxODAwMDAwMDAwMDAsImRlbGV0ZSI6MTgwMDAwMDAwMDAwLCJ1cGRhdGUiOjE4MDAwMDAwMDAwMH19"
        },
        {
          "index_key": "cf-bot-crosscheck",
          "schema_version": 0,
          "attributes": {
            "arn": "arn:aws:sqs:ap-south-1:271740379017:syrabit-cf-bot-crosscheck-dlq",
            "content_based_deduplication": false,
            "deduplication_scope": "",
            "delay_seconds": 0,
            "fifo_queue": false,
            "fifo_throughput_limit": "",
            "id": "https://sqs.ap-south-1.amazonaws.com/271740379017/syrabit-cf-bot-crosscheck-dlq",
            "kms_data_key_reuse_period_seconds": 300,
            "kms_master_key_id": "",
            "max_message_size": 262144,
            "message_retention_seconds": 1209600,
            "name": "syrabit-cf-bot-crosscheck-dlq",
            "name_prefix": "",
            "policy": "",
            "receive_wait_time_seconds": 0,
            "redrive_allow_policy": "",
            "redrive_policy": "",
            "region": "ap-south-1",
            "sqs_managed_sse_enabled": true,
            "tags": {
              "Name": "syrabit-cf-bot-crosscheck-dlq",
              "component": "sqs-worker-dlq",
              "credit-source": "aws-activate",
              "environment": "prod",
              "gcp-key": "cf-bot-crosscheck",
              "landing-zone": "aws-async-workers",
              "managed-by": "terraform",
              "owner": "infra",
              "project": "syrabit"
            },
            "tags_all": {
              "Name": "syrabit-cf-bot-crosscheck-dlq",
              "component": "sqs-worker-dlq",
              "credit-source": "aws-activate",
              "environment": "prod",
              "gcp-key": "cf-bot-crosscheck",
              "landing-zone": "aws-async-workers",
              "managed-by": "terraform",
              "owner": "infra",
              "project": "syrabit"
            },
            "timeouts": null,
            "url": "https://sqs.ap-south-1.amazonaws.com/271740379017/syrabit-cf-bot-crosscheck-dlq",
            "visibility_timeout_seconds": 60
          },
          "sensitive_attributes": [],
          "private": "eyJlMmJmYjczMC1lY2FhLTExZTYtOGY4OC0zNDM2M2JjN2M0YzAiOnsiY3JlYXRlIjoxODAwMDAwMDAwMDAsImRlbGV0ZSI6MTgwMDAwMDAwMDAwLCJ1cGRhdGUiOjE4MDAwMDAwMDAwMH19"
        },
        {
          "index_key": "discovery-engine-ingest",
          "schema_version": 0,
          "attributes": {
            "arn": "arn:aws:sqs:ap-south-1:271740379017:syrabit-discovery-ingest-dlq",
            "content_based_deduplication": false,
            "deduplication_scope": "",
            "delay_seconds": 0,
            "fifo_queue": false,
            "fifo_throughput_limit": "",
            "id": "https://sqs.ap-south-1.amazonaws.com/271740379017/syrabit-discovery-ingest-dlq",
            "kms_data_key_reuse_period_seconds": 300,
            "kms_master_key_id": "",
            "max_message_size": 262144,
            "message_retention_seconds": 1209600,
            "name": "syrabit-discovery-ingest-dlq",
            "name_prefix": "",
            "policy": "",
            "receive_wait_time_seconds": 0,
            "redrive_allow_policy": "",
            "redrive_policy": "",
            "region": "ap-south-1",
            "sqs_managed_sse_enabled": true,
            "tags": {
              "Name": "syrabit-discovery-ingest-dlq",
              "component": "sqs-worker-dlq",
              "credit-source": "aws-activate",
              "environment": "prod",
              "gcp-key": "discovery-engine-ingest",
              "landing-zone": "aws-async-workers",
              "managed-by": "terraform",
              "owner": "infra",
              "project": "syrabit"
            },
            "tags_all": {
              "Name": "syrabit-discovery-ingest-dlq",
              "component": "sqs-worker-dlq",
              "credit-source": "aws-activate",
              "environment": "prod",
              "gcp-key": "discovery-engine-ingest",
              "landing-zone": "aws-async-workers",
              "managed-by": "terraform",
              "owner": "infra",
              "project": "syrabit"
            },
            "timeouts": null,
            "url": "https://sqs.ap-south-1.amazonaws.com/271740379017/syrabit-discovery-ingest-dlq",
            "visibility_timeout_seconds": 180
          },
          "sensitive_attributes": [],
          "private": "eyJlMmJmYjczMC1lY2FhLTExZTYtOGY4OC0zNDM2M2JjN2M0YzAiOnsiY3JlYXRlIjoxODAwMDAwMDAwMDAsImRlbGV0ZSI6MTgwMDAwMDAwMDAwLCJ1cGRhdGUiOjE4MDAwMDAwMDAwMH19"
        },
        {
          "index_key": "email-fallback",
          "schema_version": 0,
          "attributes": {
            "arn": "arn:aws:sqs:ap-south-1:271740379017:syrabit-email-fallback-dlq",
            "content_based_deduplication": false,
            "deduplication_scope": "",
            "delay_seconds": 0,
            "fifo_queue": false,
            "fifo_throughput_limit": "",
            "id": "https://sqs.ap-south-1.amazonaws.com/271740379017/syrabit-email-fallback-dlq",
            "kms_data_key_reuse_period_seconds": 300,
            "kms_master_key_id": "",
            "max_message_size": 262144,
            "message_retention_seconds": 1209600,
            "name": "syrabit-email-fallback-dlq",
            "name_prefix": "",
            "policy": "",
            "receive_wait_time_seconds": 0,
            "redrive_allow_policy": "",
            "redrive_policy": "",
            "region": "ap-south-1",
            "sqs_managed_sse_enabled": true,
            "tags": {
              "Name": "syrabit-email-fallback-dlq",
              "component": "sqs-worker-dlq",
              "credit-source": "aws-activate",
              "environment": "prod",
              "gcp-key": "email-fallback",
              "landing-zone": "aws-async-workers",
              "managed-by": "terraform",
              "owner": "infra",
              "project": "syrabit"
            },
            "tags_all": {
              "Name": "syrabit-email-fallback-dlq",
              "component": "sqs-worker-dlq",
              "credit-source": "aws-activate",
              "environment": "prod",
              "gcp-key": "email-fallback",
              "landing-zone": "aws-async-workers",
              "managed-by": "terraform",
              "owner": "infra",
              "project": "syrabit"
            },
            "timeouts": null,
            "url": "https://sqs.ap-south-1.amazonaws.com/271740379017/syrabit-email-fallback-dlq",
            "visibility_timeout_seconds": 60
          },
          "sensitive_attributes": [],
          "private": "eyJlMmJmYjczMC1lY2FhLTExZTYtOGY4OC0zNDM2M2JjN2M0YzAiOnsiY3JlYXRlIjoxODAwMDAwMDAwMDAsImRlbGV0ZSI6MTgwMDAwMDAwMDAwLCJ1cGRhdGUiOjE4MDAwMDAwMDAwMH19"
        },
        {
          "index_key": "seo-indexnow",
          "schema_version": 0,
          "attributes": {
            "arn": "arn:aws:sqs:ap-south-1:271740379017:syrabit-seo-indexnow-dlq",
            "content_based_deduplication": false,
            "deduplication_scope": "",
            "delay_seconds": 0,
            "fifo_queue": false,
            "fifo_throughput_limit": "",
            "id": "https://sqs.ap-south-1.amazonaws.com/271740379017/syrabit-seo-indexnow-dlq",
            "kms_data_key_reuse_period_seconds": 300,
            "kms_master_key_id": "",
            "max_message_size": 262144,
            "message_retention_seconds": 1209600,
            "name": "syrabit-seo-indexnow-dlq",
            "name_prefix": "",
            "policy": "",
            "receive_wait_time_seconds": 0,
            "redrive_allow_policy": "",
            "redrive_policy": "",
            "region": "ap-south-1",
            "sqs_managed_sse_enabled": true,
            "tags": {
              "Name": "syrabit-seo-indexnow-dlq",
              "component": "sqs-worker-dlq",
              "credit-source": "aws-activate",
              "environment": "prod",
              "gcp-key": "seo-indexnow",
              "landing-zone": "aws-async-workers",
              "managed-by": "terraform",
              "owner": "infra",
              "project": "syrabit"
            },
            "tags_all": {
              "Name": "syrabit-seo-indexnow-dlq",
              "component": "sqs-worker-dlq",
              "credit-source": "aws-activate",
              "environment": "prod",
              "gcp-key": "seo-indexnow",
              "landing-zone": "aws-async-workers",
              "managed-by": "terraform",
              "owner": "infra",
              "project": "syrabit"
            },
            "timeouts": null,
            "url": "https://sqs.ap-south-1.amazonaws.com/271740379017/syrabit-seo-indexnow-dlq",
            "visibility_timeout_seconds": 60
          },
          "sensitive_attributes": [],
          "private": "eyJlMmJmYjczMC1lY2FhLTExZTYtOGY4OC0zNDM2M2JjN2M0YzAiOnsiY3JlYXRlIjoxODAwMDAwMDAwMDAsImRlbGV0ZSI6MTgwMDAwMDAwMDAwLCJ1cGRhdGUiOjE4MDAwMDAwMDAwMH19"
        },
        {
          "index_key": "seo-internal-linker",
          "schema_version": 0,
          "attributes": {
            "arn": "arn:aws:sqs:ap-south-1:271740379017:syrabit-seo-internal-linker-dlq",
            "content_based_deduplication": false,
            "deduplication_scope": "",
            "delay_seconds": 0,
            "fifo_queue": false,
            "fifo_throughput_limit": "",
            "id": "https://sqs.ap-south-1.amazonaws.com/271740379017/syrabit-seo-internal-linker-dlq",
            "kms_data_key_reuse_period_seconds": 300,
            "kms_master_key_id": "",
            "max_message_size": 262144,
            "message_retention_seconds": 1209600,
            "name": "syrabit-seo-internal-linker-dlq",
            "name_prefix": "",
            "policy": "",
            "receive_wait_time_seconds": 0,
            "redrive_allow_policy": "",
            "redrive_policy": "",
            "region": "ap-south-1",
            "sqs_managed_sse_enabled": true,
            "tags": {
              "Name": "syrabit-seo-internal-linker-dlq",
              "component": "sqs-worker-dlq",
              "credit-source": "aws-activate",
              "environment": "prod",
              "gcp-key": "seo-internal-linker",
              "landing-zone": "aws-async-workers",
              "managed-by": "terraform",
              "owner": "infra",
              "project": "syrabit"
            },
            "tags_all": {
              "Name": "syrabit-seo-internal-linker-dlq",
              "component": "sqs-worker-dlq",
              "credit-source": "aws-activate",
              "environment": "prod",
              "gcp-key": "seo-internal-linker",
              "landing-zone": "aws-async-workers",
              "managed-by": "terraform",
              "owner": "infra",
              "project": "syrabit"
            },
            "timeouts": null,
            "url": "https://sqs.ap-south-1.amazonaws.com/271740379017/syrabit-seo-internal-linker-dlq",
            "visibility_timeout_seconds": 120
          },
          "sensitive_attributes": [],
          "private": "eyJlMmJmYjczMC1lY2FhLTExZTYtOGY4OC0zNDM2M2JjN2M0YzAiOnsiY3JlYXRlIjoxODAwMDAwMDAwMDAsImRlbGV0ZSI6MTgwMDAwMDAwMDAwLCJ1cGRhdGUiOjE4MDAwMDAwMDAwMH19"
        },
        {
          "index_key": "unified-logs-cf-pull",
          "schema_version": 0,
          "attributes": {
            "arn": "arn:aws:sqs:ap-south-1:271740379017:syrabit-unified-logs-pull-dlq",
            "content_based_deduplication": false,
            "deduplication_scope": "",
            "delay_seconds": 0,
            "fifo_queue": false,
            "fifo_throughput_limit": "",
            "id": "https://sqs.ap-south-1.amazonaws.com/271740379017/syrabit-unified-logs-pull-dlq",
            "kms_data_key_reuse_period_seconds": 300,
            "kms_master_key_id": "",
            "max_message_size": 262144,
            "message_retention_seconds": 1209600,
            "name": "syrabit-unified-logs-pull-dlq",
            "name_prefix": "",
            "policy": "",
            "receive_wait_time_seconds": 0,
            "redrive_allow_policy": "",
            "redrive_policy": "",
            "region": "ap-south-1",
            "sqs_managed_sse_enabled": true,
            "tags": {
              "Name": "syrabit-unified-logs-pull-dlq",
              "component": "sqs-worker-dlq",
              "credit-source": "aws-activate",
              "environment": "prod",
              "gcp-key": "unified-logs-cf-pull",
              "landing-zone": "aws-async-workers",
              "managed-by": "terraform",
              "owner": "infra",
              "project": "syrabit"
            },
            "tags_all": {
              "Name": "syrabit-unified-logs-pull-dlq",
              "component": "sqs-worker-dlq",
              "credit-source": "aws-activate",
              "environment": "prod",
              "gcp-key": "unified-logs-cf-pull",
              "landing-zone": "aws-async-workers",
              "managed-by": "terraform",
              "owner": "infra",
              "project": "syrabit"
            },
            "timeouts": null,
            "url": "https://sqs.ap-south-1.amazonaws.com/271740379017/syrabit-unified-logs-pull-dlq",
            "visibility_timeout_seconds": 300
          },
          "sensitive_attributes": [],
          "private": "eyJlMmJmYjczMC1lY2FhLTExZTYtOGY4OC0zNDM2M2JjN2M0YzAiOnsiY3JlYXRlIjoxODAwMDAwMDAwMDAsImRlbGV0ZSI6MTgwMDAwMDAwMDAwLCJ1cGRhdGUiOjE4MDAwMDAwMDAwMH19"
        }
      ]
    },
    {
      "mode": "managed",
      "type": "aws_ssm_parameter",
      "name": "glacier_buckets",
      "provider": "provider[\"registry.terraform.io/hashicorp/aws\"]",
      "instances": [
        {
          "schema_version": 0,
          "attributes": {
            "allowed_pattern": "",
            "arn": "arn:aws:ssm:ap-south-1:271740379017:parameter/syrabit/prod/glacier/archive-buckets",
            "data_type": "text",
            "description": "Task #551 §A — Glacier Deep Archive bucket names. Read by routes/admin_archive.py.",
            "has_value_wo": false,
            "id": "/syrabit/prod/glacier/archive-buckets",
            "insecure_value": null,
            "key_id": "",
            "name": "/syrabit/prod/glacier/archive-buckets",
            "overwrite": null,
            "region": "ap-south-1",
            "tags": {
              "Name": "/syrabit/prod/glacier/archive-buckets",
              "credit-source": "aws-activate",
              "environment": "prod",
              "landing-zone": "aws-async-workers",
              "managed-by": "terraform",
              "owner": "infra",
              "project": "syrabit"
            },
            "tags_all": {
              "Name": "/syrabit/prod/glacier/archive-buckets",
              "credit-source": "aws-activate",
              "environment": "prod",
              "landing-zone": "aws-async-workers",
              "managed-by": "terraform",
              "owner": "infra",
              "project": "syrabit"
            },
            "tier": "Standard",
            "type": "String",
            "value": "{\"content_snapshots\":\"syrabit-content-snapshots-prod\",\"cw_logs_archive\":\"syrabit-cw-logs-archive-prod\",\"razorpay_receipts\":\"syrabit-razorpay-receipts-prod\"}",
            "value_wo": null,
            "value_wo_version": null,
            "version": 1
          },
          "sensitive_attributes": [
            [
              {
                "type": "get_attr",
                "value": "value"
              }
            ],
            [
              {
                "type": "get_attr",
                "value": "value_wo"
              }
            ]
          ],
          "private": "bnVsbA==",
          "dependencies": [
            "aws_s3_bucket.content_snapshots",
            "aws_s3_bucket.cw_logs_archive",
            "aws_s3_bucket.razorpay_receipts"
          ]
        }
      ]
    },
    {
      "mode": "managed",
      "type": "aws_ssm_parameter",
      "name": "reembed_queue_url",
      "provider": "provider[\"registry.terraform.io/hashicorp/aws\"]",
      "instances": [
        {
          "schema_version": 0,
          "attributes": {
            "allowed_pattern": "",
            "arn": "arn:aws:ssm:ap-south-1:271740379017:parameter/syrabit/prod/sqs-worker-queue-urls/reembed",
            "data_type": "text",
            "description": "",
            "has_value_wo": false,
            "id": "/syrabit/prod/sqs-worker-queue-urls/reembed",
            "insecure_value": null,
            "key_id": "",
            "name": "/syrabit/prod/sqs-worker-queue-urls/reembed",
            "overwrite": null,
            "region": "ap-south-1",
            "tags": {
              "credit-source": "aws-activate",
              "environment": "prod",
              "landing-zone": "aws-async-workers",
              "managed-by": "terraform",
              "owner": "infra",
              "project": "syrabit"
            },
            "tags_all": {
              "credit-source": "aws-activate",
              "environment": "prod",
              "landing-zone": "aws-async-workers",
              "managed-by": "terraform",
              "owner": "infra",
              "project": "syrabit"
            },
            "tier": "Standard",
            "type": "String",
            "value": "https://sqs.ap-south-1.amazonaws.com/271740379017/syrabit-reembed-prod",
            "value_wo": null,
            "value_wo_version": null,
            "version": 1
          },
          "sensitive_attributes": [
            [
              {
                "type": "get_attr",
                "value": "value"
              }
            ],
            [
              {
                "type": "get_attr",
                "value": "value_wo"
              }
            ]
          ],
          "private": "bnVsbA==",
          "dependencies": [
            "aws_sqs_queue.reembed",
            "aws_sqs_queue.reembed_dlq"
          ]
        }
      ]
    },
    {
      "mode": "managed",
      "type": "aws_ssm_parameter",
      "name": "sqs_worker_queue_urls",
      "provider": "provider[\"registry.terraform.io/hashicorp/aws\"]",
      "instances": [
        {
          "schema_version": 0,
          "attributes": {
            "allowed_pattern": "",
            "arn": "arn:aws:ssm:ap-south-1:271740379017:parameter/syrabit/prod/sqs-worker-queue-urls",
            "data_type": "text",
            "description": "JSON object mapping cloud-tasks.json queue keys → SQS queue URL. Read by services/backend/sqs_fanout.py at process cold-start.",
            "has_value_wo": false,
            "id": "/syrabit/prod/sqs-worker-queue-urls",
            "insecure_value": null,
            "key_id": "",
            "name": "/syrabit/prod/sqs-worker-queue-urls",
            "overwrite": null,
            "region": "ap-south-1",
            "tags": {
              "Name": "/syrabit/prod/sqs-worker-queue-urls",
              "component": "sqs-config",
              "credit-source": "aws-activate",
              "environment": "prod",
              "landing-zone": "aws-async-workers",
              "managed-by": "terraform",
              "owner": "infra",
              "project": "syrabit"
            },
            "tags_all": {
              "Name": "/syrabit/prod/sqs-worker-queue-urls",
              "component": "sqs-config",
              "credit-source": "aws-activate",
              "environment": "prod",
              "landing-zone": "aws-async-workers",
              "managed-by": "terraform",
              "owner": "infra",
              "project": "syrabit"
            },
            "tier": "Standard",
            "type": "String",
            "value": "{\"bing-keyword-refresh\":\"https://sqs.ap-south-1.amazonaws.com/271740379017/syrabit-bing-keyword\",\"bing-submit\":\"https://sqs.ap-south-1.amazonaws.com/271740379017/syrabit-bing-submit\",\"cf-bot-crosscheck\":\"https://sqs.ap-south-1.amazonaws.com/271740379017/syrabit-cf-bot-crosscheck\",\"discovery-engine-ingest\":\"https://sqs.ap-south-1.amazonaws.com/271740379017/syrabit-discovery-ingest\",\"email-fallback\":\"https://sqs.ap-south-1.amazonaws.com/271740379017/syrabit-email-fallback\",\"seo-indexnow\":\"https://sqs.ap-south-1.amazonaws.com/271740379017/syrabit-seo-indexnow\",\"seo-internal-linker\":\"https://sqs.ap-south-1.amazonaws.com/271740379017/syrabit-seo-internal-linker\",\"unified-logs-cf-pull\":\"https://sqs.ap-south-1.amazonaws.com/271740379017/syrabit-unified-logs-pull\"}",
            "value_wo": null,
            "value_wo_version": null,
            "version": 1
          },
          "sensitive_attributes": [
            [
              {
                "type": "get_attr",
                "value": "value"
              }
            ],
            [
              {
                "type": "get_attr",
                "value": "value_wo"
              }
            ]
          ],
          "private": "bnVsbA==",
          "dependencies": [
            "aws_sqs_queue.worker",
            "aws_sqs_queue.worker_dlq"
          ]
        }
      ]
    },
    {
      "mode": "managed",
      "type": "aws_subnet",
      "name": "private_a",
      "provider": "provider[\"registry.terraform.io/hashicorp/aws\"]",
      "instances": [
        {
          "schema_version": 1,
          "attributes": {
            "arn": "arn:aws:ec2:ap-south-1:271740379017:subnet/subnet-0fc090441683b7a03",
            "assign_ipv6_address_on_creation": false,
            "availability_zone": "ap-south-1a",
            "availability_zone_id": "aps1-az1",
            "cidr_block": "10.40.32.0/20",
            "customer_owned_ipv4_pool": "",
            "enable_dns64": false,
            "enable_lni_at_device_index": 0,
            "enable_resource_name_dns_a_record_on_launch": false,
            "enable_resource_name_dns_aaaa_record_on_launch": false,
            "id": "subnet-0fc090441683b7a03",
            "ipv4_ipam_pool_id": null,
            "ipv4_netmask_length": null,
            "ipv6_cidr_block": "",
            "ipv6_cidr_block_association_id": "",
            "ipv6_ipam_pool_id": null,
            "ipv6_native": false,
            "ipv6_netmask_length": null,
            "map_customer_owned_ip_on_launch": false,
            "map_public_ip_on_launch": false,
            "outpost_arn": "",
            "owner_id": "271740379017",
            "private_dns_hostname_type_on_launch": "ip-name",
            "region": "ap-south-1",
            "tags": {
              "Name": "syrabit-private-a",
              "credit-source": "aws-activate",
              "environment": "prod",
              "landing-zone": "aws-async-workers",
              "managed-by": "terraform",
              "owner": "infra",
              "project": "syrabit",
              "tier": "private"
            },
            "tags_all": {
              "Name": "syrabit-private-a",
              "credit-source": "aws-activate",
              "environment": "prod",
              "landing-zone": "aws-async-workers",
              "managed-by": "terraform",
              "owner": "infra",
              "project": "syrabit",
              "tier": "private"
            },
            "timeouts": null,
            "vpc_id": "vpc-0dac209c5295c75d7"
          },
          "sensitive_attributes": [],
          "private": "eyJlMmJmYjczMC1lY2FhLTExZTYtOGY4OC0zNDM2M2JjN2M0YzAiOnsiY3JlYXRlIjo2MDAwMDAwMDAwMDAsImRlbGV0ZSI6MTIwMDAwMDAwMDAwMH0sInNjaGVtYV92ZXJzaW9uIjoiMSJ9",
          "dependencies": [
            "aws_vpc.workers"
          ]
        }
      ]
    },
    {
      "mode": "managed",
      "type": "aws_subnet",
      "name": "private_b",
      "provider": "provider[\"registry.terraform.io/hashicorp/aws\"]",
      "instances": [
        {
          "schema_version": 1,
          "attributes": {
            "arn": "arn:aws:ec2:ap-south-1:271740379017:subnet/subnet-06c25391c746b1d8c",
            "assign_ipv6_address_on_creation": false,
            "availability_zone": "ap-south-1b",
            "availability_zone_id": "aps1-az3",
            "cidr_block": "10.40.48.0/20",
            "customer_owned_ipv4_pool": "",
            "enable_dns64": false,
            "enable_lni_at_device_index": 0,
            "enable_resource_name_dns_a_record_on_launch": false,
            "enable_resource_name_dns_aaaa_record_on_launch": false,
            "id": "subnet-06c25391c746b1d8c",
            "ipv4_ipam_pool_id": null,
            "ipv4_netmask_length": null,
            "ipv6_cidr_block": "",
            "ipv6_cidr_block_association_id": "",
            "ipv6_ipam_pool_id": null,
            "ipv6_native": false,
            "ipv6_netmask_length": null,
            "map_customer_owned_ip_on_launch": false,
            "map_public_ip_on_launch": false,
            "outpost_arn": "",
            "owner_id": "271740379017",
            "private_dns_hostname_type_on_launch": "ip-name",
            "region": "ap-south-1",
            "tags": {
              "Name": "syrabit-private-b",
              "credit-source": "aws-activate",
              "environment": "prod",
              "landing-zone": "aws-async-workers",
              "managed-by": "terraform",
              "owner": "infra",
              "project": "syrabit",
              "tier": "private"
            },
            "tags_all": {
              "Name": "syrabit-private-b",
              "credit-source": "aws-activate",
              "environment": "prod",
              "landing-zone": "aws-async-workers",
              "managed-by": "terraform",
              "owner": "infra",
              "project": "syrabit",
              "tier": "private"
            },
            "timeouts": null,
            "vpc_id": "vpc-0dac209c5295c75d7"
          },
          "sensitive_attributes": [],
          "private": "eyJlMmJmYjczMC1lY2FhLTExZTYtOGY4OC0zNDM2M2JjN2M0YzAiOnsiY3JlYXRlIjo2MDAwMDAwMDAwMDAsImRlbGV0ZSI6MTIwMDAwMDAwMDAwMH0sInNjaGVtYV92ZXJzaW9uIjoiMSJ9",
          "dependencies": [
            "aws_vpc.workers"
          ]
        }
      ]
    },
    {
      "mode": "managed",
      "type": "aws_subnet",
      "name": "public_a",
      "provider": "provider[\"registry.terraform.io/hashicorp/aws\"]",
      "instances": [
        {
          "schema_version": 1,
          "attributes": {
            "arn": "arn:aws:ec2:ap-south-1:271740379017:subnet/subnet-09e56a6451ed695af",
            "assign_ipv6_address_on_creation": false,
            "availability_zone": "ap-south-1a",
            "availability_zone_id": "aps1-az1",
            "cidr_block": "10.40.0.0/20",
            "customer_owned_ipv4_pool": "",
            "enable_dns64": false,
            "enable_lni_at_device_index": 0,
            "enable_resource_name_dns_a_record_on_launch": false,
            "enable_resource_name_dns_aaaa_record_on_launch": false,
            "id": "subnet-09e56a6451ed695af",
            "ipv4_ipam_pool_id": null,
            "ipv4_netmask_length": null,
            "ipv6_cidr_block": "",
            "ipv6_cidr_block_association_id": "",
            "ipv6_ipam_pool_id": null,
            "ipv6_native": false,
            "ipv6_netmask_length": null,
            "map_customer_owned_ip_on_launch": false,
            "map_public_ip_on_launch": true,
            "outpost_arn": "",
            "owner_id": "271740379017",
            "private_dns_hostname_type_on_launch": "ip-name",
            "region": "ap-south-1",
            "tags": {
              "Name": "syrabit-public-a",
              "credit-source": "aws-activate",
              "environment": "prod",
              "landing-zone": "aws-async-workers",
              "managed-by": "terraform",
              "owner": "infra",
              "project": "syrabit",
              "tier": "public"
            },
            "tags_all": {
              "Name": "syrabit-public-a",
              "credit-source": "aws-activate",
              "environment": "prod",
              "landing-zone": "aws-async-workers",
              "managed-by": "terraform",
              "owner": "infra",
              "project": "syrabit",
              "tier": "public"
            },
            "timeouts": null,
            "vpc_id": "vpc-0dac209c5295c75d7"
          },
          "sensitive_attributes": [],
          "private": "eyJlMmJmYjczMC1lY2FhLTExZTYtOGY4OC0zNDM2M2JjN2M0YzAiOnsiY3JlYXRlIjo2MDAwMDAwMDAwMDAsImRlbGV0ZSI6MTIwMDAwMDAwMDAwMH0sInNjaGVtYV92ZXJzaW9uIjoiMSJ9",
          "dependencies": [
            "aws_vpc.workers"
          ]
        }
      ]
    },
    {
      "mode": "managed",
      "type": "aws_subnet",
      "name": "public_b",
      "provider": "provider[\"registry.terraform.io/hashicorp/aws\"]",
      "instances": [
        {
          "schema_version": 1,
          "attributes": {
            "arn": "arn:aws:ec2:ap-south-1:271740379017:subnet/subnet-0a7b52a16602f379d",
            "assign_ipv6_address_on_creation": false,
            "availability_zone": "ap-south-1b",
            "availability_zone_id": "aps1-az3",
            "cidr_block": "10.40.16.0/20",
            "customer_owned_ipv4_pool": "",
            "enable_dns64": false,
            "enable_lni_at_device_index": 0,
            "enable_resource_name_dns_a_record_on_launch": false,
            "enable_resource_name_dns_aaaa_record_on_launch": false,
            "id": "subnet-0a7b52a16602f379d",
            "ipv4_ipam_pool_id": null,
            "ipv4_netmask_length": null,
            "ipv6_cidr_block": "",
            "ipv6_cidr_block_association_id": "",
            "ipv6_ipam_pool_id": null,
            "ipv6_native": false,
            "ipv6_netmask_length": null,
            "map_customer_owned_ip_on_launch": false,
            "map_public_ip_on_launch": true,
            "outpost_arn": "",
            "owner_id": "271740379017",
            "private_dns_hostname_type_on_launch": "ip-name",
            "region": "ap-south-1",
            "tags": {
              "Name": "syrabit-public-b",
              "credit-source": "aws-activate",
              "environment": "prod",
              "landing-zone": "aws-async-workers",
              "managed-by": "terraform",
              "owner": "infra",
              "project": "syrabit",
              "tier": "public"
            },
            "tags_all": {
              "Name": "syrabit-public-b",
              "credit-source": "aws-activate",
              "environment": "prod",
              "landing-zone": "aws-async-workers",
              "managed-by": "terraform",
              "owner": "infra",
              "project": "syrabit",
              "tier": "public"
            },
            "timeouts": null,
            "vpc_id": "vpc-0dac209c5295c75d7"
          },
          "sensitive_attributes": [],
          "private": "eyJlMmJmYjczMC1lY2FhLTExZTYtOGY4OC0zNDM2M2JjN2M0YzAiOnsiY3JlYXRlIjo2MDAwMDAwMDAwMDAsImRlbGV0ZSI6MTIwMDAwMDAwMDAwMH0sInNjaGVtYV92ZXJzaW9uIjoiMSJ9",
          "dependencies": [
            "aws_vpc.workers"
          ]
        }
      ]
    },
    {
      "mode": "managed",
      "type": "aws_vpc",
      "name": "workers",
      "provider": "provider[\"registry.terraform.io/hashicorp/aws\"]",
      "instances": [
        {
          "schema_version": 1,
          "attributes": {
            "arn": "arn:aws:ec2:ap-south-1:271740379017:vpc/vpc-0dac209c5295c75d7",
            "assign_generated_ipv6_cidr_block": false,
            "cidr_block": "10.40.0.0/16",
            "default_network_acl_id": "acl-0a278e0f974135588",
            "default_route_table_id": "rtb-03c141b5ff8222d11",
            "default_security_group_id": "sg-02f7625ca0430a482",
            "dhcp_options_id": "dopt-047001fd5a7fc0184",
            "enable_dns_hostnames": true,
            "enable_dns_support": true,
            "enable_network_address_usage_metrics": false,
            "id": "vpc-0dac209c5295c75d7",
            "instance_tenancy": "default",
            "ipv4_ipam_pool_id": null,
            "ipv4_netmask_length": null,
            "ipv6_association_id": "",
            "ipv6_cidr_block": "",
            "ipv6_cidr_block_network_border_group": "",
            "ipv6_ipam_pool_id": "",
            "ipv6_netmask_length": 0,
            "main_route_table_id": "rtb-03c141b5ff8222d11",
            "owner_id": "271740379017",
            "region": "ap-south-1",
            "tags": {
              "Name": "syrabit-workers-vpc",
              "credit-source": "aws-activate",
              "environment": "prod",
              "landing-zone": "aws-async-workers",
              "managed-by": "terraform",
              "owner": "infra",
              "project": "syrabit"
            },
            "tags_all": {
              "Name": "syrabit-workers-vpc",
              "credit-source": "aws-activate",
              "environment": "prod",
              "landing-zone": "aws-async-workers",
              "managed-by": "terraform",
              "owner": "infra",
              "project": "syrabit"
            }
          },
          "sensitive_attributes": [],
          "private": "eyJzY2hlbWFfdmVyc2lvbiI6IjEifQ=="
        }
      ]
    },
    {
      "mode": "managed",
      "type": "aws_vpc_endpoint",
      "name": "s3",
      "provider": "provider[\"registry.terraform.io/hashicorp/aws\"]",
      "instances": [
        {
          "schema_version": 0,
          "attributes": {
            "arn": "arn:aws:ec2:ap-south-1:271740379017:vpc-endpoint/vpce-0cc10cad830f17e3b",
            "auto_accept": null,
            "cidr_blocks": [
              "52.219.156.0/22",
              "52.219.160.0/23",
              "52.219.62.0/23",
              "3.5.212.0/23",
              "3.5.208.0/22",
              "16.12.3.0/24",
              "16.12.40.0/23",
              "52.219.64.0/22",
              "16.12.36.0/22"
            ],
            "dns_entry": [],
            "dns_options": [
              {
                "dns_record_ip_type": "service-defined",
                "private_dns_only_for_inbound_resolver_endpoint": false,
                "private_dns_preference": "",
                "private_dns_specified_domains": []
              }
            ],
            "id": "vpce-0cc10cad830f17e3b",
            "ip_address_type": "ipv4",
            "network_interface_ids": [],
            "owner_id": "271740379017",
            "policy": "{\"Statement\":[{\"Action\":\"*\",\"Effect\":\"Allow\",\"Principal\":\"*\",\"Resource\":\"*\"}],\"Version\":\"2008-10-17\"}",
            "prefix_list_id": "pl-78a54011",
            "private_dns_enabled": false,
            "region": "ap-south-1",
            "requester_managed": false,
            "resource_configuration_arn": "",
            "route_table_ids": [
              "rtb-043cb9d5a5cc1eff4"
            ],
            "security_group_ids": [],
            "service_name": "com.amazonaws.ap-south-1.s3",
            "service_network_arn": "",
            "service_region": "ap-south-1",
            "state": "available",
            "subnet_configuration": [],
            "subnet_ids": [],
            "tags": {
              "Name": "syrabit-vpce-s3",
              "credit-source": "aws-activate",
              "environment": "prod",
              "landing-zone": "aws-async-workers",
              "managed-by": "terraform",
              "owner": "infra",
              "project": "syrabit"
            },
            "tags_all": {
              "Name": "syrabit-vpce-s3",
              "credit-source": "aws-activate",
              "environment": "prod",
              "landing-zone": "aws-async-workers",
              "managed-by": "terraform",
              "owner": "infra",
              "project": "syrabit"
            },
            "timeouts": null,
            "vpc_endpoint_type": "Gateway",
            "vpc_id": "vpc-0dac209c5295c75d7"
          },
          "sensitive_attributes": [],
          "private": "eyJlMmJmYjczMC1lY2FhLTExZTYtOGY4OC0zNDM2M2JjN2M0YzAiOnsiY3JlYXRlIjo2MDAwMDAwMDAwMDAsImRlbGV0ZSI6NjAwMDAwMDAwMDAwLCJ1cGRhdGUiOjYwMDAwMDAwMDAwMH19",
          "dependencies": [
            "aws_eip.nat",
            "aws_internet_gateway.workers",
            "aws_nat_gateway.workers",
            "aws_route_table.private",
            "aws_subnet.public_a",
            "aws_vpc.workers"
          ]
        }
      ]
    },
    {
      "mode": "managed",
      "type": "aws_vpc_endpoint",
      "name": "secrets_manager",
      "provider": "provider[\"registry.terraform.io/hashicorp/aws\"]",
      "instances": [
        {
          "schema_version": 0,
          "attributes": {
            "arn": "arn:aws:ec2:ap-south-1:271740379017:vpc-endpoint/vpce-0766d9bc08945f0d6",
            "auto_accept": null,
            "cidr_blocks": [],
            "dns_entry": [
              {
                "dns_name": "vpce-0766d9bc08945f0d6-tms2ally.secretsmanager.ap-south-1.vpce.amazonaws.com",
                "hosted_zone_id": "Z2KVTB3ZLFM7JR"
              },
              {
                "dns_name": "vpce-0766d9bc08945f0d6-tms2ally-ap-south-1b.secretsmanager.ap-south-1.vpce.amazonaws.com",
                "hosted_zone_id": "Z2KVTB3ZLFM7JR"
              },
              {
                "dns_name": "vpce-0766d9bc08945f0d6-tms2ally-ap-south-1a.secretsmanager.ap-south-1.vpce.amazonaws.com",
                "hosted_zone_id": "Z2KVTB3ZLFM7JR"
              },
              {
                "dns_name": "secretsmanager.ap-south-1.amazonaws.com",
                "hosted_zone_id": "Z025834632V1XRJP3SZJF"
              }
            ],
            "dns_options": [
              {
                "dns_record_ip_type": "ipv4",
                "private_dns_only_for_inbound_resolver_endpoint": false,
                "private_dns_preference": "",
                "private_dns_specified_domains": []
              }
            ],
            "id": "vpce-0766d9bc08945f0d6",
            "ip_address_type": "ipv4",
            "network_interface_ids": [
              "eni-0630bd450b6fcb856",
              "eni-06a4a7050b371a273"
            ],
            "owner_id": "271740379017",
            "policy": "{\"Statement\":[{\"Action\":\"*\",\"Effect\":\"Allow\",\"Principal\":\"*\",\"Resource\":\"*\"}]}",
            "prefix_list_id": null,
            "private_dns_enabled": true,
            "region": "ap-south-1",
            "requester_managed": false,
            "resource_configuration_arn": "",
            "route_table_ids": [],
            "security_group_ids": [
              "sg-04e26854a97c20f8f"
            ],
            "service_name": "com.amazonaws.ap-south-1.secretsmanager",
            "service_network_arn": "",
            "service_region": "ap-south-1",
            "state": "available",
            "subnet_configuration": [
              {
                "ipv4": "10.40.42.191",
                "ipv6": "",
                "subnet_id": "subnet-0fc090441683b7a03"
              },
              {
                "ipv4": "10.40.57.160",
                "ipv6": "",
                "subnet_id": "subnet-06c25391c746b1d8c"
              }
            ],
            "subnet_ids": [
              "subnet-06c25391c746b1d8c",
              "subnet-0fc090441683b7a03"
            ],
            "tags": {
              "Name": "syrabit-vpce-secrets",
              "credit-source": "aws-activate",
              "environment": "prod",
              "landing-zone": "aws-async-workers",
              "managed-by": "terraform",
              "owner": "infra",
              "project": "syrabit"
            },
            "tags_all": {
              "Name": "syrabit-vpce-secrets",
              "credit-source": "aws-activate",
              "environment": "prod",
              "landing-zone": "aws-async-workers",
              "managed-by": "terraform",
              "owner": "infra",
              "project": "syrabit"
            },
            "timeouts": null,
            "vpc_endpoint_type": "Interface",
            "vpc_id": "vpc-0dac209c5295c75d7"
          },
          "sensitive_attributes": [],
          "private": "eyJlMmJmYjczMC1lY2FhLTExZTYtOGY4OC0zNDM2M2JjN2M0YzAiOnsiY3JlYXRlIjo2MDAwMDAwMDAwMDAsImRlbGV0ZSI6NjAwMDAwMDAwMDAwLCJ1cGRhdGUiOjYwMDAwMDAwMDAwMH19",
          "dependencies": [
            "aws_security_group.vpc_endpoints",
            "aws_security_group.workers_egress",
            "aws_subnet.private_a",
            "aws_subnet.private_b",
            "aws_vpc.workers"
          ]
        }
      ]
    },
    {
      "mode": "managed",
      "type": "aws_vpc_endpoint",
      "name": "ses",
      "provider": "provider[\"registry.terraform.io/hashicorp/aws\"]",
      "instances": [
        {
          "schema_version": 0,
          "attributes": {
            "arn": "arn:aws:ec2:ap-south-1:271740379017:vpc-endpoint/vpce-017fe46479d85ae1e",
            "auto_accept": null,
            "cidr_blocks": [],
            "dns_entry": [
              {
                "dns_name": "vpce-017fe46479d85ae1e-xfn0xkaz.email-smtp.ap-south-1.vpce.amazonaws.com",
                "hosted_zone_id": "Z2KVTB3ZLFM7JR"
              },
              {
                "dns_name": "vpce-017fe46479d85ae1e-xfn0xkaz-ap-south-1b.email-smtp.ap-south-1.vpce.amazonaws.com",
                "hosted_zone_id": "Z2KVTB3ZLFM7JR"
              },
              {
                "dns_name": "vpce-017fe46479d85ae1e-xfn0xkaz-ap-south-1a.email-smtp.ap-south-1.vpce.amazonaws.com",
                "hosted_zone_id": "Z2KVTB3ZLFM7JR"
              },
              {
                "dns_name": "email-smtp.ap-south-1.amazonaws.com",
                "hosted_zone_id": "Z05471561B78D7ULVPD5B"
              },
              {
                "dns_name": "email-smtp.ap-south-1.api.aws",
                "hosted_zone_id": "Z054716321OZ2BC0UVXUG"
              }
            ],
            "dns_options": [
              {
                "dns_record_ip_type": "ipv4",
                "private_dns_only_for_inbound_resolver_endpoint": false,
                "private_dns_preference": "",
                "private_dns_specified_domains": []
              }
            ],
            "id": "vpce-017fe46479d85ae1e",
            "ip_address_type": "ipv4",
            "network_interface_ids": [
              "eni-0b6498cfc3cb8b67c",
              "eni-0cb04b6f9649a94b6"
            ],
            "owner_id": "271740379017",
            "policy": "{\"Statement\":[{\"Action\":\"*\",\"Effect\":\"Allow\",\"Principal\":\"*\",\"Resource\":\"*\"}]}",
            "prefix_list_id": null,
            "private_dns_enabled": true,
            "region": "ap-south-1",
            "requester_managed": false,
            "resource_configuration_arn": "",
            "route_table_ids": [],
            "security_group_ids": [
              "sg-04e26854a97c20f8f"
            ],
            "service_name": "com.amazonaws.ap-south-1.email-smtp",
            "service_network_arn": "",
            "service_region": "ap-south-1",
            "state": "available",
            "subnet_configuration": [
              {
                "ipv4": "10.40.43.4",
                "ipv6": "",
                "subnet_id": "subnet-0fc090441683b7a03"
              },
              {
                "ipv4": "10.40.58.174",
                "ipv6": "",
                "subnet_id": "subnet-06c25391c746b1d8c"
              }
            ],
            "subnet_ids": [
              "subnet-06c25391c746b1d8c",
              "subnet-0fc090441683b7a03"
            ],
            "tags": {
              "Name": "syrabit-vpce-ses",
              "credit-source": "aws-activate",
              "environment": "prod",
              "landing-zone": "aws-async-workers",
              "managed-by": "terraform",
              "owner": "infra",
              "project": "syrabit"
            },
            "tags_all": {
              "Name": "syrabit-vpce-ses",
              "credit-source": "aws-activate",
              "environment": "prod",
              "landing-zone": "aws-async-workers",
              "managed-by": "terraform",
              "owner": "infra",
              "project": "syrabit"
            },
            "timeouts": null,
            "vpc_endpoint_type": "Interface",
            "vpc_id": "vpc-0dac209c5295c75d7"
          },
          "sensitive_attributes": [],
          "private": "eyJlMmJmYjczMC1lY2FhLTExZTYtOGY4OC0zNDM2M2JjN2M0YzAiOnsiY3JlYXRlIjo2MDAwMDAwMDAwMDAsImRlbGV0ZSI6NjAwMDAwMDAwMDAwLCJ1cGRhdGUiOjYwMDAwMDAwMDAwMH19",
          "dependencies": [
            "aws_security_group.vpc_endpoints",
            "aws_security_group.workers_egress",
            "aws_subnet.private_a",
            "aws_subnet.private_b",
            "aws_vpc.workers"
          ]
        }
      ]
    },
    {
      "mode": "managed",
      "type": "aws_vpc_endpoint",
      "name": "sqs",
      "provider": "provider[\"registry.terraform.io/hashicorp/aws\"]",
      "instances": [
        {
          "schema_version": 0,
          "attributes": {
            "arn": "arn:aws:ec2:ap-south-1:271740379017:vpc-endpoint/vpce-00b93021d6cd11013",
            "auto_accept": null,
            "cidr_blocks": [],
            "dns_entry": [
              {
                "dns_name": "vpce-00b93021d6cd11013-6k2h54d1.sqs.ap-south-1.vpce.amazonaws.com",
                "hosted_zone_id": "Z2KVTB3ZLFM7JR"
              },
              {
                "dns_name": "vpce-00b93021d6cd11013-6k2h54d1-ap-south-1b.sqs.ap-south-1.vpce.amazonaws.com",
                "hosted_zone_id": "Z2KVTB3ZLFM7JR"
              },
              {
                "dns_name": "vpce-00b93021d6cd11013-6k2h54d1-ap-south-1a.sqs.ap-south-1.vpce.amazonaws.com",
                "hosted_zone_id": "Z2KVTB3ZLFM7JR"
              },
              {
                "dns_name": "sqs.ap-south-1.amazonaws.com",
                "hosted_zone_id": "Z0165331XOP6NUYXXNW6"
              },
              {
                "dns_name": "sqs.ap-south-1.api.aws",
                "hosted_zone_id": "Z02599822QAB1CTGOQXIF"
              }
            ],
            "dns_options": [
              {
                "dns_record_ip_type": "ipv4",
                "private_dns_only_for_inbound_resolver_endpoint": false,
                "private_dns_preference": "",
                "private_dns_specified_domains": []
              }
            ],
            "id": "vpce-00b93021d6cd11013",
            "ip_address_type": "ipv4",
            "network_interface_ids": [
              "eni-01fc4aa04bb673aba",
              "eni-0ad5413e9eacd8c95"
            ],
            "owner_id": "271740379017",
            "policy": "{\"Statement\":[{\"Action\":\"*\",\"Effect\":\"Allow\",\"Principal\":\"*\",\"Resource\":\"*\"}]}",
            "prefix_list_id": null,
            "private_dns_enabled": true,
            "region": "ap-south-1",
            "requester_managed": false,
            "resource_configuration_arn": "",
            "route_table_ids": [],
            "security_group_ids": [
              "sg-04e26854a97c20f8f"
            ],
            "service_name": "com.amazonaws.ap-south-1.sqs",
            "service_network_arn": "",
            "service_region": "ap-south-1",
            "state": "available",
            "subnet_configuration": [
              {
                "ipv4": "10.40.46.248",
                "ipv6": "",
                "subnet_id": "subnet-0fc090441683b7a03"
              },
              {
                "ipv4": "10.40.48.42",
                "ipv6": "",
                "subnet_id": "subnet-06c25391c746b1d8c"
              }
            ],
            "subnet_ids": [
              "subnet-06c25391c746b1d8c",
              "subnet-0fc090441683b7a03"
            ],
            "tags": {
              "Name": "syrabit-vpce-sqs",
              "credit-source": "aws-activate",
              "environment": "prod",
              "landing-zone": "aws-async-workers",
              "managed-by": "terraform",
              "owner": "infra",
              "project": "syrabit"
            },
            "tags_all": {
              "Name": "syrabit-vpce-sqs",
              "credit-source": "aws-activate",
              "environment": "prod",
              "landing-zone": "aws-async-workers",
              "managed-by": "terraform",
              "owner": "infra",
              "project": "syrabit"
            },
            "timeouts": null,
            "vpc_endpoint_type": "Interface",
            "vpc_id": "vpc-0dac209c5295c75d7"
          },
          "sensitive_attributes": [],
          "private": "eyJlMmJmYjczMC1lY2FhLTExZTYtOGY4OC0zNDM2M2JjN2M0YzAiOnsiY3JlYXRlIjo2MDAwMDAwMDAwMDAsImRlbGV0ZSI6NjAwMDAwMDAwMDAwLCJ1cGRhdGUiOjYwMDAwMDAwMDAwMH19",
          "dependencies": [
            "aws_security_group.vpc_endpoints",
            "aws_security_group.workers_egress",
            "aws_subnet.private_a",
            "aws_subnet.private_b",
            "aws_vpc.workers"
          ]
        }
      ]
    }
  ],
  "check_results": null
}
